Started by user [8mha:////4FOQbeLQ4kpeJP7d3ecbQf0A0KeB7XUGJvBkV9ttnkX3AAAAkx+LCAAAAAAAAABb85aBtbiIQTGjNKU4P08vOT+vOD8nVc83PyU1x6OyILUoJzMv2y+/JJUBAhiZGBgqihhk0NSjKDWzXb3RdlLBUSYGJk8GtpzUvPSSDB8G5tKinBIGIZ+sxLJE/ZzEvHT94JKizLx0a6BxUmjGOUNodHsLgAyeEgYu/dLi1CIwAQDuZFJ6vwAAAA==[0mHakunaMatata
[8mha:////4BL0yhr1+th3A1In5pHABGBOdBYkHkgK5RLTJu+A6N49AAAAoh+LCAAAAAAAAABtjTEOwjAQBM8BClpKHuFItIiK1krDC0x8GCfWnbEdkooX8TX+gCESFVvtrLSa5wtWKcKBo5UdUu8otU4GP9jS5Mixv3geZcdn2TIl9igbHBs2eJyx4YwwR1SwULBGaj0nRzbDRnX6rmuvydanHMu2V1A5c4MHCFXMWcf8hSnC9jqYxPTz/BXAFEIGsfuclm8zQVqFvQAAAA==[0m[Pipeline] Start of Pipeline
[8mha:////4JG2swWgiY2eBHtM4JCk/OpTSCdn6HX9d0we48AhaoIMAAAApR+LCAAAAAAAAABtjTEOwjAUQ3+KOrAycohUghExsUZZOEFIQkgb/d8mKe3EibgadyBQiQlLlmxL1nu+oE4RjhQdby12HpP2vA+jK4lPFLtroIm3dOGaMFGwXNpJkrGnpUrKFhaxClYC1hZ1oOTRZdiIVt1VExS65pxj2Q4CKm8GeAAThZxVzN8yR9jeRpMIf5y/AJj7DGxXvP/86jduZBmjwAAAAA==[0m[Pipeline] node
Running on [8mha:////4DLC9M0lPGyrQUe9NA4hE4TfU/iZDJmP5geugPy0qEHFAAAAoR+LCAAAAAAAAABb85aBtbiIQTGjNKU4P08vOT+vOD8nVc83PyU1x6OyILUoJzMv2y+/JJUBAhiZGBgqihhk0NSjKDWzXb3RdlLBUSYGJk8GtpzUvPSSDB8G5tKinBIGIZ+sxLJE/ZzEvHT94JKizLx0a6BxUmjGOUNodHsLgAz2EgZR/eT83ILSktQifY2k0sycEt3MPE19AHHxbH3KAAAA[0mJenkins in /var/lib/jenkins/workspace/Terraform-Pipeline
[8mha:////4Kp9az5kfmDdLuNaINNRaSB2nLWbmxCQkJm2MmLxIgFwAAAApR+LCAAAAAAAAABtjTEOwjAUQ3+KOrAycoh0gA0xsUZZOEFIQkgb/d8mKe3EibgadyBQiQlLlmxL1nu+oE4RjhQdby12HpP2vA+jK4lPFLtroIm3dOGaMFGwXNpJkrGnpUrKFhaxClYC1hZ1oOTRZdiIVt1VExS65pxj2Q4CKm8GeAAThZxVzN8yR9jeRpMIf5y/AJj7DGxXvP/86jfoP95RwAAAAA==[0m[Pipeline] {
[8mha:////4DOtjzqfyHnWiSuk411uLaPTSwbAO0GAOK3LZj5TvuJvAAAApR+LCAAAAAAAAABtjTEOwjAUQ3+KOrAycoh0gQkxsUZZOEFIQkgb/d8mKe3EibgadyBQiQlLlmxL1nu+oE4RjhQdby12HpP2vA+jK4lPFLtroIm3dOGaMFGwXNpJkrGnpUrKFhaxClYC1hZ1oOTRZdiIVt1VExS65pxj2Q4CKm8GeAAThZxVzN8yR9jeRpMIf5y/AJj7DGxXvP/86jc09154wAAAAA==[0m[Pipeline] withEnv
[8mha:////4LUn4dzb1pfUCjeNQMbcU9TnVbvGoU5rGtiHIJagZoT4AAAApR+LCAAAAAAAAABtjTEOwjAUQ3+KOrAycoh0ggUxsUZZOEFIQkgb/d8mKe3EibgadyBQiQlLlmxL1nu+oE4RjhQdby12HpP2vA+jK4lPFLtroIm3dOGaMFGwXNpJkrGnpUrKFhaxClYC1hZ1oOTRZdiIVt1VExS65pxj2Q4CKm8GeAAThZxVzN8yR9jeRpMIf5y/AJj7DGxXvP/86jek7ggRwAAAAA==[0m[Pipeline] {
[8mha:////4AqeRGn7OBG3000rN7bN5vEdQPhVkq5GvJfh/AJAhC7PAAAApR+LCAAAAAAAAABtjTEOwjAUQ3+KOrAycoh0gwExsUZZOEFIQkgb/d8mKe3EibgadyBQiQlLlmxL1nu+oE4RjhQdby12HpP2vA+jK4lPFLtroIm3dOGaMFGwXNpJkrGnpUrKFhaxClYC1hZ1oOTRZdiIVt1VExS65pxj2Q4CKm8GeAAThZxVzN8yR9jeRpMIf5y/AJj7DGxXvP/86jcChmMxwAAAAA==[0m[Pipeline] stage
[8mha:////4GakXW/WnxK+RSJgWq3+r5oR6atlzsBXsobJyW2+f+hyAAAApR+LCAAAAAAAAABtjTEOwjAUQ3+KOrAycoh0BAkxsUZZOEFIQkgb/d8mKe3EibgadyBQiQlLlmxL1nu+oE4RjhQdby12HpP2vA+jK4lPFLtroIm3dOGaMFGwXNpJkrGnpUrKFhaxClYC1hZ1oOTRZdiIVt1VExS65pxj2Q4CKm8GeAAThZxVzN8yR9jeRpMIf5y/AJj7DGxXvP/86jfpX/cvwAAAAA==[0m[Pipeline] { (Clone Repository)
[8mha:////4FnqqYVjHSt5AVVBYyuvKtxZMCH8MA0Eo14o6EXL4hNWAAAApR+LCAAAAAAAAABtjTEOwjAUQ3+KOrAycoh0BSEm1igLJwhJCGmj/9skpZ04EVfjDgQqMWHJkm3Jes8X1CnCkaLjrcXOY9Ke92F0JfGJYncNNPGWLlwTJgqWSztJMva0VEnZwiJWwUrA2qIOlDy6DBvRqrtqgkLXnHMs20FA5c0AD2CikLOK+VvmCNvbaBLhj/MXAHOfge2K959f/QbB16AVwAAAAA==[0m[Pipeline] script
[8mha:////4OSzMra9rkJgmVIx3+T7EfbjwtLYcgAXleixhUs9mXU7AAAAph+LCAAAAAAAAABtjTEOwjAQBM9BKWgpeYQDJUJUtJYbXmBiY5xYd8G+kFS8iK/xBwKRqNhqZ6XVPF9Q5gQHSl42DtuAuQ6yi72fmhwotZdIg2zoLGvCTNFJ7QZN1h1n1MQO5ogCFgqWDutIOaBnWKnG3E0VDfrqxGna9gqKYG/wAKEmM5vEXxgTrK+9zYQ/z18BjB2D2DEU283nWL4Bsam+msEAAAA=[0m[Pipeline] {
[8mha:////4J1Qs1HNLH7xkquoLzsjFqkKFt7E3ZQkQd/yblJiOMVVAAAAox+LCAAAAAAAAABtjTEOwjAQBC9BFLSUPOJCakRFa6XhBSYxxo5159gOTsWL+Bp/IBCJii1WO9vM8wXrGODIQaNV1BuKrUHvRj0vzBz6q+OMli/YMkV2ChuVG+7UacGGk4IlRQkrARtFreNoSCfYCivvsnKSdHVOYf4OAkrTDfCAQszmJEP6whRgdxu7yPTz/BXA5BOU9f5TtX8D0loxuL4AAAA=[0m[Pipeline] echo
Cloning the Git repository...
[8mha:////4I2i0oz72gHfFtCp7f7o0lOP12JFFzvbjIyMGyvJryxBAAAAox+LCAAAAAAAAABtjTEOwjAQBC9BFLSUPOICtIgqreWGF5jYGCfWnbEdkooX8TX+QCASFVusdraZ5wuWKcKRo8XWUOcoNQ6D7+20cODYXTwP2PIZG6bE3qA0g2Rt6hklZwNzihIWAlaGGs/Jkc2wFq26q8orstUpx+k7CCidvsEDCjGZs4r5C2OEzbXXienn+SuAMYQM5W7/qe0bsgYiW74AAAA=[0m[Pipeline] }
[8mha:////4CK79H5fjp8fhTP0qBy6w8QCoxBs6KZwdS2X7O87bZEWAAAAox+LCAAAAAAAAABtjTEOwjAQBDdBFLSUPMIRokKIitZKwwtMYowT6y7YF5KKF/E1/kBEJCq22plmXm8sU8SRo1ONpdZTqrzqQu+mpwaO7TXwoBq+qIopcbCqtEPJtT3NWLJYzMtyLDRWlqrAyZMTrHVjHqYIhlxxlji5g0bu6zueyPRUFhPlC2PE5tbXienX+RvA2HWCfLsTZPsP6C1U670AAAA=[0m[Pipeline] // script
[8mha:////4Dt2Fmv5eP62Yc48+eJJlNzGS6lN6wSawRP0Mq4t0G44AAAApB+LCAAAAAAAAABtjTEOwjAQBDdBFLSUPMIREgUSoqK10vACkxjjxLoL9oWk4kV8jT8QEYmKrXammdcbyxRx5OhUY6n1lCqvutC76amBY3sNPKiGL6piShysKu1Qcm1PM5YsFvOyHAuNlaUqcPLkBGvdmIcpgiFXnCVO7qCR+/qOJzI9lcVE+cIYsbn1dWL6df4GMHaCbC/It7vuAyX3kfC9AAAA[0m[Pipeline] git
The recommended git tool is: NONE
using credential github-ssh-key
Cloning the remote Git repository
Cloning repository git@github.com:yair232/status-page.git
 > git init /var/lib/jenkins/workspace/Terraform-Pipeline # timeout=10
Fetching upstream changes from git@github.com:yair232/status-page.git
 > git --version # timeout=10
 > git --version # 'git version 2.34.1'
using GIT_SSH to set credentials GitHub SSH Key for Jenkins
Verifying host key using known hosts file, will automatically accept unseen keys
 > git fetch --tags --force --progress -- git@github.com:yair232/status-page.git +refs/heads/*:refs/remotes/origin/* # timeout=10
 > git config remote.origin.url git@github.com:yair232/status-page.git # timeout=10
 > git config --add remote.origin.fetch +refs/heads/*:refs/remotes/origin/* # timeout=10
Avoid second fetch
 > git rev-parse refs/remotes/origin/main^{commit} # timeout=10
Checking out Revision 0b1da339b2dacb6fa9cfcaf7138c46368f25e0ca (refs/remotes/origin/main)
 > git config core.sparsecheckout # timeout=10
 > git checkout -f 0b1da339b2dacb6fa9cfcaf7138c46368f25e0ca # timeout=10
 > git branch -a -v --no-abbrev # timeout=10
 > git checkout -b main 0b1da339b2dacb6fa9cfcaf7138c46368f25e0ca # timeout=10
Commit message: "Update Jenkinsfile"
 > git rev-list --no-walk 0b1da339b2dacb6fa9cfcaf7138c46368f25e0ca # timeout=10
[8mha:////4BLM4H8d62um+iYeXqqjqv+RIigrMtuTBxgagOWj9e7QAAAApB+LCAAAAAAAAABtjTEOwjAQBDdBFLSUPMIRBRISoqK10vACkxjjxLoL9oWk4kV8jT8QEYmKrXammdcbyxRx5OhUY6n1lCqvutC76amBY3sNPKiGL6piShysKu1Qcm1PM5YsFvOyHAuNlaUqcPLkBGvdmIcpgiFXnCVO7qCR+/qOJzI9lcVE+cIYsbn1dWL6df4GMHadIN/uBNn+A97oExO9AAAA[0m[Pipeline] }
[8mha:////4MjFSApyGGd3D0gDJ4ix3+RVkzedrbwMd4IXDJ9+EqRgAAAAox+LCAAAAAAAAABtjTEOwjAQBDdBFLSUPMIRDRSIitZKwwtMYowT6y7YF5KKF/E1/kBEJCq22plmXm8sU8SRo1ONpdZTqrzqQu+mpwaO7TXwoBq+qIopcbCqtEPJtT3NWLJYzMtyLDRWlqrAyZMTrHVjHqYIhlxxlji5g0bu6zueyPRUFhPlC2PE5tbXienX+RvA2HWCfLsTZPsPn48MxL0AAAA=[0m[Pipeline] // stage
[8mha:////4FuagYFzm9cs+m9F6Be+Up9TBBffMjwsTXrlCVV7+8EZAAAAph+LCAAAAAAAAABtjTEOwjAQBM9BKWgpeYQjGigQFa3lhheY2Bgn1l2wLyQVL+Jr/IFAJCq22llpNc8XlDnBgZKXjcM2YK6D7GLvpyYHSu0l0iAbOsuaMFN0UrtBk3XHGTWxgzmigIWCpcM6Ug7oGVaqMXdTRYO+OnGatr2CItgbPECoycwm8RfGBOtrbzPhz/NXAGPHILYMxWb3OZZvz21DFMEAAAA=[0m[Pipeline] stage
[8mha:////4FKUzAfVN3I/TW3Z2W0D5z9GW//O0DhPNg8sX+Ee2kTcAAAApx+LCAAAAAAAAABtjTEOwjAUQ3+LOrAycohUTCAhpq5RFk4QmhDSRv+Xn5R24kRcjTvQUokJD5ZtyXqvNxSR4UTsRGOx9RhrL7rQuymJgbi9BhpEQxdRE0YKVig7KDK2WqqiZGFRlsNKwtpiHSh6dAk2stEPXQaNrjwnnrajhNybOzwhkxM5aU7fMjJsb72JhD/OXwCMXYJ8t5/tMD+LD0rlhNLCAAAA[0m[Pipeline] { (Terraform Init & Apply)
[8mha:////4MYiiJQRNOjJcj+0pQoOpnzIeVq3nv1FC5Vn80NuMMAwAAAApx+LCAAAAAAAAABtjTEOwjAUQ3+LOrAycohUbCDE1DXKwglCE0La6P/yk9JOnIircQdaKjHhwbItWe/1hiIynIidaCy2HmPtRRd6NyUxELfXQINo6CJqwkjBCmUHRcZWS1WULCzKclhJWFusA0WPLsFGNvqhy6DRlefE03aUkHtzhydkciInzelbRobtrTeR8Mf5C4CxS5Dv9rMd5mfxASnCIIrCAAAA[0m[Pipeline] withCredentials
WARNING: Unknown parameter(s) found for class type 'com.cloudbees.jenkins.plugins.awscredentials.AmazonWebServicesCredentialsBinding': keyIdVariable,secretVariable
WARNING: Unknown parameter(s) found for class type 'com.cloudbees.jenkins.plugins.awscredentials.AmazonWebServicesCredentialsBinding': keyIdVariable,secretVariable
Masking supported pattern matches of $AWS_ACCESS_KEY_ID or $AWS_SECRET_ACCESS_KEY
[8mha:////4IHvaOhAtaEIjLw1B1EQq70bPpeMqZdxxgAb2PVxdG7lAAAApx+LCAAAAAAAAABtjTEOwjAUQ3+LOrAycogU2BDqxBp14QShCSFp9H9JUtKJE3E17kCgEhMeLNuS9Z4vqIKHhrxmVmFvMHSGDW7UObFEvr84SszSmXWEgZxirUotSXWca0tRwayihAWHpcLOUTCoI6y4FXdRO4G6PkWftwOH0sgbPKDgmRyFj98yeVhfRxkIf5y/AJiGCOV2n223+TyrN7xWSV3CAAAA[0m[Pipeline] {
[8mha:////4PAYiuBEi4gdqbdIoIsPouwTCcksBSEUW6yCNNdp31CiAAAAph+LCAAAAAAAAABtjTEOwjAUQ3+LOrAycogUWBFT1ygLJwhNCGmj/8tPSjtxIq7GHWipxIQHy7ZkvdcbishwInaisdh6jLUXXejdlMRA3F4DDaKhi6gJIwUrlB0UGVstVVGysCjLYSVhbbEOFD26BBvZ6Icug0ZXnhNP21FC7s0dnpDJiZw0p28ZGba33kTCH+cvAMYuQX7Yzbafn8UHbGnGmsIAAAA=[0m[Pipeline] dir
Running in /var/lib/jenkins/workspace/Terraform-Pipeline/final-project-terraform
[8mha:////4Oxsf6opky9v+DMiweljMIhA7S2KloCKG2n/MbYHH7fUAAAAph+LCAAAAAAAAABtjTEOwjAUQ3+DOrAycohUdEVMrFEXThCaEJJG/7dJSjpxIq7GHWipxIQHy7ZkvdcbyhjgRMFwp7GzGFvLez+aOfFMobt5ytzRlbeEkbzmjc4NKX1ea0NJw6qCwUbAVmPrKVo0CXbCyYesvERTXVKYt6MAZtUATyjETE4ypG+ZAuzvo4qEP85fAEx9AlYfFquXZ/kBAsTc3cIAAAA=[0m[Pipeline] {
[8mha:////4GpeQBhKrRM4M78WHHjROs2RhdqeyV1KNTE0uehthjHbAAAAph+LCAAAAAAAAABtjTEOwjAUQ3+LOrAycohUKiNiYo2ycILQhJA0+r9NUtKJE3E17kBLJSY8WLYl673eUMUAJwqGOY2dxdha1vvRzIllCt3NU2aOrqwljOQ1EzoLUvq8VkFJw6qihA2HrcbWU7RoEuy4kw9Ze4mmvqQwb0cOpVUDPKHgMznJkL5lCrC/jyoS/jh/ATD1CcqmWeywPKsPpnFij8IAAAA=[0m[Pipeline] script
[8mha:////4NoTqanW/C3Iyz5pJp84s0OKnMiqXrUiTp0u7r2NsYRSAAAApx+LCAAAAAAAAABtjTEOwjAUQ3+LOrAycohUAjbE1DXKwglCE0La6P/yk9JOnIircQdaKjHhwbItWe/1hiIynIidaCy2HmPtRRd6NyUxELfXQINo6CJqwkjBCmUHRcZWS1WULCzKclhJWFusA0WPLsFGNvqhy6DRlefE03aUkHtzhydkciInzelbRobtrTeR8Mf5C4CxS5Dv9rMd5mfxAd6e6VPCAAAA[0m[Pipeline] {
[8mha:////4BpYcJYlv8uIFibnJzEnZSrMoCZlXR5EBmhJ0eXe8u92AAAApB+LCAAAAAAAAABtjTEOwjAQBC9BFLSUPOIiIagQVVrLDS8wsTFOrDtjOyQVL+Jr/IFAJCq2WO1sM88XLFOEI0eLraHOUWocBt/baeHAsbt4HrDlMzZMib1BaQbJ2tQzSs4G5hQlLASsDDWekyObYS1adVeVV2SrU47TdxBQOn2DBxRiMmcV8xfGCJtrrxPTz/NXAGPIUG53n9qHN38C26S+AAAA[0m[Pipeline] echo
Initializing and applying Terraform configuration...
[8mha:////4L7s4neNZBHVWNqMC2Pap8SaaEfE2ZJimw/l3QGkXsT1AAAApR+LCAAAAAAAAABtjTEOwjAQBC9BFLSUPOIiIUSDqNJabniBiY1xYt0Z2yGpeBFf4w8EIlGxxWpnm3m+YJkiHDlabA11jlLjMPjeTgsHjt3F84Atn7FhSuwNSjNI1qaeUXI2MKcoYSFgZajxnBzZDGvRqruqvCJbnXKcvoOA0ukbPKAQkzmrmL8wRthce52Yfp6/AhhDyFBu95/avQHjyRvdvgAAAA==[0m[Pipeline] }
[8mha:////4M2/4XifI552x1aBKVgSYF2ELoHhbANmfopKYjGVI5gEAAAApR+LCAAAAAAAAABtjTEOwjAQBC9BFLSUPOIiQUGBqNJabniBiY1xYt0Z2yGpeBFf4w8EIlGxxWpnm3m+YJkiHDlabA11jlLjMPjeTgsHjt3F84Atn7FhSuwNSjNI1qaeUXI2MKcoYSFgZajxnBzZDGvRqruqvCJbnXKcvoOA0ukbPKAQkzmrmL8wRthce52Yfp6/AhhDyFBu95/avQHljyOIvgAAAA==[0m[Pipeline] // script
[8mha:////4A9J4jVPNa0NiestOh9PZEa+LaP2HzWd1tnWFlWwSjecAAAApB+LCAAAAAAAAABtjbEOwiAURV9rHFwd/QiadDIxTq6ExS/AFhFK3qNApZNf5K/5D6JNnLzDzT13Oc8XrGOAIwXNrMLBYOwM827SZbFMYbg6yszShXWEkZxiQmVBvTotKCgpWFLVsOKwUdg5igZ1gi238i4bJ1E35xTKd+BQm36EB1S8mJMM6QtzgN1t6iPhz/NXALNPULftp/b+DQhJpXK+AAAA[0m[Pipeline] sh
+ terraform init

[0m[1mInitializing the backend...[0m
[0m[1mInitializing modules...[0m
- eks in modules/eks
- iam in modules/iam
- load_balancer in modules/load_balancer
- load_balancer.iam in modules/iam
- rds in modules/rds
- vpc in modules/vpc

[0m[1mInitializing provider plugins...[0m
- Finding latest version of hashicorp/aws...
- Installing hashicorp/aws v5.72.1...
- Installed hashicorp/aws v5.72.1 (signed by HashiCorp)

Terraform has created a lock file [1m.terraform.lock.hcl[0m to record the provider
selections it made above. Include this file in your version control repository
so that Terraform can guarantee to make the same selections by default when
you run "terraform init" in the future.[0m

[0m[1m[32mTerraform has been successfully initialized![0m[32m[0m
[0m[32m
You may now begin working with Terraform. Try running "terraform plan" to see
any changes that are required for your infrastructure. All Terraform commands
should now work.

If you ever set or change modules or backend configuration for Terraform,
rerun this command to reinitialize your working directory. If you forget, other
commands will detect it and remind you to do so if necessary.[0m
+ terraform plan -out=tfplan
[0m[1mmodule.vpc.data.aws_availability_zones.available: Reading...[0m[0m
[0m[1mmodule.vpc.data.aws_availability_zones.available: Read complete after 0s [id=us-east-1][0m

Terraform used the selected providers to generate the following execution
plan. Resource actions are indicated with the following symbols:
  [32m+[0m create[0m

Terraform will perform the following actions:

[1m  # module.eks.aws_eks_cluster.this[0m will be created
[0m  [32m+[0m[0m resource "aws_eks_cluster" "this" {
      [32m+[0m[0m arn                           = (known after apply)
      [32m+[0m[0m bootstrap_self_managed_addons = true
      [32m+[0m[0m certificate_authority         = (known after apply)
      [32m+[0m[0m cluster_id                    = (known after apply)
      [32m+[0m[0m created_at                    = (known after apply)
      [32m+[0m[0m endpoint                      = (known after apply)
      [32m+[0m[0m id                            = (known after apply)
      [32m+[0m[0m identity                      = (known after apply)
      [32m+[0m[0m name                          = "my-eks-cluster"
      [32m+[0m[0m platform_version              = (known after apply)
      [32m+[0m[0m role_arn                      = (known after apply)
      [32m+[0m[0m status                        = (known after apply)
      [32m+[0m[0m tags                          = {
          [32m+[0m[0m "Name" = "EKS Cluster"
        }
      [32m+[0m[0m tags_all                      = {
          [32m+[0m[0m "Name" = "EKS Cluster"
        }
      [32m+[0m[0m version                       = (known after apply)

      [32m+[0m[0m vpc_config {
          [32m+[0m[0m cluster_security_group_id = (known after apply)
          [32m+[0m[0m endpoint_private_access   = false
          [32m+[0m[0m endpoint_public_access    = true
          [32m+[0m[0m public_access_cidrs       = (known after apply)
          [32m+[0m[0m security_group_ids        = (known after apply)
          [32m+[0m[0m subnet_ids                = (known after apply)
          [32m+[0m[0m vpc_id                    = (known after apply)
        }
    }

[1m  # module.eks.aws_eks_node_group.this[0m will be created
[0m  [32m+[0m[0m resource "aws_eks_node_group" "this" {
      [32m+[0m[0m ami_type               = "AL2_x86_64"
      [32m+[0m[0m arn                    = (known after apply)
      [32m+[0m[0m capacity_type          = (known after apply)
      [32m+[0m[0m cluster_name           = "my-eks-cluster"
      [32m+[0m[0m disk_size              = (known after apply)
      [32m+[0m[0m id                     = (known after apply)
      [32m+[0m[0m instance_types         = [
          [32m+[0m[0m "t2.medium",
        ]
      [32m+[0m[0m node_group_name        = "my-eks-node-group"
      [32m+[0m[0m node_group_name_prefix = (known after apply)
      [32m+[0m[0m node_role_arn          = (known after apply)
      [32m+[0m[0m release_version        = (known after apply)
      [32m+[0m[0m resources              = (known after apply)
      [32m+[0m[0m status                 = (known after apply)
      [32m+[0m[0m subnet_ids             = (known after apply)
      [32m+[0m[0m tags                   = {
          [32m+[0m[0m "Name" = "EKS Node Group"
        }
      [32m+[0m[0m tags_all               = {
          [32m+[0m[0m "Name" = "EKS Node Group"
        }
      [32m+[0m[0m version                = (known after apply)

      [32m+[0m[0m scaling_config {
          [32m+[0m[0m desired_size = 2
          [32m+[0m[0m max_size     = 3
          [32m+[0m[0m min_size     = 1
        }
    }

[1m  # module.iam.aws_iam_policy.elb_policy[0m will be created
[0m  [32m+[0m[0m resource "aws_iam_policy" "elb_policy" {
      [32m+[0m[0m arn              = (known after apply)
      [32m+[0m[0m attachment_count = (known after apply)
      [32m+[0m[0m description      = "IAM policy for managing Elastic Load Balancer"
      [32m+[0m[0m id               = (known after apply)
      [32m+[0m[0m name             = (known after apply)
      [32m+[0m[0m name_prefix      = "ELBManagementPolicy-"
      [32m+[0m[0m path             = "/"
      [32m+[0m[0m policy           = jsonencode(
            {
              [32m+[0m[0m Statement = [
                  [32m+[0m[0m {
                      [32m+[0m[0m Action   = [
                          [32m+[0m[0m "elasticloadbalancing:*",
                          [32m+[0m[0m "ec2:DetachNetworkInterface",
                          [32m+[0m[0m "ec2:DescribeNetworkInterfaces",
                          [32m+[0m[0m "ec2:DeleteNetworkInterface",
                        ]
                      [32m+[0m[0m Effect   = "Allow"
                      [32m+[0m[0m Resource = "*"
                    },
                ]
              [32m+[0m[0m Version   = "2012-10-17"
            }
        )
      [32m+[0m[0m policy_id        = (known after apply)
      [32m+[0m[0m tags_all         = (known after apply)
    }

[1m  # module.iam.aws_iam_role.eks_cluster_role[0m will be created
[0m  [32m+[0m[0m resource "aws_iam_role" "eks_cluster_role" {
      [32m+[0m[0m arn                   = (known after apply)
      [32m+[0m[0m assume_role_policy    = jsonencode(
            {
              [32m+[0m[0m Statement = [
                  [32m+[0m[0m {
                      [32m+[0m[0m Action    = "sts:AssumeRole"
                      [32m+[0m[0m Effect    = "Allow"
                      [32m+[0m[0m Principal = {
                          [32m+[0m[0m Service = "eks.amazonaws.com"
                        }
                      [32m+[0m[0m Sid       = ""
                    },
                ]
              [32m+[0m[0m Version   = "2012-10-17"
            }
        )
      [32m+[0m[0m create_date           = (known after apply)
      [32m+[0m[0m force_detach_policies = false
      [32m+[0m[0m id                    = (known after apply)
      [32m+[0m[0m managed_policy_arns   = (known after apply)
      [32m+[0m[0m max_session_duration  = 3600
      [32m+[0m[0m name                  = (known after apply)
      [32m+[0m[0m name_prefix           = "eks-cluster-role-"
      [32m+[0m[0m path                  = "/"
      [32m+[0m[0m tags                  = {
          [32m+[0m[0m "Name" = "Y-R-EKS-Cluster-Role"
        }
      [32m+[0m[0m tags_all              = {
          [32m+[0m[0m "Name" = "Y-R-EKS-Cluster-Role"
        }
      [32m+[0m[0m unique_id             = (known after apply)
    }

[1m  # module.iam.aws_iam_role.eks_node_group_role[0m will be created
[0m  [32m+[0m[0m resource "aws_iam_role" "eks_node_group_role" {
      [32m+[0m[0m arn                   = (known after apply)
      [32m+[0m[0m assume_role_policy    = jsonencode(
            {
              [32m+[0m[0m Statement = [
                  [32m+[0m[0m {
                      [32m+[0m[0m Action    = "sts:AssumeRole"
                      [32m+[0m[0m Effect    = "Allow"
                      [32m+[0m[0m Principal = {
                          [32m+[0m[0m Service = "ec2.amazonaws.com"
                        }
                      [32m+[0m[0m Sid       = ""
                    },
                ]
              [32m+[0m[0m Version   = "2012-10-17"
            }
        )
      [32m+[0m[0m create_date           = (known after apply)
      [32m+[0m[0m force_detach_policies = false
      [32m+[0m[0m id                    = (known after apply)
      [32m+[0m[0m managed_policy_arns   = (known after apply)
      [32m+[0m[0m max_session_duration  = 3600
      [32m+[0m[0m name                  = (known after apply)
      [32m+[0m[0m name_prefix           = "eks-node-group-role-"
      [32m+[0m[0m path                  = "/"
      [32m+[0m[0m tags                  = {
          [32m+[0m[0m "Name" = "Y-R-EKS-Node-Group-Role"
        }
      [32m+[0m[0m tags_all              = {
          [32m+[0m[0m "Name" = "Y-R-EKS-Node-Group-Role"
        }
      [32m+[0m[0m unique_id             = (known after apply)
    }

[1m  # module.iam.aws_iam_role.elb_role[0m will be created
[0m  [32m+[0m[0m resource "aws_iam_role" "elb_role" {
      [32m+[0m[0m arn                   = (known after apply)
      [32m+[0m[0m assume_role_policy    = jsonencode(
            {
              [32m+[0m[0m Statement = [
                  [32m+[0m[0m {
                      [32m+[0m[0m Action    = "sts:AssumeRole"
                      [32m+[0m[0m Effect    = "Allow"
                      [32m+[0m[0m Principal = {
                          [32m+[0m[0m Service = "ec2.amazonaws.com"
                        }
                      [32m+[0m[0m Sid       = ""
                    },
                ]
              [32m+[0m[0m Version   = "2012-10-17"
            }
        )
      [32m+[0m[0m create_date           = (known after apply)
      [32m+[0m[0m force_detach_policies = false
      [32m+[0m[0m id                    = (known after apply)
      [32m+[0m[0m managed_policy_arns   = (known after apply)
      [32m+[0m[0m max_session_duration  = 3600
      [32m+[0m[0m name                  = (known after apply)
      [32m+[0m[0m name_prefix           = "ELBManagementRole-"
      [32m+[0m[0m path                  = "/"
      [32m+[0m[0m tags_all              = (known after apply)
      [32m+[0m[0m unique_id             = (known after apply)
    }

[1m  # module.iam.aws_iam_role_policy_attachment.ecr_read_only[0m will be created
[0m  [32m+[0m[0m resource "aws_iam_role_policy_attachment" "ecr_read_only" {
      [32m+[0m[0m id         = (known after apply)
      [32m+[0m[0m policy_arn = "arn:aws:iam::aws:policy/AmazonEC2ContainerRegistryReadOnly"
      [32m+[0m[0m role       = (known after apply)
    }

[1m  # module.iam.aws_iam_role_policy_attachment.eks_cluster_policy[0m will be created
[0m  [32m+[0m[0m resource "aws_iam_role_policy_attachment" "eks_cluster_policy" {
      [32m+[0m[0m id         = (known after apply)
      [32m+[0m[0m policy_arn = "arn:aws:iam::aws:policy/AmazonEKSClusterPolicy"
      [32m+[0m[0m role       = (known after apply)
    }

[1m  # module.iam.aws_iam_role_policy_attachment.eks_cni_policy[0m will be created
[0m  [32m+[0m[0m resource "aws_iam_role_policy_attachment" "eks_cni_policy" {
      [32m+[0m[0m id         = (known after apply)
      [32m+[0m[0m policy_arn = "arn:aws:iam::aws:policy/AmazonEKS_CNI_Policy"
      [32m+[0m[0m role       = (known after apply)
    }

[1m  # module.iam.aws_iam_role_policy_attachment.eks_worker_node_policy[0m will be created
[0m  [32m+[0m[0m resource "aws_iam_role_policy_attachment" "eks_worker_node_policy" {
      [32m+[0m[0m id         = (known after apply)
      [32m+[0m[0m policy_arn = "arn:aws:iam::aws:policy/AmazonEKSWorkerNodePolicy"
      [32m+[0m[0m role       = (known after apply)
    }

[1m  # module.iam.aws_iam_role_policy_attachment.elb_attachment[0m will be created
[0m  [32m+[0m[0m resource "aws_iam_role_policy_attachment" "elb_attachment" {
      [32m+[0m[0m id         = (known after apply)
      [32m+[0m[0m policy_arn = (known after apply)
      [32m+[0m[0m role       = (known after apply)
    }

[1m  # module.load_balancer.aws_elb.this[0m will be created
[0m  [32m+[0m[0m resource "aws_elb" "this" {
      [32m+[0m[0m arn                         = (known after apply)
      [32m+[0m[0m availability_zones          = (known after apply)
      [32m+[0m[0m connection_draining         = false
      [32m+[0m[0m connection_draining_timeout = 300
      [32m+[0m[0m cross_zone_load_balancing   = true
      [32m+[0m[0m desync_mitigation_mode      = "defensive"
      [32m+[0m[0m dns_name                    = (known after apply)
      [32m+[0m[0m id                          = (known after apply)
      [32m+[0m[0m idle_timeout                = 60
      [32m+[0m[0m instances                   = (known after apply)
      [32m+[0m[0m internal                    = (known after apply)
      [32m+[0m[0m name                        = "my-load-balancer"
      [32m+[0m[0m name_prefix                 = (known after apply)
      [32m+[0m[0m security_groups             = (known after apply)
      [32m+[0m[0m source_security_group       = (known after apply)
      [32m+[0m[0m source_security_group_id    = (known after apply)
      [32m+[0m[0m subnets                     = (known after apply)
      [32m+[0m[0m tags                        = {
          [32m+[0m[0m "Name" = "Y-R-LoadBalancer"
        }
      [32m+[0m[0m tags_all                    = {
          [32m+[0m[0m "Name" = "Y-R-LoadBalancer"
        }
      [32m+[0m[0m zone_id                     = (known after apply)

      [32m+[0m[0m health_check {
          [32m+[0m[0m healthy_threshold   = 2
          [32m+[0m[0m interval            = 30
          [32m+[0m[0m target              = "HTTP:8000/"
          [32m+[0m[0m timeout             = 5
          [32m+[0m[0m unhealthy_threshold = 2
        }

      [32m+[0m[0m listener {
          [32m+[0m[0m instance_port     = 8000
          [32m+[0m[0m instance_protocol = "HTTP"
          [32m+[0m[0m lb_port           = 80
          [32m+[0m[0m lb_protocol       = "HTTP"
        }
    }

[1m  # module.rds.aws_db_instance.db_insta[0m will be created
[0m  [32m+[0m[0m resource "aws_db_instance" "db_insta" {
      [32m+[0m[0m address                               = (known after apply)
      [32m+[0m[0m allocated_storage                     = 20
      [32m+[0m[0m apply_immediately                     = false
      [32m+[0m[0m arn                                   = (known after apply)
      [32m+[0m[0m auto_minor_version_upgrade            = true
      [32m+[0m[0m availability_zone                     = (known after apply)
      [32m+[0m[0m backup_retention_period               = (known after apply)
      [32m+[0m[0m backup_target                         = (known after apply)
      [32m+[0m[0m backup_window                         = (known after apply)
      [32m+[0m[0m ca_cert_identifier                    = (known after apply)
      [32m+[0m[0m character_set_name                    = (known after apply)
      [32m+[0m[0m copy_tags_to_snapshot                 = false
      [32m+[0m[0m db_name                               = "statuspage"
      [32m+[0m[0m db_subnet_group_name                  = "rds-private-subnet-group"
      [32m+[0m[0m dedicated_log_volume                  = false
      [32m+[0m[0m delete_automated_backups              = true
      [32m+[0m[0m domain_fqdn                           = (known after apply)
      [32m+[0m[0m endpoint                              = (known after apply)
      [32m+[0m[0m engine                                = "postgres"
      [32m+[0m[0m engine_lifecycle_support              = (known after apply)
      [32m+[0m[0m engine_version                        = (known after apply)
      [32m+[0m[0m engine_version_actual                 = (known after apply)
      [32m+[0m[0m hosted_zone_id                        = (known after apply)
      [32m+[0m[0m id                                    = (known after apply)
      [32m+[0m[0m identifier                            = "statuspage"
      [32m+[0m[0m identifier_prefix                     = (known after apply)
      [32m+[0m[0m instance_class                        = "db.t3.micro"
      [32m+[0m[0m iops                                  = (known after apply)
      [32m+[0m[0m kms_key_id                            = (known after apply)
      [32m+[0m[0m latest_restorable_time                = (known after apply)
      [32m+[0m[0m license_model                         = (known after apply)
      [32m+[0m[0m listener_endpoint                     = (known after apply)
      [32m+[0m[0m maintenance_window                    = (known after apply)
      [32m+[0m[0m master_user_secret                    = (known after apply)
      [32m+[0m[0m master_user_secret_kms_key_id         = (known after apply)
      [32m+[0m[0m monitoring_interval                   = 0
      [32m+[0m[0m monitoring_role_arn                   = (known after apply)
      [32m+[0m[0m multi_az                              = true
      [32m+[0m[0m nchar_character_set_name              = (known after apply)
      [32m+[0m[0m network_type                          = (known after apply)
      [32m+[0m[0m option_group_name                     = (known after apply)
      [32m+[0m[0m parameter_group_name                  = (known after apply)
      [32m+[0m[0m password                              = (sensitive value)
      [32m+[0m[0m performance_insights_enabled          = false
      [32m+[0m[0m performance_insights_kms_key_id       = (known after apply)
      [32m+[0m[0m performance_insights_retention_period = (known after apply)
      [32m+[0m[0m port                                  = (known after apply)
      [32m+[0m[0m publicly_accessible                   = false
      [32m+[0m[0m replica_mode                          = (known after apply)
      [32m+[0m[0m replicas                              = (known after apply)
      [32m+[0m[0m resource_id                           = (known after apply)
      [32m+[0m[0m skip_final_snapshot                   = true
      [32m+[0m[0m snapshot_identifier                   = (known after apply)
      [32m+[0m[0m status                                = (known after apply)
      [32m+[0m[0m storage_throughput                    = (known after apply)
      [32m+[0m[0m storage_type                          = (known after apply)
      [32m+[0m[0m tags                                  = {
          [32m+[0m[0m "Name" = "Y-R-db"
        }
      [32m+[0m[0m tags_all                              = {
          [32m+[0m[0m "Name" = "Y-R-db"
        }
      [32m+[0m[0m timezone                              = (known after apply)
      [32m+[0m[0m username                              = "statuspage"
      [32m+[0m[0m vpc_security_group_ids                = (known after apply)
    }

[1m  # module.rds.aws_db_subnet_group.db_subnet_group[0m will be created
[0m  [32m+[0m[0m resource "aws_db_subnet_group" "db_subnet_group" {
      [32m+[0m[0m arn                     = (known after apply)
      [32m+[0m[0m description             = "Managed by Terraform"
      [32m+[0m[0m id                      = (known after apply)
      [32m+[0m[0m name                    = "rds-private-subnet-group"
      [32m+[0m[0m name_prefix             = (known after apply)
      [32m+[0m[0m subnet_ids              = (known after apply)
      [32m+[0m[0m supported_network_types = (known after apply)
      [32m+[0m[0m tags                    = {
          [32m+[0m[0m "Name" = "RDS Private Subnet Group"
        }
      [32m+[0m[0m tags_all                = {
          [32m+[0m[0m "Name" = "RDS Private Subnet Group"
        }
      [32m+[0m[0m vpc_id                  = (known after apply)
    }

[1m  # module.rds.aws_security_group.db_SG[0m will be created
[0m  [32m+[0m[0m resource "aws_security_group" "db_SG" {
      [32m+[0m[0m arn                    = (known after apply)
      [32m+[0m[0m description            = "Managed by Terraform"
      [32m+[0m[0m egress                 = [
          [32m+[0m[0m {
              [32m+[0m[0m cidr_blocks      = [
                  [32m+[0m[0m "0.0.0.0/0",
                ]
              [32m+[0m[0m description      = ""
              [32m+[0m[0m from_port        = 0
              [32m+[0m[0m ipv6_cidr_blocks = []
              [32m+[0m[0m prefix_list_ids  = []
              [32m+[0m[0m protocol         = "-1"
              [32m+[0m[0m security_groups  = []
              [32m+[0m[0m self             = false
              [32m+[0m[0m to_port          = 0
            },
        ]
      [32m+[0m[0m id                     = (known after apply)
      [32m+[0m[0m ingress                = [
          [32m+[0m[0m {
              [32m+[0m[0m cidr_blocks      = []
              [32m+[0m[0m description      = ""
              [32m+[0m[0m from_port        = 5432
              [32m+[0m[0m ipv6_cidr_blocks = []
              [32m+[0m[0m prefix_list_ids  = []
              [32m+[0m[0m protocol         = "tcp"
              [32m+[0m[0m security_groups  = (known after apply)
              [32m+[0m[0m self             = false
              [32m+[0m[0m to_port          = 5432
            },
        ]
      [32m+[0m[0m name                   = (known after apply)
      [32m+[0m[0m name_prefix            = "db_prefix"
      [32m+[0m[0m owner_id               = (known after apply)
      [32m+[0m[0m revoke_rules_on_delete = false
      [32m+[0m[0m tags_all               = (known after apply)
      [32m+[0m[0m vpc_id                 = (known after apply)
    }

[1m  # module.vpc.aws_eip.nat[0m will be created
[0m  [32m+[0m[0m resource "aws_eip" "nat" {
      [32m+[0m[0m allocation_id        = (known after apply)
      [32m+[0m[0m arn                  = (known after apply)
      [32m+[0m[0m association_id       = (known after apply)
      [32m+[0m[0m carrier_ip           = (known after apply)
      [32m+[0m[0m customer_owned_ip    = (known after apply)
      [32m+[0m[0m domain               = (known after apply)
      [32m+[0m[0m id                   = (known after apply)
      [32m+[0m[0m instance             = (known after apply)
      [32m+[0m[0m ipam_pool_id         = (known after apply)
      [32m+[0m[0m network_border_group = (known after apply)
      [32m+[0m[0m network_interface    = (known after apply)
      [32m+[0m[0m private_dns          = (known after apply)
      [32m+[0m[0m private_ip           = (known after apply)
      [32m+[0m[0m ptr_record           = (known after apply)
      [32m+[0m[0m public_dns           = (known after apply)
      [32m+[0m[0m public_ip            = (known after apply)
      [32m+[0m[0m public_ipv4_pool     = (known after apply)
      [32m+[0m[0m tags                 = {
          [32m+[0m[0m "Name" = "Y&R NAT EIP"
        }
      [32m+[0m[0m tags_all             = {
          [32m+[0m[0m "Name" = "Y&R NAT EIP"
        }
      [32m+[0m[0m vpc                  = (known after apply)
    }

[1m  # module.vpc.aws_internet_gateway.igw[0m will be created
[0m  [32m+[0m[0m resource "aws_internet_gateway" "igw" {
      [32m+[0m[0m arn      = (known after apply)
      [32m+[0m[0m id       = (known after apply)
      [32m+[0m[0m owner_id = (known after apply)
      [32m+[0m[0m tags     = {
          [32m+[0m[0m "Name" = "Y&R IGW"
        }
      [32m+[0m[0m tags_all = {
          [32m+[0m[0m "Name" = "Y&R IGW"
        }
      [32m+[0m[0m vpc_id   = (known after apply)
    }

[1m  # module.vpc.aws_nat_gateway.nat[0m will be created
[0m  [32m+[0m[0m resource "aws_nat_gateway" "nat" {
      [32m+[0m[0m allocation_id                      = (known after apply)
      [32m+[0m[0m association_id                     = (known after apply)
      [32m+[0m[0m connectivity_type                  = "public"
      [32m+[0m[0m id                                 = (known after apply)
      [32m+[0m[0m network_interface_id               = (known after apply)
      [32m+[0m[0m private_ip                         = (known after apply)
      [32m+[0m[0m public_ip                          = (known after apply)
      [32m+[0m[0m secondary_private_ip_address_count = (known after apply)
      [32m+[0m[0m secondary_private_ip_addresses     = (known after apply)
      [32m+[0m[0m subnet_id                          = (known after apply)
      [32m+[0m[0m tags                               = {
          [32m+[0m[0m "Name" = "Y&R NAT Gateway"
        }
      [32m+[0m[0m tags_all                           = {
          [32m+[0m[0m "Name" = "Y&R NAT Gateway"
        }
    }

[1m  # module.vpc.aws_route.private_nat_route[0m will be created
[0m  [32m+[0m[0m resource "aws_route" "private_nat_route" {
      [32m+[0m[0m destination_cidr_block = "0.0.0.0/0"
      [32m+[0m[0m id                     = (known after apply)
      [32m+[0m[0m instance_id            = (known after apply)
      [32m+[0m[0m instance_owner_id      = (known after apply)
      [32m+[0m[0m nat_gateway_id         = (known after apply)
      [32m+[0m[0m network_interface_id   = (known after apply)
      [32m+[0m[0m origin                 = (known after apply)
      [32m+[0m[0m route_table_id         = (known after apply)
      [32m+[0m[0m state                  = (known after apply)
    }

[1m  # module.vpc.aws_route_table.private[0m will be created
[0m  [32m+[0m[0m resource "aws_route_table" "private" {
      [32m+[0m[0m arn              = (known after apply)
      [32m+[0m[0m id               = (known after apply)
      [32m+[0m[0m owner_id         = (known after apply)
      [32m+[0m[0m propagating_vgws = (known after apply)
      [32m+[0m[0m route            = (known after apply)
      [32m+[0m[0m tags             = {
          [32m+[0m[0m "Name" = "Y&R Private Route Table"
        }
      [32m+[0m[0m tags_all         = {
          [32m+[0m[0m "Name" = "Y&R Private Route Table"
        }
      [32m+[0m[0m vpc_id           = (known after apply)
    }

[1m  # module.vpc.aws_route_table.public[0m will be created
[0m  [32m+[0m[0m resource "aws_route_table" "public" {
      [32m+[0m[0m arn              = (known after apply)
      [32m+[0m[0m id               = (known after apply)
      [32m+[0m[0m owner_id         = (known after apply)
      [32m+[0m[0m propagating_vgws = (known after apply)
      [32m+[0m[0m route            = [
          [32m+[0m[0m {
              [32m+[0m[0m carrier_gateway_id         = ""
              [32m+[0m[0m cidr_block                 = "0.0.0.0/0"
              [32m+[0m[0m core_network_arn           = ""
              [32m+[0m[0m destination_prefix_list_id = ""
              [32m+[0m[0m egress_only_gateway_id     = ""
              [32m+[0m[0m gateway_id                 = (known after apply)
              [32m+[0m[0m ipv6_cidr_block            = ""
              [32m+[0m[0m local_gateway_id           = ""
              [32m+[0m[0m nat_gateway_id             = ""
              [32m+[0m[0m network_interface_id       = ""
              [32m+[0m[0m transit_gateway_id         = ""
              [32m+[0m[0m vpc_endpoint_id            = ""
              [32m+[0m[0m vpc_peering_connection_id  = ""
            },
        ]
      [32m+[0m[0m tags             = {
          [32m+[0m[0m "Name" = "Y&R Public Route Table"
        }
      [32m+[0m[0m tags_all         = {
          [32m+[0m[0m "Name" = "Y&R Public Route Table"
        }
      [32m+[0m[0m vpc_id           = (known after apply)
    }

[1m  # module.vpc.aws_route_table_association.private_subnet[0][0m will be created
[0m  [32m+[0m[0m resource "aws_route_table_association" "private_subnet" {
      [32m+[0m[0m id             = (known after apply)
      [32m+[0m[0m route_table_id = (known after apply)
      [32m+[0m[0m subnet_id      = (known after apply)
    }

[1m  # module.vpc.aws_route_table_association.private_subnet[1][0m will be created
[0m  [32m+[0m[0m resource "aws_route_table_association" "private_subnet" {
      [32m+[0m[0m id             = (known after apply)
      [32m+[0m[0m route_table_id = (known after apply)
      [32m+[0m[0m subnet_id      = (known after apply)
    }

[1m  # module.vpc.aws_route_table_association.public_subnet[0][0m will be created
[0m  [32m+[0m[0m resource "aws_route_table_association" "public_subnet" {
      [32m+[0m[0m id             = (known after apply)
      [32m+[0m[0m route_table_id = (known after apply)
      [32m+[0m[0m subnet_id      = (known after apply)
    }

[1m  # module.vpc.aws_route_table_association.public_subnet[1][0m will be created
[0m  [32m+[0m[0m resource "aws_route_table_association" "public_subnet" {
      [32m+[0m[0m id             = (known after apply)
      [32m+[0m[0m route_table_id = (known after apply)
      [32m+[0m[0m subnet_id      = (known after apply)
    }

[1m  # module.vpc.aws_security_group.app_security_group[0m will be created
[0m  [32m+[0m[0m resource "aws_security_group" "app_security_group" {
      [32m+[0m[0m arn                    = (known after apply)
      [32m+[0m[0m description            = "Security group for the application running on port 8000"
      [32m+[0m[0m egress                 = [
          [32m+[0m[0m {
              [32m+[0m[0m cidr_blocks      = [
                  [32m+[0m[0m "0.0.0.0/0",
                ]
              [32m+[0m[0m description      = ""
              [32m+[0m[0m from_port        = 0
              [32m+[0m[0m ipv6_cidr_blocks = []
              [32m+[0m[0m prefix_list_ids  = []
              [32m+[0m[0m protocol         = "-1"
              [32m+[0m[0m security_groups  = []
              [32m+[0m[0m self             = false
              [32m+[0m[0m to_port          = 0
            },
        ]
      [32m+[0m[0m id                     = (known after apply)
      [32m+[0m[0m ingress                = [
          [32m+[0m[0m {
              [32m+[0m[0m cidr_blocks      = [
                  [32m+[0m[0m "0.0.0.0/0",
                ]
              [32m+[0m[0m description      = ""
              [32m+[0m[0m from_port        = 8000
              [32m+[0m[0m ipv6_cidr_blocks = []
              [32m+[0m[0m prefix_list_ids  = []
              [32m+[0m[0m protocol         = "tcp"
              [32m+[0m[0m security_groups  = []
              [32m+[0m[0m self             = false
              [32m+[0m[0m to_port          = 8000
            },
        ]
      [32m+[0m[0m name                   = "app-security-group"
      [32m+[0m[0m name_prefix            = (known after apply)
      [32m+[0m[0m owner_id               = (known after apply)
      [32m+[0m[0m revoke_rules_on_delete = false
      [32m+[0m[0m tags                   = {
          [32m+[0m[0m "Name" = "Y&R Application Security Group"
        }
      [32m+[0m[0m tags_all               = {
          [32m+[0m[0m "Name" = "Y&R Application Security Group"
        }
      [32m+[0m[0m vpc_id                 = (known after apply)
    }

[1m  # module.vpc.aws_security_group.eks_node_sg[0m will be created
[0m  [32m+[0m[0m resource "aws_security_group" "eks_node_sg" {
      [32m+[0m[0m arn                    = (known after apply)
      [32m+[0m[0m description            = "EKS worker node security group"
      [32m+[0m[0m egress                 = [
          [32m+[0m[0m {
              [32m+[0m[0m cidr_blocks      = [
                  [32m+[0m[0m "0.0.0.0/0",
                ]
              [32m+[0m[0m description      = ""
              [32m+[0m[0m from_port        = 0
              [32m+[0m[0m ipv6_cidr_blocks = []
              [32m+[0m[0m prefix_list_ids  = []
              [32m+[0m[0m protocol         = "-1"
              [32m+[0m[0m security_groups  = []
              [32m+[0m[0m self             = false
              [32m+[0m[0m to_port          = 0
            },
        ]
      [32m+[0m[0m id                     = (known after apply)
      [32m+[0m[0m ingress                = [
          [32m+[0m[0m {
              [32m+[0m[0m cidr_blocks      = [
                  [32m+[0m[0m "0.0.0.0/0",
                ]
              [32m+[0m[0m description      = ""
              [32m+[0m[0m from_port        = 10250
              [32m+[0m[0m ipv6_cidr_blocks = []
              [32m+[0m[0m prefix_list_ids  = []
              [32m+[0m[0m protocol         = "tcp"
              [32m+[0m[0m security_groups  = []
              [32m+[0m[0m self             = false
              [32m+[0m[0m to_port          = 10250
            },
          [32m+[0m[0m {
              [32m+[0m[0m cidr_blocks      = [
                  [32m+[0m[0m "0.0.0.0/0",
                ]
              [32m+[0m[0m description      = ""
              [32m+[0m[0m from_port        = 30000
              [32m+[0m[0m ipv6_cidr_blocks = []
              [32m+[0m[0m prefix_list_ids  = []
              [32m+[0m[0m protocol         = "tcp"
              [32m+[0m[0m security_groups  = []
              [32m+[0m[0m self             = false
              [32m+[0m[0m to_port          = 32767
            },
          [32m+[0m[0m {
              [32m+[0m[0m cidr_blocks      = [
                  [32m+[0m[0m "0.0.0.0/0",
                ]
              [32m+[0m[0m description      = ""
              [32m+[0m[0m from_port        = 443
              [32m+[0m[0m ipv6_cidr_blocks = []
              [32m+[0m[0m prefix_list_ids  = []
              [32m+[0m[0m protocol         = "tcp"
              [32m+[0m[0m security_groups  = []
              [32m+[0m[0m self             = false
              [32m+[0m[0m to_port          = 443
            },
        ]
      [32m+[0m[0m name                   = "my-eks-cluster-eks-node-sg"
      [32m+[0m[0m name_prefix            = (known after apply)
      [32m+[0m[0m owner_id               = (known after apply)
      [32m+[0m[0m revoke_rules_on_delete = false
      [32m+[0m[0m tags                   = {
          [32m+[0m[0m "Name" = "Y&R-EKS-Node-SG"
        }
      [32m+[0m[0m tags_all               = {
          [32m+[0m[0m "Name" = "Y&R-EKS-Node-SG"
        }
      [32m+[0m[0m vpc_id                 = (known after apply)
    }

[1m  # module.vpc.aws_subnet.private[0][0m will be created
[0m  [32m+[0m[0m resource "aws_subnet" "private" {
      [32m+[0m[0m arn                                            = (known after apply)
      [32m+[0m[0m assign_ipv6_address_on_creation                = false
      [32m+[0m[0m availability_zone                              = "us-east-1a"
      [32m+[0m[0m availability_zone_id                           = (known after apply)
      [32m+[0m[0m cidr_block                                     = "10.0.2.0/24"
      [32m+[0m[0m enable_dns64                                   = false
      [32m+[0m[0m enable_resource_name_dns_a_record_on_launch    = false
      [32m+[0m[0m enable_resource_name_dns_aaaa_record_on_launch = false
      [32m+[0m[0m id                                             = (known after apply)
      [32m+[0m[0m ipv6_cidr_block_association_id                 = (known after apply)
      [32m+[0m[0m ipv6_native                                    = false
      [32m+[0m[0m map_public_ip_on_launch                        = false
      [32m+[0m[0m owner_id                                       = (known after apply)
      [32m+[0m[0m private_dns_hostname_type_on_launch            = (known after apply)
      [32m+[0m[0m tags                                           = {
          [32m+[0m[0m "Name" = "Y&R Private Subnet 1"
        }
      [32m+[0m[0m tags_all                                       = {
          [32m+[0m[0m "Name" = "Y&R Private Subnet 1"
        }
      [32m+[0m[0m vpc_id                                         = (known after apply)
    }

[1m  # module.vpc.aws_subnet.private[1][0m will be created
[0m  [32m+[0m[0m resource "aws_subnet" "private" {
      [32m+[0m[0m arn                                            = (known after apply)
      [32m+[0m[0m assign_ipv6_address_on_creation                = false
      [32m+[0m[0m availability_zone                              = "us-east-1b"
      [32m+[0m[0m availability_zone_id                           = (known after apply)
      [32m+[0m[0m cidr_block                                     = "10.0.3.0/24"
      [32m+[0m[0m enable_dns64                                   = false
      [32m+[0m[0m enable_resource_name_dns_a_record_on_launch    = false
      [32m+[0m[0m enable_resource_name_dns_aaaa_record_on_launch = false
      [32m+[0m[0m id                                             = (known after apply)
      [32m+[0m[0m ipv6_cidr_block_association_id                 = (known after apply)
      [32m+[0m[0m ipv6_native                                    = false
      [32m+[0m[0m map_public_ip_on_launch                        = false
      [32m+[0m[0m owner_id                                       = (known after apply)
      [32m+[0m[0m private_dns_hostname_type_on_launch            = (known after apply)
      [32m+[0m[0m tags                                           = {
          [32m+[0m[0m "Name" = "Y&R Private Subnet 2"
        }
      [32m+[0m[0m tags_all                                       = {
          [32m+[0m[0m "Name" = "Y&R Private Subnet 2"
        }
      [32m+[0m[0m vpc_id                                         = (known after apply)
    }

[1m  # module.vpc.aws_subnet.public[0][0m will be created
[0m  [32m+[0m[0m resource "aws_subnet" "public" {
      [32m+[0m[0m arn                                            = (known after apply)
      [32m+[0m[0m assign_ipv6_address_on_creation                = false
      [32m+[0m[0m availability_zone                              = "us-east-1a"
      [32m+[0m[0m availability_zone_id                           = (known after apply)
      [32m+[0m[0m cidr_block                                     = "10.0.0.0/24"
      [32m+[0m[0m enable_dns64                                   = false
      [32m+[0m[0m enable_resource_name_dns_a_record_on_launch    = false
      [32m+[0m[0m enable_resource_name_dns_aaaa_record_on_launch = false
      [32m+[0m[0m id                                             = (known after apply)
      [32m+[0m[0m ipv6_cidr_block_association_id                 = (known after apply)
      [32m+[0m[0m ipv6_native                                    = false
      [32m+[0m[0m map_public_ip_on_launch                        = true
      [32m+[0m[0m owner_id                                       = (known after apply)
      [32m+[0m[0m private_dns_hostname_type_on_launch            = (known after apply)
      [32m+[0m[0m tags                                           = {
          [32m+[0m[0m "Name" = "Y&R Public Subnet 1"
        }
      [32m+[0m[0m tags_all                                       = {
          [32m+[0m[0m "Name" = "Y&R Public Subnet 1"
        }
      [32m+[0m[0m vpc_id                                         = (known after apply)
    }

[1m  # module.vpc.aws_subnet.public[1][0m will be created
[0m  [32m+[0m[0m resource "aws_subnet" "public" {
      [32m+[0m[0m arn                                            = (known after apply)
      [32m+[0m[0m assign_ipv6_address_on_creation                = false
      [32m+[0m[0m availability_zone                              = "us-east-1b"
      [32m+[0m[0m availability_zone_id                           = (known after apply)
      [32m+[0m[0m cidr_block                                     = "10.0.1.0/24"
      [32m+[0m[0m enable_dns64                                   = false
      [32m+[0m[0m enable_resource_name_dns_a_record_on_launch    = false
      [32m+[0m[0m enable_resource_name_dns_aaaa_record_on_launch = false
      [32m+[0m[0m id                                             = (known after apply)
      [32m+[0m[0m ipv6_cidr_block_association_id                 = (known after apply)
      [32m+[0m[0m ipv6_native                                    = false
      [32m+[0m[0m map_public_ip_on_launch                        = true
      [32m+[0m[0m owner_id                                       = (known after apply)
      [32m+[0m[0m private_dns_hostname_type_on_launch            = (known after apply)
      [32m+[0m[0m tags                                           = {
          [32m+[0m[0m "Name" = "Y&R Public Subnet 2"
        }
      [32m+[0m[0m tags_all                                       = {
          [32m+[0m[0m "Name" = "Y&R Public Subnet 2"
        }
      [32m+[0m[0m vpc_id                                         = (known after apply)
    }

[1m  # module.vpc.aws_vpc.main[0m will be created
[0m  [32m+[0m[0m resource "aws_vpc" "main" {
      [32m+[0m[0m arn                                  = (known after apply)
      [32m+[0m[0m cidr_block                           = "10.0.0.0/16"
      [32m+[0m[0m default_network_acl_id               = (known after apply)
      [32m+[0m[0m default_route_table_id               = (known after apply)
      [32m+[0m[0m default_security_group_id            = (known after apply)
      [32m+[0m[0m dhcp_options_id                      = (known after apply)
      [32m+[0m[0m enable_dns_hostnames                 = true
      [32m+[0m[0m enable_dns_support                   = true
      [32m+[0m[0m enable_network_address_usage_metrics = (known after apply)
      [32m+[0m[0m id                                   = (known after apply)
      [32m+[0m[0m instance_tenancy                     = "default"
      [32m+[0m[0m ipv6_association_id                  = (known after apply)
      [32m+[0m[0m ipv6_cidr_block                      = (known after apply)
      [32m+[0m[0m ipv6_cidr_block_network_border_group = (known after apply)
      [32m+[0m[0m main_route_table_id                  = (known after apply)
      [32m+[0m[0m owner_id                             = (known after apply)
      [32m+[0m[0m tags                                 = {
          [32m+[0m[0m "Name" = "Y&R VPC"
        }
      [32m+[0m[0m tags_all                             = {
          [32m+[0m[0m "Name" = "Y&R VPC"
        }
    }

[1m  # module.load_balancer.module.iam.aws_iam_policy.elb_policy[0m will be created
[0m  [32m+[0m[0m resource "aws_iam_policy" "elb_policy" {
      [32m+[0m[0m arn              = (known after apply)
      [32m+[0m[0m attachment_count = (known after apply)
      [32m+[0m[0m description      = "IAM policy for managing Elastic Load Balancer"
      [32m+[0m[0m id               = (known after apply)
      [32m+[0m[0m name             = (known after apply)
      [32m+[0m[0m name_prefix      = "ELBManagementPolicy-"
      [32m+[0m[0m path             = "/"
      [32m+[0m[0m policy           = jsonencode(
            {
              [32m+[0m[0m Statement = [
                  [32m+[0m[0m {
                      [32m+[0m[0m Action   = [
                          [32m+[0m[0m "elasticloadbalancing:*",
                          [32m+[0m[0m "ec2:DetachNetworkInterface",
                          [32m+[0m[0m "ec2:DescribeNetworkInterfaces",
                          [32m+[0m[0m "ec2:DeleteNetworkInterface",
                        ]
                      [32m+[0m[0m Effect   = "Allow"
                      [32m+[0m[0m Resource = "*"
                    },
                ]
              [32m+[0m[0m Version   = "2012-10-17"
            }
        )
      [32m+[0m[0m policy_id        = (known after apply)
      [32m+[0m[0m tags_all         = (known after apply)
    }

[1m  # module.load_balancer.module.iam.aws_iam_role.eks_cluster_role[0m will be created
[0m  [32m+[0m[0m resource "aws_iam_role" "eks_cluster_role" {
      [32m+[0m[0m arn                   = (known after apply)
      [32m+[0m[0m assume_role_policy    = jsonencode(
            {
              [32m+[0m[0m Statement = [
                  [32m+[0m[0m {
                      [32m+[0m[0m Action    = "sts:AssumeRole"
                      [32m+[0m[0m Effect    = "Allow"
                      [32m+[0m[0m Principal = {
                          [32m+[0m[0m Service = "eks.amazonaws.com"
                        }
                      [32m+[0m[0m Sid       = ""
                    },
                ]
              [32m+[0m[0m Version   = "2012-10-17"
            }
        )
      [32m+[0m[0m create_date           = (known after apply)
      [32m+[0m[0m force_detach_policies = false
      [32m+[0m[0m id                    = (known after apply)
      [32m+[0m[0m managed_policy_arns   = (known after apply)
      [32m+[0m[0m max_session_duration  = 3600
      [32m+[0m[0m name                  = (known after apply)
      [32m+[0m[0m name_prefix           = "eks-cluster-role-"
      [32m+[0m[0m path                  = "/"
      [32m+[0m[0m tags                  = {
          [32m+[0m[0m "Name" = "Y-R-EKS-Cluster-Role"
        }
      [32m+[0m[0m tags_all              = {
          [32m+[0m[0m "Name" = "Y-R-EKS-Cluster-Role"
        }
      [32m+[0m[0m unique_id             = (known after apply)
    }

[1m  # module.load_balancer.module.iam.aws_iam_role.eks_node_group_role[0m will be created
[0m  [32m+[0m[0m resource "aws_iam_role" "eks_node_group_role" {
      [32m+[0m[0m arn                   = (known after apply)
      [32m+[0m[0m assume_role_policy    = jsonencode(
            {
              [32m+[0m[0m Statement = [
                  [32m+[0m[0m {
                      [32m+[0m[0m Action    = "sts:AssumeRole"
                      [32m+[0m[0m Effect    = "Allow"
                      [32m+[0m[0m Principal = {
                          [32m+[0m[0m Service = "ec2.amazonaws.com"
                        }
                      [32m+[0m[0m Sid       = ""
                    },
                ]
              [32m+[0m[0m Version   = "2012-10-17"
            }
        )
      [32m+[0m[0m create_date           = (known after apply)
      [32m+[0m[0m force_detach_policies = false
      [32m+[0m[0m id                    = (known after apply)
      [32m+[0m[0m managed_policy_arns   = (known after apply)
      [32m+[0m[0m max_session_duration  = 3600
      [32m+[0m[0m name                  = (known after apply)
      [32m+[0m[0m name_prefix           = "eks-node-group-role-"
      [32m+[0m[0m path                  = "/"
      [32m+[0m[0m tags                  = {
          [32m+[0m[0m "Name" = "Y-R-EKS-Node-Group-Role"
        }
      [32m+[0m[0m tags_all              = {
          [32m+[0m[0m "Name" = "Y-R-EKS-Node-Group-Role"
        }
      [32m+[0m[0m unique_id             = (known after apply)
    }

[1m  # module.load_balancer.module.iam.aws_iam_role.elb_role[0m will be created
[0m  [32m+[0m[0m resource "aws_iam_role" "elb_role" {
      [32m+[0m[0m arn                   = (known after apply)
      [32m+[0m[0m assume_role_policy    = jsonencode(
            {
              [32m+[0m[0m Statement = [
                  [32m+[0m[0m {
                      [32m+[0m[0m Action    = "sts:AssumeRole"
                      [32m+[0m[0m Effect    = "Allow"
                      [32m+[0m[0m Principal = {
                          [32m+[0m[0m Service = "ec2.amazonaws.com"
                        }
                      [32m+[0m[0m Sid       = ""
                    },
                ]
              [32m+[0m[0m Version   = "2012-10-17"
            }
        )
      [32m+[0m[0m create_date           = (known after apply)
      [32m+[0m[0m force_detach_policies = false
      [32m+[0m[0m id                    = (known after apply)
      [32m+[0m[0m managed_policy_arns   = (known after apply)
      [32m+[0m[0m max_session_duration  = 3600
      [32m+[0m[0m name                  = (known after apply)
      [32m+[0m[0m name_prefix           = "ELBManagementRole-"
      [32m+[0m[0m path                  = "/"
      [32m+[0m[0m tags_all              = (known after apply)
      [32m+[0m[0m unique_id             = (known after apply)
    }

[1m  # module.load_balancer.module.iam.aws_iam_role_policy_attachment.ecr_read_only[0m will be created
[0m  [32m+[0m[0m resource "aws_iam_role_policy_attachment" "ecr_read_only" {
      [32m+[0m[0m id         = (known after apply)
      [32m+[0m[0m policy_arn = "arn:aws:iam::aws:policy/AmazonEC2ContainerRegistryReadOnly"
      [32m+[0m[0m role       = (known after apply)
    }

[1m  # module.load_balancer.module.iam.aws_iam_role_policy_attachment.eks_cluster_policy[0m will be created
[0m  [32m+[0m[0m resource "aws_iam_role_policy_attachment" "eks_cluster_policy" {
      [32m+[0m[0m id         = (known after apply)
      [32m+[0m[0m policy_arn = "arn:aws:iam::aws:policy/AmazonEKSClusterPolicy"
      [32m+[0m[0m role       = (known after apply)
    }

[1m  # module.load_balancer.module.iam.aws_iam_role_policy_attachment.eks_cni_policy[0m will be created
[0m  [32m+[0m[0m resource "aws_iam_role_policy_attachment" "eks_cni_policy" {
      [32m+[0m[0m id         = (known after apply)
      [32m+[0m[0m policy_arn = "arn:aws:iam::aws:policy/AmazonEKS_CNI_Policy"
      [32m+[0m[0m role       = (known after apply)
    }

[1m  # module.load_balancer.module.iam.aws_iam_role_policy_attachment.eks_worker_node_policy[0m will be created
[0m  [32m+[0m[0m resource "aws_iam_role_policy_attachment" "eks_worker_node_policy" {
      [32m+[0m[0m id         = (known after apply)
      [32m+[0m[0m policy_arn = "arn:aws:iam::aws:policy/AmazonEKSWorkerNodePolicy"
      [32m+[0m[0m role       = (known after apply)
    }

[1m  # module.load_balancer.module.iam.aws_iam_role_policy_attachment.elb_attachment[0m will be created
[0m  [32m+[0m[0m resource "aws_iam_role_policy_attachment" "elb_attachment" {
      [32m+[0m[0m id         = (known after apply)
      [32m+[0m[0m policy_arn = (known after apply)
      [32m+[0m[0m role       = (known after apply)
    }

[1mPlan:[0m 41 to add, 0 to change, 0 to destroy.
[0m
Changes to Outputs:
  [32m+[0m[0m eks_cluster_name  = "my-eks-cluster"
  [32m+[0m[0m public_subnet_ids = [
      [32m+[0m[0m (known after apply),
      [32m+[0m[0m (known after apply),
    ]
  [32m+[0m[0m vpc_id            = (known after apply)
[90m
─────────────────────────────────────────────────────────────────────────────[0m

Saved the plan to: tfplan

To perform exactly these actions, run the following command to apply:
    terraform apply "tfplan"
+ terraform apply -auto-approve tfplan
[0m[1mmodule.iam.aws_iam_policy.elb_policy: Creating...[0m[0m
[0m[1mmodule.vpc.aws_eip.nat: Creating...[0m[0m
[0m[1mmodule.iam.aws_iam_role.eks_node_group_role: Creating...[0m[0m
[0m[1mmodule.iam.aws_iam_role.eks_cluster_role: Creating...[0m[0m
[0m[1mmodule.vpc.aws_vpc.main: Creating...[0m[0m
[0m[1mmodule.iam.aws_iam_role.elb_role: Creating...[0m[0m
[0m[1mmodule.iam.aws_iam_policy.elb_policy: Creation complete after 0s [id=arn:aws:iam::266735819819:policy/ELBManagementPolicy-20241016223025861200000001][0m
[0m[1mmodule.iam.aws_iam_role.elb_role: Creation complete after 0s [id=ELBManagementRole-20241016223025871900000004][0m
[0m[1mmodule.iam.aws_iam_role_policy_attachment.elb_attachment: Creating...[0m[0m
[0m[1mmodule.iam.aws_iam_role.eks_node_group_role: Creation complete after 0s [id=eks-node-group-role-20241016223025867500000003][0m
[0m[1mmodule.iam.aws_iam_role_policy_attachment.eks_worker_node_policy: Creating...[0m[0m
[0m[1mmodule.iam.aws_iam_role_policy_attachment.eks_cni_policy: Creating...[0m[0m
[0m[1mmodule.iam.aws_iam_role_policy_attachment.ecr_read_only: Creating...[0m[0m
[0m[1mmodule.iam.aws_iam_role.eks_cluster_role: Creation complete after 0s [id=eks-cluster-role-20241016223025863900000002][0m
[0m[1mmodule.iam.aws_iam_role_policy_attachment.eks_cluster_policy: Creating...[0m[0m
[0m[1mmodule.iam.aws_iam_role_policy_attachment.elb_attachment: Creation complete after 0s [id=ELBManagementRole-20241016223025871900000004-20241016223026079800000005][0m
[0m[1mmodule.iam.aws_iam_role_policy_attachment.eks_worker_node_policy: Creation complete after 0s [id=eks-node-group-role-20241016223025867500000003-20241016223026121100000006][0m
[0m[1mmodule.iam.aws_iam_role_policy_attachment.eks_cni_policy: Creation complete after 0s [id=eks-node-group-role-20241016223025867500000003-20241016223026134200000007][0m
[0m[1mmodule.iam.aws_iam_role_policy_attachment.ecr_read_only: Creation complete after 0s [id=eks-node-group-role-20241016223025867500000003-20241016223026162800000009][0m
[0m[1mmodule.iam.aws_iam_role_policy_attachment.eks_cluster_policy: Creation complete after 0s [id=eks-cluster-role-20241016223025863900000002-20241016223026152800000008][0m
[0m[1mmodule.vpc.aws_eip.nat: Creation complete after 0s [id=eipalloc-0961225b39e080c38][0m
[0m[1mmodule.vpc.aws_vpc.main: Still creating... [10s elapsed][0m[0m
[0m[1mmodule.vpc.aws_vpc.main: Creation complete after 11s [id=vpc-01a4ca0286cd4ffdb][0m
[0m[1mmodule.vpc.aws_security_group.app_security_group: Creating...[0m[0m
[0m[1mmodule.vpc.aws_subnet.private[1]: Creating...[0m[0m
[0m[1mmodule.vpc.aws_subnet.public[0]: Creating...[0m[0m
[0m[1mmodule.vpc.aws_subnet.public[1]: Creating...[0m[0m
[0m[1mmodule.vpc.aws_internet_gateway.igw: Creating...[0m[0m
[0m[1mmodule.vpc.aws_route_table.private: Creating...[0m[0m
[0m[1mmodule.vpc.aws_subnet.private[0]: Creating...[0m[0m
[0m[1mmodule.vpc.aws_security_group.eks_node_sg: Creating...[0m[0m
[0m[1mmodule.vpc.aws_internet_gateway.igw: Creation complete after 0s [id=igw-05cd906c489c13d39][0m
[0m[1mmodule.vpc.aws_route_table.public: Creating...[0m[0m
[0m[1mmodule.vpc.aws_route_table.private: Creation complete after 1s [id=rtb-07a21826a84cdd8ed][0m
[0m[1mmodule.vpc.aws_subnet.private[0]: Creation complete after 1s [id=subnet-0b8b1f23a3e3051e6][0m
[0m[1mmodule.vpc.aws_subnet.private[1]: Creation complete after 1s [id=subnet-0e33ef3a01ed803b8][0m
[0m[1mmodule.vpc.aws_route_table_association.private_subnet[1]: Creating...[0m[0m
[0m[1mmodule.rds.aws_db_subnet_group.db_subnet_group: Creating...[0m[0m
[0m[1mmodule.vpc.aws_route_table_association.private_subnet[0]: Creating...[0m[0m
[0m[1mmodule.vpc.aws_route_table_association.private_subnet[0]: Creation complete after 0s [id=rtbassoc-0536b7cafacd25ee8][0m
[0m[1mmodule.vpc.aws_route_table_association.private_subnet[1]: Creation complete after 0s [id=rtbassoc-050de189f57f86136][0m
[0m[1mmodule.vpc.aws_route_table.public: Creation complete after 0s [id=rtb-0ec9f6f085ee91464][0m
[0m[1mmodule.rds.aws_db_subnet_group.db_subnet_group: Creation complete after 1s [id=rds-private-subnet-group][0m
[0m[1mmodule.vpc.aws_security_group.eks_node_sg: Creation complete after 2s [id=sg-0597dd2f25deff0a7][0m
[0m[1mmodule.rds.aws_security_group.db_SG: Creating...[0m[0m
[0m[1mmodule.vpc.aws_security_group.app_security_group: Creation complete after 2s [id=sg-020669620ceb4e7d3][0m
[0m[1mmodule.rds.aws_security_group.db_SG: Creation complete after 1s [id=sg-0608a470739414ed9][0m
[0m[1mmodule.rds.aws_db_instance.db_insta: Creating...[0m[0m
[0m[1mmodule.vpc.aws_subnet.public[0]: Still creating... [10s elapsed][0m[0m
[0m[1mmodule.vpc.aws_subnet.public[1]: Still creating... [10s elapsed][0m[0m
[0m[1mmodule.vpc.aws_subnet.public[0]: Creation complete after 11s [id=subnet-0f72baaea3eadf162][0m
[0m[1mmodule.vpc.aws_nat_gateway.nat: Creating...[0m[0m
[0m[1mmodule.vpc.aws_subnet.public[1]: Creation complete after 11s [id=subnet-0689588fd77f6eb4d][0m
[0m[1mmodule.vpc.aws_route_table_association.public_subnet[1]: Creating...[0m[0m
[0m[1mmodule.vpc.aws_route_table_association.public_subnet[0]: Creating...[0m[0m
[0m[1mmodule.eks.aws_eks_cluster.this: Creating...[0m[0m
[0m[1mmodule.vpc.aws_route_table_association.public_subnet[0]: Creation complete after 0s [id=rtbassoc-0054ca9ecd84b06c9][0m
[0m[1mmodule.vpc.aws_route_table_association.public_subnet[1]: Creation complete after 0s [id=rtbassoc-0773ab52cc552dde1][0m
[0m[1mmodule.rds.aws_db_instance.db_insta: Still creating... [10s elapsed][0m[0m
[0m[1mmodule.vpc.aws_nat_gateway.nat: Still creating... [10s elapsed][0m[0m
[0m[1mmodule.eks.aws_eks_cluster.this: Still creating... [10s elapsed][0m[0m
[0m[1mmodule.rds.aws_db_instance.db_insta: Still creating... [20s elapsed][0m[0m
[0m[1mmodule.vpc.aws_nat_gateway.nat: Still creating... [20s elapsed][0m[0m
[0m[1mmodule.eks.aws_eks_cluster.this: Still creating... [20s elapsed][0m[0m
[0m[1mmodule.rds.aws_db_instance.db_insta: Still creating... [30s elapsed][0m[0m
[0m[1mmodule.vpc.aws_nat_gateway.nat: Still creating... [30s elapsed][0m[0m
[0m[1mmodule.eks.aws_eks_cluster.this: Still creating... [30s elapsed][0m[0m
[0m[1mmodule.rds.aws_db_instance.db_insta: Still creating... [40s elapsed][0m[0m
[0m[1mmodule.vpc.aws_nat_gateway.nat: Still creating... [40s elapsed][0m[0m
[0m[1mmodule.eks.aws_eks_cluster.this: Still creating... [40s elapsed][0m[0m
[0m[1mmodule.rds.aws_db_instance.db_insta: Still creating... [50s elapsed][0m[0m
[0m[1mmodule.vpc.aws_nat_gateway.nat: Still creating... [50s elapsed][0m[0m
[0m[1mmodule.eks.aws_eks_cluster.this: Still creating... [50s elapsed][0m[0m
[0m[1mmodule.rds.aws_db_instance.db_insta: Still creating... [1m0s elapsed][0m[0m
[0m[1mmodule.vpc.aws_nat_gateway.nat: Still creating... [1m0s elapsed][0m[0m
[0m[1mmodule.eks.aws_eks_cluster.this: Still creating... [1m0s elapsed][0m[0m
[0m[1mmodule.rds.aws_db_instance.db_insta: Still creating... [1m10s elapsed][0m[0m
[0m[1mmodule.vpc.aws_nat_gateway.nat: Still creating... [1m10s elapsed][0m[0m
[0m[1mmodule.eks.aws_eks_cluster.this: Still creating... [1m10s elapsed][0m[0m
[0m[1mmodule.rds.aws_db_instance.db_insta: Still creating... [1m20s elapsed][0m[0m
[0m[1mmodule.vpc.aws_nat_gateway.nat: Still creating... [1m20s elapsed][0m[0m
[0m[1mmodule.eks.aws_eks_cluster.this: Still creating... [1m20s elapsed][0m[0m
[0m[1mmodule.rds.aws_db_instance.db_insta: Still creating... [1m30s elapsed][0m[0m
[0m[1mmodule.vpc.aws_nat_gateway.nat: Creation complete after 1m24s [id=nat-064fd6b5a583edefc][0m
[0m[1mmodule.vpc.aws_route.private_nat_route: Creating...[0m[0m
[0m[1mmodule.vpc.aws_route.private_nat_route: Creation complete after 1s [id=r-rtb-07a21826a84cdd8ed1080289494][0m
[0m[1mmodule.eks.aws_eks_cluster.this: Still creating... [1m30s elapsed][0m[0m
[0m[1mmodule.rds.aws_db_instance.db_insta: Still creating... [1m40s elapsed][0m[0m
[0m[1mmodule.eks.aws_eks_cluster.this: Still creating... [1m40s elapsed][0m[0m
[0m[1mmodule.rds.aws_db_instance.db_insta: Still creating... [1m50s elapsed][0m[0m
[0m[1mmodule.eks.aws_eks_cluster.this: Still creating... [1m50s elapsed][0m[0m
[0m[1mmodule.rds.aws_db_instance.db_insta: Still creating... [2m0s elapsed][0m[0m
[0m[1mmodule.eks.aws_eks_cluster.this: Still creating... [2m0s elapsed][0m[0m
[0m[1mmodule.rds.aws_db_instance.db_insta: Still creating... [2m10s elapsed][0m[0m
[0m[1mmodule.eks.aws_eks_cluster.this: Still creating... [2m10s elapsed][0m[0m
[0m[1mmodule.rds.aws_db_instance.db_insta: Still creating... [2m20s elapsed][0m[0m
[0m[1mmodule.eks.aws_eks_cluster.this: Still creating... [2m20s elapsed][0m[0m
[0m[1mmodule.rds.aws_db_instance.db_insta: Still creating... [2m30s elapsed][0m[0m
[0m[1mmodule.eks.aws_eks_cluster.this: Still creating... [2m30s elapsed][0m[0m
[0m[1mmodule.rds.aws_db_instance.db_insta: Still creating... [2m40s elapsed][0m[0m
[0m[1mmodule.eks.aws_eks_cluster.this: Still creating... [2m40s elapsed][0m[0m
[0m[1mmodule.rds.aws_db_instance.db_insta: Still creating... [2m50s elapsed][0m[0m
[0m[1mmodule.eks.aws_eks_cluster.this: Still creating... [2m50s elapsed][0m[0m
[0m[1mmodule.rds.aws_db_instance.db_insta: Still creating... [3m0s elapsed][0m[0m
[0m[1mmodule.eks.aws_eks_cluster.this: Still creating... [3m0s elapsed][0m[0m
[0m[1mmodule.rds.aws_db_instance.db_insta: Still creating... [3m10s elapsed][0m[0m
[0m[1mmodule.eks.aws_eks_cluster.this: Still creating... [3m10s elapsed][0m[0m
[0m[1mmodule.rds.aws_db_instance.db_insta: Still creating... [3m20s elapsed][0m[0m
[0m[1mmodule.eks.aws_eks_cluster.this: Still creating... [3m20s elapsed][0m[0m
[0m[1mmodule.rds.aws_db_instance.db_insta: Still creating... [3m30s elapsed][0m[0m
[0m[1mmodule.eks.aws_eks_cluster.this: Still creating... [3m30s elapsed][0m[0m
[0m[1mmodule.rds.aws_db_instance.db_insta: Still creating... [3m40s elapsed][0m[0m
[0m[1mmodule.eks.aws_eks_cluster.this: Still creating... [3m40s elapsed][0m[0m
[0m[1mmodule.rds.aws_db_instance.db_insta: Still creating... [3m50s elapsed][0m[0m
[0m[1mmodule.eks.aws_eks_cluster.this: Still creating... [3m50s elapsed][0m[0m
[0m[1mmodule.rds.aws_db_instance.db_insta: Still creating... [4m0s elapsed][0m[0m
[0m[1mmodule.eks.aws_eks_cluster.this: Still creating... [4m0s elapsed][0m[0m
[0m[1mmodule.rds.aws_db_instance.db_insta: Still creating... [4m10s elapsed][0m[0m
[0m[1mmodule.eks.aws_eks_cluster.this: Still creating... [4m10s elapsed][0m[0m
[0m[1mmodule.rds.aws_db_instance.db_insta: Still creating... [4m20s elapsed][0m[0m
[0m[1mmodule.eks.aws_eks_cluster.this: Still creating... [4m20s elapsed][0m[0m
[0m[1mmodule.rds.aws_db_instance.db_insta: Still creating... [4m30s elapsed][0m[0m
[0m[1mmodule.eks.aws_eks_cluster.this: Still creating... [4m30s elapsed][0m[0m
[0m[1mmodule.rds.aws_db_instance.db_insta: Still creating... [4m40s elapsed][0m[0m
[0m[1mmodule.eks.aws_eks_cluster.this: Still creating... [4m40s elapsed][0m[0m
[0m[1mmodule.rds.aws_db_instance.db_insta: Still creating... [4m50s elapsed][0m[0m
[0m[1mmodule.eks.aws_eks_cluster.this: Still creating... [4m50s elapsed][0m[0m
[0m[1mmodule.rds.aws_db_instance.db_insta: Still creating... [5m0s elapsed][0m[0m
[0m[1mmodule.eks.aws_eks_cluster.this: Still creating... [5m0s elapsed][0m[0m
[0m[1mmodule.rds.aws_db_instance.db_insta: Still creating... [5m10s elapsed][0m[0m
[0m[1mmodule.eks.aws_eks_cluster.this: Still creating... [5m10s elapsed][0m[0m
[0m[1mmodule.rds.aws_db_instance.db_insta: Still creating... [5m20s elapsed][0m[0m
[0m[1mmodule.eks.aws_eks_cluster.this: Still creating... [5m20s elapsed][0m[0m
[0m[1mmodule.rds.aws_db_instance.db_insta: Still creating... [5m30s elapsed][0m[0m
[0m[1mmodule.eks.aws_eks_cluster.this: Still creating... [5m30s elapsed][0m[0m
[0m[1mmodule.rds.aws_db_instance.db_insta: Still creating... [5m40s elapsed][0m[0m
[0m[1mmodule.eks.aws_eks_cluster.this: Still creating... [5m40s elapsed][0m[0m
[0m[1mmodule.rds.aws_db_instance.db_insta: Still creating... [5m50s elapsed][0m[0m
[0m[1mmodule.eks.aws_eks_cluster.this: Still creating... [5m50s elapsed][0m[0m
[0m[1mmodule.rds.aws_db_instance.db_insta: Still creating... [6m0s elapsed][0m[0m
[0m[1mmodule.eks.aws_eks_cluster.this: Still creating... [6m0s elapsed][0m[0m
[0m[1mmodule.rds.aws_db_instance.db_insta: Still creating... [6m10s elapsed][0m[0m
[0m[1mmodule.eks.aws_eks_cluster.this: Still creating... [6m10s elapsed][0m[0m
[0m[1mmodule.rds.aws_db_instance.db_insta: Still creating... [6m20s elapsed][0m[0m
[0m[1mmodule.eks.aws_eks_cluster.this: Still creating... [6m20s elapsed][0m[0m
[0m[1mmodule.rds.aws_db_instance.db_insta: Still creating... [6m30s elapsed][0m[0m
[0m[1mmodule.eks.aws_eks_cluster.this: Still creating... [6m30s elapsed][0m[0m
[0m[1mmodule.rds.aws_db_instance.db_insta: Still creating... [6m40s elapsed][0m[0m
[0m[1mmodule.eks.aws_eks_cluster.this: Still creating... [6m40s elapsed][0m[0m
[0m[1mmodule.rds.aws_db_instance.db_insta: Still creating... [6m50s elapsed][0m[0m
[0m[1mmodule.eks.aws_eks_cluster.this: Still creating... [6m50s elapsed][0m[0m
[0m[1mmodule.rds.aws_db_instance.db_insta: Still creating... [7m0s elapsed][0m[0m
[0m[1mmodule.eks.aws_eks_cluster.this: Still creating... [7m0s elapsed][0m[0m
[0m[1mmodule.rds.aws_db_instance.db_insta: Still creating... [7m10s elapsed][0m[0m
[0m[1mmodule.eks.aws_eks_cluster.this: Still creating... [7m10s elapsed][0m[0m
[0m[1mmodule.rds.aws_db_instance.db_insta: Still creating... [7m20s elapsed][0m[0m
[0m[1mmodule.eks.aws_eks_cluster.this: Still creating... [7m20s elapsed][0m[0m
[0m[1mmodule.rds.aws_db_instance.db_insta: Still creating... [7m30s elapsed][0m[0m
[0m[1mmodule.eks.aws_eks_cluster.this: Still creating... [7m30s elapsed][0m[0m
[0m[1mmodule.rds.aws_db_instance.db_insta: Still creating... [7m40s elapsed][0m[0m
[0m[1mmodule.eks.aws_eks_cluster.this: Still creating... [7m40s elapsed][0m[0m
[0m[1mmodule.rds.aws_db_instance.db_insta: Still creating... [7m50s elapsed][0m[0m
[0m[1mmodule.eks.aws_eks_cluster.this: Still creating... [7m50s elapsed][0m[0m
[0m[1mmodule.rds.aws_db_instance.db_insta: Still creating... [8m0s elapsed][0m[0m
[0m[1mmodule.eks.aws_eks_cluster.this: Still creating... [8m0s elapsed][0m[0m
[0m[1mmodule.rds.aws_db_instance.db_insta: Still creating... [8m10s elapsed][0m[0m
[0m[1mmodule.eks.aws_eks_cluster.this: Still creating... [8m10s elapsed][0m[0m
[0m[1mmodule.rds.aws_db_instance.db_insta: Still creating... [8m20s elapsed][0m[0m
[0m[1mmodule.eks.aws_eks_cluster.this: Still creating... [8m20s elapsed][0m[0m
[0m[1mmodule.eks.aws_eks_cluster.this: Creation complete after 8m22s [id=my-eks-cluster][0m
[0m[1mmodule.eks.aws_eks_node_group.this: Creating...[0m[0m
[0m[1mmodule.rds.aws_db_instance.db_insta: Still creating... [8m30s elapsed][0m[0m
[0m[1mmodule.eks.aws_eks_node_group.this: Still creating... [10s elapsed][0m[0m
[0m[1mmodule.rds.aws_db_instance.db_insta: Still creating... [8m40s elapsed][0m[0m
[0m[1mmodule.eks.aws_eks_node_group.this: Still creating... [20s elapsed][0m[0m
[0m[1mmodule.rds.aws_db_instance.db_insta: Still creating... [8m50s elapsed][0m[0m
[0m[1mmodule.eks.aws_eks_node_group.this: Still creating... [30s elapsed][0m[0m
[0m[1mmodule.rds.aws_db_instance.db_insta: Still creating... [9m0s elapsed][0m[0m
[0m[1mmodule.eks.aws_eks_node_group.this: Still creating... [40s elapsed][0m[0m
[0m[1mmodule.rds.aws_db_instance.db_insta: Still creating... [9m10s elapsed][0m[0m
[0m[1mmodule.eks.aws_eks_node_group.this: Still creating... [50s elapsed][0m[0m
[0m[1mmodule.rds.aws_db_instance.db_insta: Still creating... [9m20s elapsed][0m[0m
[0m[1mmodule.eks.aws_eks_node_group.this: Still creating... [1m0s elapsed][0m[0m
[0m[1mmodule.rds.aws_db_instance.db_insta: Still creating... [9m30s elapsed][0m[0m
[0m[1mmodule.eks.aws_eks_node_group.this: Still creating... [1m10s elapsed][0m[0m
[0m[1mmodule.rds.aws_db_instance.db_insta: Still creating... [9m40s elapsed][0m[0m
[0m[1mmodule.eks.aws_eks_node_group.this: Still creating... [1m20s elapsed][0m[0m
[0m[1mmodule.rds.aws_db_instance.db_insta: Still creating... [9m50s elapsed][0m[0m
[0m[1mmodule.eks.aws_eks_node_group.this: Still creating... [1m30s elapsed][0m[0m
[0m[1mmodule.rds.aws_db_instance.db_insta: Still creating... [10m0s elapsed][0m[0m
[0m[1mmodule.eks.aws_eks_node_group.this: Still creating... [1m40s elapsed][0m[0m
[0m[1mmodule.rds.aws_db_instance.db_insta: Still creating... [10m10s elapsed][0m[0m
[0m[1mmodule.eks.aws_eks_node_group.this: Creation complete after 1m46s [id=my-eks-cluster:my-eks-node-group][0m
[0m[1mmodule.load_balancer.module.iam.aws_iam_policy.elb_policy: Creating...[0m[0m
[0m[1mmodule.load_balancer.module.iam.aws_iam_role.elb_role: Creating...[0m[0m
[0m[1mmodule.load_balancer.module.iam.aws_iam_role.eks_cluster_role: Creating...[0m[0m
[0m[1mmodule.load_balancer.module.iam.aws_iam_role.eks_node_group_role: Creating...[0m[0m
[0m[1mmodule.load_balancer.aws_elb.this: Creating...[0m[0m
[0m[1mmodule.load_balancer.module.iam.aws_iam_policy.elb_policy: Creation complete after 0s [id=arn:aws:iam::266735819819:policy/ELBManagementPolicy-2024101622405599900000000f][0m
[0m[1mmodule.load_balancer.module.iam.aws_iam_role.elb_role: Creation complete after 0s [id=ELBManagementRole-20241016224056002100000010][0m
[0m[1mmodule.load_balancer.module.iam.aws_iam_role_policy_attachment.elb_attachment: Creating...[0m[0m
[0m[1mmodule.load_balancer.module.iam.aws_iam_role.eks_cluster_role: Creation complete after 0s [id=eks-cluster-role-20241016224056005500000011][0m
[0m[1mmodule.load_balancer.module.iam.aws_iam_role.eks_node_group_role: Creation complete after 0s [id=eks-node-group-role-20241016224056017500000012][0m
[0m[1mmodule.load_balancer.module.iam.aws_iam_role_policy_attachment.ecr_read_only: Creating...[0m[0m
[0m[1mmodule.load_balancer.module.iam.aws_iam_role_policy_attachment.eks_cni_policy: Creating...[0m[0m
[0m[1mmodule.load_balancer.module.iam.aws_iam_role_policy_attachment.eks_cluster_policy: Creating...[0m[0m
[0m[1mmodule.load_balancer.module.iam.aws_iam_role_policy_attachment.eks_worker_node_policy: Creating...[0m[0m
[0m[1mmodule.load_balancer.module.iam.aws_iam_role_policy_attachment.elb_attachment: Creation complete after 0s [id=ELBManagementRole-20241016224056002100000010-20241016224056272900000013][0m
[0m[1mmodule.load_balancer.module.iam.aws_iam_role_policy_attachment.eks_worker_node_policy: Creation complete after 0s [id=eks-node-group-role-20241016224056017500000012-20241016224056332300000014][0m
[0m[1mmodule.load_balancer.module.iam.aws_iam_role_policy_attachment.ecr_read_only: Creation complete after 0s [id=eks-node-group-role-20241016224056017500000012-20241016224056334200000015][0m
[0m[1mmodule.load_balancer.module.iam.aws_iam_role_policy_attachment.eks_cluster_policy: Creation complete after 0s [id=eks-cluster-role-20241016224056005500000011-20241016224056355600000016][0m
[0m[1mmodule.load_balancer.module.iam.aws_iam_role_policy_attachment.eks_cni_policy: Creation complete after 0s [id=eks-node-group-role-20241016224056017500000012-20241016224056367500000017][0m
[0m[1mmodule.rds.aws_db_instance.db_insta: Still creating... [10m20s elapsed][0m[0m
[0m[1mmodule.load_balancer.aws_elb.this: Creation complete after 9s [id=my-load-balancer][0m
[0m[1mmodule.rds.aws_db_instance.db_insta: Still creating... [10m30s elapsed][0m[0m
[0m[1mmodule.rds.aws_db_instance.db_insta: Still creating... [10m40s elapsed][0m[0m
[0m[1mmodule.rds.aws_db_instance.db_insta: Still creating... [10m50s elapsed][0m[0m
[0m[1mmodule.rds.aws_db_instance.db_insta: Still creating... [11m0s elapsed][0m[0m
[0m[1mmodule.rds.aws_db_instance.db_insta: Still creating... [11m10s elapsed][0m[0m
[0m[1mmodule.rds.aws_db_instance.db_insta: Still creating... [11m20s elapsed][0m[0m
[0m[1mmodule.rds.aws_db_instance.db_insta: Still creating... [11m30s elapsed][0m[0m
[0m[1mmodule.rds.aws_db_instance.db_insta: Still creating... [11m40s elapsed][0m[0m
[0m[1mmodule.rds.aws_db_instance.db_insta: Still creating... [11m50s elapsed][0m[0m
[0m[1mmodule.rds.aws_db_instance.db_insta: Still creating... [12m0s elapsed][0m[0m
[0m[1mmodule.rds.aws_db_instance.db_insta: Still creating... [12m10s elapsed][0m[0m
[0m[1mmodule.rds.aws_db_instance.db_insta: Creation complete after 12m20s [id=db-ZVQN4T2FPQ62P234LWQVIBOR2Q][0m
[0m[1m[32m
Apply complete! Resources: 41 added, 0 changed, 0 destroyed.
[0m[0m[1m[32m
Outputs:

[0meks_cluster_name = "my-eks-cluster"
public_subnet_ids = [
  "subnet-0f72baaea3eadf162",
  "subnet-0689588fd77f6eb4d",
]
vpc_id = "vpc-01a4ca0286cd4ffdb"
[8mha:////4NoseK56Uk3zRe9vcEVwQdddWMN7JaE+VKfUh/1ao6uKAAAApB+LCAAAAAAAAABtjbEOwiAURV9rHFwd/QiadDPGyZWw+AXYIkLJexSodPKL/DX/QbSJk3e4uecu5/mCdQxwpKCZVTgYjJ1h3k26LJYpDFdHmVm6sI4wklNMqCyoV6cFBSUFS6oaVhw2CjtH0aBOsOVW3mXjJOrmnEL5Dhxq04/wgIoXc5IhfWEOsLtNfST8ef4KYPY+Qd3uP9W+AQPeLsW+AAAA[0m[Pipeline] }
[8mha:////4Ao8afPTrwvAMCJ7LAiu5ex3AKl/dFZMq0mx+limiHuzAAAApB+LCAAAAAAAAABtjTsOwjAQRDdBFLSUHGLDp0SpaC03nMAkxjixdoPt4FSciKtxBywiUTHFaN407/WGZfBQszfYaeothcbi4EaTFyb2/dVxwo4v2DAFdhqlTpJbfZpRctQwpyhhIWClqXEcLJkIa9Gph6qcIlOdo8/fUUBp2zs8oRDZHJWPX5g8bG5jG5h+nr8CmIYhQnnY5trvPsXVX92+AAAA[0m[Pipeline] // dir
[8mha:////4OQKNNEYE1/bsQMfBC8tk+1ZkYub20MwFlFVdgxZk2rnAAAApB+LCAAAAAAAAABtjTsOwjAQRDdBFLSUHGLDp0SpaC03nMAkxjixdoPt4FSciKtxBywiUTHFaN407/WGZfBQszfYaeothcbi4EaTFyb2/dVxwo4v2DAFdhqlTpJbfZpRctQwpyhhIWClqXEcLJkIa9Gph6qcIlOdo8/fUUBp2zs8oRDZHJWPX5g8bG5jG5h+nr8CmIYhQnnY5dpvP/Y2BGG+AAAA[0m[Pipeline] }
[8mha:////4PNmExEPUgqgoBfDbovX6wjsAcwax3SoSlDH2apUDNqoAAAApR+LCAAAAAAAAABtjTEOwjAQBC9BFLSUPOIioEIoFa3lhheYxBgn1l2wHZyKF/E1/oBFJCq2WO1sM683LIOHmr3BTlNvKTQWBzeavDCx76+OE3Z8wYYpsNModZLc6tOMkqOGOUUJCwErTY3jYMlEWItOPVTlFJnqHH3+jgJK297hCYXI5qh8/MLkYXMb28D08/wVwDQMEcr9Ltf28AE/r2G1vgAAAA==[0m[Pipeline] // withCredentials
[8mha:////4GB2pdQoBInZwxJKK3n3qtnRCOkbpbxwu7QD4LV80rfxAAAApR+LCAAAAAAAAABtjTEOwjAQBC9BFLSUPMIRSoOEqNJaaXiBiQ/jxLoztkNS8SK+xh+wiETFFqudbeb1hnUMcOJgRI80WIqdFd6NJi8xcRiujifR80V0TJEdihanljU2C7acEJYUJawkbJA6x9GSSbCVvXqoyiky1TmF/B0llFbf4QmFzOakQvrCHGB3G3Vk+nn+CmD2PkFZ17n2hw8MTDoJvgAAAA==[0m[Pipeline] }
[8mha:////4LiZr0UFI3IZXMLzxOI3Vft2GKkeZAbIf4Q3QvQ0TQI8AAAAph+LCAAAAAAAAABtjTEOwjAQBC9BFLSUPOIiBBIFSkVrueEFJjHGiXUXbAen4kV8jT9gEYmKLVY728zrDcvgoWZvsNPUWwqNxcGNJi9M7Pur44QdX7BhCuw0Sp0kt/o0o+SoYU5RwkLASlPjOFgyEdaiUw9VOUWmOkefv6OA0rZ3eEIhsjkqH78wedjcxjYw/Tx/BTANQ4Ryt8+1PXwAJWGAhL4AAAA=[0m[Pipeline] // stage
[8mha:////4KNGpp1reAec0FA0ojFiGoDShFW3DqZMnv1YAcid8i19AAAAph+LCAAAAAAAAABtjTEOwjAQBM9BKWgpeYRTIGgQFa3lhheY2Bgn1l2wLyQVL+Jr/IFAJCq22llpNc8XlDnBgZKXjcM2YK6D7GLvpyYHSu0l0iAbOsuaMFN0UrtBk3XHGTWxgzmigIWCpcM6Ug7oGVaqMXdTRYO+OnGatr2CItgbPECoycwm8RfGBOtrbzPhz/NXAGPHIHYMxWb7OZZv7d0UzsEAAAA=[0m[Pipeline] stage
[8mha:////4EwhAEzUJkWLOgP3vpCP27E+YjIw1f962qD/go/UmRD4AAAApx+LCAAAAAAAAABtjTEOwjAUQ3+LOrAycoh0QLAgpq5RFk4QmhDSRv+Xn5R24kRcjTvQUokJD5ZtyXqvNxSR4UTsRGOx9RhrL7rQuymJgbi9BhpEQxdRE0YKVig7KDK2WqqiZGFRlsNKwtpiHSh6dAk2stEPXQaNrjwnnrajhNybOzwhkxM5aU7fMjJsb72JhD/OXwCMXYJ8t5/tMD+LD02yRsvCAAAA[0m[Pipeline] { (Build Docker Image)
[8mha:////4L887/DfaJLZuhZMhHZRLICVQ9TmmG59EsjU9SiUzAA2AAAAqB+LCAAAAAAAAABtjTEOwjAUQ3+LOrAycoh0QIIBMXWNsnCC0ISQNvq//KS0EyfiatyBlkpMeLBsS9Z7vaGIDCdiJxqLrcdYe9GF3k1JDMTtNdAgGrqImjBSsELZQZGx1VIVJQuLshxWEtYW60DRo0uwkY1+6DJodOU58bQdJeTe3OEJmZzISXP6lpFhe+tNJPxx/gJg7BLku/1sh/lZfADpB/iZwgAAAA==[0m[Pipeline] script
[8mha:////4Hvd65tymv4qWj6e2JROv0kENo89qEOoTeAZGFZwy7TcAAAAqB+LCAAAAAAAAABtjTEOwjAUQ3+LOrAycoh0YAAJMXWNsnCC0ISQNvq//KS0EyfiatyBlkpMeLBsS9Z7vaGIDCdiJxqLrcdYe9GF3k1JDMTtNdAgGrqImjBSsELZQZGx1VIVJQuLshxWEtYW60DRo0uwkY1+6DJodOU58bQdJeTe3OEJmZzISXP6lpFhe+tNJPxx/gJg7BLku/1sh/lZfAD8aiCpwgAAAA==[0m[Pipeline] {
[8mha:////4PNpLH5UdzIdflr/avN14xyR1n+jY05nsP1wTvyhtcO4AAAApB+LCAAAAAAAAABtjTEOwjAQBC9BFLSUPOJS0IAQVVrLDS8wsTFOrDtjOyQVL+Jr/IFAJCq2WO1sM88XLFOEI0eLraHOUWocBt/baeHAsbt4HrDlMzZMib1BaQbJ2tQzSs4G5hQlLASsDDWekyObYS1adVeVV2SrU47TdxBQOn2DBxRiMmcV8xfGCJtrrxPTz/NXAGPIUG53n9qHN65NpgK+AAAA[0m[Pipeline] echo
Building Docker image from the Dockerfile...
[8mha:////4IT427afj+OrkYWzt4RtMEnfAalZxMgbYX4yjREU0P7VAAAAph+LCAAAAAAAAABtjTEOwjAQBC9BFLSUPOKCBAUSSkVrueEFJjHGiXUXbAen4kV8jT9gEYmKLVY728zrDcvgoWZvsNPUWwqNxcGNJi9M7Pur44QdX7BhCuw0Sp0kt/o0o+SoYU5RwkLASlPjOFgyEdaiUw9VOUWmOkefv6OA0rZ3eEIhsjkqH78wedjcxjYw/Tx/BTANQ4Ryv821O3wArmI/eL4AAAA=[0m[Pipeline] }
[8mha:////4K1A+nwwIxSN9aAWLJ8CpuMfVc2H5s6BBxDL25PkAxZtAAAAph+LCAAAAAAAAABtjTEOwjAQBC9BFLSUPOIiBBIFSkVrueEFJjHGiXUXbAen4kV8jT9gEYmKLVY728zrDcvgoWZvsNPUWwqNxcGNJi9M7Pur44QdX7BhCuw0Sp0kt/o0o+SoYU5RwkLASlPjOFgyEdaiUw9VOUWmOkefv6OA0rZ3eEIhsjkqH78wedjcxjYw/Tx/BTANQ4Ryv821O3wAmqzcI74AAAA=[0m[Pipeline] // script
[8mha:////4CGZMUQsLAWqJ5o6CkHvYSaZO0SWRx5tu0OKM6ExtvoJAAAApR+LCAAAAAAAAABtjTEOwjAQBC9BFLSUPOIiAaJBqWgtN7zAJMY4se6C7eBUvIiv8QcsIlGxxWpnm3m9YRk81OwNdpp6S6GxOLjR5IWJfX91nLDjCzZMgZ1GqZPkVp9mlBw1zClKWAhYaWocB0smwlp06qEqp8hU5+jzdxRQ2vYOTyhENkfl4xcmD5vb2Aamn+evAKYhQrk75Npvhw+9+SK0vgAAAA==[0m[Pipeline] sh
+ docker build -t rontzi/status-page:latest .
DEPRECATED: The legacy builder is deprecated and will be removed in a future release.
            Install the buildx component to build images with BuildKit:
            https://docs.docker.com/go/buildx/

Sending build context to Docker daemon   10.6MB
Step 1/11 : FROM python:3.10-slim
3.10-slim: Pulling from library/python
302e3ee49805: Pulling fs layer
eeec0daa4c1f: Pulling fs layer
9374269b22c3: Pulling fs layer
e9e6580aad05: Pulling fs layer
e9e6580aad05: Waiting
eeec0daa4c1f: Verifying Checksum
eeec0daa4c1f: Download complete
9374269b22c3: Verifying Checksum
9374269b22c3: Download complete
e9e6580aad05: Verifying Checksum
e9e6580aad05: Download complete
302e3ee49805: Verifying Checksum
302e3ee49805: Download complete
302e3ee49805: Pull complete
eeec0daa4c1f: Pull complete
9374269b22c3: Pull complete
e9e6580aad05: Pull complete
Digest: sha256:1eb5d76bf3e9e612176ebf5eadf8f27ec300b7b4b9a99f5856f8232fd33aa16e
Status: Downloaded newer image for python:3.10-slim
 ---> 467b0be1afa5
Step 2/11 : ENV PYTHONDONTWRITEBYTECODE=1
 ---> Running in 2e1b5964af45
Removing intermediate container 2e1b5964af45
 ---> f8123eba2f79
Step 3/11 : ENV PYTHONUNBUFFERED=1
 ---> Running in fc212b646baf
Removing intermediate container fc212b646baf
 ---> e7af08fec79e
Step 4/11 : WORKDIR /opt
 ---> Running in ed5ef0d43fe5
Removing intermediate container ed5ef0d43fe5
 ---> ad7f4e35bc92
Step 5/11 : COPY . /opt/status-page
 ---> 69396d664458
Step 6/11 : RUN chmod +x /opt/status-page/upgrade.sh
 ---> Running in e5c6727e3aa1
Removing intermediate container e5c6727e3aa1
 ---> 3de551a3137e
Step 7/11 : RUN pip install --upgrade pip
 ---> Running in 22f0eae831c1
Requirement already satisfied: pip in /usr/local/lib/python3.10/site-packages (23.0.1)
Collecting pip
  Downloading pip-24.2-py3-none-any.whl (1.8 MB)
     ━━━━━━━━━━━━━━━━━━━━━━━━━━━━━━━━━━━━━━━━ 1.8/1.8 MB 19.6 MB/s eta 0:00:00
Installing collected packages: pip
  Attempting uninstall: pip
    Found existing installation: pip 23.0.1
    Uninstalling pip-23.0.1:
      Successfully uninstalled pip-23.0.1
Successfully installed pip-24.2
[91mWARNING: Running pip as the 'root' user can result in broken permissions and conflicting behaviour with the system package manager. It is recommended to use a virtual environment instead: https://pip.pypa.io/warnings/venv
[0mRemoving intermediate container 22f0eae831c1
 ---> f9e741fa73ae
Step 8/11 : EXPOSE 8000
 ---> Running in fa3a3688577d
Removing intermediate container fa3a3688577d
 ---> ce22ba68b34c
Step 9/11 : RUN cp /opt/status-page/contrib/gunicorn.py /opt/status-page/gunicorn.py
 ---> Running in 6612ad6751ef
Removing intermediate container 6612ad6751ef
 ---> fb9840992c0d
Step 10/11 : RUN cp -v /opt/status-page/contrib/*.service /etc/systemd/system/
 ---> Running in 1711d10cea9a
'/opt/status-page/contrib/status-page-rq.service' -> '/etc/systemd/system/status-page-rq.service'
'/opt/status-page/contrib/status-page-scheduler.service' -> '/etc/systemd/system/status-page-scheduler.service'
'/opt/status-page/contrib/status-page.service' -> '/etc/systemd/system/status-page.service'
Removing intermediate container 1711d10cea9a
 ---> 256b2f1a77dc
Step 11/11 : CMD ["bash", "-c", "cd status-page && ./upgrade.sh && cd statuspage && source /opt/status-page/venv/bin/activate && gunicorn --bind 0.0.0.0:8000 statuspage.wsgi:application"]
 ---> Running in 481eaf537e22
Removing intermediate container 481eaf537e22
 ---> d94857030b82
Successfully built d94857030b82
Successfully tagged rontzi/status-page:latest
[8mha:////4PY2JEfryn573IeK8Zct/NdVpN5sM7hQHLMeNanKOEaFAAAApR+LCAAAAAAAAABtjTEOwjAQBC9BFLSUPOJSBNEgqrRWGl5gYmOcWHfGdkgqXsTX+AMWkajYYrWzzbzesI4BThwM9poGS7Gz6N1o8sKJw3B1PGHPF+yYIjuNrZ5aVrpZsOWkYUlRwkrARlPnOFoyCbailw9ZOUmmOqeQv6OA0qo7PKEQ2ZxkSF+YA+xuo4pMP89fAczeJyj3da768AEHPRMZvgAAAA==[0m[Pipeline] }
[8mha:////4J0CKNWYChcgv5SnkZf7X7k1dtx52ugiafqdMWnEFW6JAAAApB+LCAAAAAAAAABtjTEOwjAQBC9BFLSUPMIpCBWiSmul4QUmPowT687YDknFi/gaf8AiEhVbrHa2mdcb1jHAiYMRPdJgKXZWeDeavMTEYbg6nkTPF9ExRXYoWpxa1tgs2HJCWFKUsJKwQeocR0smwVb26qEqp8hU5xTyd5RQWn2HJxQym5MK6QtzgN1t1JHp5/krgNn7BGVd59ofPgVcH52+AAAA[0m[Pipeline] // stage
[8mha:////4CEvxSCpvV5c/UjWTIdD4IZR6A/bZbYI29k/vjNE07/XAAAAph+LCAAAAAAAAABtjTEOwjAQBM9BKWgpeYTTAA2iorXc8AITG+PEugv2haTiRXyNPxCIRMVWOyut5vmCMic4UPKycdgGzHWQXez91ORAqb1EGmRDZ1kTZopOajdosu44oyZ2MEcUsFCwdFhHygE9w0o15m6qaNBXJ07TtldQBHuDBwg1mdkk/sKYYH3tbSb8ef4KYOwYxI6h2Gw/x/INY+OzC8EAAAA=[0m[Pipeline] stage
[8mha:////4CzirH3VZUCIWwjyFa9pEpchP1R6Jn/CE1akUlBs2M7cAAAApx+LCAAAAAAAAABtjTEOwjAUQ3+LOrAycoh0ARbE1DXKwglCE0La6P/yk9JOnIircQdaKjHhwbItWe/1hiIynIidaCy2HmPtRRd6NyUxELfXQINo6CJqwkjBCmUHRcZWS1WULCzKclhJWFusA0WPLsFGNvqhy6DRlefE03aUkHtzhydkciInzelbRobtrTeR8Mf5C4CxS5Dv9rMd5mfxAUxleXrCAAAA[0m[Pipeline] { (Test Docker Image)
[8mha:////4G2vHS2vuZQHaUUOfPaTyIQT626pbTgTwBwUslIIwBhrAAAApx+LCAAAAAAAAABtjTEOwjAUQ3+LOrAycoh0QTAgpq5RFk4QmhDSRv+Xn5R24kRcjTvQUokJD5ZtyXqvNxSR4UTsRGOx9RhrL7rQuymJgbi9BhpEQxdRE0YKVig7KDK2WqqiZGFRlsNKwtpiHSh6dAk2stEPXQaNrjwnnrajhNybOzwhkxM5aU7fMjJsb72JhD/OXwCMXYJ8t5/tMD+LD+jQxyjCAAAA[0m[Pipeline] script
[8mha:////4OvDiXot9FvHTKBytpenZHTjx6ZDgEXXTFQkk7aAHLmTAAAAqB+LCAAAAAAAAABtjTEOwjAUQ3+LOrAycoh0QQIJMXWNsnCC0ISQNvq//KS0EyfiatyBlkpMeLBsS9Z7vaGIDCdiJxqLrcdYe9GF3k1JDMTtNdAgGrqImjBSsELZQZGx1VIVJQuLshxWEtYW60DRo0uwkY1+6DJodOU58bQdJeTe3OEJmZzISXP6lpFhe+tNJPxx/gJg7BLku/1sh/lZfAD9vR8YwgAAAA==[0m[Pipeline] {
[8mha:////4HjOnQlKL/EaJRsthPkfDX8xe91Em0G2SuSsLyzur/ODAAAApB+LCAAAAAAAAABtjTEOwjAQBC9BFLSUPOLSUIAQVVrLDS8wsTFOrDtjOyQVL+Jr/IFAJCq2WO1sM88XLFOEI0eLraHOUWocBt/baeHAsbt4HrDlMzZMib1BaQbJ2tQzSs4G5hQlLASsDDWekyObYS1adVeVV2SrU47TdxBQOn2DBxRiMmcV8xfGCJtrrxPTz/NXAGPIUG53n9qHNzJSLA2+AAAA[0m[Pipeline] echo
Testing Docker image for basic functionality...
[8mha:////4AnQEopro+c6+cjkULql7TmWP1iOxTttU7ARIR35rU0mAAAAph+LCAAAAAAAAABtjTEOwjAQBC9BFLSUPOJCARISSkVrueEFJjHGiXUXbAen4kV8jT9gEYmKLVY728zrDcvgoWZvsNPUWwqNxcGNJi9M7Pur44QdX7BhCuw0Sp0kt/o0o+SoYU5RwkLASlPjOFgyEdaiUw9VOUWmOkefv6OA0rZ3eEIhsjkqH78wedjcxjYw/Tx/BTANQ4Ryv821O3wA3f8Jkb4AAAA=[0m[Pipeline] }
[8mha:////4PmteprOCgyYAX4kGczopoqikgbljbmrx6DljGxqKk/wAAAAph+LCAAAAAAAAABtjTEOwjAQBC9BFLSUPOIiJBAFSkVrueEFJjHGiXUXbAen4kV8jT9gEYmKLVY728zrDcvgoWZvsNPUWwqNxcGNJi9M7Pur44QdX7BhCuw0Sp0kt/o0o+SoYU5RwkLASlPjOFgyEdaiUw9VOUWmOkefv6OA0rZ3eEIhsjkqH78wedjcxjYw/Tx/BTANQ4Ryv821O3wA6THqyr4AAAA=[0m[Pipeline] // script
[8mha:////4HVHw4djwvDO8gJ5kgV6FCrstkK3OSmQISAVsoSAwHWzAAAApR+LCAAAAAAAAABtjTEOwjAQBC9BFLSUPOIiIaBBqWgtN7zAJMY4se6C7eBUvIiv8QcsIlGxxWpnm3m9YRk81OwNdpp6S6GxOLjR5IWJfX91nLDjCzZMgZ1GqZPkVp9mlBw1zClKWAhYaWocB0smwlp06qEqp8hU5+jzdxRQ2vYOTyhENkfl4xcmD5vb2Aamn+evAKYhQrk75Npvhw+TmiW/vgAAAA==[0m[Pipeline] sh
+ docker run --name test-container -d rontzi/status-page:latest
35f1d6c76db2b2de5c7e1aa79114ea2455e0936b372c0e0a56525ce68423e50c
[8mha:////4M1QZuFK8n8Pt9xg8aJvwxZzr4NY+0EUDhDlFTlCqIJ3AAAApR+LCAAAAAAAAABtjTsOwjAQRDdBFLSUHGJT8GlQKlrLDScwiTFOrN1gOzgVJ+Jq3AGLSFRMMZo3zXu9YRk81OwNdpp6S6GxOLjR5IWJfX91nLDjCzZMgZ1GqZPkVp9mlBw1zClKWAhYaWocB0smwlp06qEqp8hU5+jzdxRQ2vYOTyhENkfl4xcmD5vb2Aamn+evAKYhQrk75Npvhw/Sqz6mvgAAAA==[0m[Pipeline] sh
+ docker exec test-container /bin/bash -c echo 'Running health check...'; sleep 2; echo 'Service is up'
Running health check...
Service is up
[8mha:////4OYVGfsQE3C7RpnoPZ3Nq3vUjfG0zK6yPQsG0Fs9+gdEAAAApB+LCAAAAAAAAABtjTEOwjAQBC9BFLSUPOLSBBpEldZKwwtMbIwT687YDknFi/gaf8AiEhVbrHa2mdcb1jHAiYPBXtNgKXYWvRtNXjhxGK6OJ+z5gh1TZKex1VPLSjcLtpw0LClKWAnYaOocR0smwVb08iErJ8lU5xTydxRQWnWHJxQim5MM6QtzgN1tVJHp5/krgNknKOtDrn3tPxU9f+m+AAAA[0m[Pipeline] sh
+ docker stop test-container
test-container
+ docker rm test-container
test-container
[8mha:////4LD2Z9d2A1sqCCI38Vbu20Bi3eC+WRS97AI+SYCrIhAIAAAApB+LCAAAAAAAAABtjTEOwjAQBC9BFLSUPMJpCA2iSmul4QUmPowT687YDknFi/gaf8AiEhVbrHa2mdcb1jHAiYMRPdJgKXZWeDeavMTEYbg6nkTPF9ExRXYoWpxa1tgs2HJCWFKUsJKwQeocR0smwVb26qEqp8hU5xTyd5RQWn2HJxQym5MK6QtzgN1t1JHp5/krgNn7BGVd59ofPmlDfCa+AAAA[0m[Pipeline] }
[8mha:////4LZkIzZUrJNL2nrxXVP5/ziiYRpmD8iQJpNzezEMV8oIAAAApB+LCAAAAAAAAABtjTEOwjAQBC9BFLSUPMJpCA2iSmul4QUmPowT687YDknFi/gaf8AiEhVbrHa2mdcb1jHAiYMRPdJgKXZWeDeavMTEYbg6nkTPF9ExRXYoWpxa1tgs2HJCWFKUsJKwQeocR0smwVb26qEqp8hU5xTyd5RQWn2HJxQym5MK6QtzgN1t1JHp5/krgNn7BGV9yLWvP31g4Tm+AAAA[0m[Pipeline] // stage
[8mha:////4H+HbaFDEzAuMaRcMkLkT7vQC5jAYQWk5G5sFcFzDa3bAAAAph+LCAAAAAAAAABtjTEOwjAQBM9BKWgpeYRTAQWiorXc8AITG+PEugv2haTiRXyNPxCIRMVWOyut5vmCMic4UPKycdgGzHWQXez91ORAqb1EGmRDZ1kTZopOajdosu44oyZ2MEcUsFCwdFhHygE9w0o15m6qaNBXJ07TtldQBHuDBwg1mdkk/sKYYH3tbSb8ef4KYOwYxJah2Ow+x/IN3EkM4MEAAAA=[0m[Pipeline] stage
[8mha:////4Gr5zaWcpW5JCW5+Nl8KJwDoAuXPML5D5ubP61L1Zd+6AAAApx+LCAAAAAAAAABtjTEOwjAUQ3+LOrAycoh0QiAhpq5RFk4QmhDSRv+Xn5R24kRcjTvQUokJD5ZtyXqvNxSR4UTsRGOx9RhrL7rQuymJgbi9BhpEQxdRE0YKVig7KDK2WqqiZGFRlsNKwtpiHSh6dAk2stEPXQaNrjwnnrajhNybOzwhkxM5aU7fMjJsb72JhD/OXwCMXYJ8t5/tMD+LDyb6zSXCAAAA[0m[Pipeline] { (Push Docker Image to Docker Hub)
[8mha:////4NgbP4/bO8tUSL3dX00cbkZtH7OO5s9YxeLr8U+psxMHAAAApx+LCAAAAAAAAABtjTEOwjAUQ3+LOrAycoh0QgIhpq5RFk4QmhDSRv+Xn5R24kRcjTvQUokJD5ZtyXqvNxSR4UTsRGOx9RhrL7rQuymJgbi9BhpEQxdRE0YKVig7KDK2WqqiZGFRlsNKwtpiHSh6dAk2stEPXQaNrjwnnrajhNybOzwhkxM5aU7fMjJsb72JhD/OXwCMXYJ8t5/tMD+LD0XdaX3CAAAA[0m[Pipeline] script
[8mha:////4BizsURxTN6LxbXRTWUJuIi/4t/8gf8mRum6zuY8sMzoAAAAqB+LCAAAAAAAAABtjTEOwjAUQ3+LOrAycoiUBSSEOrFGXThBaEJIGv1fkpR04kRcjTsQqMSEB8u2ZL3nC6rgoSGvmVXYGwydYYMbdU4ske8vjhKzdGYdYSCnWKtSS1Id59pSVDCrKGHBYamwcxQM6ggrbsVd1E6grk/R5+3AoTTyBg8oeCZH4eO3TB7W11EGwh/nLwCmIUK53WfbbT7P6g3QSQCqwgAAAA==[0m[Pipeline] {
[8mha:////4J3Mhrk947N3SiRFU3bmUBuMc/PSAM/9zi+xcOmZ1kBiAAAApB+LCAAAAAAAAABtjTEOwjAQBC9BFLSUPOICDQ2iSmu54QUmNsaJdWdsh6TiRXyNPxCIRMUWq51t5vmCZYpw5GixNdQ5So3D4Hs7LRw4dhfPA7Z8xoYpsTcozSBZm3pGydnAnKKEhYCVocZzcmQzrEWr7qryimx1ynH6DgJKp2/wgEJM5qxi/sIYYXPtdWL6ef4KYAwZyv32U7vwBk5Fu7e+AAAA[0m[Pipeline] echo
Pushing Docker image to Docker Hub...
[8mha:////4FDgyXOhCqvSogSamxei7aB2Gjc8mQetkfXx8O0ummVLAAAApB+LCAAAAAAAAABtjTEOwjAQBC9BFLSUPOKCKGgQVVrLDS8wsTFOrDtjOyQVL+Jr/IFAJCq2WO1sM88XLFOEI0eLraHOUWocBt/baeHAsbt4HrDlMzZMib1BaQbJ2tQzSs4G5hQlLASsDDWekyObYS1adVeVV2SrU47TdxBQOn2DBxRiMmcV8xfGCJtrrxPTz/NXAGMIGcr97lPbN/uuxNG+AAAA[0m[Pipeline] }
[8mha:////4LeRn63F1kK8aqsXs3NMw5OvyYFhHF6v9IQN5TVctStvAAAAph+LCAAAAAAAAABtjTEOwjAQBC9BFLSUPOJSIJAQSkVrueEFJjHGiXUXbAen4kV8jT9gEYmKLVY728zrDcvgoWZvsNPUWwqNxcGNJi9M7Pur44QdX7BhCuw0Sp0kt/o0o+SoYU5RwkLASlPjOFgyEdaiUw9VOUWmOkefv6OA0rZ3eEIhsjkqH78wedjcxjYw/Tx/BTANQ4Ryv821O3wAOZZpSL4AAAA=[0m[Pipeline] // script
[8mha:////4GLMq6mCtyHoHBrXqGccngzPTckTrU9m2suPBFuXfSv8AAAAqB+LCAAAAAAAAABtjTEOwjAUQ3+LOrAycoh0AYSEOrFGXThBaEJIGv1fkpR04kRcjTsQqMSEB8u2ZL3nC6rgoSGvmVXYGwydYYMbdU4ske8vjhKzdGYdYSCnWKtSS1Id59pSVDCrKGHBYamwcxQM6ggrbsVd1E6grk/R5+3AoTTyBg8oeCZH4eO3TB7W11EGwh/nLwCmIUK53WfbbT7P6g0G1B/wwgAAAA==[0m[Pipeline] withCredentials
Masking supported pattern matches of $DOCKER_PASS
[8mha:////4HUU2Fmu8pz71cV+h5XM2bq7rCYtxQnPfRIEil0I/LdkAAAApx+LCAAAAAAAAABtjTEOwjAUQ3+LOrAycoh0ARbE1DXKwglCE0La6P/yk9JOnIircQdaKjHhwbItWe/1hiIynIidaCy2HmPtRRd6NyUxELfXQINo6CJqwkjBCmUHRcZWS1WULCzKclhJWFusA0WPLsFGNvqhy6DRlefE03aUkHtzhydkciInzelbRobtrTeR8Mf5C4CxS5AfdrPt52fxAZRHx0bCAAAA[0m[Pipeline] {
[8mha:////4KzaXELzopVEZA6IfH9ZK6asfy3/u3f0kyracR/CS5reAAAAox+LCAAAAAAAAABtjTEOwjAQBC9BFLSUPOJSkQZR0VppeIFJjLFj3Tm2g1PxIr7GHwhEomKL1c4283zBOgY4ctBoFfWGYmvQu1HPCzOH/uo4o+ULtkyRncJG5YY7dVqw4aRgSVHCSsBGUes4GtIJtsLKu6ycJF2dU5i/g4DSdAM8oBCzOcmQvjAF2N3GLjL9PH8FMPkEZb3/VO3fLvzCqr4AAAA=[0m[Pipeline] sh
+ echo ****
+ docker login -u rontz --password-stdin
WARNING! Your password will be stored unencrypted in /var/lib/jenkins/.docker/config.json.
Configure a credential helper to remove this warning. See
https://docs.docker.com/engine/reference/commandline/login/#credentials-store

Login Succeeded
+ docker push rontzi/status-page:latest
The push refers to repository [docker.io/rontzi/status-page]
87ef19c24703: Preparing
fbdb20092c23: Preparing
3cb79f4d2e6b: Preparing
a4199263ec38: Preparing
870b445a580a: Preparing
7f6b4f9d581b: Preparing
dfa4c16a8763: Preparing
9d6f7ae9ff33: Preparing
8d853c8add5d: Preparing
7f6b4f9d581b: Waiting
dfa4c16a8763: Waiting
9d6f7ae9ff33: Waiting
8d853c8add5d: Waiting
denied: requested access to the resource is denied
[8mha:////4DPb5gMyDVQyLCC6UisWN+Pm84Wqq5eprFRG3xSOGR/vAAAApB+LCAAAAAAAAABtjTEOwjAQBC9BFLSUPOJSAQWiSmu54QUmNsaJdWdsh6TiRXyNPxCIRMUWq51t5vmCZYpw5GixNdQ5So3D4Hs7LRw4dhfPA7Z8xoYpsTcozSBZm3pGydnAnKKEhYCVocZzcmQzrEWr7qryimx1ynH6DgJKp2/wgEJM5qxi/sIYYXPtdWL6ef4KYAwhQ7nbf2r7BsfLY/G+AAAA[0m[Pipeline] }
[8mha:////4AGeeIEelQ22vIWI8hunIX22qhMa55bdJGq+Qh2cQEH8AAAApR+LCAAAAAAAAABtjTEOwjAQBC9BFLSUPOLSIISEqNJabniBiY1xYt0Z2yGpeBFf4w8EIlGxxWpnm3m+YJkiHDlabA11jlLjMPjeTgsHjt3F84Atn7FhSuwNSjNI1qaeUXI2MKcoYSFgZajxnBzZDGvRqruqvCJbnXKcvoOA0ukbPKAQkzmrmL8wRthce52Yfp6/AhhDyFDu9p/avgGESTJ3vgAAAA==[0m[Pipeline] // withCredentials
[8mha:////4DShfD9g6WSaIUzFsj/0e/EoQOErAlCsE2/jwoV5cqvhAAAApR+LCAAAAAAAAABtjTEOwjAQBC9BFLSUPOJSgUAoFa3lhheYxBgn1l2wHZyKF/E1/oBFJCq2WO1sM683LIOHmr3BTlNvKTQWBzeavDCx76+OE3Z8wYYpsNModZLc6tOMkqOGOUUJCwErTY3jYMlEWItOPVTlFJnqHH3+jgJK297hCYXI5qh8/MLkYXMb28D08/wVwDQMEcrdIdd2/wHJhfWevgAAAA==[0m[Pipeline] }
[8mha:////4PHKZjw8e1Xglqmf7hqoAnU/xYSlBuLvWoAx6sJBmxZTAAAApR+LCAAAAAAAAABtjTEOwjAQBC9BFLSUPOJCg1IgqrRWGl5gYmOcWHfGdkgqXsTX+AMWkajYYrWzzbzesI4BThwM9poGS7Gz6N1o8sKJw3B1PGHPF+yYIjuNrZ5aVrpZsOWkYUlRwkrARlPnOFoyCbailw9ZOUmmOqeQv6OA0qo7PKEQ2ZxkSF+YA+xuo4pMP89fAczeJyjrfa5D/QEkwjKPvgAAAA==[0m[Pipeline] // stage
[8mha:////4EkxiL8pILxswzss/XkXj8WVYIuw3dnwczUyeEy7+waMAAAAph+LCAAAAAAAAABtjTEOwjAQBM9BKWgpeYQjGigQFa3lhheY2Bgn1l2wLyQVL+Jr/IFAJCq22llpNc8XlDnBgZKXjcM2YK6D7GLvpyYHSu0l0iAbOsuaMFN0UrtBk3XHGTWxgzmigIWCpcM6Ug7oGVaqMXdTRYO+OnGatr2CItgbPECoycwm8RfGBOtrbzPhz/NXAGPHILYMxW7zOZZv6LvKocEAAAA=[0m[Pipeline] stage
[8mha:////4JvlOP9cJ710obdwVuzEVLpRMVLULv6z/ddgeH1vEY1pAAAApx+LCAAAAAAAAABtjTEOwjAUQ3+LOrAycohUsDAgpq5RFk4QmhDSRv+Xn5R24kRcjTvQUokJD5ZtyXqvNxSR4UTsRGOx9RhrL7rQuymJgbi9BhpEQxdRE0YKVig7KDK2WqqiZGFRlsNKwtpiHSh6dAk2stEPXQaNrjwnnrajhNybOzwhkxM5aU7fMjJsb72JhD/OXwCMXYL8sJttPz+LD7WcRxfCAAAA[0m[Pipeline] { (Declarative: Post Actions)
[8mha:////4F+tnOeGzHu2/q/jliopIeRRnsF9zKM9687JWjZtS6PoAAAAqB+LCAAAAAAAAABtjTEOwjAUQ3+LOrAycohUgoEBMXWNsnCC0ISQNvq//KS0EyfiatyBlkpMeLBsS9Z7vaGIDCdiJxqLrcdYe9GF3k1JDMTtNdAgGrqImjBSsELZQZGx1VIVJQuLshxWEtYW60DRo0uwkY1+6DJodOU58bQdJeTe3OEJmZzISXP6lpFhe+tNJPxx/gJg7BLkh91s+/lZfAARKflFwgAAAA==[0m[Pipeline] script
[8mha:////4L33MrjcZ6ufwsB8dUuF2OC0HX7Dn4y9ctorivFqMbE2AAAAqB+LCAAAAAAAAABtjTEOwjAUQ3+LOrAycoh0AIkBMXWNsnCC0ISQNvq//KS0EyfiatyBlkpMeLBsS9Z7vaGIDCdiJxqLrcdYe9GF3k1JDMTtNdAgGrqImjBSsELZQZGx1VIVJQuLshxWEtYW60DRo0uwkY1+6DJodOU58bQdJeTe3OEJmZzISXP6lpFhe+tNJPxx/gJg7BLkh91s+/lZfABpxnKZwgAAAA==[0m[Pipeline] {
[8mha:////4F4U+Y8NUDTEcRa6V8iY/ji6H1TZlkpXmclktOm+Z1KSAAAApB+LCAAAAAAAAABtjTEOwjAQBC9BFLSUPOLSgCgQVVrLDS8wsTFOrDtjOyQVL+Jr/IFAJCq2WO1sM88XLFOEI0eLraHOUWocBt/baeHAsbt4HrDlMzZMib1BaQbJ2tQzSs4G5hQlLASsDDWekyObYS1adVeVV2SrU47TdxBQOn2DBxRiMmcV8xfGCJtrrxPTz/NXAGPIUO63n9qFN/DO8Oq+AAAA[0m[Pipeline] echo
Cleaning up workspace and Docker resources...
[8mha:////4Nd+bN9CZ8E6+LnK8h/Epckd5V+Hmb/IzS4z7VlGqFAQAAAApB+LCAAAAAAAAABtjTEOwjAQBC9BFLSUPOLSICgQVVrLDS8wsTFOrDtjOyQVL+Jr/IFAJCq2WO1sM88XLFOEI0eLraHOUWocBt/baeHAsbt4HrDlMzZMib1BaQbJ2tQzSs4G5hQlLASsDDWekyObYS1adVeVV2SrU47TdxBQOn2DBxRiMmcV8xfGCJtrrxPTz/NXAGMIGcr97lPbNwESVPK+AAAA[0m[Pipeline] }
[8mha:////4JXruQjfJRVvvNNBbH5jH9a9fNdb6PcHj+WuEDMCIy3tAAAApB+LCAAAAAAAAABtjTEOwjAQBC9BFLSUPOJSUKRAVLRWGl5gEmPsWHeO7eBUvIiv8QcCkajYYrWzzTxfsI4Bjhw0WkW9odga9G7U88LMob86zmj5gi1TZKewUbnhTp0WbDgpWFKUsBKwUdQ6joZ0gq2w8i4rJ0lX5xTm7yCgNN0ADyjEbE4ypC9MAXa3sYtMP89fAUzeJyjr+lP7NwdUbKe+AAAA[0m[Pipeline] // script
[8mha:////4H3IGjSfLo5VgbpSVQqSqtYXTiX/zvfCCJlBnCKmDr7bAAAApR+LCAAAAAAAAABtjTEOwjAQBC9BFLSUPOIi0YCEqNJabniBiY1xYt0Z2yGpeBFf4w8EIlGxxWpnm3m+YJkiHDlabA11jlLjMPjeTgsHjt3F84Atn7FhSuwNSjNI1qaeUXI2MKcoYSFgZajxnBzZDGvRqruqvCJbnXKcvoOA0ukbPKAQkzmrmL8wRthce52Yfp6/AhhDhnK3/dQ+vAGHhY48vgAAAA==[0m[Pipeline] cleanWs
[WS-CLEANUP] Deleting project workspace...
[WS-CLEANUP] Deferred wipeout is used...
[WS-CLEANUP] done
[8mha:////4Oy60vTHaATqhE30LKiIFJg40LABPtkDUDPJQ6XQ504UAAAApR+LCAAAAAAAAABtjTEOwjAQBC9BFLSUPOIi0SCEqNJabniBiY1xYt0Z2yGpeBFf4w8EIlGxxWpnm3m+YJkiHDlabA11jlLjMPjeTgsHjt3F84Atn7FhSuwNSjNI1qaeUXI2MKcoYSFgZajxnBzZDGvRqruqvCJbnXKcvoOA0ukbPKAQkzmrmL8wRthce52Yfp6/AhhDhnK3/dQ+vAHGtJUlvgAAAA==[0m[Pipeline] sh
+ docker system prune -f
Total reclaimed space: 0B
[8mha:////4L6kXWj6zN0gu+ihJ7MbN4tQlSha9857m/KIu5oLLD54AAAApR+LCAAAAAAAAABtjTEOwjAQBC9BFLSUPOKCaEBCqWgtN7zAJMY4se6C7eBUvIiv8QcsIlGxxWpnm3m9YRk81OwNdpp6S6GxOLjR5IWJfX91nLDjCzZMgZ1GqZPkVp9mlBw1zClKWAhYaWocB0smwlp06qEqp8hU5+jzdxRQ2vYOTyhENkfl4xcmD5vb2Aamn+evAKYhQrnf5Tpshw+ySAv/vgAAAA==[0m[Pipeline] echo
Pipeline failed. Please check the logs.
[8mha:////4HAe8hT1ZTVRMu3AbJ0mdbKQ7qAjrnDOuMwLcBs4NgWKAAAApR+LCAAAAAAAAABtjTEOwjAQBC9BFLSUPOIiaEBCqWgtN7zAJMY4se6C7eBUvIiv8QcsIlGxxWpnm3m9YRk81OwNdpp6S6GxOLjR5IWJfX91nLDjCzZMgZ1GqZPkVp9mlBw1zClKWAhYaWocB0smwlp06qEqp8hU5+jzdxRQ2vYOTyhENkfl4xcmD5vb2Aamn+evAKZhiFAetrn2uw9l93rwvgAAAA==[0m[Pipeline] }
[8mha:////4NP7b5lihvjyMhep+qO6GGp/AdGSbPXfSJoMrwD9IMLiAAAApR+LCAAAAAAAAABtjTEOwjAQBC9BFLSUPOIiaEBCqWgtN7zAJMY4se6C7eBUvIiv8QcsIlGxxWpnm3m9YRk81OwNdpp6S6GxOLjR5IWJfX91nLDjCzZMgZ1GqZPkVp9mlBw1zClKWAhYaWocB0smwlp06qEqp8hU5+jzdxRQ2vYOTyhENkfl4xcmD5vb2Aamn+evAKZhiFAedrn22w9x1OfvvgAAAA==[0m[Pipeline] // stage
[8mha:////4Ge5x2kmVd2CBv/wbmYaQsZfEREIq0t7c9QYwrnDYdTDAAAApB+LCAAAAAAAAABtjTEOwjAQBDdBFLSUPMIpkBASoqK10vACkxjjxLoL9oWk4kV8jT8QEYmKrXammdcbyxRx5OhUY6n1lCqvutC76amBY3sNPKiGL6piShysKu1Qcm1PM5YsFvOyHAuNlaUqcPLkBGvdmIcpgiFXnCVO7qCR+/qOJzI9lcVE+cIYsbn1dWL6df4GMHadIN9vBdnuA7Fh5Fy9AAAA[0m[Pipeline] }
[8mha:////4OiRkFQ+xuumV1S7OS38PobWMXfKv3ayKs6wMDBMf+JYAAAApB+LCAAAAAAAAABtjTEOwjAQBDdBFLSUPMJpQEJCVLRWGl5gEmOcWHfBvpBUvIiv8QciIlGx1c4083pjmSKOHJ1qLLWeUuVVF3o3PTVwbK+BB9XwRVVMiYNVpR1Kru1pxpLFYl6WY6GxslQFTp6cYK0b8zBFMOSKs8TJHTRyX9/xRKanspgoXxgjNre+Tky/zt8Axq4T5PutINt9ABvszXe9AAAA[0m[Pipeline] // withEnv
[8mha:////4EZRw/h3ZQtltdrzPJGCIUyh+z24r74Xmg5xa+RMv5GAAAAApB+LCAAAAAAAAABtjTEOwjAQBDdBFLSUPMJpQEJCVLRWGl5gEmOcWHfBvpBUvIiv8QciIlGx1c4083pjmSKOHJ1qLLWeUuVVF3o3PTVwbK+BB9XwRVVMiYNVpR1Kru1pxpLFYl6WY6GxslQFTp6cYK0b8zBFMOSKs8TJHTRyX9/xRKanspgoXxgjNre+Tky/zt8Axq4T5PudINt+AD31qj29AAAA[0m[Pipeline] }
[8mha:////4BDvuzJkeNHPhtJf9FUNwr/Lt03fyPuHCTvN5xs2YRkCAAAApB+LCAAAAAAAAABtjTEOwjAQBDdBFLSUPMIpkBASoqK10vACkxjjxLoL9oWk4kV8jT8QEYmKrXammdcbyxRx5OhUY6n1lCqvutC76amBY3sNPKiGL6piShysKu1Qcm1PM5YsFvOyHAuNlaUqcPLkBGvdmIcpgiFXnCVO7qCR+/qOJzI9lcVE+cIYsbn1dWL6df4GMHadIN/vBNn2A04abuS9AAAA[0m[Pipeline] // node
[8mha:////4GzIrADphAyBIXiUlLUO2/rKBqMOhsub+EnRhr04c+/aAAAApB+LCAAAAAAAAABtjTEOwjAQBDdBFLSUPMKRaEBCVLRWGl5gEmOcWHfBvpBUvIiv8QciIlGx1c4083pjmSKOHJ1qLLWeUuVVF3o3PTVwbK+BB9XwRVVMiYNVpR1Kru1pxpLFYl6WY6GxslQFTp6cYK0b8zBFMOSKs8TJHTRyX9/xRKanspgoXxgjNre+Tky/zt8Axq4T5PudINt+AGgDCa69AAAA[0m[Pipeline] End of Pipeline
ERROR: script returned exit code 1
Finished: FAILURE
