Started by user [8mha:////4FOQbeLQ4kpeJP7d3ecbQf0A0KeB7XUGJvBkV9ttnkX3AAAAkx+LCAAAAAAAAABb85aBtbiIQTGjNKU4P08vOT+vOD8nVc83PyU1x6OyILUoJzMv2y+/JJUBAhiZGBgqihhk0NSjKDWzXb3RdlLBUSYGJk8GtpzUvPSSDB8G5tKinBIGIZ+sxLJE/ZzEvHT94JKizLx0a6BxUmjGOUNodHsLgAyeEgYu/dLi1CIwAQDuZFJ6vwAAAA==[0mHakunaMatata
[8mha:////4BL0yhr1+th3A1In5pHABGBOdBYkHkgK5RLTJu+A6N49AAAAoh+LCAAAAAAAAABtjTEOwjAQBM8BClpKHuFItIiK1krDC0x8GCfWnbEdkooX8TX+gCESFVvtrLSa5wtWKcKBo5UdUu8otU4GP9jS5Mixv3geZcdn2TIl9igbHBs2eJyx4YwwR1SwULBGaj0nRzbDRnX6rmuvydanHMu2V1A5c4MHCFXMWcf8hSnC9jqYxPTz/BXAFEIGsfuclm8zQVqFvQAAAA==[0m[Pipeline] Start of Pipeline
[8mha:////4JG2swWgiY2eBHtM4JCk/OpTSCdn6HX9d0we48AhaoIMAAAApR+LCAAAAAAAAABtjTEOwjAUQ3+KOrAycohUghExsUZZOEFIQkgb/d8mKe3EibgadyBQiQlLlmxL1nu+oE4RjhQdby12HpP2vA+jK4lPFLtroIm3dOGaMFGwXNpJkrGnpUrKFhaxClYC1hZ1oOTRZdiIVt1VExS65pxj2Q4CKm8GeAAThZxVzN8yR9jeRpMIf5y/AJj7DGxXvP/86jduZBmjwAAAAA==[0m[Pipeline] node
Running on [8mha:////4DLC9M0lPGyrQUe9NA4hE4TfU/iZDJmP5geugPy0qEHFAAAAoR+LCAAAAAAAAABb85aBtbiIQTGjNKU4P08vOT+vOD8nVc83PyU1x6OyILUoJzMv2y+/JJUBAhiZGBgqihhk0NSjKDWzXb3RdlLBUSYGJk8GtpzUvPSSDB8G5tKinBIGIZ+sxLJE/ZzEvHT94JKizLx0a6BxUmjGOUNodHsLgAz2EgZR/eT83ILSktQifY2k0sycEt3MPE19AHHxbH3KAAAA[0mJenkins in /var/lib/jenkins/workspace/Terraform-Pipeline
[8mha:////4Kp9az5kfmDdLuNaINNRaSB2nLWbmxCQkJm2MmLxIgFwAAAApR+LCAAAAAAAAABtjTEOwjAUQ3+KOrAycoh0gA0xsUZZOEFIQkgb/d8mKe3EibgadyBQiQlLlmxL1nu+oE4RjhQdby12HpP2vA+jK4lPFLtroIm3dOGaMFGwXNpJkrGnpUrKFhaxClYC1hZ1oOTRZdiIVt1VExS65pxj2Q4CKm8GeAAThZxVzN8yR9jeRpMIf5y/AJj7DGxXvP/86jfoP95RwAAAAA==[0m[Pipeline] {
[8mha:////4DOtjzqfyHnWiSuk411uLaPTSwbAO0GAOK3LZj5TvuJvAAAApR+LCAAAAAAAAABtjTEOwjAUQ3+KOrAycoh0gQkxsUZZOEFIQkgb/d8mKe3EibgadyBQiQlLlmxL1nu+oE4RjhQdby12HpP2vA+jK4lPFLtroIm3dOGaMFGwXNpJkrGnpUrKFhaxClYC1hZ1oOTRZdiIVt1VExS65pxj2Q4CKm8GeAAThZxVzN8yR9jeRpMIf5y/AJj7DGxXvP/86jc09154wAAAAA==[0m[Pipeline] withEnv
[8mha:////4LUn4dzb1pfUCjeNQMbcU9TnVbvGoU5rGtiHIJagZoT4AAAApR+LCAAAAAAAAABtjTEOwjAUQ3+KOrAycoh0ggUxsUZZOEFIQkgb/d8mKe3EibgadyBQiQlLlmxL1nu+oE4RjhQdby12HpP2vA+jK4lPFLtroIm3dOGaMFGwXNpJkrGnpUrKFhaxClYC1hZ1oOTRZdiIVt1VExS65pxj2Q4CKm8GeAAThZxVzN8yR9jeRpMIf5y/AJj7DGxXvP/86jek7ggRwAAAAA==[0m[Pipeline] {
[8mha:////4AqeRGn7OBG3000rN7bN5vEdQPhVkq5GvJfh/AJAhC7PAAAApR+LCAAAAAAAAABtjTEOwjAUQ3+KOrAycoh0gwExsUZZOEFIQkgb/d8mKe3EibgadyBQiQlLlmxL1nu+oE4RjhQdby12HpP2vA+jK4lPFLtroIm3dOGaMFGwXNpJkrGnpUrKFhaxClYC1hZ1oOTRZdiIVt1VExS65pxj2Q4CKm8GeAAThZxVzN8yR9jeRpMIf5y/AJj7DGxXvP/86jcChmMxwAAAAA==[0m[Pipeline] stage
[8mha:////4GakXW/WnxK+RSJgWq3+r5oR6atlzsBXsobJyW2+f+hyAAAApR+LCAAAAAAAAABtjTEOwjAUQ3+KOrAycoh0BAkxsUZZOEFIQkgb/d8mKe3EibgadyBQiQlLlmxL1nu+oE4RjhQdby12HpP2vA+jK4lPFLtroIm3dOGaMFGwXNpJkrGnpUrKFhaxClYC1hZ1oOTRZdiIVt1VExS65pxj2Q4CKm8GeAAThZxVzN8yR9jeRpMIf5y/AJj7DGxXvP/86jfpX/cvwAAAAA==[0m[Pipeline] { (Clone Repository)
[8mha:////4FnqqYVjHSt5AVVBYyuvKtxZMCH8MA0Eo14o6EXL4hNWAAAApR+LCAAAAAAAAABtjTEOwjAUQ3+KOrAycoh0BSEm1igLJwhJCGmj/9skpZ04EVfjDgQqMWHJkm3Jes8X1CnCkaLjrcXOY9Ke92F0JfGJYncNNPGWLlwTJgqWSztJMva0VEnZwiJWwUrA2qIOlDy6DBvRqrtqgkLXnHMs20FA5c0AD2CikLOK+VvmCNvbaBLhj/MXAHOfge2K959f/QbB16AVwAAAAA==[0m[Pipeline] script
[8mha:////4OSzMra9rkJgmVIx3+T7EfbjwtLYcgAXleixhUs9mXU7AAAAph+LCAAAAAAAAABtjTEOwjAQBM9BKWgpeYQDJUJUtJYbXmBiY5xYd8G+kFS8iK/xBwKRqNhqZ6XVPF9Q5gQHSl42DtuAuQ6yi72fmhwotZdIg2zoLGvCTNFJ7QZN1h1n1MQO5ogCFgqWDutIOaBnWKnG3E0VDfrqxGna9gqKYG/wAKEmM5vEXxgTrK+9zYQ/z18BjB2D2DEU283nWL4Bsam+msEAAAA=[0m[Pipeline] {
[8mha:////4J1Qs1HNLH7xkquoLzsjFqkKFt7E3ZQkQd/yblJiOMVVAAAAox+LCAAAAAAAAABtjTEOwjAQBC9BFLSUPOJCakRFa6XhBSYxxo5159gOTsWL+Bp/IBCJii1WO9vM8wXrGODIQaNV1BuKrUHvRj0vzBz6q+OMli/YMkV2ChuVG+7UacGGk4IlRQkrARtFreNoSCfYCivvsnKSdHVOYf4OAkrTDfCAQszmJEP6whRgdxu7yPTz/BXA5BOU9f5TtX8D0loxuL4AAAA=[0m[Pipeline] echo
Cloning the Git repository...
[8mha:////4I2i0oz72gHfFtCp7f7o0lOP12JFFzvbjIyMGyvJryxBAAAAox+LCAAAAAAAAABtjTEOwjAQBC9BFLSUPOICtIgqreWGF5jYGCfWnbEdkooX8TX+QCASFVusdraZ5wuWKcKRo8XWUOcoNQ6D7+20cODYXTwP2PIZG6bE3qA0g2Rt6hklZwNzihIWAlaGGs/Jkc2wFq26q8orstUpx+k7CCidvsEDCjGZs4r5C2OEzbXXienn+SuAMYQM5W7/qe0bsgYiW74AAAA=[0m[Pipeline] }
[8mha:////4CK79H5fjp8fhTP0qBy6w8QCoxBs6KZwdS2X7O87bZEWAAAAox+LCAAAAAAAAABtjTEOwjAQBDdBFLSUPMIRokKIitZKwwtMYowT6y7YF5KKF/E1/kBEJCq22plmXm8sU8SRo1ONpdZTqrzqQu+mpwaO7TXwoBq+qIopcbCqtEPJtT3NWLJYzMtyLDRWlqrAyZMTrHVjHqYIhlxxlji5g0bu6zueyPRUFhPlC2PE5tbXienX+RvA2HWCfLsTZPsP6C1U670AAAA=[0m[Pipeline] // script
[8mha:////4Dt2Fmv5eP62Yc48+eJJlNzGS6lN6wSawRP0Mq4t0G44AAAApB+LCAAAAAAAAABtjTEOwjAQBDdBFLSUPMIREgUSoqK10vACkxjjxLoL9oWk4kV8jT8QEYmKrXammdcbyxRx5OhUY6n1lCqvutC76amBY3sNPKiGL6piShysKu1Qcm1PM5YsFvOyHAuNlaUqcPLkBGvdmIcpgiFXnCVO7qCR+/qOJzI9lcVE+cIYsbn1dWL6df4GMHaCbC/It7vuAyX3kfC9AAAA[0m[Pipeline] git
The recommended git tool is: NONE
using credential github-ssh-key
Cloning the remote Git repository
Cloning repository git@github.com:yair232/status-page.git
 > git init /var/lib/jenkins/workspace/Terraform-Pipeline # timeout=10
Fetching upstream changes from git@github.com:yair232/status-page.git
 > git --version # timeout=10
 > git --version # 'git version 2.34.1'
using GIT_SSH to set credentials GitHub SSH Key for Jenkins
Verifying host key using known hosts file, will automatically accept unseen keys
 > git fetch --tags --force --progress -- git@github.com:yair232/status-page.git +refs/heads/*:refs/remotes/origin/* # timeout=10
 > git config remote.origin.url git@github.com:yair232/status-page.git # timeout=10
 > git config --add remote.origin.fetch +refs/heads/*:refs/remotes/origin/* # timeout=10
Avoid second fetch
 > git rev-parse refs/remotes/origin/main^{commit} # timeout=10
Checking out Revision 27614893ce1a8fd88f66fb564cc843e1131fa5ba (refs/remotes/origin/main)
 > git config core.sparsecheckout # timeout=10
 > git checkout -f 27614893ce1a8fd88f66fb564cc843e1131fa5ba # timeout=10
 > git branch -a -v --no-abbrev # timeout=10
 > git checkout -b main 27614893ce1a8fd88f66fb564cc843e1131fa5ba # timeout=10
Commit message: "HPA"
 > git rev-list --no-walk 27614893ce1a8fd88f66fb564cc843e1131fa5ba # timeout=10
[8mha:////4BLM4H8d62um+iYeXqqjqv+RIigrMtuTBxgagOWj9e7QAAAApB+LCAAAAAAAAABtjTEOwjAQBDdBFLSUPMIRBRISoqK10vACkxjjxLoL9oWk4kV8jT8QEYmKrXammdcbyxRx5OhUY6n1lCqvutC76amBY3sNPKiGL6piShysKu1Qcm1PM5YsFvOyHAuNlaUqcPLkBGvdmIcpgiFXnCVO7qCR+/qOJzI9lcVE+cIYsbn1dWL6df4GMHadIN/uBNn+A97oExO9AAAA[0m[Pipeline] }
[8mha:////4MjFSApyGGd3D0gDJ4ix3+RVkzedrbwMd4IXDJ9+EqRgAAAAox+LCAAAAAAAAABtjTEOwjAQBDdBFLSUPMIRDRSIitZKwwtMYowT6y7YF5KKF/E1/kBEJCq22plmXm8sU8SRo1ONpdZTqrzqQu+mpwaO7TXwoBq+qIopcbCqtEPJtT3NWLJYzMtyLDRWlqrAyZMTrHVjHqYIhlxxlji5g0bu6zueyPRUFhPlC2PE5tbXienX+RvA2HWCfLsTZPsPn48MxL0AAAA=[0m[Pipeline] // stage
[8mha:////4FuagYFzm9cs+m9F6Be+Up9TBBffMjwsTXrlCVV7+8EZAAAAph+LCAAAAAAAAABtjTEOwjAQBM9BKWgpeYQjGigQFa3lhheY2Bgn1l2wLyQVL+Jr/IFAJCq22llpNc8XlDnBgZKXjcM2YK6D7GLvpyYHSu0l0iAbOsuaMFN0UrtBk3XHGTWxgzmigIWCpcM6Ug7oGVaqMXdTRYO+OnGatr2CItgbPECoycwm8RfGBOtrbzPhz/NXAGPHILYMxWb3OZZvz21DFMEAAAA=[0m[Pipeline] stage
[8mha:////4FKUzAfVN3I/TW3Z2W0D5z9GW//O0DhPNg8sX+Ee2kTcAAAApx+LCAAAAAAAAABtjTEOwjAUQ3+LOrAycohUTCAhpq5RFk4QmhDSRv+Xn5R24kRcjTvQUokJD5ZtyXqvNxSR4UTsRGOx9RhrL7rQuymJgbi9BhpEQxdRE0YKVig7KDK2WqqiZGFRlsNKwtpiHSh6dAk2stEPXQaNrjwnnrajhNybOzwhkxM5aU7fMjJsb72JhD/OXwCMXYJ8t5/tMD+LD0rlhNLCAAAA[0m[Pipeline] { (Set Permissions)
[8mha:////4MYiiJQRNOjJcj+0pQoOpnzIeVq3nv1FC5Vn80NuMMAwAAAApx+LCAAAAAAAAABtjTEOwjAUQ3+LOrAycohUbCDE1DXKwglCE0La6P/yk9JOnIircQdaKjHhwbItWe/1hiIynIidaCy2HmPtRRd6NyUxELfXQINo6CJqwkjBCmUHRcZWS1WULCzKclhJWFusA0WPLsFGNvqhy6DRlefE03aUkHtzhydkciInzelbRobtrTeR8Mf5C4CxS5Dv9rMd5mfxASnCIIrCAAAA[0m[Pipeline] script
[8mha:////4IHvaOhAtaEIjLw1B1EQq70bPpeMqZdxxgAb2PVxdG7lAAAApx+LCAAAAAAAAABtjTEOwjAUQ3+LOrAycogU2BDqxBp14QShCSFp9H9JUtKJE3E17kCgEhMeLNuS9Z4vqIKHhrxmVmFvMHSGDW7UObFEvr84SszSmXWEgZxirUotSXWca0tRwayihAWHpcLOUTCoI6y4FXdRO4G6PkWftwOH0sgbPKDgmRyFj98yeVhfRxkIf5y/AJiGCOV2n223+TyrN7xWSV3CAAAA[0m[Pipeline] {
[8mha:////4KrLAcIMmTU1SFTZuq0UL/5y/WnuuXU8mBEVL2cdMYE1AAAAox+LCAAAAAAAAABtjTEOwjAQBC9BFLSUPOICtIgqreWGF5jYGCfWnbEdkooX8TX+QCASFVusdraZ5wuWKcKRo8XWUOcoNQ6D7+20cODYXTwP2PIZG6bE3qA0g2Rt6hklZwNzihIWAlaGGs/Jkc2wFq26q8orstUpx+k7CCidvsEDCjGZs4r5C2OEzbXXienn+SuAMWQo99tP7cIbaOP4NL4AAAA=[0m[Pipeline] echo
Setting executable permissions for manage.py and upgrade.sh...
[8mha:////4PMg4APcgUgx/xh/sjq9TrL/m94Ca7hjxdT4xakRAFqgAAAAox+LCAAAAAAAAABtjTEOwjAQBC9BFLSUPOKC0iIqWisNLzCJMXasO8d2cCpexNf4A4FIVGyx2tlmni9YxwBHDhqtot5QbA16N+p5YebQXx1ntHzBlimyU9io3HCnTgs2nBQsKUpYCdgoah1HQzrBVlh5l5WTpKtzCvN3EFCaboAHFGI2JxnSF6YAu9vYRaaf568AJu8TlHX9qf0b7E/nQb4AAAA=[0m[Pipeline] }
[8mha:////4NDqwtHF3ktZirfM5xK1TNIeHEoGmc9TgMkYCIr+uJpNAAAApR+LCAAAAAAAAABtjTEOwjAQBC9BFLSUPOIioEIoFa3lhheYxBgn1l2wHZyKF/E1/oBFJCq2WO1sM683LIOHmr3BTlNvKTQWBzeavDCx76+OE3Z8wYYpsNModZLc6tOMkqOGOUUJCwErTY3jYMlEWItOPVTlFJnqHH3+jgJK297hCYXI5qh8/MLkYXMb28D08/wVwDQMEcrdPtf28AEud0rYvgAAAA==[0m[Pipeline] // script
[8mha:////4ATJQZne3CWiq5Lkxt8IedR9xQTAL9Jp78C55K9N5kryAAAAph+LCAAAAAAAAABtjTEOwjAQBC9BFLSUPOIiEAUSSkVrueEFJjHGiXUXbAen4kV8jT9gEYmKLVY728zrDcvgoWZvsNPUWwqNxcGNJi9M7Pur44QdX7BhCuw0Sp0kt/o0o+SoYU5RwkLASlPjOFgyEdaiUw9VOUWmOkefv6OA0rZ3eEIhsjkqH78wedjcxjYw/Tx/BTANEcrtIdduP3wAqV7v9L4AAAA=[0m[Pipeline] sh
+ chmod +x statuspage/manage.py
+ chmod +x upgrade.sh
[8mha:////4NMoW61JkH+h7yR5ePV6qJ4ShdvpcwazN8bzoUY2lt8sAAAAph+LCAAAAAAAAABtjTEOwjAQBC9BFLSUPOIikJCQUCpayw0vMIkxTqy7YDs4FS/ia/wBi0hUbLHa2WZeb1gGDzV7g52m3lJoLA5uNHlhYt9fHSfs+IINU2CnUeokudWnGSVHDXOKEhYCVpoax8GSibAWnXqoyiky1Tn6/B0FlLa9wxMKkc1R+fiFycPmNraB6ef5K4BpGCKUu32u7eEDpaQUeb4AAAA=[0m[Pipeline] }
[8mha:////4F5xndwDPIusEBQsH47LFhKI6jfOepMnMZTR4kDASDp4AAAApR+LCAAAAAAAAABtjTEOwjAQBC9BFLSUPOIiKKBAqWgtN7zAJMY4se6C7eBUvIiv8QcsIlGxxWpnm3m9YRk81OwNdpp6S6GxOLjR5IWJfX91nLDjCzZMgZ1GqZPkVp9mlBw1zClKWAhYaWocB0smwlp06qEqp8hU5+jzdxRQ2vYOTyhENkfl4xcmD5vb2Aamn+evAKZhiFDu9rm2hw+ayz9vvgAAAA==[0m[Pipeline] // stage
[8mha:////4LwrcP/wGODtU+HWOka/l0XOYijSzc13M7K39S2HFyRMAAAApx+LCAAAAAAAAABtjTEOwjAQBM9BKWgpeYQjUUCBqGgtN7zAxMY4se6CfSGpeBFf4w8EIlGx1c5Kq3m+oMwJDpS8bBy2AXMdZBd7PzU5UGovkQbZ0FnWhJmik9oNmqw7zqiJHcwRBSwULB3WkXJAz7BSjbmbKhr01YnTtO0VFMHe4AFCTWY2ib8wJlhfe5sJf56/Ahg7BrFlKDa7z7F8A1J3qyXBAAAA[0m[Pipeline] stage
[8mha:////4HOnj5Eq4QKBzO9mhW9CVi7JW4SST6R38Agq6qt4eQdCAAAAqB+LCAAAAAAAAABtjTEOwjAUQ3+LOrAycohUYgEJMXWNsnCC0ISQNvq//KS0EyfiatyBlkpMeLBsS9Z7vaGIDCdiJxqLrcdYe9GF3k1JDMTtNdAgGrqImjBSsELZQZGx1VIVJQuLshxWEtYW60DRo0uwkY1+6DJodOU58bQdJeTe3OEJmZzISXP6lpFhe+tNJPxx/gJg7BLku/1sh/lZfAAnLfKUwgAAAA==[0m[Pipeline] { (Run Unit Tests)
[8mha:////4AM6MqdBpAIwO31nAFnczG4U4QFmarQBjm1dbWF+AG8MAAAApx+LCAAAAAAAAABtjTEOwjAUQ3+LOrAycohUYgIhpq5RFk4QmhDSRv+Xn5R24kRcjTvQUokJD5ZtyXqvNxSR4UTsRGOx9RhrL7rQuymJgbi9BhpEQxdRE0YKVig7KDK2WqqiZGFRlsNKwtpiHSh6dAk2stEPXQaNrjwnnrajhNybOzwhkxM5aU7fMjJsb72JhD/OXwCMXYJ8t5/tMD+LD0QKVszCAAAA[0m[Pipeline] script
[8mha:////4NiTwI0KpArBYrNiBcl/5+9bOYYnUuIj7BQUeM0VoulvAAAAqB+LCAAAAAAAAABtjTEOwjAUQ3+LOrAycogUwYRQJ9aoCycITQhJo/9LkpJOnIircQcClZjwYNmWrPd8QRU8NOQ1swp7g6EzbHCjzokl8v3FUWKWzqwjDOQUa1VqSarjXFuKCmYVJSw4LBV2joJBHWHFrbiL2gnU9Sn6vB04lEbe4AEFz+QofPyWycP6OspA+OP8BcA0RCi3+2y7zedZvQH4j6CMwgAAAA==[0m[Pipeline] {
[8mha:////4LzeSy+4F3pk2f70Kba9ZWLjS0WLYVX2ZlNGjJYD0hGoAAAAox+LCAAAAAAAAABtjTEOwjAQBC9BFLSUPOICokRUaS03vMDExjix7oztkFS8iK/xBwKRqNhitbPNPF+wTBGOHC22hjpHqXEYfG+nhQPH7uJ5wJbP2DAl9galGSRrU88oORuYU5SwELAy1HhOjmyGtWjVXVVeka1OOU7fQUDp9A0eUIjJnFXMXxgjbK69Tkw/z18BjCFDud9+ahfewYmQ+b4AAAA=[0m[Pipeline] echo
Running unit tests using pytest...
[8mha:////4O6iNpUp9s9LqeJqpoiXVOcZGl/Ndiw85fQax8ebz2F6AAAAox+LCAAAAAAAAABtjTEOwjAQBC9BFLSUPOKCoERUaS03vMDExjix7oztkFS8iK/xBwKRqNhitbPNPF+wTBGOHC22hjpHqXEYfG+nhQPH7uJ5wJbP2DAl9galGSRrU88oORuYU5SwELAy1HhOjmyGtWjVXVVeka1OOU7fQUDp9A0eUIjJnFXMXxgjbK69Tkw/z18BjCFkKPe7T23fGXWL/r4AAAA=[0m[Pipeline] }
[8mha:////4Lf7aEGLw1bGpR+JbXgj+sIdbMYqX1w5cBMSe08ilDjTAAAApR+LCAAAAAAAAABtjTEOwjAQBC9BFLSUPMKRSIUQVVorDS8w8WGcWHfGdkgqXsTX+AMWkajYYrWzzbzesI4BThyM6JEGS7GzwrvR5CUmDsPV8SR6voiOKbJD0eLUssZmwZYTwpKihJWEDVLnOFoyCbayVw9VOUWmOqeQv6OE0uo7PKGQ2ZxUSF+YA+xuo45MP89fAczeJyjrOtf+8AFZLxBVvgAAAA==[0m[Pipeline] // script
[8mha:////4P5TQ/rdMuV8xzORkEoBrScHx/icv5xk3/hzqG26PnsKAAAAph+LCAAAAAAAAABtjTEOwjAQBC9BFLSUPOIiAQUSSkVrueEFJjHGiXUXbAen4kV8jT9gEYmKLVY728zrDcvgoWZvsNPUWwqNxcGNJi9M7Pur44QdX7BhCuw0Sp0kt/o0o+SoYU5RwkLASlPjOFgyEdaiUw9VOUWmOkefv6OA0rZ3eEIhsjkqH78wedjcxjYw/Tx/BTANEcrtIdduP3wAfTOie74AAAA=[0m[Pipeline] sh
+ pytest unitest.py
============================= test session starts ==============================
platform linux -- Python 3.10.12, pytest-8.3.3, pluggy-1.5.0
rootdir: /var/lib/jenkins/workspace/Terraform-Pipeline
collected 7 items

unitest.py .......                                                       [100%]

============================== 7 passed in 0.03s ===============================
[8mha:////4GBoSgIv6stUcX6Ys7IIMwutc6kDYYSovr6DUF4WkdHuAAAAph+LCAAAAAAAAABtjTEOwjAQBC9BFLSUPOIigZCQUCpayw0vMIkxTqy7YDs4FS/ia/wBi0hUbLHa2WZeb1gGDzV7g52m3lJoLA5uNHlhYt9fHSfs+IINU2CnUeokudWnGSVHDXOKEhYCVpoax8GSibAWnXqoyiky1Tn6/B0FlLa9wxMKkc1R+fiFycPmNraB6ef5K4BpGCKUu32u7eED0vxO9L4AAAA=[0m[Pipeline] }
[8mha:////4AKpk6F6u5FS2BqqlevbgDrQJmMeEd2swwGmPXyf0vkcAAAAph+LCAAAAAAAAABtjTEOwjAQBC9BFLSUPOIigQQFSkVrueEFJjHGiXUXbAen4kV8jT9gEYmKLVY728zrDcvgoWZvsNPUWwqNxcGNJi9M7Pur44QdX7BhCuw0Sp0kt/o0o+SoYU5RwkLASlPjOFgyEdaiUw9VOUWmOkefv6OA0rZ3eEIhsjkqH78wedjcxjYw/Tx/BTANQ4Ryt8+1PXwA7ZNl4r4AAAA=[0m[Pipeline] // stage
[8mha:////4OdojP2aw++BRgmSSe54G+DRxUMvkUUPbEoaalE03/9aAAAApx+LCAAAAAAAAABtjTEOwjAQBM9BKWgpeYRTIEGBqGgtN7zAxMY4se6CfSGpeBFf4w8EIlGx1c5Kq3m+oMwJDpS8bBy2AXMdZBd7PzU5UGovkQbZ0FnWhJmik9oNmqw7zqiJHcwRBSwULB3WkXJAz7BSjbmbKhr01YnTtO0VFMHe4AFCTWY2ib8wJlhfe5sJf56/Ahg7BrFlKDa7z7F8A+Z83IPBAAAA[0m[Pipeline] stage
[8mha:////4Hvd65tymv4qWj6e2JROv0kENo89qEOoTeAZGFZwy7TcAAAAqB+LCAAAAAAAAABtjTEOwjAUQ3+LOrAycoh0YAAJMXWNsnCC0ISQNvq//KS0EyfiatyBlkpMeLBsS9Z7vaGIDCdiJxqLrcdYe9GF3k1JDMTtNdAgGrqImjBSsELZQZGx1VIVJQuLshxWEtYW60DRo0uwkY1+6DJodOU58bQdJeTe3OEJmZzISXP6lpFhe+tNJPxx/gJg7BLku/1sh/lZfAD8aiCpwgAAAA==[0m[Pipeline] { (Terraform Init & Apply)
[8mha:////4E9X8zAt8V2l2eRyaLEG+tIVzotZkol648lxAvxsjgP3AAAApx+LCAAAAAAAAABtjTEOwjAUQ3+LOrAycoh0YAEhpq5RFk4QmhDSRv+Xn5R24kRcjTvQUokJD5ZtyXqvNxSR4UTsRGOx9RhrL7rQuymJgbi9BhpEQxdRE0YKVig7KDK2WqqiZGFRlsNKwtpiHSh6dAk2stEPXQaNrjwnnrajhNybOzwhkxM5aU7fMjJsb72JhD/OXwCMXYJ8t5/tMD+LD59NhPHCAAAA[0m[Pipeline] withCredentials
WARNING: Unknown parameter(s) found for class type 'com.cloudbees.jenkins.plugins.awscredentials.AmazonWebServicesCredentialsBinding': keyIdVariable,secretVariable
WARNING: Unknown parameter(s) found for class type 'com.cloudbees.jenkins.plugins.awscredentials.AmazonWebServicesCredentialsBinding': keyIdVariable,secretVariable
Masking supported pattern matches of $AWS_ACCESS_KEY_ID or $AWS_SECRET_ACCESS_KEY
[8mha:////4IuQk0Sm77sQ2wEkOYa6j87HtDwrORl4iEE6ySIuGUbNAAAAqB+LCAAAAAAAAABtjTEOwjAUQ3+LOrAycogUCRaEOrFGXThBaEJIGv1fkpR04kRcjTsQqMSEB8u2ZL3nC6rgoSGvmVXYGwydYYMbdU4ske8vjhKzdGYdYSCnWKtSS1Id59pSVDCrKGHBYamwcxQM6ggrbsVd1E6grk/R5+3AoTTyBg8oeCZH4eO3TB7W11EGwh/nLwCmIUK53WfbbT7P6g0Z/aLSwgAAAA==[0m[Pipeline] {
[8mha:////4HY01S1QJ9MSl69jOp1vk2dCEFkiXDAUYOGqK/DR425zAAAApx+LCAAAAAAAAABtjTEOwjAUQ3+LOrAycogUJDbE1DXKwglCE0La6P/yk9JOnIircQdaKjHhwbItWe/1hiIynIidaCy2HmPtRRd6NyUxELfXQINo6CJqwkjBCmUHRcZWS1WULCzKclhJWFusA0WPLsFGNvqhy6DRlefE03aUkHtzhydkciInzelbRobtrTeR8Mf5C4CxS5AfdrPt52fxAbb5KxbCAAAA[0m[Pipeline] dir
Running in /var/lib/jenkins/workspace/Terraform-Pipeline/final-project-terraform
[8mha:////4LOz6E5TmvQb4LkC0vqa+ae7TdB5pf5Hq1tqEwepYmO4AAAApx+LCAAAAAAAAABtjTEOwjAUQ3+LOrAycohUIDbE1DXKwglCE0La6P/yk9JOnIircQdaKjHhwbItWe/1hiIynIidaCy2HmPtRRd6NyUxELfXQINo6CJqwkjBCmUHRcZWS1WULCzKclhJWFusA0WPLsFGNvqhy6DRlefE03aUkHtzhydkciInzelbRobtrTeR8Mf5C4CxS5AfdrPt52fxAdhUMVHCAAAA[0m[Pipeline] {
[8mha:////4FSA3sq6RpPxgGdRH0RM/qEG0pB9EfuNr2MwRHEQDeKMAAAApx+LCAAAAAAAAABtjTEOwjAUQ3+LOrAycohUAjbE1DXKwglCE0La6P/yk9JOnIircQdaKjHhwbItWe/1hiIynIidaCy2HmPtRRd6NyUxELfXQINo6CJqwkjBCmUHRcZWS1WULCzKclhJWFusA0WPLsFGNvqhy6DRlefE03aUkHtzhydkciInzelbRobtrTeR8Mf5C4CxS5AfdrPt52fxAXzhjwPCAAAA[0m[Pipeline] script
[8mha:////4KnLG8qlfcVLObbvwwt0J0w+EAkzFNPXrLeTjGTxjQo1AAAAph+LCAAAAAAAAABtjTEOwjAUQ3+DOrAycoh0oBtiYo26cILQhJA0+r9NUtKJE3E17kBLJSY8WLYl673eUMYAJwqGO42dxdha3vvRzIlnCt3NU+aOrrwljOQ1b3RuSOnzWhtKGlYVDDYCthpbT9GiSbATTj5k5SWa6pLCvB0FMKsGeEIhZnKSIX3LFGB/H1Uk/HH+AmDqE7D6sFi9PMsPBA4E38IAAAA=[0m[Pipeline] {
[8mha:////4Jvd/UYJQMOYmj9Xb0COlYKzCTRqgLJAO4pwPa8CrOCuAAAAox+LCAAAAAAAAABtjTESwiAURH/iWNhaegjSxMqxsmVoPAEmiBDmfwJEUnkir+YdRDNj5RY7+7Z5zxesY4AjBc2swsFg7AzzbtJlsUxhuDrKzNKFdYSRnGJCZUG9Oi0oKClYUtWw4rBR2DmKBnWCLbfyLhsnUTfnFMp34FCbfoQHVLyYkwzpC3OA3W3qI+HP81cAs09Qt+2n9v4NSnc5Zr4AAAA=[0m[Pipeline] echo
Initializing and applying Terraform configuration...
[8mha:////4Oek8NX4g12hRIUcFQ2ytDvebuhfBRzskB5sx3H7SecDAAAAox+LCAAAAAAAAABtjTESwiAURH/iWNhaegjSZGwcK1uGxhNggghh/idAJJUn8mreQTQzVm6xs2+b93zBOgY4UtDMKhwMxs4w7yZdFssUhqujzCxdWEcYySkmVBbUq9OCgpKCJVUNKw4bhZ2jaFAn2HIr77JxEnVzTqF8Bw616Ud4QMWLOcmQvjAH2N2mPhL+PH8FMHufoG73n2rfX1uR6L4AAAA=[0m[Pipeline] }
[8mha:////4JgB2uwI0eaVHNXM4MsIUde7tKmRQYf0NCqT+MacrTQsAAAApR+LCAAAAAAAAABtjTEOwjAQBC9BFLSUPOJSgESBqNJabniBiY1xYt0Z2yGpeBFf4w8EIlGxxWpnm3m+YJkiHDlabA11jlLjMPjeTgsHjt3F84Atn7FhSuwNSjNI1qaeUXI2MKcoYSFgZajxnBzZDGvRqruqvCJbnXKcvoOA0ukbPKAQkzmrmL8wRthce52Yfp6/AhhDyFDu9p/avgFZHam9vgAAAA==[0m[Pipeline] // script
[8mha:////4BgQok8GBun2Z2GDA5F94L4ZE6urUG2viarXn5/uQH4mAAAApR+LCAAAAAAAAABtjTEOwjAQBC9BFLSUPOIiIQokRJXWcsMLTGyME+vO2A5JxYv4Gn8gEImKLVY728zzBcsU4cjRYmuoc5Qah8H3dlo4cOwungds+YwNU2JvUJpBsjb1jJKzgTlFCQsBK0ON5+TIZliLVt1V5RXZ6pTj9B0ElE7f4AGFmMxZxfyFMcLm2uvE9PP8FcAYMpS77af24Q09PEewvgAAAA==[0m[Pipeline] sh
+ terraform init

[0m[1mInitializing the backend...[0m
[0m[1mInitializing modules...[0m
- eks in modules/eks
- iam in modules/iam
- load_balancer in modules/load_balancer
- load_balancer.iam in modules/iam
- rds in modules/rds
- vpc in modules/vpc

[0m[1mInitializing provider plugins...[0m
- Finding latest version of hashicorp/aws...
- Installing hashicorp/aws v5.73.0...
- Installed hashicorp/aws v5.73.0 (signed by HashiCorp)

Terraform has created a lock file [1m.terraform.lock.hcl[0m to record the provider
selections it made above. Include this file in your version control repository
so that Terraform can guarantee to make the same selections by default when
you run "terraform init" in the future.[0m

[0m[1m[32mTerraform has been successfully initialized![0m[32m[0m
[0m[32m
You may now begin working with Terraform. Try running "terraform plan" to see
any changes that are required for your infrastructure. All Terraform commands
should now work.

If you ever set or change modules or backend configuration for Terraform,
rerun this command to reinitialize your working directory. If you forget, other
commands will detect it and remind you to do so if necessary.[0m
+ terraform plan -out=tfplan
[0m[1mmodule.vpc.data.aws_availability_zones.available: Reading...[0m[0m
[0m[1mmodule.vpc.data.aws_availability_zones.available: Read complete after 0s [id=us-east-1][0m

Terraform used the selected providers to generate the following execution
plan. Resource actions are indicated with the following symbols:
  [32m+[0m create[0m

Terraform will perform the following actions:

[1m  # module.eks.aws_eks_cluster.this[0m will be created
[0m  [32m+[0m[0m resource "aws_eks_cluster" "this" {
      [32m+[0m[0m arn                           = (known after apply)
      [32m+[0m[0m bootstrap_self_managed_addons = true
      [32m+[0m[0m certificate_authority         = (known after apply)
      [32m+[0m[0m cluster_id                    = (known after apply)
      [32m+[0m[0m created_at                    = (known after apply)
      [32m+[0m[0m endpoint                      = (known after apply)
      [32m+[0m[0m id                            = (known after apply)
      [32m+[0m[0m identity                      = (known after apply)
      [32m+[0m[0m name                          = "my-eks-cluster"
      [32m+[0m[0m platform_version              = (known after apply)
      [32m+[0m[0m role_arn                      = (known after apply)
      [32m+[0m[0m status                        = (known after apply)
      [32m+[0m[0m tags                          = {
          [32m+[0m[0m "Name" = "EKS Cluster"
        }
      [32m+[0m[0m tags_all                      = {
          [32m+[0m[0m "Name" = "EKS Cluster"
        }
      [32m+[0m[0m version                       = (known after apply)

      [32m+[0m[0m vpc_config {
          [32m+[0m[0m cluster_security_group_id = (known after apply)
          [32m+[0m[0m endpoint_private_access   = false
          [32m+[0m[0m endpoint_public_access    = true
          [32m+[0m[0m public_access_cidrs       = (known after apply)
          [32m+[0m[0m security_group_ids        = (known after apply)
          [32m+[0m[0m subnet_ids                = (known after apply)
          [32m+[0m[0m vpc_id                    = (known after apply)
        }
    }

[1m  # module.eks.aws_eks_node_group.this[0m will be created
[0m  [32m+[0m[0m resource "aws_eks_node_group" "this" {
      [32m+[0m[0m ami_type               = "AL2_x86_64"
      [32m+[0m[0m arn                    = (known after apply)
      [32m+[0m[0m capacity_type          = (known after apply)
      [32m+[0m[0m cluster_name           = "my-eks-cluster"
      [32m+[0m[0m disk_size              = (known after apply)
      [32m+[0m[0m id                     = (known after apply)
      [32m+[0m[0m instance_types         = [
          [32m+[0m[0m "t2.medium",
        ]
      [32m+[0m[0m node_group_name        = "my-eks-node-group"
      [32m+[0m[0m node_group_name_prefix = (known after apply)
      [32m+[0m[0m node_role_arn          = (known after apply)
      [32m+[0m[0m release_version        = (known after apply)
      [32m+[0m[0m resources              = (known after apply)
      [32m+[0m[0m status                 = (known after apply)
      [32m+[0m[0m subnet_ids             = (known after apply)
      [32m+[0m[0m tags                   = {
          [32m+[0m[0m "Name" = "EKS Node Group"
        }
      [32m+[0m[0m tags_all               = {
          [32m+[0m[0m "Name" = "EKS Node Group"
        }
      [32m+[0m[0m version                = (known after apply)

      [32m+[0m[0m scaling_config {
          [32m+[0m[0m desired_size = 2
          [32m+[0m[0m max_size     = 3
          [32m+[0m[0m min_size     = 1
        }
    }

[1m  # module.iam.aws_iam_policy.elb_policy[0m will be created
[0m  [32m+[0m[0m resource "aws_iam_policy" "elb_policy" {
      [32m+[0m[0m arn              = (known after apply)
      [32m+[0m[0m attachment_count = (known after apply)
      [32m+[0m[0m description      = "IAM policy for managing Elastic Load Balancer"
      [32m+[0m[0m id               = (known after apply)
      [32m+[0m[0m name             = (known after apply)
      [32m+[0m[0m name_prefix      = "ELBManagementPolicy-"
      [32m+[0m[0m path             = "/"
      [32m+[0m[0m policy           = jsonencode(
            {
              [32m+[0m[0m Statement = [
                  [32m+[0m[0m {
                      [32m+[0m[0m Action   = [
                          [32m+[0m[0m "elasticloadbalancing:*",
                          [32m+[0m[0m "ec2:DetachNetworkInterface",
                          [32m+[0m[0m "ec2:DescribeNetworkInterfaces",
                          [32m+[0m[0m "ec2:DeleteNetworkInterface",
                        ]
                      [32m+[0m[0m Effect   = "Allow"
                      [32m+[0m[0m Resource = "*"
                    },
                ]
              [32m+[0m[0m Version   = "2012-10-17"
            }
        )
      [32m+[0m[0m policy_id        = (known after apply)
      [32m+[0m[0m tags_all         = (known after apply)
    }

[1m  # module.iam.aws_iam_role.eks_cluster_role[0m will be created
[0m  [32m+[0m[0m resource "aws_iam_role" "eks_cluster_role" {
      [32m+[0m[0m arn                   = (known after apply)
      [32m+[0m[0m assume_role_policy    = jsonencode(
            {
              [32m+[0m[0m Statement = [
                  [32m+[0m[0m {
                      [32m+[0m[0m Action    = "sts:AssumeRole"
                      [32m+[0m[0m Effect    = "Allow"
                      [32m+[0m[0m Principal = {
                          [32m+[0m[0m Service = "eks.amazonaws.com"
                        }
                      [32m+[0m[0m Sid       = ""
                    },
                ]
              [32m+[0m[0m Version   = "2012-10-17"
            }
        )
      [32m+[0m[0m create_date           = (known after apply)
      [32m+[0m[0m force_detach_policies = false
      [32m+[0m[0m id                    = (known after apply)
      [32m+[0m[0m managed_policy_arns   = (known after apply)
      [32m+[0m[0m max_session_duration  = 3600
      [32m+[0m[0m name                  = (known after apply)
      [32m+[0m[0m name_prefix           = "eks-cluster-role-"
      [32m+[0m[0m path                  = "/"
      [32m+[0m[0m tags                  = {
          [32m+[0m[0m "Name" = "Y-R-EKS-Cluster-Role"
        }
      [32m+[0m[0m tags_all              = {
          [32m+[0m[0m "Name" = "Y-R-EKS-Cluster-Role"
        }
      [32m+[0m[0m unique_id             = (known after apply)
    }

[1m  # module.iam.aws_iam_role.eks_node_group_role[0m will be created
[0m  [32m+[0m[0m resource "aws_iam_role" "eks_node_group_role" {
      [32m+[0m[0m arn                   = (known after apply)
      [32m+[0m[0m assume_role_policy    = jsonencode(
            {
              [32m+[0m[0m Statement = [
                  [32m+[0m[0m {
                      [32m+[0m[0m Action    = "sts:AssumeRole"
                      [32m+[0m[0m Effect    = "Allow"
                      [32m+[0m[0m Principal = {
                          [32m+[0m[0m Service = "ec2.amazonaws.com"
                        }
                      [32m+[0m[0m Sid       = ""
                    },
                ]
              [32m+[0m[0m Version   = "2012-10-17"
            }
        )
      [32m+[0m[0m create_date           = (known after apply)
      [32m+[0m[0m force_detach_policies = false
      [32m+[0m[0m id                    = (known after apply)
      [32m+[0m[0m managed_policy_arns   = (known after apply)
      [32m+[0m[0m max_session_duration  = 3600
      [32m+[0m[0m name                  = (known after apply)
      [32m+[0m[0m name_prefix           = "eks-node-group-role-"
      [32m+[0m[0m path                  = "/"
      [32m+[0m[0m tags                  = {
          [32m+[0m[0m "Name" = "Y-R-EKS-Node-Group-Role"
        }
      [32m+[0m[0m tags_all              = {
          [32m+[0m[0m "Name" = "Y-R-EKS-Node-Group-Role"
        }
      [32m+[0m[0m unique_id             = (known after apply)
    }

[1m  # module.iam.aws_iam_role.elb_role[0m will be created
[0m  [32m+[0m[0m resource "aws_iam_role" "elb_role" {
      [32m+[0m[0m arn                   = (known after apply)
      [32m+[0m[0m assume_role_policy    = jsonencode(
            {
              [32m+[0m[0m Statement = [
                  [32m+[0m[0m {
                      [32m+[0m[0m Action    = "sts:AssumeRole"
                      [32m+[0m[0m Effect    = "Allow"
                      [32m+[0m[0m Principal = {
                          [32m+[0m[0m Service = "ec2.amazonaws.com"
                        }
                      [32m+[0m[0m Sid       = ""
                    },
                ]
              [32m+[0m[0m Version   = "2012-10-17"
            }
        )
      [32m+[0m[0m create_date           = (known after apply)
      [32m+[0m[0m force_detach_policies = false
      [32m+[0m[0m id                    = (known after apply)
      [32m+[0m[0m managed_policy_arns   = (known after apply)
      [32m+[0m[0m max_session_duration  = 3600
      [32m+[0m[0m name                  = (known after apply)
      [32m+[0m[0m name_prefix           = "ELBManagementRole-"
      [32m+[0m[0m path                  = "/"
      [32m+[0m[0m tags_all              = (known after apply)
      [32m+[0m[0m unique_id             = (known after apply)
    }

[1m  # module.iam.aws_iam_role_policy_attachment.ecr_read_only[0m will be created
[0m  [32m+[0m[0m resource "aws_iam_role_policy_attachment" "ecr_read_only" {
      [32m+[0m[0m id         = (known after apply)
      [32m+[0m[0m policy_arn = "arn:aws:iam::aws:policy/AmazonEC2ContainerRegistryReadOnly"
      [32m+[0m[0m role       = (known after apply)
    }

[1m  # module.iam.aws_iam_role_policy_attachment.eks_cluster_policy[0m will be created
[0m  [32m+[0m[0m resource "aws_iam_role_policy_attachment" "eks_cluster_policy" {
      [32m+[0m[0m id         = (known after apply)
      [32m+[0m[0m policy_arn = "arn:aws:iam::aws:policy/AmazonEKSClusterPolicy"
      [32m+[0m[0m role       = (known after apply)
    }

[1m  # module.iam.aws_iam_role_policy_attachment.eks_cni_policy[0m will be created
[0m  [32m+[0m[0m resource "aws_iam_role_policy_attachment" "eks_cni_policy" {
      [32m+[0m[0m id         = (known after apply)
      [32m+[0m[0m policy_arn = "arn:aws:iam::aws:policy/AmazonEKS_CNI_Policy"
      [32m+[0m[0m role       = (known after apply)
    }

[1m  # module.iam.aws_iam_role_policy_attachment.eks_worker_node_policy[0m will be created
[0m  [32m+[0m[0m resource "aws_iam_role_policy_attachment" "eks_worker_node_policy" {
      [32m+[0m[0m id         = (known after apply)
      [32m+[0m[0m policy_arn = "arn:aws:iam::aws:policy/AmazonEKSWorkerNodePolicy"
      [32m+[0m[0m role       = (known after apply)
    }

[1m  # module.iam.aws_iam_role_policy_attachment.elb_attachment[0m will be created
[0m  [32m+[0m[0m resource "aws_iam_role_policy_attachment" "elb_attachment" {
      [32m+[0m[0m id         = (known after apply)
      [32m+[0m[0m policy_arn = (known after apply)
      [32m+[0m[0m role       = (known after apply)
    }

[1m  # module.load_balancer.aws_elb.this[0m will be created
[0m  [32m+[0m[0m resource "aws_elb" "this" {
      [32m+[0m[0m arn                         = (known after apply)
      [32m+[0m[0m availability_zones          = (known after apply)
      [32m+[0m[0m connection_draining         = false
      [32m+[0m[0m connection_draining_timeout = 300
      [32m+[0m[0m cross_zone_load_balancing   = true
      [32m+[0m[0m desync_mitigation_mode      = "defensive"
      [32m+[0m[0m dns_name                    = (known after apply)
      [32m+[0m[0m id                          = (known after apply)
      [32m+[0m[0m idle_timeout                = 60
      [32m+[0m[0m instances                   = (known after apply)
      [32m+[0m[0m internal                    = (known after apply)
      [32m+[0m[0m name                        = "my-load-balancer"
      [32m+[0m[0m name_prefix                 = (known after apply)
      [32m+[0m[0m security_groups             = (known after apply)
      [32m+[0m[0m source_security_group       = (known after apply)
      [32m+[0m[0m source_security_group_id    = (known after apply)
      [32m+[0m[0m subnets                     = (known after apply)
      [32m+[0m[0m tags                        = {
          [32m+[0m[0m "Name" = "Y-R-LoadBalancer"
        }
      [32m+[0m[0m tags_all                    = {
          [32m+[0m[0m "Name" = "Y-R-LoadBalancer"
        }
      [32m+[0m[0m zone_id                     = (known after apply)

      [32m+[0m[0m health_check {
          [32m+[0m[0m healthy_threshold   = 2
          [32m+[0m[0m interval            = 30
          [32m+[0m[0m target              = "HTTP:8000/"
          [32m+[0m[0m timeout             = 5
          [32m+[0m[0m unhealthy_threshold = 2
        }

      [32m+[0m[0m listener {
          [32m+[0m[0m instance_port     = 8000
          [32m+[0m[0m instance_protocol = "HTTP"
          [32m+[0m[0m lb_port           = 80
          [32m+[0m[0m lb_protocol       = "HTTP"
        }
    }

[1m  # module.rds.aws_db_instance.db_insta[0m will be created
[0m  [32m+[0m[0m resource "aws_db_instance" "db_insta" {
      [32m+[0m[0m address                               = (known after apply)
      [32m+[0m[0m allocated_storage                     = 20
      [32m+[0m[0m apply_immediately                     = false
      [32m+[0m[0m arn                                   = (known after apply)
      [32m+[0m[0m auto_minor_version_upgrade            = true
      [32m+[0m[0m availability_zone                     = (known after apply)
      [32m+[0m[0m backup_retention_period               = (known after apply)
      [32m+[0m[0m backup_target                         = (known after apply)
      [32m+[0m[0m backup_window                         = (known after apply)
      [32m+[0m[0m ca_cert_identifier                    = (known after apply)
      [32m+[0m[0m character_set_name                    = (known after apply)
      [32m+[0m[0m copy_tags_to_snapshot                 = false
      [32m+[0m[0m db_name                               = "statuspage"
      [32m+[0m[0m db_subnet_group_name                  = "rds-private-subnet-group"
      [32m+[0m[0m dedicated_log_volume                  = false
      [32m+[0m[0m delete_automated_backups              = true
      [32m+[0m[0m domain_fqdn                           = (known after apply)
      [32m+[0m[0m endpoint                              = (known after apply)
      [32m+[0m[0m engine                                = "postgres"
      [32m+[0m[0m engine_lifecycle_support              = (known after apply)
      [32m+[0m[0m engine_version                        = (known after apply)
      [32m+[0m[0m engine_version_actual                 = (known after apply)
      [32m+[0m[0m hosted_zone_id                        = (known after apply)
      [32m+[0m[0m id                                    = (known after apply)
      [32m+[0m[0m identifier                            = "statuspage"
      [32m+[0m[0m identifier_prefix                     = (known after apply)
      [32m+[0m[0m instance_class                        = "db.t3.micro"
      [32m+[0m[0m iops                                  = (known after apply)
      [32m+[0m[0m kms_key_id                            = (known after apply)
      [32m+[0m[0m latest_restorable_time                = (known after apply)
      [32m+[0m[0m license_model                         = (known after apply)
      [32m+[0m[0m listener_endpoint                     = (known after apply)
      [32m+[0m[0m maintenance_window                    = (known after apply)
      [32m+[0m[0m master_user_secret                    = (known after apply)
      [32m+[0m[0m master_user_secret_kms_key_id         = (known after apply)
      [32m+[0m[0m monitoring_interval                   = 0
      [32m+[0m[0m monitoring_role_arn                   = (known after apply)
      [32m+[0m[0m multi_az                              = true
      [32m+[0m[0m nchar_character_set_name              = (known after apply)
      [32m+[0m[0m network_type                          = (known after apply)
      [32m+[0m[0m option_group_name                     = (known after apply)
      [32m+[0m[0m parameter_group_name                  = (known after apply)
      [32m+[0m[0m password                              = (sensitive value)
      [32m+[0m[0m performance_insights_enabled          = false
      [32m+[0m[0m performance_insights_kms_key_id       = (known after apply)
      [32m+[0m[0m performance_insights_retention_period = (known after apply)
      [32m+[0m[0m port                                  = (known after apply)
      [32m+[0m[0m publicly_accessible                   = false
      [32m+[0m[0m replica_mode                          = (known after apply)
      [32m+[0m[0m replicas                              = (known after apply)
      [32m+[0m[0m resource_id                           = (known after apply)
      [32m+[0m[0m skip_final_snapshot                   = true
      [32m+[0m[0m snapshot_identifier                   = (known after apply)
      [32m+[0m[0m status                                = (known after apply)
      [32m+[0m[0m storage_throughput                    = (known after apply)
      [32m+[0m[0m storage_type                          = (known after apply)
      [32m+[0m[0m tags                                  = {
          [32m+[0m[0m "Name" = "Y-R-db"
        }
      [32m+[0m[0m tags_all                              = {
          [32m+[0m[0m "Name" = "Y-R-db"
        }
      [32m+[0m[0m timezone                              = (known after apply)
      [32m+[0m[0m username                              = "statuspage"
      [32m+[0m[0m vpc_security_group_ids                = (known after apply)
    }

[1m  # module.rds.aws_db_subnet_group.db_subnet_group[0m will be created
[0m  [32m+[0m[0m resource "aws_db_subnet_group" "db_subnet_group" {
      [32m+[0m[0m arn                     = (known after apply)
      [32m+[0m[0m description             = "Managed by Terraform"
      [32m+[0m[0m id                      = (known after apply)
      [32m+[0m[0m name                    = "rds-private-subnet-group"
      [32m+[0m[0m name_prefix             = (known after apply)
      [32m+[0m[0m subnet_ids              = (known after apply)
      [32m+[0m[0m supported_network_types = (known after apply)
      [32m+[0m[0m tags                    = {
          [32m+[0m[0m "Name" = "RDS Private Subnet Group"
        }
      [32m+[0m[0m tags_all                = {
          [32m+[0m[0m "Name" = "RDS Private Subnet Group"
        }
      [32m+[0m[0m vpc_id                  = (known after apply)
    }

[1m  # module.rds.aws_security_group.db_SG[0m will be created
[0m  [32m+[0m[0m resource "aws_security_group" "db_SG" {
      [32m+[0m[0m arn                    = (known after apply)
      [32m+[0m[0m description            = "Managed by Terraform"
      [32m+[0m[0m egress                 = [
          [32m+[0m[0m {
              [32m+[0m[0m cidr_blocks      = [
                  [32m+[0m[0m "0.0.0.0/0",
                ]
              [32m+[0m[0m description      = ""
              [32m+[0m[0m from_port        = 0
              [32m+[0m[0m ipv6_cidr_blocks = []
              [32m+[0m[0m prefix_list_ids  = []
              [32m+[0m[0m protocol         = "-1"
              [32m+[0m[0m security_groups  = []
              [32m+[0m[0m self             = false
              [32m+[0m[0m to_port          = 0
            },
        ]
      [32m+[0m[0m id                     = (known after apply)
      [32m+[0m[0m ingress                = [
          [32m+[0m[0m {
              [32m+[0m[0m cidr_blocks      = []
              [32m+[0m[0m description      = ""
              [32m+[0m[0m from_port        = 5432
              [32m+[0m[0m ipv6_cidr_blocks = []
              [32m+[0m[0m prefix_list_ids  = []
              [32m+[0m[0m protocol         = "tcp"
              [32m+[0m[0m security_groups  = (known after apply)
              [32m+[0m[0m self             = false
              [32m+[0m[0m to_port          = 5432
            },
        ]
      [32m+[0m[0m name                   = (known after apply)
      [32m+[0m[0m name_prefix            = "db_prefix"
      [32m+[0m[0m owner_id               = (known after apply)
      [32m+[0m[0m revoke_rules_on_delete = false
      [32m+[0m[0m tags_all               = (known after apply)
      [32m+[0m[0m vpc_id                 = (known after apply)
    }

[1m  # module.vpc.aws_eip.nat[0m will be created
[0m  [32m+[0m[0m resource "aws_eip" "nat" {
      [32m+[0m[0m allocation_id        = (known after apply)
      [32m+[0m[0m arn                  = (known after apply)
      [32m+[0m[0m association_id       = (known after apply)
      [32m+[0m[0m carrier_ip           = (known after apply)
      [32m+[0m[0m customer_owned_ip    = (known after apply)
      [32m+[0m[0m domain               = (known after apply)
      [32m+[0m[0m id                   = (known after apply)
      [32m+[0m[0m instance             = (known after apply)
      [32m+[0m[0m ipam_pool_id         = (known after apply)
      [32m+[0m[0m network_border_group = (known after apply)
      [32m+[0m[0m network_interface    = (known after apply)
      [32m+[0m[0m private_dns          = (known after apply)
      [32m+[0m[0m private_ip           = (known after apply)
      [32m+[0m[0m ptr_record           = (known after apply)
      [32m+[0m[0m public_dns           = (known after apply)
      [32m+[0m[0m public_ip            = (known after apply)
      [32m+[0m[0m public_ipv4_pool     = (known after apply)
      [32m+[0m[0m tags                 = {
          [32m+[0m[0m "Name" = "Y&R NAT EIP"
        }
      [32m+[0m[0m tags_all             = {
          [32m+[0m[0m "Name" = "Y&R NAT EIP"
        }
      [32m+[0m[0m vpc                  = (known after apply)
    }

[1m  # module.vpc.aws_internet_gateway.igw[0m will be created
[0m  [32m+[0m[0m resource "aws_internet_gateway" "igw" {
      [32m+[0m[0m arn      = (known after apply)
      [32m+[0m[0m id       = (known after apply)
      [32m+[0m[0m owner_id = (known after apply)
      [32m+[0m[0m tags     = {
          [32m+[0m[0m "Name" = "Y&R IGW"
        }
      [32m+[0m[0m tags_all = {
          [32m+[0m[0m "Name" = "Y&R IGW"
        }
      [32m+[0m[0m vpc_id   = (known after apply)
    }

[1m  # module.vpc.aws_nat_gateway.nat[0m will be created
[0m  [32m+[0m[0m resource "aws_nat_gateway" "nat" {
      [32m+[0m[0m allocation_id                      = (known after apply)
      [32m+[0m[0m association_id                     = (known after apply)
      [32m+[0m[0m connectivity_type                  = "public"
      [32m+[0m[0m id                                 = (known after apply)
      [32m+[0m[0m network_interface_id               = (known after apply)
      [32m+[0m[0m private_ip                         = (known after apply)
      [32m+[0m[0m public_ip                          = (known after apply)
      [32m+[0m[0m secondary_private_ip_address_count = (known after apply)
      [32m+[0m[0m secondary_private_ip_addresses     = (known after apply)
      [32m+[0m[0m subnet_id                          = (known after apply)
      [32m+[0m[0m tags                               = {
          [32m+[0m[0m "Name" = "Y&R NAT Gateway"
        }
      [32m+[0m[0m tags_all                           = {
          [32m+[0m[0m "Name" = "Y&R NAT Gateway"
        }
    }

[1m  # module.vpc.aws_route.private_nat_route[0m will be created
[0m  [32m+[0m[0m resource "aws_route" "private_nat_route" {
      [32m+[0m[0m destination_cidr_block = "0.0.0.0/0"
      [32m+[0m[0m id                     = (known after apply)
      [32m+[0m[0m instance_id            = (known after apply)
      [32m+[0m[0m instance_owner_id      = (known after apply)
      [32m+[0m[0m nat_gateway_id         = (known after apply)
      [32m+[0m[0m network_interface_id   = (known after apply)
      [32m+[0m[0m origin                 = (known after apply)
      [32m+[0m[0m route_table_id         = (known after apply)
      [32m+[0m[0m state                  = (known after apply)
    }

[1m  # module.vpc.aws_route_table.private[0m will be created
[0m  [32m+[0m[0m resource "aws_route_table" "private" {
      [32m+[0m[0m arn              = (known after apply)
      [32m+[0m[0m id               = (known after apply)
      [32m+[0m[0m owner_id         = (known after apply)
      [32m+[0m[0m propagating_vgws = (known after apply)
      [32m+[0m[0m route            = (known after apply)
      [32m+[0m[0m tags             = {
          [32m+[0m[0m "Name" = "Y&R Private Route Table"
        }
      [32m+[0m[0m tags_all         = {
          [32m+[0m[0m "Name" = "Y&R Private Route Table"
        }
      [32m+[0m[0m vpc_id           = (known after apply)
    }

[1m  # module.vpc.aws_route_table.public[0m will be created
[0m  [32m+[0m[0m resource "aws_route_table" "public" {
      [32m+[0m[0m arn              = (known after apply)
      [32m+[0m[0m id               = (known after apply)
      [32m+[0m[0m owner_id         = (known after apply)
      [32m+[0m[0m propagating_vgws = (known after apply)
      [32m+[0m[0m route            = [
          [32m+[0m[0m {
              [32m+[0m[0m carrier_gateway_id         = ""
              [32m+[0m[0m cidr_block                 = "0.0.0.0/0"
              [32m+[0m[0m core_network_arn           = ""
              [32m+[0m[0m destination_prefix_list_id = ""
              [32m+[0m[0m egress_only_gateway_id     = ""
              [32m+[0m[0m gateway_id                 = (known after apply)
              [32m+[0m[0m ipv6_cidr_block            = ""
              [32m+[0m[0m local_gateway_id           = ""
              [32m+[0m[0m nat_gateway_id             = ""
              [32m+[0m[0m network_interface_id       = ""
              [32m+[0m[0m transit_gateway_id         = ""
              [32m+[0m[0m vpc_endpoint_id            = ""
              [32m+[0m[0m vpc_peering_connection_id  = ""
            },
        ]
      [32m+[0m[0m tags             = {
          [32m+[0m[0m "Name" = "Y&R Public Route Table"
        }
      [32m+[0m[0m tags_all         = {
          [32m+[0m[0m "Name" = "Y&R Public Route Table"
        }
      [32m+[0m[0m vpc_id           = (known after apply)
    }

[1m  # module.vpc.aws_route_table_association.private_subnet[0][0m will be created
[0m  [32m+[0m[0m resource "aws_route_table_association" "private_subnet" {
      [32m+[0m[0m id             = (known after apply)
      [32m+[0m[0m route_table_id = (known after apply)
      [32m+[0m[0m subnet_id      = (known after apply)
    }

[1m  # module.vpc.aws_route_table_association.private_subnet[1][0m will be created
[0m  [32m+[0m[0m resource "aws_route_table_association" "private_subnet" {
      [32m+[0m[0m id             = (known after apply)
      [32m+[0m[0m route_table_id = (known after apply)
      [32m+[0m[0m subnet_id      = (known after apply)
    }

[1m  # module.vpc.aws_route_table_association.public_subnet[0][0m will be created
[0m  [32m+[0m[0m resource "aws_route_table_association" "public_subnet" {
      [32m+[0m[0m id             = (known after apply)
      [32m+[0m[0m route_table_id = (known after apply)
      [32m+[0m[0m subnet_id      = (known after apply)
    }

[1m  # module.vpc.aws_route_table_association.public_subnet[1][0m will be created
[0m  [32m+[0m[0m resource "aws_route_table_association" "public_subnet" {
      [32m+[0m[0m id             = (known after apply)
      [32m+[0m[0m route_table_id = (known after apply)
      [32m+[0m[0m subnet_id      = (known after apply)
    }

[1m  # module.vpc.aws_security_group.app_security_group[0m will be created
[0m  [32m+[0m[0m resource "aws_security_group" "app_security_group" {
      [32m+[0m[0m arn                    = (known after apply)
      [32m+[0m[0m description            = "Security group for the application running on port 8000"
      [32m+[0m[0m egress                 = [
          [32m+[0m[0m {
              [32m+[0m[0m cidr_blocks      = [
                  [32m+[0m[0m "0.0.0.0/0",
                ]
              [32m+[0m[0m description      = ""
              [32m+[0m[0m from_port        = 0
              [32m+[0m[0m ipv6_cidr_blocks = []
              [32m+[0m[0m prefix_list_ids  = []
              [32m+[0m[0m protocol         = "-1"
              [32m+[0m[0m security_groups  = []
              [32m+[0m[0m self             = false
              [32m+[0m[0m to_port          = 0
            },
        ]
      [32m+[0m[0m id                     = (known after apply)
      [32m+[0m[0m ingress                = [
          [32m+[0m[0m {
              [32m+[0m[0m cidr_blocks      = [
                  [32m+[0m[0m "0.0.0.0/0",
                ]
              [32m+[0m[0m description      = ""
              [32m+[0m[0m from_port        = 8000
              [32m+[0m[0m ipv6_cidr_blocks = []
              [32m+[0m[0m prefix_list_ids  = []
              [32m+[0m[0m protocol         = "tcp"
              [32m+[0m[0m security_groups  = []
              [32m+[0m[0m self             = false
              [32m+[0m[0m to_port          = 8000
            },
        ]
      [32m+[0m[0m name                   = "app-security-group"
      [32m+[0m[0m name_prefix            = (known after apply)
      [32m+[0m[0m owner_id               = (known after apply)
      [32m+[0m[0m revoke_rules_on_delete = false
      [32m+[0m[0m tags                   = {
          [32m+[0m[0m "Name" = "Y&R Application Security Group"
        }
      [32m+[0m[0m tags_all               = {
          [32m+[0m[0m "Name" = "Y&R Application Security Group"
        }
      [32m+[0m[0m vpc_id                 = (known after apply)
    }

[1m  # module.vpc.aws_security_group.eks_node_sg[0m will be created
[0m  [32m+[0m[0m resource "aws_security_group" "eks_node_sg" {
      [32m+[0m[0m arn                    = (known after apply)
      [32m+[0m[0m description            = "EKS worker node security group"
      [32m+[0m[0m egress                 = [
          [32m+[0m[0m {
              [32m+[0m[0m cidr_blocks      = [
                  [32m+[0m[0m "0.0.0.0/0",
                ]
              [32m+[0m[0m description      = ""
              [32m+[0m[0m from_port        = 0
              [32m+[0m[0m ipv6_cidr_blocks = []
              [32m+[0m[0m prefix_list_ids  = []
              [32m+[0m[0m protocol         = "-1"
              [32m+[0m[0m security_groups  = []
              [32m+[0m[0m self             = false
              [32m+[0m[0m to_port          = 0
            },
        ]
      [32m+[0m[0m id                     = (known after apply)
      [32m+[0m[0m ingress                = [
          [32m+[0m[0m {
              [32m+[0m[0m cidr_blocks      = [
                  [32m+[0m[0m "0.0.0.0/0",
                ]
              [32m+[0m[0m description      = ""
              [32m+[0m[0m from_port        = 10250
              [32m+[0m[0m ipv6_cidr_blocks = []
              [32m+[0m[0m prefix_list_ids  = []
              [32m+[0m[0m protocol         = "tcp"
              [32m+[0m[0m security_groups  = []
              [32m+[0m[0m self             = false
              [32m+[0m[0m to_port          = 10250
            },
          [32m+[0m[0m {
              [32m+[0m[0m cidr_blocks      = [
                  [32m+[0m[0m "0.0.0.0/0",
                ]
              [32m+[0m[0m description      = ""
              [32m+[0m[0m from_port        = 30000
              [32m+[0m[0m ipv6_cidr_blocks = []
              [32m+[0m[0m prefix_list_ids  = []
              [32m+[0m[0m protocol         = "tcp"
              [32m+[0m[0m security_groups  = []
              [32m+[0m[0m self             = false
              [32m+[0m[0m to_port          = 32767
            },
          [32m+[0m[0m {
              [32m+[0m[0m cidr_blocks      = [
                  [32m+[0m[0m "0.0.0.0/0",
                ]
              [32m+[0m[0m description      = ""
              [32m+[0m[0m from_port        = 443
              [32m+[0m[0m ipv6_cidr_blocks = []
              [32m+[0m[0m prefix_list_ids  = []
              [32m+[0m[0m protocol         = "tcp"
              [32m+[0m[0m security_groups  = []
              [32m+[0m[0m self             = false
              [32m+[0m[0m to_port          = 443
            },
        ]
      [32m+[0m[0m name                   = "my-eks-cluster-eks-node-sg"
      [32m+[0m[0m name_prefix            = (known after apply)
      [32m+[0m[0m owner_id               = (known after apply)
      [32m+[0m[0m revoke_rules_on_delete = false
      [32m+[0m[0m tags                   = {
          [32m+[0m[0m "Name" = "Y&R-EKS-Node-SG"
        }
      [32m+[0m[0m tags_all               = {
          [32m+[0m[0m "Name" = "Y&R-EKS-Node-SG"
        }
      [32m+[0m[0m vpc_id                 = (known after apply)
    }

[1m  # module.vpc.aws_subnet.private[0][0m will be created
[0m  [32m+[0m[0m resource "aws_subnet" "private" {
      [32m+[0m[0m arn                                            = (known after apply)
      [32m+[0m[0m assign_ipv6_address_on_creation                = false
      [32m+[0m[0m availability_zone                              = "us-east-1a"
      [32m+[0m[0m availability_zone_id                           = (known after apply)
      [32m+[0m[0m cidr_block                                     = "10.0.2.0/24"
      [32m+[0m[0m enable_dns64                                   = false
      [32m+[0m[0m enable_resource_name_dns_a_record_on_launch    = false
      [32m+[0m[0m enable_resource_name_dns_aaaa_record_on_launch = false
      [32m+[0m[0m id                                             = (known after apply)
      [32m+[0m[0m ipv6_cidr_block_association_id                 = (known after apply)
      [32m+[0m[0m ipv6_native                                    = false
      [32m+[0m[0m map_public_ip_on_launch                        = false
      [32m+[0m[0m owner_id                                       = (known after apply)
      [32m+[0m[0m private_dns_hostname_type_on_launch            = (known after apply)
      [32m+[0m[0m tags                                           = {
          [32m+[0m[0m "Name" = "Y&R Private Subnet 1"
        }
      [32m+[0m[0m tags_all                                       = {
          [32m+[0m[0m "Name" = "Y&R Private Subnet 1"
        }
      [32m+[0m[0m vpc_id                                         = (known after apply)
    }

[1m  # module.vpc.aws_subnet.private[1][0m will be created
[0m  [32m+[0m[0m resource "aws_subnet" "private" {
      [32m+[0m[0m arn                                            = (known after apply)
      [32m+[0m[0m assign_ipv6_address_on_creation                = false
      [32m+[0m[0m availability_zone                              = "us-east-1b"
      [32m+[0m[0m availability_zone_id                           = (known after apply)
      [32m+[0m[0m cidr_block                                     = "10.0.3.0/24"
      [32m+[0m[0m enable_dns64                                   = false
      [32m+[0m[0m enable_resource_name_dns_a_record_on_launch    = false
      [32m+[0m[0m enable_resource_name_dns_aaaa_record_on_launch = false
      [32m+[0m[0m id                                             = (known after apply)
      [32m+[0m[0m ipv6_cidr_block_association_id                 = (known after apply)
      [32m+[0m[0m ipv6_native                                    = false
      [32m+[0m[0m map_public_ip_on_launch                        = false
      [32m+[0m[0m owner_id                                       = (known after apply)
      [32m+[0m[0m private_dns_hostname_type_on_launch            = (known after apply)
      [32m+[0m[0m tags                                           = {
          [32m+[0m[0m "Name" = "Y&R Private Subnet 2"
        }
      [32m+[0m[0m tags_all                                       = {
          [32m+[0m[0m "Name" = "Y&R Private Subnet 2"
        }
      [32m+[0m[0m vpc_id                                         = (known after apply)
    }

[1m  # module.vpc.aws_subnet.public[0][0m will be created
[0m  [32m+[0m[0m resource "aws_subnet" "public" {
      [32m+[0m[0m arn                                            = (known after apply)
      [32m+[0m[0m assign_ipv6_address_on_creation                = false
      [32m+[0m[0m availability_zone                              = "us-east-1a"
      [32m+[0m[0m availability_zone_id                           = (known after apply)
      [32m+[0m[0m cidr_block                                     = "10.0.0.0/24"
      [32m+[0m[0m enable_dns64                                   = false
      [32m+[0m[0m enable_resource_name_dns_a_record_on_launch    = false
      [32m+[0m[0m enable_resource_name_dns_aaaa_record_on_launch = false
      [32m+[0m[0m id                                             = (known after apply)
      [32m+[0m[0m ipv6_cidr_block_association_id                 = (known after apply)
      [32m+[0m[0m ipv6_native                                    = false
      [32m+[0m[0m map_public_ip_on_launch                        = true
      [32m+[0m[0m owner_id                                       = (known after apply)
      [32m+[0m[0m private_dns_hostname_type_on_launch            = (known after apply)
      [32m+[0m[0m tags                                           = {
          [32m+[0m[0m "Name" = "Y&R Public Subnet 1"
        }
      [32m+[0m[0m tags_all                                       = {
          [32m+[0m[0m "Name" = "Y&R Public Subnet 1"
        }
      [32m+[0m[0m vpc_id                                         = (known after apply)
    }

[1m  # module.vpc.aws_subnet.public[1][0m will be created
[0m  [32m+[0m[0m resource "aws_subnet" "public" {
      [32m+[0m[0m arn                                            = (known after apply)
      [32m+[0m[0m assign_ipv6_address_on_creation                = false
      [32m+[0m[0m availability_zone                              = "us-east-1b"
      [32m+[0m[0m availability_zone_id                           = (known after apply)
      [32m+[0m[0m cidr_block                                     = "10.0.1.0/24"
      [32m+[0m[0m enable_dns64                                   = false
      [32m+[0m[0m enable_resource_name_dns_a_record_on_launch    = false
      [32m+[0m[0m enable_resource_name_dns_aaaa_record_on_launch = false
      [32m+[0m[0m id                                             = (known after apply)
      [32m+[0m[0m ipv6_cidr_block_association_id                 = (known after apply)
      [32m+[0m[0m ipv6_native                                    = false
      [32m+[0m[0m map_public_ip_on_launch                        = true
      [32m+[0m[0m owner_id                                       = (known after apply)
      [32m+[0m[0m private_dns_hostname_type_on_launch            = (known after apply)
      [32m+[0m[0m tags                                           = {
          [32m+[0m[0m "Name" = "Y&R Public Subnet 2"
        }
      [32m+[0m[0m tags_all                                       = {
          [32m+[0m[0m "Name" = "Y&R Public Subnet 2"
        }
      [32m+[0m[0m vpc_id                                         = (known after apply)
    }

[1m  # module.vpc.aws_vpc.main[0m will be created
[0m  [32m+[0m[0m resource "aws_vpc" "main" {
      [32m+[0m[0m arn                                  = (known after apply)
      [32m+[0m[0m cidr_block                           = "10.0.0.0/16"
      [32m+[0m[0m default_network_acl_id               = (known after apply)
      [32m+[0m[0m default_route_table_id               = (known after apply)
      [32m+[0m[0m default_security_group_id            = (known after apply)
      [32m+[0m[0m dhcp_options_id                      = (known after apply)
      [32m+[0m[0m enable_dns_hostnames                 = true
      [32m+[0m[0m enable_dns_support                   = true
      [32m+[0m[0m enable_network_address_usage_metrics = (known after apply)
      [32m+[0m[0m id                                   = (known after apply)
      [32m+[0m[0m instance_tenancy                     = "default"
      [32m+[0m[0m ipv6_association_id                  = (known after apply)
      [32m+[0m[0m ipv6_cidr_block                      = (known after apply)
      [32m+[0m[0m ipv6_cidr_block_network_border_group = (known after apply)
      [32m+[0m[0m main_route_table_id                  = (known after apply)
      [32m+[0m[0m owner_id                             = (known after apply)
      [32m+[0m[0m tags                                 = {
          [32m+[0m[0m "Name" = "Y&R VPC"
        }
      [32m+[0m[0m tags_all                             = {
          [32m+[0m[0m "Name" = "Y&R VPC"
        }
    }

[1m  # module.load_balancer.module.iam.aws_iam_policy.elb_policy[0m will be created
[0m  [32m+[0m[0m resource "aws_iam_policy" "elb_policy" {
      [32m+[0m[0m arn              = (known after apply)
      [32m+[0m[0m attachment_count = (known after apply)
      [32m+[0m[0m description      = "IAM policy for managing Elastic Load Balancer"
      [32m+[0m[0m id               = (known after apply)
      [32m+[0m[0m name             = (known after apply)
      [32m+[0m[0m name_prefix      = "ELBManagementPolicy-"
      [32m+[0m[0m path             = "/"
      [32m+[0m[0m policy           = jsonencode(
            {
              [32m+[0m[0m Statement = [
                  [32m+[0m[0m {
                      [32m+[0m[0m Action   = [
                          [32m+[0m[0m "elasticloadbalancing:*",
                          [32m+[0m[0m "ec2:DetachNetworkInterface",
                          [32m+[0m[0m "ec2:DescribeNetworkInterfaces",
                          [32m+[0m[0m "ec2:DeleteNetworkInterface",
                        ]
                      [32m+[0m[0m Effect   = "Allow"
                      [32m+[0m[0m Resource = "*"
                    },
                ]
              [32m+[0m[0m Version   = "2012-10-17"
            }
        )
      [32m+[0m[0m policy_id        = (known after apply)
      [32m+[0m[0m tags_all         = (known after apply)
    }

[1m  # module.load_balancer.module.iam.aws_iam_role.eks_cluster_role[0m will be created
[0m  [32m+[0m[0m resource "aws_iam_role" "eks_cluster_role" {
      [32m+[0m[0m arn                   = (known after apply)
      [32m+[0m[0m assume_role_policy    = jsonencode(
            {
              [32m+[0m[0m Statement = [
                  [32m+[0m[0m {
                      [32m+[0m[0m Action    = "sts:AssumeRole"
                      [32m+[0m[0m Effect    = "Allow"
                      [32m+[0m[0m Principal = {
                          [32m+[0m[0m Service = "eks.amazonaws.com"
                        }
                      [32m+[0m[0m Sid       = ""
                    },
                ]
              [32m+[0m[0m Version   = "2012-10-17"
            }
        )
      [32m+[0m[0m create_date           = (known after apply)
      [32m+[0m[0m force_detach_policies = false
      [32m+[0m[0m id                    = (known after apply)
      [32m+[0m[0m managed_policy_arns   = (known after apply)
      [32m+[0m[0m max_session_duration  = 3600
      [32m+[0m[0m name                  = (known after apply)
      [32m+[0m[0m name_prefix           = "eks-cluster-role-"
      [32m+[0m[0m path                  = "/"
      [32m+[0m[0m tags                  = {
          [32m+[0m[0m "Name" = "Y-R-EKS-Cluster-Role"
        }
      [32m+[0m[0m tags_all              = {
          [32m+[0m[0m "Name" = "Y-R-EKS-Cluster-Role"
        }
      [32m+[0m[0m unique_id             = (known after apply)
    }

[1m  # module.load_balancer.module.iam.aws_iam_role.eks_node_group_role[0m will be created
[0m  [32m+[0m[0m resource "aws_iam_role" "eks_node_group_role" {
      [32m+[0m[0m arn                   = (known after apply)
      [32m+[0m[0m assume_role_policy    = jsonencode(
            {
              [32m+[0m[0m Statement = [
                  [32m+[0m[0m {
                      [32m+[0m[0m Action    = "sts:AssumeRole"
                      [32m+[0m[0m Effect    = "Allow"
                      [32m+[0m[0m Principal = {
                          [32m+[0m[0m Service = "ec2.amazonaws.com"
                        }
                      [32m+[0m[0m Sid       = ""
                    },
                ]
              [32m+[0m[0m Version   = "2012-10-17"
            }
        )
      [32m+[0m[0m create_date           = (known after apply)
      [32m+[0m[0m force_detach_policies = false
      [32m+[0m[0m id                    = (known after apply)
      [32m+[0m[0m managed_policy_arns   = (known after apply)
      [32m+[0m[0m max_session_duration  = 3600
      [32m+[0m[0m name                  = (known after apply)
      [32m+[0m[0m name_prefix           = "eks-node-group-role-"
      [32m+[0m[0m path                  = "/"
      [32m+[0m[0m tags                  = {
          [32m+[0m[0m "Name" = "Y-R-EKS-Node-Group-Role"
        }
      [32m+[0m[0m tags_all              = {
          [32m+[0m[0m "Name" = "Y-R-EKS-Node-Group-Role"
        }
      [32m+[0m[0m unique_id             = (known after apply)
    }

[1m  # module.load_balancer.module.iam.aws_iam_role.elb_role[0m will be created
[0m  [32m+[0m[0m resource "aws_iam_role" "elb_role" {
      [32m+[0m[0m arn                   = (known after apply)
      [32m+[0m[0m assume_role_policy    = jsonencode(
            {
              [32m+[0m[0m Statement = [
                  [32m+[0m[0m {
                      [32m+[0m[0m Action    = "sts:AssumeRole"
                      [32m+[0m[0m Effect    = "Allow"
                      [32m+[0m[0m Principal = {
                          [32m+[0m[0m Service = "ec2.amazonaws.com"
                        }
                      [32m+[0m[0m Sid       = ""
                    },
                ]
              [32m+[0m[0m Version   = "2012-10-17"
            }
        )
      [32m+[0m[0m create_date           = (known after apply)
      [32m+[0m[0m force_detach_policies = false
      [32m+[0m[0m id                    = (known after apply)
      [32m+[0m[0m managed_policy_arns   = (known after apply)
      [32m+[0m[0m max_session_duration  = 3600
      [32m+[0m[0m name                  = (known after apply)
      [32m+[0m[0m name_prefix           = "ELBManagementRole-"
      [32m+[0m[0m path                  = "/"
      [32m+[0m[0m tags_all              = (known after apply)
      [32m+[0m[0m unique_id             = (known after apply)
    }

[1m  # module.load_balancer.module.iam.aws_iam_role_policy_attachment.ecr_read_only[0m will be created
[0m  [32m+[0m[0m resource "aws_iam_role_policy_attachment" "ecr_read_only" {
      [32m+[0m[0m id         = (known after apply)
      [32m+[0m[0m policy_arn = "arn:aws:iam::aws:policy/AmazonEC2ContainerRegistryReadOnly"
      [32m+[0m[0m role       = (known after apply)
    }

[1m  # module.load_balancer.module.iam.aws_iam_role_policy_attachment.eks_cluster_policy[0m will be created
[0m  [32m+[0m[0m resource "aws_iam_role_policy_attachment" "eks_cluster_policy" {
      [32m+[0m[0m id         = (known after apply)
      [32m+[0m[0m policy_arn = "arn:aws:iam::aws:policy/AmazonEKSClusterPolicy"
      [32m+[0m[0m role       = (known after apply)
    }

[1m  # module.load_balancer.module.iam.aws_iam_role_policy_attachment.eks_cni_policy[0m will be created
[0m  [32m+[0m[0m resource "aws_iam_role_policy_attachment" "eks_cni_policy" {
      [32m+[0m[0m id         = (known after apply)
      [32m+[0m[0m policy_arn = "arn:aws:iam::aws:policy/AmazonEKS_CNI_Policy"
      [32m+[0m[0m role       = (known after apply)
    }

[1m  # module.load_balancer.module.iam.aws_iam_role_policy_attachment.eks_worker_node_policy[0m will be created
[0m  [32m+[0m[0m resource "aws_iam_role_policy_attachment" "eks_worker_node_policy" {
      [32m+[0m[0m id         = (known after apply)
      [32m+[0m[0m policy_arn = "arn:aws:iam::aws:policy/AmazonEKSWorkerNodePolicy"
      [32m+[0m[0m role       = (known after apply)
    }

[1m  # module.load_balancer.module.iam.aws_iam_role_policy_attachment.elb_attachment[0m will be created
[0m  [32m+[0m[0m resource "aws_iam_role_policy_attachment" "elb_attachment" {
      [32m+[0m[0m id         = (known after apply)
      [32m+[0m[0m policy_arn = (known after apply)
      [32m+[0m[0m role       = (known after apply)
    }

[1mPlan:[0m 41 to add, 0 to change, 0 to destroy.
[0m
Changes to Outputs:
  [32m+[0m[0m eks_cluster_name  = "my-eks-cluster"
  [32m+[0m[0m public_subnet_ids = [
      [32m+[0m[0m (known after apply),
      [32m+[0m[0m (known after apply),
    ]
  [32m+[0m[0m rds_endpoint      = (known after apply)
  [32m+[0m[0m vpc_id            = (known after apply)
[90m
─────────────────────────────────────────────────────────────────────────────[0m

Saved the plan to: tfplan

To perform exactly these actions, run the following command to apply:
    terraform apply "tfplan"
+ terraform apply -auto-approve tfplan
[0m[1mmodule.iam.aws_iam_role.eks_node_group_role: Creating...[0m[0m
[0m[1mmodule.iam.aws_iam_role.eks_cluster_role: Creating...[0m[0m
[0m[1mmodule.iam.aws_iam_policy.elb_policy: Creating...[0m[0m
[0m[1mmodule.vpc.aws_eip.nat: Creating...[0m[0m
[0m[1mmodule.iam.aws_iam_role.elb_role: Creating...[0m[0m
[0m[1mmodule.vpc.aws_vpc.main: Creating...[0m[0m
[0m[1mmodule.iam.aws_iam_role.elb_role: Creation complete after 0s [id=ELBManagementRole-20241025212216945700000004][0m
[0m[1mmodule.iam.aws_iam_role.eks_cluster_role: Creation complete after 0s [id=eks-cluster-role-20241025212216938100000002][0m
[0m[1mmodule.iam.aws_iam_role.eks_node_group_role: Creation complete after 0s [id=eks-node-group-role-20241025212216935600000001][0m
[0m[1mmodule.iam.aws_iam_role_policy_attachment.ecr_read_only: Creating...[0m[0m
[0m[1mmodule.iam.aws_iam_role_policy_attachment.eks_worker_node_policy: Creating...[0m[0m
[0m[1mmodule.iam.aws_iam_role_policy_attachment.eks_cni_policy: Creating...[0m[0m
[0m[1mmodule.iam.aws_iam_role_policy_attachment.eks_cluster_policy: Creating...[0m[0m
[0m[1mmodule.iam.aws_iam_policy.elb_policy: Creation complete after 0s [id=arn:aws:iam::266735819819:policy/ELBManagementPolicy-20241025212216940100000003][0m
[0m[1mmodule.iam.aws_iam_role_policy_attachment.elb_attachment: Creating...[0m[0m
[0m[1mmodule.iam.aws_iam_role_policy_attachment.eks_cluster_policy: Creation complete after 0s [id=eks-cluster-role-20241025212216938100000002-20241025212217184500000005][0m
[0m[1mmodule.iam.aws_iam_role_policy_attachment.eks_cni_policy: Creation complete after 0s [id=eks-node-group-role-20241025212216935600000001-20241025212217188400000007][0m
[0m[1mmodule.iam.aws_iam_role_policy_attachment.ecr_read_only: Creation complete after 0s [id=eks-node-group-role-20241025212216935600000001-20241025212217187900000006][0m
[0m[1mmodule.iam.aws_iam_role_policy_attachment.elb_attachment: Creation complete after 0s [id=ELBManagementRole-20241025212216945700000004-20241025212217208100000008][0m
[0m[1mmodule.iam.aws_iam_role_policy_attachment.eks_worker_node_policy: Creation complete after 0s [id=eks-node-group-role-20241025212216935600000001-20241025212217234200000009][0m
[0m[1mmodule.vpc.aws_eip.nat: Creation complete after 0s [id=eipalloc-04935d4c771b7ffa7][0m
[0m[1mmodule.vpc.aws_vpc.main: Still creating... [10s elapsed][0m[0m
[0m[1mmodule.vpc.aws_vpc.main: Creation complete after 11s [id=vpc-069859115bb1470b6][0m
[0m[1mmodule.vpc.aws_internet_gateway.igw: Creating...[0m[0m
[0m[1mmodule.vpc.aws_subnet.public[0]: Creating...[0m[0m
[0m[1mmodule.vpc.aws_route_table.private: Creating...[0m[0m
[0m[1mmodule.vpc.aws_subnet.public[1]: Creating...[0m[0m
[0m[1mmodule.vpc.aws_subnet.private[0]: Creating...[0m[0m
[0m[1mmodule.vpc.aws_subnet.private[1]: Creating...[0m[0m
[0m[1mmodule.vpc.aws_security_group.app_security_group: Creating...[0m[0m
[0m[1mmodule.vpc.aws_security_group.eks_node_sg: Creating...[0m[0m
[0m[1mmodule.vpc.aws_internet_gateway.igw: Creation complete after 1s [id=igw-0381d54cd471b3c2d][0m
[0m[1mmodule.vpc.aws_route_table.public: Creating...[0m[0m
[0m[1mmodule.vpc.aws_route_table.private: Creation complete after 1s [id=rtb-06a273a31fbb3e583][0m
[0m[1mmodule.vpc.aws_subnet.private[0]: Creation complete after 1s [id=subnet-0cd7840044e1f44de][0m
[0m[1mmodule.vpc.aws_subnet.private[1]: Creation complete after 1s [id=subnet-08907a246e8729f0e][0m
[0m[1mmodule.vpc.aws_route_table_association.private_subnet[0]: Creating...[0m[0m
[0m[1mmodule.vpc.aws_route_table_association.private_subnet[1]: Creating...[0m[0m
[0m[1mmodule.rds.aws_db_subnet_group.db_subnet_group: Creating...[0m[0m
[0m[1mmodule.vpc.aws_route_table_association.private_subnet[0]: Creation complete after 0s [id=rtbassoc-05b0616ff75356f54][0m
[0m[1mmodule.vpc.aws_route_table_association.private_subnet[1]: Creation complete after 0s [id=rtbassoc-0c30689294938990e][0m
[0m[1mmodule.vpc.aws_route_table.public: Creation complete after 0s [id=rtb-0e25c6562d779739c][0m
[0m[1mmodule.rds.aws_db_subnet_group.db_subnet_group: Creation complete after 1s [id=rds-private-subnet-group][0m
[0m[1mmodule.vpc.aws_security_group.eks_node_sg: Creation complete after 2s [id=sg-09dd9bfc608a11f91][0m
[0m[1mmodule.vpc.aws_security_group.app_security_group: Creation complete after 2s [id=sg-0d02911276764f2d7][0m
[0m[1mmodule.rds.aws_security_group.db_SG: Creating...[0m[0m
[0m[1mmodule.rds.aws_security_group.db_SG: Creation complete after 1s [id=sg-072e794f083d98a8b][0m
[0m[1mmodule.rds.aws_db_instance.db_insta: Creating...[0m[0m
[0m[1mmodule.vpc.aws_subnet.public[0]: Still creating... [10s elapsed][0m[0m
[0m[1mmodule.vpc.aws_subnet.public[1]: Still creating... [10s elapsed][0m[0m
[0m[1mmodule.vpc.aws_subnet.public[0]: Creation complete after 11s [id=subnet-0b79a7a210821256f][0m
[0m[1mmodule.vpc.aws_nat_gateway.nat: Creating...[0m[0m
[0m[1mmodule.vpc.aws_subnet.public[1]: Creation complete after 11s [id=subnet-08daa7427eb101998][0m
[0m[1mmodule.vpc.aws_route_table_association.public_subnet[1]: Creating...[0m[0m
[0m[1mmodule.vpc.aws_route_table_association.public_subnet[0]: Creating...[0m[0m
[0m[1mmodule.eks.aws_eks_cluster.this: Creating...[0m[0m
[0m[1mmodule.vpc.aws_route_table_association.public_subnet[1]: Creation complete after 0s [id=rtbassoc-0f515687ba6cd6472][0m
[0m[1mmodule.vpc.aws_route_table_association.public_subnet[0]: Creation complete after 0s [id=rtbassoc-01bfdfffe7d10c02a][0m
[0m[1mmodule.rds.aws_db_instance.db_insta: Still creating... [10s elapsed][0m[0m
[0m[1mmodule.vpc.aws_nat_gateway.nat: Still creating... [10s elapsed][0m[0m
[0m[1mmodule.eks.aws_eks_cluster.this: Still creating... [10s elapsed][0m[0m
[0m[1mmodule.rds.aws_db_instance.db_insta: Still creating... [20s elapsed][0m[0m
[0m[1mmodule.vpc.aws_nat_gateway.nat: Still creating... [20s elapsed][0m[0m
[0m[1mmodule.eks.aws_eks_cluster.this: Still creating... [20s elapsed][0m[0m
[0m[1mmodule.rds.aws_db_instance.db_insta: Still creating... [30s elapsed][0m[0m
[0m[1mmodule.vpc.aws_nat_gateway.nat: Still creating... [30s elapsed][0m[0m
[0m[1mmodule.eks.aws_eks_cluster.this: Still creating... [30s elapsed][0m[0m
[0m[1mmodule.rds.aws_db_instance.db_insta: Still creating... [40s elapsed][0m[0m
[0m[1mmodule.vpc.aws_nat_gateway.nat: Still creating... [40s elapsed][0m[0m
[0m[1mmodule.eks.aws_eks_cluster.this: Still creating... [40s elapsed][0m[0m
[0m[1mmodule.rds.aws_db_instance.db_insta: Still creating... [50s elapsed][0m[0m
[0m[1mmodule.vpc.aws_nat_gateway.nat: Still creating... [50s elapsed][0m[0m
[0m[1mmodule.eks.aws_eks_cluster.this: Still creating... [50s elapsed][0m[0m
[0m[1mmodule.rds.aws_db_instance.db_insta: Still creating... [1m0s elapsed][0m[0m
[0m[1mmodule.vpc.aws_nat_gateway.nat: Still creating... [1m0s elapsed][0m[0m
[0m[1mmodule.eks.aws_eks_cluster.this: Still creating... [1m0s elapsed][0m[0m
[0m[1mmodule.rds.aws_db_instance.db_insta: Still creating... [1m10s elapsed][0m[0m
[0m[1mmodule.vpc.aws_nat_gateway.nat: Still creating... [1m10s elapsed][0m[0m
[0m[1mmodule.eks.aws_eks_cluster.this: Still creating... [1m10s elapsed][0m[0m
[0m[1mmodule.rds.aws_db_instance.db_insta: Still creating... [1m20s elapsed][0m[0m
[0m[1mmodule.vpc.aws_nat_gateway.nat: Still creating... [1m20s elapsed][0m[0m
[0m[1mmodule.eks.aws_eks_cluster.this: Still creating... [1m20s elapsed][0m[0m
[0m[1mmodule.rds.aws_db_instance.db_insta: Still creating... [1m30s elapsed][0m[0m
[0m[1mmodule.vpc.aws_nat_gateway.nat: Still creating... [1m30s elapsed][0m[0m
[0m[1mmodule.eks.aws_eks_cluster.this: Still creating... [1m30s elapsed][0m[0m
[0m[1mmodule.rds.aws_db_instance.db_insta: Still creating... [1m40s elapsed][0m[0m
[0m[1mmodule.vpc.aws_nat_gateway.nat: Still creating... [1m40s elapsed][0m[0m
[0m[1mmodule.eks.aws_eks_cluster.this: Still creating... [1m40s elapsed][0m[0m
[0m[1mmodule.rds.aws_db_instance.db_insta: Still creating... [1m50s elapsed][0m[0m
[0m[1mmodule.vpc.aws_nat_gateway.nat: Creation complete after 1m44s [id=nat-03b0cbd6fa9515891][0m
[0m[1mmodule.vpc.aws_route.private_nat_route: Creating...[0m[0m
[0m[1mmodule.vpc.aws_route.private_nat_route: Creation complete after 0s [id=r-rtb-06a273a31fbb3e5831080289494][0m
[0m[1mmodule.eks.aws_eks_cluster.this: Still creating... [1m50s elapsed][0m[0m
[0m[1mmodule.rds.aws_db_instance.db_insta: Still creating... [2m0s elapsed][0m[0m
[0m[1mmodule.eks.aws_eks_cluster.this: Still creating... [2m0s elapsed][0m[0m
[0m[1mmodule.rds.aws_db_instance.db_insta: Still creating... [2m10s elapsed][0m[0m
[0m[1mmodule.eks.aws_eks_cluster.this: Still creating... [2m10s elapsed][0m[0m
[0m[1mmodule.rds.aws_db_instance.db_insta: Still creating... [2m20s elapsed][0m[0m
[0m[1mmodule.eks.aws_eks_cluster.this: Still creating... [2m20s elapsed][0m[0m
[0m[1mmodule.rds.aws_db_instance.db_insta: Still creating... [2m30s elapsed][0m[0m
[0m[1mmodule.eks.aws_eks_cluster.this: Still creating... [2m30s elapsed][0m[0m
[0m[1mmodule.rds.aws_db_instance.db_insta: Still creating... [2m40s elapsed][0m[0m
[0m[1mmodule.eks.aws_eks_cluster.this: Still creating... [2m40s elapsed][0m[0m
[0m[1mmodule.rds.aws_db_instance.db_insta: Still creating... [2m50s elapsed][0m[0m
[0m[1mmodule.eks.aws_eks_cluster.this: Still creating... [2m50s elapsed][0m[0m
[0m[1mmodule.rds.aws_db_instance.db_insta: Still creating... [3m0s elapsed][0m[0m
[0m[1mmodule.eks.aws_eks_cluster.this: Still creating... [3m0s elapsed][0m[0m
[0m[1mmodule.rds.aws_db_instance.db_insta: Still creating... [3m10s elapsed][0m[0m
[0m[1mmodule.eks.aws_eks_cluster.this: Still creating... [3m10s elapsed][0m[0m
[0m[1mmodule.rds.aws_db_instance.db_insta: Still creating... [3m20s elapsed][0m[0m
[0m[1mmodule.eks.aws_eks_cluster.this: Still creating... [3m20s elapsed][0m[0m
[0m[1mmodule.rds.aws_db_instance.db_insta: Still creating... [3m30s elapsed][0m[0m
[0m[1mmodule.eks.aws_eks_cluster.this: Still creating... [3m30s elapsed][0m[0m
[0m[1mmodule.rds.aws_db_instance.db_insta: Still creating... [3m40s elapsed][0m[0m
[0m[1mmodule.eks.aws_eks_cluster.this: Still creating... [3m40s elapsed][0m[0m
[0m[1mmodule.rds.aws_db_instance.db_insta: Still creating... [3m50s elapsed][0m[0m
[0m[1mmodule.eks.aws_eks_cluster.this: Still creating... [3m50s elapsed][0m[0m
[0m[1mmodule.rds.aws_db_instance.db_insta: Still creating... [4m0s elapsed][0m[0m
[0m[1mmodule.eks.aws_eks_cluster.this: Still creating... [4m0s elapsed][0m[0m
[0m[1mmodule.rds.aws_db_instance.db_insta: Still creating... [4m10s elapsed][0m[0m
[0m[1mmodule.eks.aws_eks_cluster.this: Still creating... [4m10s elapsed][0m[0m
[0m[1mmodule.rds.aws_db_instance.db_insta: Still creating... [4m20s elapsed][0m[0m
[0m[1mmodule.eks.aws_eks_cluster.this: Still creating... [4m20s elapsed][0m[0m
[0m[1mmodule.rds.aws_db_instance.db_insta: Still creating... [4m30s elapsed][0m[0m
[0m[1mmodule.eks.aws_eks_cluster.this: Still creating... [4m30s elapsed][0m[0m
[0m[1mmodule.rds.aws_db_instance.db_insta: Still creating... [4m40s elapsed][0m[0m
[0m[1mmodule.eks.aws_eks_cluster.this: Still creating... [4m40s elapsed][0m[0m
[0m[1mmodule.rds.aws_db_instance.db_insta: Still creating... [4m50s elapsed][0m[0m
[0m[1mmodule.eks.aws_eks_cluster.this: Still creating... [4m50s elapsed][0m[0m
[0m[1mmodule.rds.aws_db_instance.db_insta: Still creating... [5m0s elapsed][0m[0m
[0m[1mmodule.eks.aws_eks_cluster.this: Still creating... [5m0s elapsed][0m[0m
[0m[1mmodule.rds.aws_db_instance.db_insta: Still creating... [5m10s elapsed][0m[0m
[0m[1mmodule.eks.aws_eks_cluster.this: Still creating... [5m10s elapsed][0m[0m
[0m[1mmodule.rds.aws_db_instance.db_insta: Still creating... [5m20s elapsed][0m[0m
[0m[1mmodule.eks.aws_eks_cluster.this: Still creating... [5m20s elapsed][0m[0m
[0m[1mmodule.rds.aws_db_instance.db_insta: Still creating... [5m30s elapsed][0m[0m
[0m[1mmodule.eks.aws_eks_cluster.this: Still creating... [5m30s elapsed][0m[0m
[0m[1mmodule.rds.aws_db_instance.db_insta: Still creating... [5m40s elapsed][0m[0m
[0m[1mmodule.eks.aws_eks_cluster.this: Still creating... [5m40s elapsed][0m[0m
[0m[1mmodule.rds.aws_db_instance.db_insta: Still creating... [5m50s elapsed][0m[0m
[0m[1mmodule.eks.aws_eks_cluster.this: Still creating... [5m50s elapsed][0m[0m
[0m[1mmodule.rds.aws_db_instance.db_insta: Still creating... [6m0s elapsed][0m[0m
[0m[1mmodule.eks.aws_eks_cluster.this: Still creating... [6m0s elapsed][0m[0m
[0m[1mmodule.rds.aws_db_instance.db_insta: Still creating... [6m10s elapsed][0m[0m
[0m[1mmodule.eks.aws_eks_cluster.this: Still creating... [6m10s elapsed][0m[0m
[0m[1mmodule.rds.aws_db_instance.db_insta: Still creating... [6m20s elapsed][0m[0m
[0m[1mmodule.eks.aws_eks_cluster.this: Still creating... [6m20s elapsed][0m[0m
[0m[1mmodule.rds.aws_db_instance.db_insta: Still creating... [6m30s elapsed][0m[0m
[0m[1mmodule.eks.aws_eks_cluster.this: Still creating... [6m30s elapsed][0m[0m
[0m[1mmodule.rds.aws_db_instance.db_insta: Still creating... [6m40s elapsed][0m[0m
[0m[1mmodule.eks.aws_eks_cluster.this: Still creating... [6m40s elapsed][0m[0m
[0m[1mmodule.rds.aws_db_instance.db_insta: Still creating... [6m50s elapsed][0m[0m
[0m[1mmodule.eks.aws_eks_cluster.this: Still creating... [6m50s elapsed][0m[0m
[0m[1mmodule.rds.aws_db_instance.db_insta: Still creating... [7m0s elapsed][0m[0m
[0m[1mmodule.eks.aws_eks_cluster.this: Still creating... [7m0s elapsed][0m[0m
[0m[1mmodule.rds.aws_db_instance.db_insta: Still creating... [7m10s elapsed][0m[0m
[0m[1mmodule.eks.aws_eks_cluster.this: Still creating... [7m10s elapsed][0m[0m
[0m[1mmodule.rds.aws_db_instance.db_insta: Still creating... [7m20s elapsed][0m[0m
[0m[1mmodule.eks.aws_eks_cluster.this: Still creating... [7m20s elapsed][0m[0m
[0m[1mmodule.rds.aws_db_instance.db_insta: Still creating... [7m30s elapsed][0m[0m
[0m[1mmodule.eks.aws_eks_cluster.this: Still creating... [7m30s elapsed][0m[0m
[0m[1mmodule.rds.aws_db_instance.db_insta: Still creating... [7m40s elapsed][0m[0m
[0m[1mmodule.eks.aws_eks_cluster.this: Still creating... [7m40s elapsed][0m[0m
[0m[1mmodule.rds.aws_db_instance.db_insta: Still creating... [7m50s elapsed][0m[0m
[0m[1mmodule.eks.aws_eks_cluster.this: Still creating... [7m50s elapsed][0m[0m
[0m[1mmodule.rds.aws_db_instance.db_insta: Still creating... [8m0s elapsed][0m[0m
[0m[1mmodule.eks.aws_eks_cluster.this: Still creating... [8m0s elapsed][0m[0m
[0m[1mmodule.rds.aws_db_instance.db_insta: Still creating... [8m10s elapsed][0m[0m
[0m[1mmodule.eks.aws_eks_cluster.this: Still creating... [8m10s elapsed][0m[0m
[0m[1mmodule.rds.aws_db_instance.db_insta: Still creating... [8m20s elapsed][0m[0m
[0m[1mmodule.eks.aws_eks_cluster.this: Still creating... [8m20s elapsed][0m[0m
[0m[1mmodule.rds.aws_db_instance.db_insta: Still creating... [8m30s elapsed][0m[0m
[0m[1mmodule.eks.aws_eks_cluster.this: Still creating... [8m30s elapsed][0m[0m
[0m[1mmodule.rds.aws_db_instance.db_insta: Still creating... [8m40s elapsed][0m[0m
[0m[1mmodule.eks.aws_eks_cluster.this: Still creating... [8m40s elapsed][0m[0m
[0m[1mmodule.rds.aws_db_instance.db_insta: Still creating... [8m50s elapsed][0m[0m
[0m[1mmodule.eks.aws_eks_cluster.this: Still creating... [8m50s elapsed][0m[0m
[0m[1mmodule.rds.aws_db_instance.db_insta: Still creating... [9m0s elapsed][0m[0m
[0m[1mmodule.eks.aws_eks_cluster.this: Still creating... [9m0s elapsed][0m[0m
[0m[1mmodule.rds.aws_db_instance.db_insta: Still creating... [9m10s elapsed][0m[0m
[0m[1mmodule.eks.aws_eks_cluster.this: Still creating... [9m10s elapsed][0m[0m
[0m[1mmodule.rds.aws_db_instance.db_insta: Still creating... [9m20s elapsed][0m[0m
[0m[1mmodule.eks.aws_eks_cluster.this: Still creating... [9m20s elapsed][0m[0m
[0m[1mmodule.rds.aws_db_instance.db_insta: Still creating... [9m30s elapsed][0m[0m
[0m[1mmodule.eks.aws_eks_cluster.this: Still creating... [9m30s elapsed][0m[0m
[0m[1mmodule.rds.aws_db_instance.db_insta: Still creating... [9m40s elapsed][0m[0m
[0m[1mmodule.eks.aws_eks_cluster.this: Still creating... [9m40s elapsed][0m[0m
[0m[1mmodule.rds.aws_db_instance.db_insta: Still creating... [9m50s elapsed][0m[0m
[0m[1mmodule.eks.aws_eks_cluster.this: Creation complete after 9m43s [id=my-eks-cluster][0m
[0m[1mmodule.eks.aws_eks_node_group.this: Creating...[0m[0m
[0m[1mmodule.rds.aws_db_instance.db_insta: Still creating... [10m0s elapsed][0m[0m
[0m[1mmodule.eks.aws_eks_node_group.this: Still creating... [10s elapsed][0m[0m
[0m[1mmodule.rds.aws_db_instance.db_insta: Still creating... [10m10s elapsed][0m[0m
[0m[1mmodule.eks.aws_eks_node_group.this: Still creating... [20s elapsed][0m[0m
[0m[1mmodule.rds.aws_db_instance.db_insta: Still creating... [10m20s elapsed][0m[0m
[0m[1mmodule.eks.aws_eks_node_group.this: Still creating... [30s elapsed][0m[0m
[0m[1mmodule.rds.aws_db_instance.db_insta: Still creating... [10m30s elapsed][0m[0m
[0m[1mmodule.eks.aws_eks_node_group.this: Still creating... [40s elapsed][0m[0m
[0m[1mmodule.rds.aws_db_instance.db_insta: Still creating... [10m40s elapsed][0m[0m
[0m[1mmodule.eks.aws_eks_node_group.this: Still creating... [50s elapsed][0m[0m
[0m[1mmodule.rds.aws_db_instance.db_insta: Still creating... [10m50s elapsed][0m[0m
[0m[1mmodule.eks.aws_eks_node_group.this: Still creating... [1m0s elapsed][0m[0m
[0m[1mmodule.rds.aws_db_instance.db_insta: Still creating... [11m0s elapsed][0m[0m
[0m[1mmodule.eks.aws_eks_node_group.this: Still creating... [1m10s elapsed][0m[0m
[0m[1mmodule.rds.aws_db_instance.db_insta: Still creating... [11m10s elapsed][0m[0m
[0m[1mmodule.eks.aws_eks_node_group.this: Still creating... [1m20s elapsed][0m[0m
[0m[1mmodule.rds.aws_db_instance.db_insta: Still creating... [11m20s elapsed][0m[0m
[0m[1mmodule.eks.aws_eks_node_group.this: Still creating... [1m30s elapsed][0m[0m
[0m[1mmodule.rds.aws_db_instance.db_insta: Still creating... [11m30s elapsed][0m[0m
[0m[1mmodule.eks.aws_eks_node_group.this: Still creating... [1m40s elapsed][0m[0m
[0m[1mmodule.eks.aws_eks_node_group.this: Creation complete after 1m46s [id=my-eks-cluster:my-eks-node-group][0m
[0m[1mmodule.load_balancer.module.iam.aws_iam_policy.elb_policy: Creating...[0m[0m
[0m[1mmodule.load_balancer.module.iam.aws_iam_role.elb_role: Creating...[0m[0m
[0m[1mmodule.load_balancer.module.iam.aws_iam_role.eks_node_group_role: Creating...[0m[0m
[0m[1mmodule.load_balancer.module.iam.aws_iam_role.eks_cluster_role: Creating...[0m[0m
[0m[1mmodule.load_balancer.aws_elb.this: Creating...[0m[0m
[0m[1mmodule.load_balancer.module.iam.aws_iam_policy.elb_policy: Creation complete after 0s [id=arn:aws:iam::266735819819:policy/ELBManagementPolicy-2024102521340826320000000f][0m
[0m[1mmodule.load_balancer.module.iam.aws_iam_role.eks_cluster_role: Creation complete after 0s [id=eks-cluster-role-20241025213408268600000011][0m
[0m[1mmodule.load_balancer.module.iam.aws_iam_role_policy_attachment.eks_cluster_policy: Creating...[0m[0m
[0m[1mmodule.load_balancer.module.iam.aws_iam_role.elb_role: Creation complete after 0s [id=ELBManagementRole-20241025213408267300000010][0m
[0m[1mmodule.load_balancer.module.iam.aws_iam_role_policy_attachment.elb_attachment: Creating...[0m[0m
[0m[1mmodule.load_balancer.module.iam.aws_iam_role.eks_node_group_role: Creation complete after 1s [id=eks-node-group-role-20241025213408269800000012][0m
[0m[1mmodule.load_balancer.module.iam.aws_iam_role_policy_attachment.ecr_read_only: Creating...[0m[0m
[0m[1mmodule.load_balancer.module.iam.aws_iam_role_policy_attachment.eks_cni_policy: Creating...[0m[0m
[0m[1mmodule.load_balancer.module.iam.aws_iam_role_policy_attachment.eks_worker_node_policy: Creating...[0m[0m
[0m[1mmodule.load_balancer.module.iam.aws_iam_role_policy_attachment.eks_cluster_policy: Creation complete after 1s [id=eks-cluster-role-20241025213408268600000011-20241025213408498500000013][0m
[0m[1mmodule.load_balancer.module.iam.aws_iam_role_policy_attachment.ecr_read_only: Creation complete after 0s [id=eks-node-group-role-20241025213408269800000012-20241025213408582300000015][0m
[0m[1mmodule.load_balancer.module.iam.aws_iam_role_policy_attachment.eks_worker_node_policy: Creation complete after 0s [id=eks-node-group-role-20241025213408269800000012-20241025213408590700000016][0m
[0m[1mmodule.load_balancer.module.iam.aws_iam_role_policy_attachment.elb_attachment: Creation complete after 1s [id=ELBManagementRole-20241025213408267300000010-20241025213408579400000014][0m
[0m[1mmodule.load_balancer.module.iam.aws_iam_role_policy_attachment.eks_cni_policy: Creation complete after 0s [id=eks-node-group-role-20241025213408269800000012-20241025213408631300000017][0m
[0m[1mmodule.rds.aws_db_instance.db_insta: Still creating... [11m40s elapsed][0m[0m
[0m[1mmodule.load_balancer.aws_elb.this: Creation complete after 10s [id=my-load-balancer][0m
[0m[1mmodule.rds.aws_db_instance.db_insta: Still creating... [11m50s elapsed][0m[0m
[0m[1mmodule.rds.aws_db_instance.db_insta: Still creating... [12m0s elapsed][0m[0m
[0m[1mmodule.rds.aws_db_instance.db_insta: Still creating... [12m10s elapsed][0m[0m
[0m[1mmodule.rds.aws_db_instance.db_insta: Still creating... [12m20s elapsed][0m[0m
[0m[1mmodule.rds.aws_db_instance.db_insta: Still creating... [12m30s elapsed][0m[0m
[0m[1mmodule.rds.aws_db_instance.db_insta: Still creating... [12m40s elapsed][0m[0m
[0m[1mmodule.rds.aws_db_instance.db_insta: Still creating... [12m50s elapsed][0m[0m
[0m[1mmodule.rds.aws_db_instance.db_insta: Still creating... [13m0s elapsed][0m[0m
[0m[1mmodule.rds.aws_db_instance.db_insta: Still creating... [13m10s elapsed][0m[0m
[0m[1mmodule.rds.aws_db_instance.db_insta: Still creating... [13m20s elapsed][0m[0m
[0m[1mmodule.rds.aws_db_instance.db_insta: Creation complete after 13m21s [id=db-YQPPVKN6EEDAMVN46RJWYRJQKI][0m
[0m[1m[32m
Apply complete! Resources: 41 added, 0 changed, 0 destroyed.
[0m[0m[1m[32m
Outputs:

[0meks_cluster_name = "my-eks-cluster"
public_subnet_ids = [
  "subnet-0b79a7a210821256f",
  "subnet-08daa7427eb101998",
]
rds_endpoint = "statuspage.ch0qwscg4fi5.us-east-1.rds.amazonaws.com:5432"
vpc_id = "vpc-069859115bb1470b6"
[8mha:////4Cr58isIN+5xHhN+dzkxfJwWHwf6hNE239oXfZPdR8S7AAAApR+LCAAAAAAAAABtjTEOwjAQBC9BFLSUPOIiIRqEqNJabniBiY1xYt0Z2yGpeBFf4w8EIlGxxWpnm3m+YJkiHDlabA11jlLjMPjeTgsHjt3F84Atn7FhSuwNSjNI1qaeUXI2MKcoYSFgZajxnBzZDGvRqruqvCJbnXKcvoOA0ukbPKAQkzmrmL8wRthce52Yfp6/AhhDyFDu9p/avgG/TKTwvgAAAA==[0m[Pipeline] }
[8mha:////4O9kCRCr06LM7pYfE0WbxEGQoEtd0cphNTa1y7OQjbd9AAAApR+LCAAAAAAAAABtjTEOwjAQBC9BFLSUPOICElQoFa3lhheYxBgn1l2wHZyKF/E1/oBFJCq2WO1sM683LIOHmr3BTlNvKTQWBzeavDCx76+OE3Z8wYYpsNModZLc6tOMkqOGOUUJCwErTY3jYMlEWItOPVTlFJnqHH3+jgJK297hCYXI5qh8/MLkYXMb28D08/wVwDQMEcrDNtd+9wF5R9XovgAAAA==[0m[Pipeline] // dir
[8mha:////4LTMmiKQK/UyFqcjAGdWHYNwMwAaCuToNw3v8T4PhF84AAAApR+LCAAAAAAAAABtjTEOwjAQBC9BFLSUPOICElQoFa3lhheYxBgn1l2wHZyKF/E1/oBFJCq2WO1sM683LIOHmr3BTlNvKTQWBzeavDCx76+OE3Z8wYYpsNModZLc6tOMkqOGOUUJCwErTY3jYMlEWItOPVTlFJnqHH3+jgJK297hCYXI5qh8/MLkYXMb28D08/wVwDQMEcrDLtd++wFKpI5UvgAAAA==[0m[Pipeline] }
[8mha:////4AWiSEIo2g91i2jfu9qNRERODAPdEydWVS28bsXvKtNnAAAAph+LCAAAAAAAAABtjTEOwjAQBC9BFLSUPOIigSgQSkVrueEFJjHGiXUXbAen4kV8jT9gEYmKLVY728zrDcvgoWZvsNPUWwqNxcGNJi9M7Pur44QdX7BhCuw0Sp0kt/o0o+SoYU5RwkLASlPjOFgyEdaiUw9VOUWmOkefv6OA0rZ3eEIhsjkqH78wedjcxjYw/Tx/BTANQ4Ryv821O3wAh/iH5L4AAAA=[0m[Pipeline] // withCredentials
[8mha:////4Pvo5yclxQrnbF5qvic3M6d8OqPquqbKF4xDyoPK6DhuAAAAph+LCAAAAAAAAABtjTEOwjAQBC9BFLSUPOJSREhIiCqtlYYXmNgYJ9adsR2SihfxNf6ARSQqtljtbDOvN6xjgBMHg72mwVLsLHo3mrxw4jBcHU/Y8wU7pshOY6unlpVuFmw5aVhSlLASsNHUOY6WTIKt6OVDVk6Sqc4p5O8ooLTqDk8oRDYnGdIX5gC726gi08/zVwCz9wnKfZ2rPnwAtBvcWL4AAAA=[0m[Pipeline] }
[8mha:////4JdVnw9V7QemP1PaVD2usxwitpa8/XvAuB95RY1GQE9lAAAApR+LCAAAAAAAAABtjTEOwjAQBC9BFLSUPOJSAKJAqWgtN7zAJMY4se6C7eBUvIiv8QcsIlGxxWpnm3m9YRk81OwNdpp6S6GxOLjR5IWJfX91nLDjCzZMgZ1GqZPkVp9mlBw1zClKWAhYaWocB0smwlp06qEqp8hU5+jzdxRQ2vYOTyhENkfl4xcmD5vb2Aamn+evAKZhiFDud7m2hw+dNmbVvgAAAA==[0m[Pipeline] // stage
[8mha:////4L8MvmZS199AN1asKqoKNv8OFovV7I3z4C/WxGNBEsQOAAAAph+LCAAAAAAAAABtjTEOwjAQBC9BKWgpeYRThQZR0VpueIGJjXFi3QX7QlLxIr7GHzBEomKrnZVW83xBlSIcKDrRWew9ptaLIYwuNzFR7C+BJtHRWbSEiYIVyk6KjD0uqIgtLClKWElYW2wDJY+OYSM7fdd10OjqE8e87SWU3tzgAYXMZtaRvzBH2F5Hkwh/nr8CmAeGYsdQNs3nWL0B1+jErcEAAAA=[0m[Pipeline] stage
[8mha:////4DZtPtLX2lMeLfUOiEvEVHJYEKCBMoEvkDTfYCGtq7yFAAAAph+LCAAAAAAAAABtjTEOwjAUQ3+LOrAycoh0KgtiYo2ycILQhJA0+r9NUtKJE3E17kBLJSY8WLYl673eUMUAJwqGOY2dxdha1vvRzIllCt3NU2aOrqwljOQ1EzoLUvq8VkFJw6qihA2HrcbWU7RoEuy4kw9Ze4mmvqQwb0cOpVUDPKHgMznJkL5lCrC/jyoS/jh/ATD1CcqmWeywPKsPlyKrR8IAAAA=[0m[Pipeline] { (Save Terraform State to Git)
[8mha:////4JkzCQRfBv/9EkCYIXFYa0CHEgQ7QDmgsf3IwXd0cpr+AAAApx+LCAAAAAAAAABtjTEOwjAUQ3+LOrAycoh0AgbE1DXKwglCE0La6P/yk9JOnIircQdaKjHhwbItWe/1hiIynIidaCy2HmPtRRd6NyUxELfXQINo6CJqwkjBCmUHRcZWS1WULCzKclhJWFusA0WPLsFGNvqhy6DRlefE03aUkHtzhydkciInzelbRobtrTeR8Mf5C4CxS5Dv9rMd5mfxATOXFRXCAAAA[0m[Pipeline] dir
Running in /var/lib/jenkins/workspace/Terraform-Pipeline/final-project-terraform
[8mha:////4Gr5zaWcpW5JCW5+Nl8KJwDoAuXPML5D5ubP61L1Zd+6AAAApx+LCAAAAAAAAABtjTEOwjAUQ3+LOrAycoh0QiAhpq5RFk4QmhDSRv+Xn5R24kRcjTvQUokJD5ZtyXqvNxSR4UTsRGOx9RhrL7rQuymJgbi9BhpEQxdRE0YKVig7KDK2WqqiZGFRlsNKwtpiHSh6dAk2stEPXQaNrjwnnrajhNybOzwhkxM5aU7fMjJsb72JhD/OXwCMXYJ8t5/tMD+LDyb6zSXCAAAA[0m[Pipeline] {
[8mha:////4NgbP4/bO8tUSL3dX00cbkZtH7OO5s9YxeLr8U+psxMHAAAApx+LCAAAAAAAAABtjTEOwjAUQ3+LOrAycoh0QgIhpq5RFk4QmhDSRv+Xn5R24kRcjTvQUokJD5ZtyXqvNxSR4UTsRGOx9RhrL7rQuymJgbi9BhpEQxdRE0YKVig7KDK2WqqiZGFRlsNKwtpiHSh6dAk2stEPXQaNrjwnnrajhNybOzwhkxM5aU7fMjJsb72JhD/OXwCMXYJ8t5/tMD+LD0XdaX3CAAAA[0m[Pipeline] script
[8mha:////4BizsURxTN6LxbXRTWUJuIi/4t/8gf8mRum6zuY8sMzoAAAAqB+LCAAAAAAAAABtjTEOwjAUQ3+LOrAycoiUBSSEOrFGXThBaEJIGv1fkpR04kRcjTsQqMSEB8u2ZL3nC6rgoSGvmVXYGwydYYMbdU4ske8vjhKzdGYdYSCnWKtSS1Id59pSVDCrKGHBYamwcxQM6ggrbsVd1E6grk/R5+3AoTTyBg8oeCZH4eO3TB7W11EGwh/nLwCmIUK53WfbbT7P6g3QSQCqwgAAAA==[0m[Pipeline] {
[8mha:////4J3Mhrk947N3SiRFU3bmUBuMc/PSAM/9zi+xcOmZ1kBiAAAApB+LCAAAAAAAAABtjTEOwjAQBC9BFLSUPOICDQ2iSmu54QUmNsaJdWdsh6TiRXyNPxCIRMUWq51t5vmCZYpw5GixNdQ5So3D4Hs7LRw4dhfPA7Z8xoYpsTcozSBZm3pGydnAnKKEhYCVocZzcmQzrEWr7qryimx1ynH6DgJKp2/wgEJM5qxi/sIYYXPtdWL6ef4KYAwZyv32U7vwBk5Fu7e+AAAA[0m[Pipeline] echo
Saving Terraform state file to Git...
[8mha:////4FDgyXOhCqvSogSamxei7aB2Gjc8mQetkfXx8O0ummVLAAAApB+LCAAAAAAAAABtjTEOwjAQBC9BFLSUPOKCKGgQVVrLDS8wsTFOrDtjOyQVL+Jr/IFAJCq2WO1sM88XLFOEI0eLraHOUWocBt/baeHAsbt4HrDlMzZMib1BaQbJ2tQzSs4G5hQlLASsDDWekyObYS1adVeVV2SrU47TdxBQOn2DBxRiMmcV8xfGCJtrrxPTz/NXAGMIGcr97lPbN/uuxNG+AAAA[0m[Pipeline] }
[8mha:////4LeRn63F1kK8aqsXs3NMw5OvyYFhHF6v9IQN5TVctStvAAAAph+LCAAAAAAAAABtjTEOwjAQBC9BFLSUPOJSIJAQSkVrueEFJjHGiXUXbAen4kV8jT9gEYmKLVY728zrDcvgoWZvsNPUWwqNxcGNJi9M7Pur44QdX7BhCuw0Sp0kt/o0o+SoYU5RwkLASlPjOFgyEdaiUw9VOUWmOkefv6OA0rZ3eEIhsjkqH78wedjcxjYw/Tx/BTANQ4Ryv821O3wAOZZpSL4AAAA=[0m[Pipeline] // script
[8mha:////4GLMq6mCtyHoHBrXqGccngzPTckTrU9m2suPBFuXfSv8AAAAqB+LCAAAAAAAAABtjTEOwjAUQ3+LOrAycoh0AYSEOrFGXThBaEJIGv1fkpR04kRcjTsQqMSEB8u2ZL3nC6rgoSGvmVXYGwydYYMbdU4ske8vjhKzdGYdYSCnWKtSS1Id59pSVDCrKGHBYamwcxQM6ggrbsVd1E6grk/R5+3AoTTyBg8oeCZH4eO3TB7W11EGwh/nLwCmIUK53WfbbT7P6g0G1B/wwgAAAA==[0m[Pipeline] sshagent
[ssh-agent] Using credentials git (GitHub SSH Key for Jenkins)
$ ssh-agent
SSH_AUTH_SOCK=/tmp/ssh-XXXXXX4OQvGa/agent.3849
SSH_AGENT_PID=3854
Running ssh-add (command line suppressed)
Identity added: /var/lib/jenkins/workspace/Terraform-Pipeline/final-project-terraform@tmp/private_key_4936893940893114382.key (jenkins@example.com)
[ssh-agent] Started.
[8mha:////4HUU2Fmu8pz71cV+h5XM2bq7rCYtxQnPfRIEil0I/LdkAAAApx+LCAAAAAAAAABtjTEOwjAUQ3+LOrAycoh0ARbE1DXKwglCE0La6P/yk9JOnIircQdaKjHhwbItWe/1hiIynIidaCy2HmPtRRd6NyUxELfXQINo6CJqwkjBCmUHRcZWS1WULCzKclhJWFusA0WPLsFGNvqhy6DRlefE03aUkHtzhydkciInzelbRobtrTeR8Mf5C4CxS5AfdrPt52fxAZRHx0bCAAAA[0m[Pipeline] {
[8mha:////4KzaXELzopVEZA6IfH9ZK6asfy3/u3f0kyracR/CS5reAAAAox+LCAAAAAAAAABtjTEOwjAQBC9BFLSUPOJSkQZR0VppeIFJjLFj3Tm2g1PxIr7GHwhEomKL1c4283zBOgY4ctBoFfWGYmvQu1HPCzOH/uo4o+ULtkyRncJG5YY7dVqw4aRgSVHCSsBGUes4GtIJtsLKu6ycJF2dU5i/g4DSdAM8oBCzOcmQvjAF2N3GLjL9PH8FMPkEZb3/VO3fLvzCqr4AAAA=[0m[Pipeline] sh
+ git config --global user.email jenkins@example.com
+ git config --global user.name Jenkins CI
+ git add terraform.tfstate
+ git commit -m Update Terraform state
[main e174bf3] Update Terraform state
 1 file changed, 1950 insertions(+)
 create mode 100644 final-project-terraform/terraform.tfstate
+ git push origin main
To github.com:yair232/status-page.git
   2761489..e174bf3  main -> main
[8mha:////4DPb5gMyDVQyLCC6UisWN+Pm84Wqq5eprFRG3xSOGR/vAAAApB+LCAAAAAAAAABtjTEOwjAQBC9BFLSUPOJSAQWiSmu54QUmNsaJdWdsh6TiRXyNPxCIRMUWq51t5vmCZYpw5GixNdQ5So3D4Hs7LRw4dhfPA7Z8xoYpsTcozSBZm3pGydnAnKKEhYCVocZzcmQzrEWr7qryimx1ynH6DgJKp2/wgEJM5qxi/sIYYXPtdWL6ef4KYAwhQ7nbf2r7BsfLY/G+AAAA[0m[Pipeline] }
$ ssh-agent -k
unset SSH_AUTH_SOCK;
unset SSH_AGENT_PID;
echo Agent pid 3854 killed;
[ssh-agent] Stopped.
[8mha:////4AGeeIEelQ22vIWI8hunIX22qhMa55bdJGq+Qh2cQEH8AAAApR+LCAAAAAAAAABtjTEOwjAQBC9BFLSUPOLSIISEqNJabniBiY1xYt0Z2yGpeBFf4w8EIlGxxWpnm3m+YJkiHDlabA11jlLjMPjeTgsHjt3F84Atn7FhSuwNSjNI1qaeUXI2MKcoYSFgZajxnBzZDGvRqruqvCJbnXKcvoOA0ukbPKAQkzmrmL8wRthce52Yfp6/AhhDyFDu9p/avgGESTJ3vgAAAA==[0m[Pipeline] // sshagent
[8mha:////4DShfD9g6WSaIUzFsj/0e/EoQOErAlCsE2/jwoV5cqvhAAAApR+LCAAAAAAAAABtjTEOwjAQBC9BFLSUPOJSgUAoFa3lhheYxBgn1l2wHZyKF/E1/oBFJCq2WO1sM683LIOHmr3BTlNvKTQWBzeavDCx76+OE3Z8wYYpsNModZLc6tOMkqOGOUUJCwErTY3jYMlEWItOPVTlFJnqHH3+jgJK297hCYXI5qh8/MLkYXMb28D08/wVwDQMEcrdIdd2/wHJhfWevgAAAA==[0m[Pipeline] }
[8mha:////4PHKZjw8e1Xglqmf7hqoAnU/xYSlBuLvWoAx6sJBmxZTAAAApR+LCAAAAAAAAABtjTEOwjAQBC9BFLSUPOJCg1IgqrRWGl5gYmOcWHfGdkgqXsTX+AMWkajYYrWzzbzesI4BThwM9poGS7Gz6N1o8sKJw3B1PGHPF+yYIjuNrZ5aVrpZsOWkYUlRwkrARlPnOFoyCbailw9ZOUmmOqeQv6OA0qo7PKEQ2ZxkSF+YA+xuo4pMP89fAczeJyjrfa5D/QEkwjKPvgAAAA==[0m[Pipeline] // dir
[8mha:////4CD7ZSazqEW1FJBNyEk+g473QLGFg8a0ByJlJ2ZpeAmMAAAApR+LCAAAAAAAAABtjTEOwjAQBC9BFLSUPOIiCqBAqWgtN7zAJMY4se6C7eBUvIiv8QcsIlGxxWpnm3m9YRk81OwNdpp6S6GxOLjR5IWJfX91nLDjCzZMgZ1GqZPkVp9mlBw1zClKWAhYaWocB0smwlp06qEqp8hU5+jzdxRQ2vYOTyhENkfl4xcmD5vb2Aamn+evAKZhiFAetrl2+w8XIWkzvgAAAA==[0m[Pipeline] }
[8mha:////4E/uYWWNTwdrojzDvBWFqUICUdA9ikAWNfIAVSKi2zM8AAAAph+LCAAAAAAAAABtjTEOwjAQBC9BFLSUPMKRkCIKRJXWSsMLTHwYJ9adsR2SihfxNf6ARSQqtljtbDOvN6xjgBMHI3qkwVLsrPBuNHmJicNwdTyJni+iY4rsULQ4tayxWbDlhLCkKGElYYPUOY6WTIKt7NVDVU6Rqc4p5O8oobT6Dk8oZDYnFdIX5gC726gj08/zVwCz9wnKwz5XXX8AAwL0LL4AAAA=[0m[Pipeline] // stage
[8mha:////4OJPd93eNDaU12cGN/SuqFW8kPQPlZZbn0wunWNE0POpAAAApx+LCAAAAAAAAABtjTEOwjAQBM9BKWgpeYRTIEGBqGgtN7zAxMY4se6CfSGpeBFf4w8EIlGx1c5Kq3m+oMwJDpS8bBy2AXMdZBd7PzU5UGovkQbZ0FnWhJmik9oNmqw7zqiJHcwRBSwULB3WkXJAz7BSjbmbKhr01YnTtO0VFMHe4AFCTWY2ib8wJlhfe5sJf56/Ahg7BrFlKHabz7F8A+MaAuzBAAAA[0m[Pipeline] stage
[8mha:////4L33MrjcZ6ufwsB8dUuF2OC0HX7Dn4y9ctorivFqMbE2AAAAqB+LCAAAAAAAAABtjTEOwjAUQ3+LOrAycoh0AIkBMXWNsnCC0ISQNvq//KS0EyfiatyBlkpMeLBsS9Z7vaGIDCdiJxqLrcdYe9GF3k1JDMTtNdAgGrqImjBSsELZQZGx1VIVJQuLshxWEtYW60DRo0uwkY1+6DJodOU58bQdJeTe3OEJmZzISXP6lpFhe+tNJPxx/gJg7BLkh91s+/lZfABpxnKZwgAAAA==[0m[Pipeline] { (Build Docker Image)
[8mha:////4HF2cRgERli2KzTIdV9ayCx6cUJsffIsTcuNYC3zatARAAAApx+LCAAAAAAAAABtjTEOwjAUQ3+LOrAycoh0ATEgpq5RFk4QmhDSRv+Xn5R24kRcjTvQUokJD5ZtyXqvNxSR4UTsRGOx9RhrL7rQuymJgbi9BhpEQxdRE0YKVig7KDK2WqqiZGFRlsNKwtpiHSh6dAk2stEPXQaNrjwnnrajhNybOzwhkxM5aU7fMjJsb72JhD/OXwCMXYL8sJttPz+LD08AFXvCAAAA[0m[Pipeline] script
[8mha:////4AVMubRqdsvsUag8mYuXYW7z18xC5XMlNKNwvfifjdzWAAAApx+LCAAAAAAAAABtjTEOwjAUQ3+LOrAycoh0AgbE1DXKwglCE0La6P/yk9JOnIircQdaKjHhwbItWe/1hiIynIidaCy2HmPtRRd6NyUxELfXQINo6CJqwkjBCmUHRcZWS1WULCzKclhJWFusA0WPLsFGNvqhy6DRlefE03aUkHtzhydkciInzelbRobtrTeR8Mf5C4CxS5AfdrPt52fxASGtDzzCAAAA[0m[Pipeline] {
[8mha:////4HyykZ1DN6hgO6OnPDUVrOppAIW2PWpie8J+aiB8Pf53AAAAox+LCAAAAAAAAABtjTEOwjAQBC9BFLSUPOLSkQJR0VppeIFJjLFj3Tm2g1PxIr7GHwhEomKL1c4283zBOgY4ctBoFfWGYmvQu1HPCzOH/uo4o+ULtkyRncJG5YY7dVqw4aRgSVHCSsBGUes4GtIJtsLKu6ycJF2dU5i/g4DSdAM8oBCzOcmQvjAF2N3GLjL9PH8FMPkEZb3/VO3fW71ZT74AAAA=[0m[Pipeline] echo
Building Docker image from the Dockerfile...
[8mha:////4G0CO6hw0yEkBEYNUJMsvTDL47Cy23aSiL4tx0REtsUSAAAApB+LCAAAAAAAAABtjTEOwjAQBC9BFLSUPOLSARKiSmu54QUmNsaJdWdsh6TiRXyNPxCIRMUWq51t5vmCZYpw5GixNdQ5So3D4Hs7LRw4dhfPA7Z8xoYpsTcozSBZm3pGydnAnKKEhYCVocZzcmQzrEWr7qryimx1ynH6DgJKp2/wgEJM5qxi/sIYYXPtdWL6ef4KYAwhQ7nbf2r7Bl0SUCa+AAAA[0m[Pipeline] }
[8mha:////4ELZwUgWPCLlfbkmcss+Zacy9RqXYObVkG/ii5UMMEIWAAAApB+LCAAAAAAAAABtjTEOwjAQBC9BFLSUPOJSIYQQVVrLDS8wsTFOrDtjOyQVL+Jr/IFAJCq2WO1sM88XLFOEI0eLraHOUWocBt/baeHAsbt4HrDlMzZMib1BaQbJ2tQzSs4G5hQlLASsDDWekyObYS1adVeVV2SrU47TdxBQOn2DBxRiMmcV8xfGCJtrrxPTz/NXAGMIGcrd/lPbN0KQBXS+AAAA[0m[Pipeline] // script
[8mha:////4FFk1eaLsiIb0vqJOehI8ZzKIPeal2UQHe4Zts8KLSkLAAAAph+LCAAAAAAAAABtjTEOwjAQBC9BFLSUPOJCgQQSSkVrueEFJjHGiXUXbAen4kV8jT9gEYmKLVY728zrDcvgoWZvsNPUWwqNxcGNJi9M7Pur44QdX7BhCuw0Sp0kt/o0o+SoYU5RwkLASlPjOFgyEdaiUw9VOUWmOkefv6OA0rZ3eEIhsjkqH78wedjcxjYw/Tx/BTANEcr9LtdhO3wAiH3bnL4AAAA=[0m[Pipeline] sh
+ docker build -t rontz/status-page:latest .
DEPRECATED: The legacy builder is deprecated and will be removed in a future release.
            Install the buildx component to build images with BuildKit:
            https://docs.docker.com/go/buildx/

Sending build context to Docker daemon  104.8MB
Step 1/11 : FROM python:3.10-slim
 ---> 467b0be1afa5
Step 2/11 : ENV PYTHONDONTWRITEBYTECODE=1
 ---> Using cache
 ---> f8123eba2f79
Step 3/11 : ENV PYTHONUNBUFFERED=1
 ---> Using cache
 ---> e7af08fec79e
Step 4/11 : WORKDIR /opt
 ---> Using cache
 ---> ad7f4e35bc92
Step 5/11 : COPY . /opt/status-page
 ---> ad23ec5bee53
Step 6/11 : RUN chmod +x /opt/status-page/upgrade.sh
 ---> Running in 657bb16f0261
Removing intermediate container 657bb16f0261
 ---> 75e81977a329
Step 7/11 : RUN pip install --upgrade pip
 ---> Running in 47464cee19a3
Requirement already satisfied: pip in /usr/local/lib/python3.10/site-packages (23.0.1)
Collecting pip
  Downloading pip-24.2-py3-none-any.whl (1.8 MB)
     ━━━━━━━━━━━━━━━━━━━━━━━━━━━━━━━━━━━━━━━━ 1.8/1.8 MB 28.9 MB/s eta 0:00:00
Installing collected packages: pip
  Attempting uninstall: pip
    Found existing installation: pip 23.0.1
    Uninstalling pip-23.0.1:
      Successfully uninstalled pip-23.0.1
Successfully installed pip-24.2
[91mWARNING: Running pip as the 'root' user can result in broken permissions and conflicting behaviour with the system package manager. It is recommended to use a virtual environment instead: https://pip.pypa.io/warnings/venv
[0mRemoving intermediate container 47464cee19a3
 ---> 72ea51d93b36
Step 8/11 : EXPOSE 8000
 ---> Running in 6fdcbfa0fbf0
Removing intermediate container 6fdcbfa0fbf0
 ---> 700b67e6570c
Step 9/11 : RUN cp /opt/status-page/contrib/gunicorn.py /opt/status-page/gunicorn.py
 ---> Running in 6ee4783a14fd
Removing intermediate container 6ee4783a14fd
 ---> 4794e736eae0
Step 10/11 : RUN cp -v /opt/status-page/contrib/*.service /etc/systemd/system/
 ---> Running in d2dbd795a535
'/opt/status-page/contrib/status-page-rq.service' -> '/etc/systemd/system/status-page-rq.service'
'/opt/status-page/contrib/status-page-scheduler.service' -> '/etc/systemd/system/status-page-scheduler.service'
'/opt/status-page/contrib/status-page.service' -> '/etc/systemd/system/status-page.service'
Removing intermediate container d2dbd795a535
 ---> c8f39e9aea80
Step 11/11 : CMD ["bash", "-c", "cd status-page && ./upgrade.sh && cd statuspage && source /opt/status-page/venv/bin/activate && gunicorn --bind 0.0.0.0:8000 statuspage.wsgi:application"]
 ---> Running in 31cb10400434
Removing intermediate container 31cb10400434
 ---> cfca335dd9bd
Successfully built cfca335dd9bd
Successfully tagged rontz/status-page:latest
[8mha:////4MJ+EXeCglPWckdOymTa/cPO/PRdVAJXMy/kZ0zs6JNqAAAAph+LCAAAAAAAAABtjTEOwjAQBC9BFLSUPOIiJCSQUCpayw0vMIkxTqy7YDs4FS/ia/wBi0hUbLHa2WZeb1gGDzV7g52m3lJoLA5uNHlhYt9fHSfs+IINU2CnUeokudWnGSVHDXOKEhYCVpoax8GSibAWnXqoyiky1Tn6/B0FlLa9wxMKkc1R+fiFycPmNraB6ef5K4BpGCKUh22u/e4DUFIZGb4AAAA=[0m[Pipeline] }
[8mha:////4L8zWCzea0nCFfF4Fs6wcUqfD1O5uPgrePlukaBHsWI+AAAAph+LCAAAAAAAAABtjTEOwjAQBC9BFLSUPOIiQQESSkVrueEFJjHGiXUXbAen4kV8jT9gEYmKLVY728zrDcvgoWZvsNPUWwqNxcGNJi9M7Pur44QdX7BhCuw0Sp0kt/o0o+SoYU5RwkLASlPjOFgyEdaiUw9VOUWmOkefv6OA0rZ3eEIhsjkqH78wedjcxjYw/Tx/BTANQ4TysM21330AXbXpAb4AAAA=[0m[Pipeline] // stage
[8mha:////4H55X3RdAAqC2JOguIf3f8qjl7lAOeDsOkhsvWWrC3uuAAAApx+LCAAAAAAAAABtjTEOwjAQBM9BKWgpeYRTICEkREVrueEFJjbGiXUX7AtJxYv4Gn8gEImKrXZWWs3zBWVOcKDkZeOwDZjrILvY+6nJgVJ7iTTIhs6yJswUndRu0GTdcUZN7GCOKGChYOmwjpQDeoaVaszdVNGgr06cpm2voAj2Bg8QajKzSfyFMcH62ttM+PP8FcDYMYgtQ7HbfI7lGwpqShrBAAAA[0m[Pipeline] stage
[8mha:////4JxvQp4A2Pst1J4JtL/WMAeOpyzFODXVj/jp4sHW4XLoAAAAqB+LCAAAAAAAAABtjTEOwjAUQ3+LOrAycoh0gAEJMXWNsnCC0ISQNvq//KS0EyfiatyBlkpMeLBsS9Z7vaGIDCdiJxqLrcdYe9GF3k1JDMTtNdAgGrqImjBSsELZQZGx1VIVJQuLshxWEtYW60DRo0uwkY1+6DJodOU58bQdJeTe3OEJmZzISXP6lpFhe+tNJPxx/gJg7BLkh91s+/lZfADxKa4dwgAAAA==[0m[Pipeline] { (Test Docker Image)
[8mha:////4H/PTYwO/rq8L4Pai+3GfR4NVvOi//4s3zv6N1p+pmlgAAAAqB+LCAAAAAAAAABtjTEOwjAUQ3+LOrAycoh0AQkJMXWNsnCC0ISQNvq//KS0EyfiatyBlkpMeLBsS9Z7vaGIDCdiJxqLrcdYe9GF3k1JDMTtNdAgGrqImjBSsELZQZGx1VIVJQuLshxWEtYW60DRo0uwkY1+6DJodOU58bQdJeTe3OEJmZzISXP6lpFhe+tNJPxx/gJg7BLkh91s+/lZfADX78n/wgAAAA==[0m[Pipeline] script
[8mha:////4A+k0dbbNxzHaOPKGl+Z9yP43eaFvRoO/v32baO2+y6CAAAApx+LCAAAAAAAAABtjTEOwjAUQ3+LOrAycoh0AiEhpq5RFk4QmhDSRv+Xn5R24kRcjTvQUokJD5ZtyXqvNxSR4UTsRGOx9RhrL7rQuymJgbi9BhpEQxdRE0YKVig7KDK2WqqiZGFRlsNKwtpiHSh6dAk2stEPXQaNrjwnnrajhNybOzwhkxM5aU7fMjJsb72JhD/OXwCMXYL8sJttPz+LD7lC07jCAAAA[0m[Pipeline] {
[8mha:////4OZaLbC7mcCniePBV4K0yPcgzRGZj4a6k7tmAOMARze5AAAApB+LCAAAAAAAAABtjTEOwjAQBC9BFLSUPOLSARKiSmu54QUmNsaJdWdsh6TiRXyNPxCIRMUWq51t5vmCZYpw5GixNdQ5So3D4Hs7LRw4dhfPA7Z8xoYpsTcozSBZm3pGydnAnKKEhYCVocZzcmQzrEWr7qryimx1ynH6DgJKp2/wgEJM5qxi/sIYYXPtdWL6ef4KYAwZyv32U7vwBsroJZ2+AAAA[0m[Pipeline] echo
Testing Docker image for basic functionality...
[8mha:////4Gx641pcVDQJv76TneRBQTuEtFE+sl+sJnAENv2YonsUAAAApB+LCAAAAAAAAABtjTEOwjAQBC9BFLSUPOLSoUiIitZKwwtMYowd686xHZyKF/E1/kAgEhVbrHa2mecL1jHAkYNGq6g3FFuD3o16Xpg59FfHGS1fsGWK7BQ2KjfcqdOCDScFS4oSVgI2ilrH0ZBOsBVW3mXlJOnqnML8HQSUphvgAYWYzUmG9IUpwO42dpHp5/krgMn7BGVdf2r/Bnt+gFe+AAAA[0m[Pipeline] }
[8mha:////4DEB2VDrCx/6qnufvcUG/OnZzW7Zt1KmyWnCBSizu312AAAApB+LCAAAAAAAAABtjTEOwjAQBC9BFLSUPOJSIYEQVVrLDS8wsTFOrDtjOyQVL+Jr/IFAJCq2WO1sM88XLFOEI0eLraHOUWocBt/baeHAsbt4HrDlMzZMib1BaQbJ2tQzSs4G5hQlLASsDDWekyObYS1adVeVV2SrU47TdxBQOn2DBxRiMmcV8xfGCJtrrxPTz/NXAGMIGcrd/lPbN2T81QW+AAAA[0m[Pipeline] // script
[8mha:////4PqLl5qb4AU2s6HNx/gN17urMWPXDVS+1pPoZVBQknhFAAAApR+LCAAAAAAAAABtjTEOwjAQBC9BFLSUPOJCQQFCqWgtN7zAJMY4se6C7eBUvIiv8QcsIlGxxWpnm3m9YRk81OwNdpp6S6GxOLjR5IWJfX91nLDjCzZMgZ1GqZPkVp9mlBw1zClKWAhYaWocB0smwlp06qEqp8hU5+jzdxRQ2vYOTyhENkfl4xcmD5vb2Aamn+evAKYhQrnf5Tpshw8TBTlEvgAAAA==[0m[Pipeline] sh
+ docker run --name test-container -d rontz/status-page:latest
43761e207eff6fcbac514b4b1c53b060d09e1fd6096f1deff91d8008265bcb00
[8mha:////4PHXi8y1nTlSYzR9yDOSH6xgz1EB7hSYVMHyI4WXpnrCAAAAph+LCAAAAAAAAABtjTEOwjAQBC9BFLSUPOIiJAoQSkVrueEFJjHGiXUXbAen4kV8jT9gEYmKLVY728zrDcvgoWZvsNPUWwqNxcGNJi9M7Pur44QdX7BhCuw0Sp0kt/o0o+SoYU5RwkLASlPjOFgyEdaiUw9VOUWmOkefv6OA0rZ3eEIhsjkqH78wedjcxjYw/Tx/BTANEcr9LtdhO3wAUjQiXb4AAAA=[0m[Pipeline] sh
+ docker exec test-container /bin/bash -c echo 'Running health check...'; sleep 2; echo 'Service is up'
Running health check...
Service is up
[8mha:////4EngkxOEdqi+al9wcNfiRYZIKf8oP+VHSk4zijy9RhIVAAAAph+LCAAAAAAAAABtjTEOwjAQBC9BFLSUPOIiIQoQSkVrueEFJjHGiXUXbAen4kV8jT9gEYmKLVY728zrDcvgoWZvsNPUWwqNxcGNJi9M7Pur44QdX7BhCuw0Sp0kt/o0o+SoYU5RwkLASlPjOFgyEdaiUw9VOUWmOkefv6OA0rZ3eEIhsjkqH78wedjcxjYw/Tx/BTANEcr9LtdhO3wAkWcPdr4AAAA=[0m[Pipeline] sh
+ docker stop test-container
test-container
+ docker rm test-container
test-container
[8mha:////4H3R1cgRpFyqJvrFmcQjUVPm+qxSCqlpf3Va66b3eSKKAAAApR+LCAAAAAAAAABtjTEOwjAQBC9BFLSUPOJSQAFCqWgtN7zAJMY4se6C7eBUvIiv8QcsIlGxxWpnm3m9YRk81OwNdpp6S6GxOLjR5IWJfX91nLDjCzZMgZ1GqZPkVp9mlBw1zClKWAhYaWocB0smwlp06qEqp8hU5+jzdxRQ2vYOTyhENkfl4xcmD5vb2Aamn+evAKZhiFAetrn2uw8g5D51vgAAAA==[0m[Pipeline] }
[8mha:////4CtrPUp3V5FwSJfbVGN/UP3oPmb2XzMEr8sIlQBp0fRrAAAApR+LCAAAAAAAAABtjTEOwjAQBC9BFLSUPOJSQAFCqWgtN7zAJMY4se6C7eBUvIiv8QcsIlGxxWpnm3m9YRk81OwNdpp6S6GxOLjR5IWJfX91nLDjCzZMgZ1GqZPkVp9mlBw1zClKWAhYaWocB0smwlp06qEqp8hU5+jzdxRQ2vYOTyhENkfl4xcmD5vb2Aamn+evAKZhiFAedrn22w87QV/2vgAAAA==[0m[Pipeline] // stage
[8mha:////4P9kWO+A14TAIJUT0xO/Yw6wNH9y3fC0jBvLhdRD9WMEAAAAph+LCAAAAAAAAABtjTEOwjAQBM9BKWgpeYRTgYQQFa3lhheY2Bgn1l2wLyQVL+Jr/IFAJCq22llpNc8XlDnBgZKXjcM2YK6D7GLvpyYHSu0l0iAbOsuaMFN0UrtBk3XHGTWxgzmigIWCpcM6Ug7oGVaqMXdTRYO+OnGatr2CItgbPECoycwm8RfGBOtrbzPhz/NXAGPHILYMxW7zOZZvo4JkasEAAAA=[0m[Pipeline] stage
[8mha:////4G5A4MgUYHeVh55m3oW6C6sSxRcfIlLc8zpQKZ+GqYnsAAAApx+LCAAAAAAAAABtjTEOwjAUQ3+LOrAycoh0Agkhpq5RFk4QmhDSRv+Xn5R24kRcjTvQUokJD5ZtyXqvNxSR4UTsRGOx9RhrL7rQuymJgbi9BhpEQxdRE0YKVig7KDK2WqqiZGFRlsNKwtpiHSh6dAk2stEPXQaNrjwnnrajhNybOzwhkxM5aU7fMjJsb72JhD/OXwCMXYL8sJttPz+LD2IFAYXCAAAA[0m[Pipeline] { (Push Docker Image to Docker Hub)
[8mha:////4NZ7QOhyqG+a5IV+M/a168ilPBHTuBE/eZ5o7mInWhOZAAAApx+LCAAAAAAAAABtjTEOwjAUQ3+LOrAycoh0AyHE1DXKwglCE0La6P/yk9JOnIircQdaKjHhwbItWe/1hiIynIidaCy2HmPtRRd6NyUxELfXQINo6CJqwkjBCmUHRcZWS1WULCzKclhJWFusA0WPLsFGNvqhy6DRlefE03aUkHtzhydkciInzelbRobtrTeR8Mf5C4CxS5AfdrPt52fxAcawv9fCAAAA[0m[Pipeline] script
[8mha:////4JIR0AeqXLvmacV9btH35yn1R5lmr9Cr4YA0eLN8PVM1AAAAph+LCAAAAAAAAABtjTEOwjAUQ3+LOrAycoh0BISYukZZOEFoQkgb/V9+UtqJE3E17kBLJSY8WLYl673eUESGE7ETjcXWY6y96ELvpiQG4vYaaBANXURNGClYoeygyNhqqYqShUVZDisJa4t1oOjRJdjIRj90GTS68px42o4Scm/u8IRMTuSkOX3LyLC99SYS/jh/ATB2CfLDbrb9/Cw+091n58IAAAA=[0m[Pipeline] {
[8mha:////4Db42HNL1Ifo7TW1fQBCqiIPlUcWsz+Biu5e7uD1jU9mAAAAox+LCAAAAAAAAABtjTEOwjAQBC9BFLSUPOLSEiEqWisNLzCJMXasO8d2cCpexNf4A4FIVGyx2tlmni9YxwBHDhqtot5QbA16N+p5YebQXx1ntHzBlimyU9io3HCnTgs2nBQsKUpYCdgoah1HQzrBVlh5l5WTpKtzCvN3EFCaboAHFGI2JxnSF6YAu9vYRaaf568AJp+grPefqv0bsNTxnr4AAAA=[0m[Pipeline] echo
Pushing Docker image to Docker Hub...
[8mha:////4EAYqCxHDrObWq8QlVCzsMi66bsqHqgkFhLTdQNawVw9AAAApR+LCAAAAAAAAABtjTESgjAQRRcYC1tLDxGw03GobDM0niCGGAOZXUwWofJEXs07mJEZK3/132ve6w2rGKCmYEVnsHcYtRODH216YqLQXz1NoqOL0ISRvBGNmRpqzWnBhtjAsiyHQsLaoPYUHVqGjezUQ5VeoS3PHJI7Sshde4cnZDKVWQX+whxgexvbSPjr/A3APAwMxa6qGPLD/gOhhK2avwAAAA==[0m[Pipeline] }
[8mha:////4EMZLssGe/S2rF5Pjpe85YTs+/ospgwCEWC7sRHyTzcqAAAApR+LCAAAAAAAAABtjTESgjAQRRcYC1tLDxGkchyHyjZD4wkiiTGQ2cVkESpP5NW8gxmZsfJX/73mvd6wigFqClZ0BnuHsXVi8KNNT0wU+qunSXR0ES1hJG9EY6aGtDkt2BAbWJblUEhYG2w9RYeWYSM79VClV2jLM4fkjhJyp+/whEymMqvAX5gDbG+jjoS/zt8AzMPAUFS7iiE/7D+VSk7BvwAAAA==[0m[Pipeline] // script
[8mha:////4IIM3BhEvk1gjUgy0EFydF12mVriX2GqWCfkbhDfov0MAAAAqR+LCAAAAAAAAABtjbEOgjAURR8QBldHP6Kog4khTq4Ni19QodZC8x62D8vkF/lr/oMoiZN3uucmN+f5gjx4OJA3otXYWQy1Fb0bzNREJN9dHEXR0lnUhIGcFpWOFTX6OGNFrGFOkkImYaGxdhQsGoalbNVdFU6hKU7sp62UkNrmBg9I5GRm5fkLo4fVdWgC4c/zVwBjz5DudwzZZr39XPM3QiUHNMMAAAA=[0m[Pipeline] withCredentials
Masking supported pattern matches of $DOCKER_PASS
[8mha:////4GGjYN25KQOc89HZUBm3JRr8kZjJiLM/zdLGo60apGloAAAAqB+LCAAAAAAAAABtjT0OwjAUg19bdWBl5BApPyPqxBp14QQhCSFp9F5JUtqJE3E17kBpJSY8WLYl63u9oYwBagqGOY2txSgt63xvpsQGCu3V08AcXZgkjOQ1a/TQkNKnpTaUNCzKcig4rDRKT9GiSbDmTjxE5QWa6pzCtB055Fbd4QkZn8hJhDSXMcDm1qtI+OP8BcDYJSh22/3sh++3/ACxU3MfxAAAAA==[0m[Pipeline] {
[8mha:////4ABSCpwPfyPeqHj/3OccoilZ7QWnXmB2tSsuwLq5hgDOAAAApR+LCAAAAAAAAABtjTEOwjAQBC+JKGgpeYQDgg6lorXS8AJjG2PHugu2g1PxIr7GH4gSiYotVjvbzPsDqxigoWCY09hZjNKy3g9mWixT6G6eMnN0ZZIwktes1bklpc8LtpQ0LClKqDisNUpP0aJJsOFOPEXtBZr6ksL0nTiUVj3gBQWfzEmENMMYYHsfVCT8ef4KYOwTVPvdYe5j/wVTEASOwAAAAA==[0m[Pipeline] sh
+ echo ****
+ docker login -u rontz --password-stdin
WARNING! Your password will be stored unencrypted in /var/lib/jenkins/.docker/config.json.
Configure a credential helper to remove this warning. See
https://docs.docker.com/engine/reference/commandline/login/#credentials-store

Login Succeeded
+ docker push rontz/status-page:latest
The push refers to repository [docker.io/rontz/status-page]
343140d05f7c: Preparing
506f9c78779d: Preparing
7677f57ab347: Preparing
26e65cbe7284: Preparing
aecc1763ebc4: Preparing
7f6b4f9d581b: Preparing
dfa4c16a8763: Preparing
9d6f7ae9ff33: Preparing
8d853c8add5d: Preparing
dfa4c16a8763: Waiting
9d6f7ae9ff33: Waiting
8d853c8add5d: Waiting
7f6b4f9d581b: Waiting
26e65cbe7284: Pushed
506f9c78779d: Pushed
343140d05f7c: Pushed
7f6b4f9d581b: Layer already exists
dfa4c16a8763: Layer already exists
9d6f7ae9ff33: Layer already exists
8d853c8add5d: Layer already exists
7677f57ab347: Pushed
aecc1763ebc4: Pushed
latest: digest: sha256:64dfcd13819da577a43c0de4e294eab54c9bce708bcda269b95ba67ffcc9ce7d size: 2204
+ docker logout
Removing login credentials for https://index.docker.io/v1/
[8mha:////4J9cypvd0jN1rq8UKaehP/i8kHGnL4DrJUFPsAX4lIzkAAAApR+LCAAAAAAAAABtjTEOwjAQBC+JKGgpeYQDQlQoFa2VhhcY2xg71l2wHZyKF/E1/kCUSFRssdrZZt4fWMUADQXDnMbOYpSW9X4w02KZQnfzlJmjK5OEkbxmrc4tKX1esKWkYUlRQsVhrVF6ihZNgg134ilqL9DUlxSm78ShtOoBLyj4ZE4ipBnGANv7oCLhz/NXAGPfJ6j2u+Pchy8TI9fgwAAAAA==[0m[Pipeline] }
[8mha:////4Abd1fqCd39eP8ZJYpbRoVE46l6pARdhz+tkySAzEmuCAAAApR+LCAAAAAAAAABtjTESwiAURH+SsbC19BBELWycVLZMGk+AgAhh/o9AJJUn8mrewUwyY+UWO/u2ee8PrGKAhoJhTmNnMUrLej+YabFMobt5yszRlUnCSF6zVueWlD4v2FLSsKQooeKw1ig9RYsmwYY78RS1F2jqSwrTd+JQWvWAFxR8MicR0gxjgO19UJHw5/krgLHvE1T73XHuwxcYCTimwAAAAA==[0m[Pipeline] // withCredentials
[8mha:////4JgCbYmyBIZHVkLK1fThqIfuoudxkwfBDmF8yjJd7Jq7AAAAph+LCAAAAAAAAABtjTEOwjAQBC+JKGgpeYQDDQhFVLRWGl5gYmOcWHfBvpBUvIiv8QcsIlGx1c4083rDIgY4UrCiNdg5jI0TvR9semKk0F09jaKli2gII3kjajPWpM1pxprYwLwsh0LC0mDjKTq0DCvZqocqvUJbnjkkV0nInb7DEzKZyqwCf2EKsL4NOhL+On8DMPU9Q7Hd7Bnyw+4DHpkQYL8AAAA=[0m[Pipeline] }
[8mha:////4PbRGqFSiA+b3Q316KyPxMOHTj9LS3MKFyPUXFcHbENVAAAAph+LCAAAAAAAAABtjTEOwjAQBC+JKGgpeYQDBRIooqK10vACExvjxLoL9oWk4kV8jT9gEYmKrXammdcbFjHAkYIVrcHOYWyc6P1g0xMjhe7qaRQtXURDGMkbUZuxJm1OM9bEBuZlORQSlgYbT9GhZVjJVj1U6RXa8swhuUpC7vQdnpDJVGYV+AtTgPVt0JHw1/kbgKnvGYrtZs+QH3YfcXpPCL8AAAA=[0m[Pipeline] // stage
[8mha:////4MamZxLybyKD/Hq710SlvIIWnDi+sfQHBuorrIvEt74kAAAAqB+LCAAAAAAAAABtjTEOwjAQBM+JUtBS8ggHGiSEqGitNLzAJMY4se6CfcGpeBFf4w8EIlGx1c5Kq3m+oIgBDhSsbA12DmPtZO8HOzWZKHQXT0m2dJY1YSRvZGVSRY05zlgRG5gjMsgVLAzWnqJDy7BUrb7r0mu05YnDtO0VZK65wQOEmsysA39hDLC6Dk0k/Hn+CmDsGcSWId+sd59n8QZNijr0wgAAAA==[0m[Pipeline] stage
[8mha:////4EUgtzXLAAplZKLa9AvEeAdpy1EtoRKf9rZ5zTd9DsF8AAAAqB+LCAAAAAAAAABtjbEOgjAYhH8gDK6OPkSB0Rgn14bFJ6htrYXm/7Etlskn8tV8B0ESJ2+43F1y+V5vKIOHI3nDOo29xSAtG9xo5sQS+f7qKLGOLkwSBnKatTq1pPRprS1FDauyHAoOG43SUbBoImx5Jx6icgJNdY5+3g4ccqvu8ISMz+QofPyWycPuNqpA+OP8BcA0RCiaer94Uy/f8gOljgJOxAAAAA==[0m[Pipeline] { (Declarative: Post Actions)
[8mha:////4P+xTGUvKlU/x2TCwAA7H6TaJOoqFFszbKqAyqw9dKTfAAAAph+LCAAAAAAAAABtjTEOwjAUQ39bdWBl5BApnRETa5SFE4QkhLTR/yVJaSdOxNW4A6GVmPBg2Zas93pDHQMcKVjWGewdRuXY4EebE5so9FdPE+vowhRhJG+YMJMgbU5rFZQMrCpKqDhsDCpP0aFNsOWdfMjGS7TNOYW8HTiUTt/hCQXP5CRDWsocYHcbdST8cf4CYB4SVG27X7z9fusPFL5hxcQAAAA=[0m[Pipeline] script
[8mha:////4NZLT+UcLq2zZjBPpZjX8ybYGn/eUFn0Y0a2K6yQjOg0AAAApx+LCAAAAAAAAABtjTEOwjAUQ39bdWBl5BCpwoqYWKMunCA0ISSN/i9JSjtxIq7GHQitxIQHy7Zkvdcb6hjgSMEwp7G3GDvLBj+anNhEob96mpijC+sII3nNWj21pPRprS0lDauKEioBG42dp2jRJNgKJx+y8RJNc04hbwcBpVV3eEIhMjnJkJYyB9jdRhUJf5y/AJiHBBXnfPH991t/ANWAUNjEAAAA[0m[Pipeline] {
[8mha:////4CtsHVlk7wKjMRszUPj5XARWcGak3Ula6Yy3U/s8xurKAAAApB+LCAAAAAAAAABtjTEOwjAQBC+JKGgpeYSjQImo0lppeIGJjbFj3RnbIal4EV/jD1iJRMUWq51t5v2BTQxwpqCZVTgYjL1h3o06LzZRGG6OJmbpynrCSE6xTk0dSdWu2FFSsKYooeKwVdg7igZ1gh234ilqJ1DXlxTyd+JQGvmAFxQ8m5MIaYE5wP4+ykj48/wVwOwTVE1zWProv374VhvAAAAA[0m[Pipeline] echo
Cleaning up workspace and Docker resources...
[8mha:////4OYlGovyARchVrJpKENNqjzAIL1JKTYg7OCBp5U+00yBAAAApR+LCAAAAAAAAABtjTEOwjAQBC+JKGgpeYSjIDpEldZKwwtMbIwd687YDknFi/gaf8BKJCq2WO1sM+8PbGKAMwXNrMLBYOwN827UebGJwnBzNDFLV9YTRnKKdWrqSKp2xY6SgjVFCRWHrcLeUTSoE+y4FU9RO4G6vqSQvxOH0sgHvKDg2ZxESAvMAfb3UUbCn+evAGbvE1RNc1z68AXuKRbkwAAAAA==[0m[Pipeline] }
[8mha:////4E46/F6W2pXufNuZwzDVhZMDhdHn1ReBZJTSA47LLC+pAAAApR+LCAAAAAAAAABtjTEOwjAQBC+JKGgpeYSjFFSIitZKwwtMYowd686cHZKKF/E1/oCVSFRssdrZZt4f2ESGE7ERTuNgMXZWBD+avMREPNw8TcLRVXSEkbwWrZ5a6vV5xZaShjVFCZWErcbOU7RoEuykU09Ve4WmviTO31FCafsHvKCQ2ZwUpwVmhv197CPhz/NXAHMICaqmOSzdfAHgc2jbwAAAAA==[0m[Pipeline] // script
[8mha:////4C4nvcevp2Y7eBF3S1sObdGLt88685pqNDbmjn7WdGzpAAAApR+LCAAAAAAAAABtjTESgjAQRRcYC1tLD7FIY+NY0WbSeIIYYgxkdjEJQuWJvJp3kIEZK3/x57/fvPcHNjHAmYPF1lDnKGqHvR/svHDk0N08j9jyFTVTZG9QmlFyY+oVJScDa7IcCgFbQ9pzdGQT7ESrnqr0imx5SWH+TgJy1zzgBZmYzUmFtMAUYH8fmsj08/wVwNQnKKrqsPSx/wJGCwQkwAAAAA==[0m[Pipeline] cleanWs
[WS-CLEANUP] Deleting project workspace...
[WS-CLEANUP] Deferred wipeout is used...
[WS-CLEANUP] done
[8mha:////4CTYsiYzp2r0L0hcggUUGCDuhyLicwHAoePE6nC272VIAAAApR+LCAAAAAAAAABtjTESgjAQRRcYC1tLD7FIZeFY0WbSeIIYYgxkdjEJQuWJvJp3kIEZK3/x57/fvPcHNjHAmYPF1lDnKGqHvR/svHDk0N08j9jyFTVTZG9QmlFyY+oVJScDa7IcCgFbQ9pzdGQT7ESrnqr0imx5SWH+TgJy1zzgBZmYzUmFtMAUYH8fmsj08/wVwNQnKKrqsPSx/wIHOh89wAAAAA==[0m[Pipeline] sh
+ docker system prune -f
Deleted Images:
untagged: rontz/status-page@sha256:97732d1fe089ee0ba07ba10c88acf1e83e0fecc39b99dd6bed0a529fa0bff41d
deleted: sha256:55c7557f8a1e7dd914153423c7365a8e0c6fc75fb18612eb3524c78aa74b1898
deleted: sha256:3aa2ec3bd01a4e46db55091201c614bdee4140412103bb789c0ef37b539860d3
deleted: sha256:2b42ffbc64240c85e5e9667236415e18fe6b01602b4c840c91c8b45f2f07f2a2
deleted: sha256:5e364b638c63d172e48313de055d9449623dc183fcd94d961fdeeac5124d22a8
deleted: sha256:2b973de998fcc7f1bd5f8444a75e7a57bc10eba20264e3fa32291d44b4288e5f
deleted: sha256:fa73d1758d341ef817eb0aeda35d279b210e209759b31be572065c0d288e83a1
deleted: sha256:3cdb5aff083c324007dbf512f2fa67bb6104bd9f27df4c4be49cfdb5afcdefe5
deleted: sha256:5bc6cac5bf64d00f0b4a80ca5da305c033e966fa070f57f3d19c538f3057490e
deleted: sha256:ebaa3f610d866660b5b3be22614b8d143bb696c112a794a9774f52ba67505ee7
deleted: sha256:6d42706a49d7a9f89ad4cb1ebb887482b5c33bdf7400fc38528ac4cb733222df
deleted: sha256:2bd1c04267ef0e327252db9a0ae16b6ed40ec14014fd7cbbf6e7c867f8bfce17
deleted: sha256:6152ab7b00261303fe1e55a0191b75fba8d75ad4a2c297039d65a382857cad9f

Total reclaimed space: 21.6MB
[8mha:////4Gnsw8zVAzJ/W8Ao5PMW9pVa/0Hpko1/Cb9iDKhVcV13AAAApR+LCAAAAAAAAABtjbEOgjAURR8QB1dHP+Ihm4lxYm26+AW11Fpo3sO2CJNf5K/5DxJInLzDzT13Oe8PbGKAMweLraHOUdQOez/YeeHIobt5HrHlK2qmyN6gNKPkxtQrSk4G1mQ5FAK2hrTn6Mgm2IlWPVXpFdnyksL8nQTkrnnACzIxm5MKaYEpwP4+NJHp5/krgKlPUFTVYelj/wXIJoe6wAAAAA==[0m[Pipeline] echo
Pipeline completed successfully!
[8mha:////4MLla/2AjgpG7PZvbvYrRSKfKAtRHsv1BQWVvZ6Po+dWAAAApB+LCAAAAAAAAABtjTESgjAQRRcYC1tLD7FI6ThWtJk0niCGGAOZXUyCUHkir+YdZGDGyl/8+e837/2BTQxw5mCxNdQ5itph7wc7Lxw5dDfPI7Z8Rc0U2RuUZpTcmHpFycnAmiyHQsDWkPYcHdkEO9Gqpyq9IlteUpi/k4DcNQ94QSZmc1IhLTAF2N+HJjL9PH8FMPV9gqKqjksfvgIpz2vAAAAA[0m[Pipeline] }
[8mha:////4Dekciovk1g2uwWwO5F3kfZhd3+mCkZ7ZSVg+glg4P0TAAAApR+LCAAAAAAAAABtjTESwiAURH+SsbC19BAk2jmOlS1D4wkQEEmY/yMQSeWJvJp3MJoZK7fY2bfNe75gEQMcKFjWGuwcRuVY7wc7LZYpdBdPmbV0ZoowkjdMmCxIm+OMgpKBOUUJFYelQeUpOrQJVryVd1l7ibY+pTB9ew6l0zd4QMEnc5IhfWEMsL4OOhL+PH8FMPZ9gmqzbT7d7N7X4h8QwAAAAA==[0m[Pipeline] // stage
[8mha:////4NLDWpeRMf5oHTqctCtFVD92k6K4LXBokViidZlnIN3ZAAAApB+LCAAAAAAAAABtjTEOwjAQBM+JKGgpeYSjUNAgKlorDS8wsTFOrLtgX3AqXsTX+AMRkajYameaeb1hlSIcKTrZWew9ptbLIYxufjJT7K+BsuzoIlvCRMHKxuaGjD0t2BBbWCYKKBWsLbaBkkfHsFGdfugqaHTVmePsDgoKb+7wBKHmMuvIX5gibG+jSYS/zt8ATMPAUNa7mkHsP3ahZ9a+AAAA[0m[Pipeline] }
[8mha:////4DvRpm3+FR8bqNyV6Tkj0lz3yYXVv4KLFTw1RYY8FJQdAAAApB+LCAAAAAAAAABtjTEOwjAQBC+JKGgpeYQjIlEhKlorDS8wsTFOrDtjX3AqXsTX+AMRkajYameaeb1hlSIcKVrRGxwcps6J4Ec7P5EpDldPWfR0ER1hIm9Ea3JL2pwWbIkNLCtKqCSsDXaekkPLsJG9eqjaK7T1mePsDhJKp+/whELOZVaRvzBF2N5GnQh/nb8BmEJgqHZNw1DsPxyKzgi+AAAA[0m[Pipeline] // withEnv
[8mha:////4ENboiF2Y7Eq273m1wd0J0r42uyRuzA9U5E9hszxicJgAAAApB+LCAAAAAAAAABtjTsOwjAQBdeJKGgpOYQjPh2iorXScALjGOPE2g32BqfiRFyNOxARiYpXvZlmXm9YpAhHik62FjuPyXjZh8FNT2aK3TVQli1dpCFMFKysba6psacZa2IL80QBpYKlRRMoeXQMK9Xqh66CRledOU7uoKDwzR2eINRUZh35C2OE9W1oEuGv8zcAY98zlJvtjkHsPzqTqUK+AAAA[0m[Pipeline] }
[8mha:////4IHSs0oVofPLMAO14Xu8llVg2EzafBkX96HBUsYcBUqrAAAApB+LCAAAAAAAAABtjTsOwjAQBdeJKGgpOYQjPh2iorXScALjGOPE2g32BqfiRFyNOxARiYpXvZlmXm9YpAhHik62FjuPyXjZh8FNT2aK3TVQli1dpCFMFKysba6psacZa2IL80QBpYKlRRMoeXQMK9Xqh66CRledOU7uoKDwzR2eINRUZh35C2OE9W1oEuGv8zcAY98zlJvtnkHsPona7W6+AAAA[0m[Pipeline] // node
[8mha:////4GQadCTfgkrtgzvW3kpBLBC2zFF5/IdEuWVR+bviA/wqAAAApB+LCAAAAAAAAABtjTEOwjAQBC+JKGgpeYQjIlEhKlorDS8wsTFOrDtjX3AqXsTX+AMRkajYameaeb1hlSIcKVrRGxwcps6J4Ec7P5EpDldPWfR0ER1hIm9Ea3JL2pwWbIkNLCtKqCSsDXaekkPLsJG9eqjaK7T1mePsDhJKp+/whELOZVaRvzBF2N5GnQh/nb8BmEJgqHbNnqFoPq/DiiS+AAAA[0m[Pipeline] End of Pipeline
Finished: SUCCESS
