Started by user [8mha:////4FOQbeLQ4kpeJP7d3ecbQf0A0KeB7XUGJvBkV9ttnkX3AAAAkx+LCAAAAAAAAABb85aBtbiIQTGjNKU4P08vOT+vOD8nVc83PyU1x6OyILUoJzMv2y+/JJUBAhiZGBgqihhk0NSjKDWzXb3RdlLBUSYGJk8GtpzUvPSSDB8G5tKinBIGIZ+sxLJE/ZzEvHT94JKizLx0a6BxUmjGOUNodHsLgAyeEgYu/dLi1CIwAQDuZFJ6vwAAAA==[0mHakunaMatata
[8mha:////4BL0yhr1+th3A1In5pHABGBOdBYkHkgK5RLTJu+A6N49AAAAoh+LCAAAAAAAAABtjTEOwjAQBM8BClpKHuFItIiK1krDC0x8GCfWnbEdkooX8TX+gCESFVvtrLSa5wtWKcKBo5UdUu8otU4GP9jS5Mixv3geZcdn2TIl9igbHBs2eJyx4YwwR1SwULBGaj0nRzbDRnX6rmuvydanHMu2V1A5c4MHCFXMWcf8hSnC9jqYxPTz/BXAFEIGsfuclm8zQVqFvQAAAA==[0m[Pipeline] Start of Pipeline
[8mha:////4JG2swWgiY2eBHtM4JCk/OpTSCdn6HX9d0we48AhaoIMAAAApR+LCAAAAAAAAABtjTEOwjAUQ3+KOrAycohUghExsUZZOEFIQkgb/d8mKe3EibgadyBQiQlLlmxL1nu+oE4RjhQdby12HpP2vA+jK4lPFLtroIm3dOGaMFGwXNpJkrGnpUrKFhaxClYC1hZ1oOTRZdiIVt1VExS65pxj2Q4CKm8GeAAThZxVzN8yR9jeRpMIf5y/AJj7DGxXvP/86jduZBmjwAAAAA==[0m[Pipeline] node
Running on [8mha:////4DLC9M0lPGyrQUe9NA4hE4TfU/iZDJmP5geugPy0qEHFAAAAoR+LCAAAAAAAAABb85aBtbiIQTGjNKU4P08vOT+vOD8nVc83PyU1x6OyILUoJzMv2y+/JJUBAhiZGBgqihhk0NSjKDWzXb3RdlLBUSYGJk8GtpzUvPSSDB8G5tKinBIGIZ+sxLJE/ZzEvHT94JKizLx0a6BxUmjGOUNodHsLgAz2EgZR/eT83ILSktQifY2k0sycEt3MPE19AHHxbH3KAAAA[0mJenkins in /var/lib/jenkins/workspace/Terraform-Pipeline
[8mha:////4Kp9az5kfmDdLuNaINNRaSB2nLWbmxCQkJm2MmLxIgFwAAAApR+LCAAAAAAAAABtjTEOwjAUQ3+KOrAycoh0gA0xsUZZOEFIQkgb/d8mKe3EibgadyBQiQlLlmxL1nu+oE4RjhQdby12HpP2vA+jK4lPFLtroIm3dOGaMFGwXNpJkrGnpUrKFhaxClYC1hZ1oOTRZdiIVt1VExS65pxj2Q4CKm8GeAAThZxVzN8yR9jeRpMIf5y/AJj7DGxXvP/86jfoP95RwAAAAA==[0m[Pipeline] {
[8mha:////4DOtjzqfyHnWiSuk411uLaPTSwbAO0GAOK3LZj5TvuJvAAAApR+LCAAAAAAAAABtjTEOwjAUQ3+KOrAycoh0gQkxsUZZOEFIQkgb/d8mKe3EibgadyBQiQlLlmxL1nu+oE4RjhQdby12HpP2vA+jK4lPFLtroIm3dOGaMFGwXNpJkrGnpUrKFhaxClYC1hZ1oOTRZdiIVt1VExS65pxj2Q4CKm8GeAAThZxVzN8yR9jeRpMIf5y/AJj7DGxXvP/86jc09154wAAAAA==[0m[Pipeline] withEnv
[8mha:////4LUn4dzb1pfUCjeNQMbcU9TnVbvGoU5rGtiHIJagZoT4AAAApR+LCAAAAAAAAABtjTEOwjAUQ3+KOrAycoh0ggUxsUZZOEFIQkgb/d8mKe3EibgadyBQiQlLlmxL1nu+oE4RjhQdby12HpP2vA+jK4lPFLtroIm3dOGaMFGwXNpJkrGnpUrKFhaxClYC1hZ1oOTRZdiIVt1VExS65pxj2Q4CKm8GeAAThZxVzN8yR9jeRpMIf5y/AJj7DGxXvP/86jek7ggRwAAAAA==[0m[Pipeline] {
[8mha:////4AqeRGn7OBG3000rN7bN5vEdQPhVkq5GvJfh/AJAhC7PAAAApR+LCAAAAAAAAABtjTEOwjAUQ3+KOrAycoh0gwExsUZZOEFIQkgb/d8mKe3EibgadyBQiQlLlmxL1nu+oE4RjhQdby12HpP2vA+jK4lPFLtroIm3dOGaMFGwXNpJkrGnpUrKFhaxClYC1hZ1oOTRZdiIVt1VExS65pxj2Q4CKm8GeAAThZxVzN8yR9jeRpMIf5y/AJj7DGxXvP/86jcChmMxwAAAAA==[0m[Pipeline] stage
[8mha:////4GakXW/WnxK+RSJgWq3+r5oR6atlzsBXsobJyW2+f+hyAAAApR+LCAAAAAAAAABtjTEOwjAUQ3+KOrAycoh0BAkxsUZZOEFIQkgb/d8mKe3EibgadyBQiQlLlmxL1nu+oE4RjhQdby12HpP2vA+jK4lPFLtroIm3dOGaMFGwXNpJkrGnpUrKFhaxClYC1hZ1oOTRZdiIVt1VExS65pxj2Q4CKm8GeAAThZxVzN8yR9jeRpMIf5y/AJj7DGxXvP/86jfpX/cvwAAAAA==[0m[Pipeline] { (Clone Repository)
[8mha:////4FnqqYVjHSt5AVVBYyuvKtxZMCH8MA0Eo14o6EXL4hNWAAAApR+LCAAAAAAAAABtjTEOwjAUQ3+KOrAycoh0BSEm1igLJwhJCGmj/9skpZ04EVfjDgQqMWHJkm3Jes8X1CnCkaLjrcXOY9Ke92F0JfGJYncNNPGWLlwTJgqWSztJMva0VEnZwiJWwUrA2qIOlDy6DBvRqrtqgkLXnHMs20FA5c0AD2CikLOK+VvmCNvbaBLhj/MXAHOfge2K959f/QbB16AVwAAAAA==[0m[Pipeline] script
[8mha:////4OSzMra9rkJgmVIx3+T7EfbjwtLYcgAXleixhUs9mXU7AAAAph+LCAAAAAAAAABtjTEOwjAQBM9BKWgpeYQDJUJUtJYbXmBiY5xYd8G+kFS8iK/xBwKRqNhqZ6XVPF9Q5gQHSl42DtuAuQ6yi72fmhwotZdIg2zoLGvCTNFJ7QZN1h1n1MQO5ogCFgqWDutIOaBnWKnG3E0VDfrqxGna9gqKYG/wAKEmM5vEXxgTrK+9zYQ/z18BjB2D2DEU283nWL4Bsam+msEAAAA=[0m[Pipeline] {
[8mha:////4J1Qs1HNLH7xkquoLzsjFqkKFt7E3ZQkQd/yblJiOMVVAAAAox+LCAAAAAAAAABtjTEOwjAQBC9BFLSUPOJCakRFa6XhBSYxxo5159gOTsWL+Bp/IBCJii1WO9vM8wXrGODIQaNV1BuKrUHvRj0vzBz6q+OMli/YMkV2ChuVG+7UacGGk4IlRQkrARtFreNoSCfYCivvsnKSdHVOYf4OAkrTDfCAQszmJEP6whRgdxu7yPTz/BXA5BOU9f5TtX8D0loxuL4AAAA=[0m[Pipeline] echo
Cloning the Git repository...
[8mha:////4I2i0oz72gHfFtCp7f7o0lOP12JFFzvbjIyMGyvJryxBAAAAox+LCAAAAAAAAABtjTEOwjAQBC9BFLSUPOICtIgqreWGF5jYGCfWnbEdkooX8TX+QCASFVusdraZ5wuWKcKRo8XWUOcoNQ6D7+20cODYXTwP2PIZG6bE3qA0g2Rt6hklZwNzihIWAlaGGs/Jkc2wFq26q8orstUpx+k7CCidvsEDCjGZs4r5C2OEzbXXienn+SuAMYQM5W7/qe0bsgYiW74AAAA=[0m[Pipeline] }
[8mha:////4CK79H5fjp8fhTP0qBy6w8QCoxBs6KZwdS2X7O87bZEWAAAAox+LCAAAAAAAAABtjTEOwjAQBDdBFLSUPMIRokKIitZKwwtMYowT6y7YF5KKF/E1/kBEJCq22plmXm8sU8SRo1ONpdZTqrzqQu+mpwaO7TXwoBq+qIopcbCqtEPJtT3NWLJYzMtyLDRWlqrAyZMTrHVjHqYIhlxxlji5g0bu6zueyPRUFhPlC2PE5tbXienX+RvA2HWCfLsTZPsP6C1U670AAAA=[0m[Pipeline] // script
[8mha:////4Dt2Fmv5eP62Yc48+eJJlNzGS6lN6wSawRP0Mq4t0G44AAAApB+LCAAAAAAAAABtjTEOwjAQBDdBFLSUPMIREgUSoqK10vACkxjjxLoL9oWk4kV8jT8QEYmKrXammdcbyxRx5OhUY6n1lCqvutC76amBY3sNPKiGL6piShysKu1Qcm1PM5YsFvOyHAuNlaUqcPLkBGvdmIcpgiFXnCVO7qCR+/qOJzI9lcVE+cIYsbn1dWL6df4GMHaCbC/It7vuAyX3kfC9AAAA[0m[Pipeline] git
The recommended git tool is: NONE
using credential github-ssh-key
Cloning the remote Git repository
Cloning repository git@github.com:yair232/status-page.git
 > git init /var/lib/jenkins/workspace/Terraform-Pipeline # timeout=10
Fetching upstream changes from git@github.com:yair232/status-page.git
 > git --version # timeout=10
 > git --version # 'git version 2.34.1'
using GIT_SSH to set credentials GitHub SSH Key for Jenkins
Verifying host key using known hosts file, will automatically accept unseen keys
 > git fetch --tags --force --progress -- git@github.com:yair232/status-page.git +refs/heads/*:refs/remotes/origin/* # timeout=10
 > git config remote.origin.url git@github.com:yair232/status-page.git # timeout=10
 > git config --add remote.origin.fetch +refs/heads/*:refs/remotes/origin/* # timeout=10
Avoid second fetch
 > git rev-parse refs/remotes/origin/main^{commit} # timeout=10
Checking out Revision 91123dc034efdf742b7fcb033d0b85a5da7467aa (refs/remotes/origin/main)
 > git config core.sparsecheckout # timeout=10
 > git checkout -f 91123dc034efdf742b7fcb033d0b85a5da7467aa # timeout=10
 > git branch -a -v --no-abbrev # timeout=10
 > git checkout -b main 91123dc034efdf742b7fcb033d0b85a5da7467aa # timeout=10
Commit message: "Update Jenkinsfile"
 > git rev-list --no-walk 0b1da339b2dacb6fa9cfcaf7138c46368f25e0ca # timeout=10
[8mha:////4BLM4H8d62um+iYeXqqjqv+RIigrMtuTBxgagOWj9e7QAAAApB+LCAAAAAAAAABtjTEOwjAQBDdBFLSUPMIRBRISoqK10vACkxjjxLoL9oWk4kV8jT8QEYmKrXammdcbyxRx5OhUY6n1lCqvutC76amBY3sNPKiGL6piShysKu1Qcm1PM5YsFvOyHAuNlaUqcPLkBGvdmIcpgiFXnCVO7qCR+/qOJzI9lcVE+cIYsbn1dWL6df4GMHadIN/uBNn+A97oExO9AAAA[0m[Pipeline] }
[8mha:////4MjFSApyGGd3D0gDJ4ix3+RVkzedrbwMd4IXDJ9+EqRgAAAAox+LCAAAAAAAAABtjTEOwjAQBDdBFLSUPMIRDRSIitZKwwtMYowT6y7YF5KKF/E1/kBEJCq22plmXm8sU8SRo1ONpdZTqrzqQu+mpwaO7TXwoBq+qIopcbCqtEPJtT3NWLJYzMtyLDRWlqrAyZMTrHVjHqYIhlxxlji5g0bu6zueyPRUFhPlC2PE5tbXienX+RvA2HWCfLsTZPsPn48MxL0AAAA=[0m[Pipeline] // stage
[8mha:////4FuagYFzm9cs+m9F6Be+Up9TBBffMjwsTXrlCVV7+8EZAAAAph+LCAAAAAAAAABtjTEOwjAQBM9BKWgpeYQjGigQFa3lhheY2Bgn1l2wLyQVL+Jr/IFAJCq22llpNc8XlDnBgZKXjcM2YK6D7GLvpyYHSu0l0iAbOsuaMFN0UrtBk3XHGTWxgzmigIWCpcM6Ug7oGVaqMXdTRYO+OnGatr2CItgbPECoycwm8RfGBOtrbzPhz/NXAGPHILYMxWb3OZZvz21DFMEAAAA=[0m[Pipeline] stage
[8mha:////4FKUzAfVN3I/TW3Z2W0D5z9GW//O0DhPNg8sX+Ee2kTcAAAApx+LCAAAAAAAAABtjTEOwjAUQ3+LOrAycohUTCAhpq5RFk4QmhDSRv+Xn5R24kRcjTvQUokJD5ZtyXqvNxSR4UTsRGOx9RhrL7rQuymJgbi9BhpEQxdRE0YKVig7KDK2WqqiZGFRlsNKwtpiHSh6dAk2stEPXQaNrjwnnrajhNybOzwhkxM5aU7fMjJsb72JhD/OXwCMXYJ8t5/tMD+LD0rlhNLCAAAA[0m[Pipeline] { (Terraform Init & Apply)
[8mha:////4MYiiJQRNOjJcj+0pQoOpnzIeVq3nv1FC5Vn80NuMMAwAAAApx+LCAAAAAAAAABtjTEOwjAUQ3+LOrAycohUbCDE1DXKwglCE0La6P/yk9JOnIircQdaKjHhwbItWe/1hiIynIidaCy2HmPtRRd6NyUxELfXQINo6CJqwkjBCmUHRcZWS1WULCzKclhJWFusA0WPLsFGNvqhy6DRlefE03aUkHtzhydkciInzelbRobtrTeR8Mf5C4CxS5Dv9rMd5mfxASnCIIrCAAAA[0m[Pipeline] withCredentials
WARNING: Unknown parameter(s) found for class type 'com.cloudbees.jenkins.plugins.awscredentials.AmazonWebServicesCredentialsBinding': keyIdVariable,secretVariable
WARNING: Unknown parameter(s) found for class type 'com.cloudbees.jenkins.plugins.awscredentials.AmazonWebServicesCredentialsBinding': keyIdVariable,secretVariable
Masking supported pattern matches of $AWS_ACCESS_KEY_ID or $AWS_SECRET_ACCESS_KEY
[8mha:////4IHvaOhAtaEIjLw1B1EQq70bPpeMqZdxxgAb2PVxdG7lAAAApx+LCAAAAAAAAABtjTEOwjAUQ3+LOrAycogU2BDqxBp14QShCSFp9H9JUtKJE3E17kCgEhMeLNuS9Z4vqIKHhrxmVmFvMHSGDW7UObFEvr84SszSmXWEgZxirUotSXWca0tRwayihAWHpcLOUTCoI6y4FXdRO4G6PkWftwOH0sgbPKDgmRyFj98yeVhfRxkIf5y/AJiGCOV2n223+TyrN7xWSV3CAAAA[0m[Pipeline] {
[8mha:////4PAYiuBEi4gdqbdIoIsPouwTCcksBSEUW6yCNNdp31CiAAAAph+LCAAAAAAAAABtjTEOwjAUQ3+LOrAycogUWBFT1ygLJwhNCGmj/8tPSjtxIq7GHWipxIQHy7ZkvdcbishwInaisdh6jLUXXejdlMRA3F4DDaKhi6gJIwUrlB0UGVstVVGysCjLYSVhbbEOFD26BBvZ6Icug0ZXnhNP21FC7s0dnpDJiZw0p28ZGba33kTCH+cvAMYuQX7Yzbafn8UHbGnGmsIAAAA=[0m[Pipeline] dir
Running in /var/lib/jenkins/workspace/Terraform-Pipeline/final-project-terraform
[8mha:////4Oxsf6opky9v+DMiweljMIhA7S2KloCKG2n/MbYHH7fUAAAAph+LCAAAAAAAAABtjTEOwjAUQ3+DOrAycohUdEVMrFEXThCaEJJG/7dJSjpxIq7GHWipxIQHy7ZkvdcbyhjgRMFwp7GzGFvLez+aOfFMobt5ytzRlbeEkbzmjc4NKX1ea0NJw6qCwUbAVmPrKVo0CXbCyYesvERTXVKYt6MAZtUATyjETE4ypG+ZAuzvo4qEP85fAEx9AlYfFquXZ/kBAsTc3cIAAAA=[0m[Pipeline] {
[8mha:////4GpeQBhKrRM4M78WHHjROs2RhdqeyV1KNTE0uehthjHbAAAAph+LCAAAAAAAAABtjTEOwjAUQ3+LOrAycohUKiNiYo2ycILQhJA0+r9NUtKJE3E17kBLJSY8WLYl673eUMUAJwqGOY2dxdha1vvRzIllCt3NU2aOrqwljOQ1EzoLUvq8VkFJw6qihA2HrcbWU7RoEuy4kw9Ze4mmvqQwb0cOpVUDPKHgMznJkL5lCrC/jyoS/jh/ATD1CcqmWeywPKsPpnFij8IAAAA=[0m[Pipeline] script
[8mha:////4NoTqanW/C3Iyz5pJp84s0OKnMiqXrUiTp0u7r2NsYRSAAAApx+LCAAAAAAAAABtjTEOwjAUQ3+LOrAycohUAjbE1DXKwglCE0La6P/yk9JOnIircQdaKjHhwbItWe/1hiIynIidaCy2HmPtRRd6NyUxELfXQINo6CJqwkjBCmUHRcZWS1WULCzKclhJWFusA0WPLsFGNvqhy6DRlefE03aUkHtzhydkciInzelbRobtrTeR8Mf5C4CxS5Dv9rMd5mfxAd6e6VPCAAAA[0m[Pipeline] {
[8mha:////4BpYcJYlv8uIFibnJzEnZSrMoCZlXR5EBmhJ0eXe8u92AAAApB+LCAAAAAAAAABtjTEOwjAQBC9BFLSUPOIiIagQVVrLDS8wsTFOrDtjOyQVL+Jr/IFAJCq2WO1sM88XLFOEI0eLraHOUWocBt/baeHAsbt4HrDlMzZMib1BaQbJ2tQzSs4G5hQlLASsDDWekyObYS1adVeVV2SrU47TdxBQOn2DBxRiMmcV8xfGCJtrrxPTz/NXAGPIUG53n9qHN38C26S+AAAA[0m[Pipeline] echo
Initializing and applying Terraform configuration...
[8mha:////4L7s4neNZBHVWNqMC2Pap8SaaEfE2ZJimw/l3QGkXsT1AAAApR+LCAAAAAAAAABtjTEOwjAQBC9BFLSUPOIiIUSDqNJabniBiY1xYt0Z2yGpeBFf4w8EIlGxxWpnm3m+YJkiHDlabA11jlLjMPjeTgsHjt3F84Atn7FhSuwNSjNI1qaeUXI2MKcoYSFgZajxnBzZDGvRqruqvCJbnXKcvoOA0ukbPKAQkzmrmL8wRthce52Yfp6/AhhDyFBu95/avQHjyRvdvgAAAA==[0m[Pipeline] }
[8mha:////4M2/4XifI552x1aBKVgSYF2ELoHhbANmfopKYjGVI5gEAAAApR+LCAAAAAAAAABtjTEOwjAQBC9BFLSUPOIiQUGBqNJabniBiY1xYt0Z2yGpeBFf4w8EIlGxxWpnm3m+YJkiHDlabA11jlLjMPjeTgsHjt3F84Atn7FhSuwNSjNI1qaeUXI2MKcoYSFgZajxnBzZDGvRqruqvCJbnXKcvoOA0ukbPKAQkzmrmL8wRthce52Yfp6/AhhDyFBu95/avQHljyOIvgAAAA==[0m[Pipeline] // script
[8mha:////4A9J4jVPNa0NiestOh9PZEa+LaP2HzWd1tnWFlWwSjecAAAApB+LCAAAAAAAAABtjbEOwiAURV9rHFwd/QiadDIxTq6ExS/AFhFK3qNApZNf5K/5D6JNnLzDzT13Oc8XrGOAIwXNrMLBYOwM827SZbFMYbg6yszShXWEkZxiQmVBvTotKCgpWFLVsOKwUdg5igZ1gi238i4bJ1E35xTKd+BQm36EB1S8mJMM6QtzgN1t6iPhz/NXALNPULftp/b+DQhJpXK+AAAA[0m[Pipeline] sh
+ terraform init

[0m[1mInitializing the backend...[0m
[0m[1mInitializing modules...[0m
- eks in modules/eks
- iam in modules/iam
- load_balancer in modules/load_balancer
- load_balancer.iam in modules/iam
- rds in modules/rds
- vpc in modules/vpc

[0m[1mInitializing provider plugins...[0m
- Finding latest version of hashicorp/aws...
- Installing hashicorp/aws v5.72.1...
- Installed hashicorp/aws v5.72.1 (signed by HashiCorp)

Terraform has created a lock file [1m.terraform.lock.hcl[0m to record the provider
selections it made above. Include this file in your version control repository
so that Terraform can guarantee to make the same selections by default when
you run "terraform init" in the future.[0m

[0m[1m[32mTerraform has been successfully initialized![0m[32m[0m
[0m[32m
You may now begin working with Terraform. Try running "terraform plan" to see
any changes that are required for your infrastructure. All Terraform commands
should now work.

If you ever set or change modules or backend configuration for Terraform,
rerun this command to reinitialize your working directory. If you forget, other
commands will detect it and remind you to do so if necessary.[0m
+ terraform plan -out=tfplan
[0m[1mmodule.vpc.data.aws_availability_zones.available: Reading...[0m[0m
[0m[1mmodule.vpc.data.aws_availability_zones.available: Read complete after 0s [id=us-east-1][0m

Terraform used the selected providers to generate the following execution
plan. Resource actions are indicated with the following symbols:
  [32m+[0m create[0m

Terraform will perform the following actions:

[1m  # module.eks.aws_eks_cluster.this[0m will be created
[0m  [32m+[0m[0m resource "aws_eks_cluster" "this" {
      [32m+[0m[0m arn                           = (known after apply)
      [32m+[0m[0m bootstrap_self_managed_addons = true
      [32m+[0m[0m certificate_authority         = (known after apply)
      [32m+[0m[0m cluster_id                    = (known after apply)
      [32m+[0m[0m created_at                    = (known after apply)
      [32m+[0m[0m endpoint                      = (known after apply)
      [32m+[0m[0m id                            = (known after apply)
      [32m+[0m[0m identity                      = (known after apply)
      [32m+[0m[0m name                          = "my-eks-cluster"
      [32m+[0m[0m platform_version              = (known after apply)
      [32m+[0m[0m role_arn                      = (known after apply)
      [32m+[0m[0m status                        = (known after apply)
      [32m+[0m[0m tags                          = {
          [32m+[0m[0m "Name" = "EKS Cluster"
        }
      [32m+[0m[0m tags_all                      = {
          [32m+[0m[0m "Name" = "EKS Cluster"
        }
      [32m+[0m[0m version                       = (known after apply)

      [32m+[0m[0m vpc_config {
          [32m+[0m[0m cluster_security_group_id = (known after apply)
          [32m+[0m[0m endpoint_private_access   = false
          [32m+[0m[0m endpoint_public_access    = true
          [32m+[0m[0m public_access_cidrs       = (known after apply)
          [32m+[0m[0m security_group_ids        = (known after apply)
          [32m+[0m[0m subnet_ids                = (known after apply)
          [32m+[0m[0m vpc_id                    = (known after apply)
        }
    }

[1m  # module.eks.aws_eks_node_group.this[0m will be created
[0m  [32m+[0m[0m resource "aws_eks_node_group" "this" {
      [32m+[0m[0m ami_type               = "AL2_x86_64"
      [32m+[0m[0m arn                    = (known after apply)
      [32m+[0m[0m capacity_type          = (known after apply)
      [32m+[0m[0m cluster_name           = "my-eks-cluster"
      [32m+[0m[0m disk_size              = (known after apply)
      [32m+[0m[0m id                     = (known after apply)
      [32m+[0m[0m instance_types         = [
          [32m+[0m[0m "t2.medium",
        ]
      [32m+[0m[0m node_group_name        = "my-eks-node-group"
      [32m+[0m[0m node_group_name_prefix = (known after apply)
      [32m+[0m[0m node_role_arn          = (known after apply)
      [32m+[0m[0m release_version        = (known after apply)
      [32m+[0m[0m resources              = (known after apply)
      [32m+[0m[0m status                 = (known after apply)
      [32m+[0m[0m subnet_ids             = (known after apply)
      [32m+[0m[0m tags                   = {
          [32m+[0m[0m "Name" = "EKS Node Group"
        }
      [32m+[0m[0m tags_all               = {
          [32m+[0m[0m "Name" = "EKS Node Group"
        }
      [32m+[0m[0m version                = (known after apply)

      [32m+[0m[0m scaling_config {
          [32m+[0m[0m desired_size = 2
          [32m+[0m[0m max_size     = 3
          [32m+[0m[0m min_size     = 1
        }
    }

[1m  # module.iam.aws_iam_policy.elb_policy[0m will be created
[0m  [32m+[0m[0m resource "aws_iam_policy" "elb_policy" {
      [32m+[0m[0m arn              = (known after apply)
      [32m+[0m[0m attachment_count = (known after apply)
      [32m+[0m[0m description      = "IAM policy for managing Elastic Load Balancer"
      [32m+[0m[0m id               = (known after apply)
      [32m+[0m[0m name             = (known after apply)
      [32m+[0m[0m name_prefix      = "ELBManagementPolicy-"
      [32m+[0m[0m path             = "/"
      [32m+[0m[0m policy           = jsonencode(
            {
              [32m+[0m[0m Statement = [
                  [32m+[0m[0m {
                      [32m+[0m[0m Action   = [
                          [32m+[0m[0m "elasticloadbalancing:*",
                          [32m+[0m[0m "ec2:DetachNetworkInterface",
                          [32m+[0m[0m "ec2:DescribeNetworkInterfaces",
                          [32m+[0m[0m "ec2:DeleteNetworkInterface",
                        ]
                      [32m+[0m[0m Effect   = "Allow"
                      [32m+[0m[0m Resource = "*"
                    },
                ]
              [32m+[0m[0m Version   = "2012-10-17"
            }
        )
      [32m+[0m[0m policy_id        = (known after apply)
      [32m+[0m[0m tags_all         = (known after apply)
    }

[1m  # module.iam.aws_iam_role.eks_cluster_role[0m will be created
[0m  [32m+[0m[0m resource "aws_iam_role" "eks_cluster_role" {
      [32m+[0m[0m arn                   = (known after apply)
      [32m+[0m[0m assume_role_policy    = jsonencode(
            {
              [32m+[0m[0m Statement = [
                  [32m+[0m[0m {
                      [32m+[0m[0m Action    = "sts:AssumeRole"
                      [32m+[0m[0m Effect    = "Allow"
                      [32m+[0m[0m Principal = {
                          [32m+[0m[0m Service = "eks.amazonaws.com"
                        }
                      [32m+[0m[0m Sid       = ""
                    },
                ]
              [32m+[0m[0m Version   = "2012-10-17"
            }
        )
      [32m+[0m[0m create_date           = (known after apply)
      [32m+[0m[0m force_detach_policies = false
      [32m+[0m[0m id                    = (known after apply)
      [32m+[0m[0m managed_policy_arns   = (known after apply)
      [32m+[0m[0m max_session_duration  = 3600
      [32m+[0m[0m name                  = (known after apply)
      [32m+[0m[0m name_prefix           = "eks-cluster-role-"
      [32m+[0m[0m path                  = "/"
      [32m+[0m[0m tags                  = {
          [32m+[0m[0m "Name" = "Y-R-EKS-Cluster-Role"
        }
      [32m+[0m[0m tags_all              = {
          [32m+[0m[0m "Name" = "Y-R-EKS-Cluster-Role"
        }
      [32m+[0m[0m unique_id             = (known after apply)
    }

[1m  # module.iam.aws_iam_role.eks_node_group_role[0m will be created
[0m  [32m+[0m[0m resource "aws_iam_role" "eks_node_group_role" {
      [32m+[0m[0m arn                   = (known after apply)
      [32m+[0m[0m assume_role_policy    = jsonencode(
            {
              [32m+[0m[0m Statement = [
                  [32m+[0m[0m {
                      [32m+[0m[0m Action    = "sts:AssumeRole"
                      [32m+[0m[0m Effect    = "Allow"
                      [32m+[0m[0m Principal = {
                          [32m+[0m[0m Service = "ec2.amazonaws.com"
                        }
                      [32m+[0m[0m Sid       = ""
                    },
                ]
              [32m+[0m[0m Version   = "2012-10-17"
            }
        )
      [32m+[0m[0m create_date           = (known after apply)
      [32m+[0m[0m force_detach_policies = false
      [32m+[0m[0m id                    = (known after apply)
      [32m+[0m[0m managed_policy_arns   = (known after apply)
      [32m+[0m[0m max_session_duration  = 3600
      [32m+[0m[0m name                  = (known after apply)
      [32m+[0m[0m name_prefix           = "eks-node-group-role-"
      [32m+[0m[0m path                  = "/"
      [32m+[0m[0m tags                  = {
          [32m+[0m[0m "Name" = "Y-R-EKS-Node-Group-Role"
        }
      [32m+[0m[0m tags_all              = {
          [32m+[0m[0m "Name" = "Y-R-EKS-Node-Group-Role"
        }
      [32m+[0m[0m unique_id             = (known after apply)
    }

[1m  # module.iam.aws_iam_role.elb_role[0m will be created
[0m  [32m+[0m[0m resource "aws_iam_role" "elb_role" {
      [32m+[0m[0m arn                   = (known after apply)
      [32m+[0m[0m assume_role_policy    = jsonencode(
            {
              [32m+[0m[0m Statement = [
                  [32m+[0m[0m {
                      [32m+[0m[0m Action    = "sts:AssumeRole"
                      [32m+[0m[0m Effect    = "Allow"
                      [32m+[0m[0m Principal = {
                          [32m+[0m[0m Service = "ec2.amazonaws.com"
                        }
                      [32m+[0m[0m Sid       = ""
                    },
                ]
              [32m+[0m[0m Version   = "2012-10-17"
            }
        )
      [32m+[0m[0m create_date           = (known after apply)
      [32m+[0m[0m force_detach_policies = false
      [32m+[0m[0m id                    = (known after apply)
      [32m+[0m[0m managed_policy_arns   = (known after apply)
      [32m+[0m[0m max_session_duration  = 3600
      [32m+[0m[0m name                  = (known after apply)
      [32m+[0m[0m name_prefix           = "ELBManagementRole-"
      [32m+[0m[0m path                  = "/"
      [32m+[0m[0m tags_all              = (known after apply)
      [32m+[0m[0m unique_id             = (known after apply)
    }

[1m  # module.iam.aws_iam_role_policy_attachment.ecr_read_only[0m will be created
[0m  [32m+[0m[0m resource "aws_iam_role_policy_attachment" "ecr_read_only" {
      [32m+[0m[0m id         = (known after apply)
      [32m+[0m[0m policy_arn = "arn:aws:iam::aws:policy/AmazonEC2ContainerRegistryReadOnly"
      [32m+[0m[0m role       = (known after apply)
    }

[1m  # module.iam.aws_iam_role_policy_attachment.eks_cluster_policy[0m will be created
[0m  [32m+[0m[0m resource "aws_iam_role_policy_attachment" "eks_cluster_policy" {
      [32m+[0m[0m id         = (known after apply)
      [32m+[0m[0m policy_arn = "arn:aws:iam::aws:policy/AmazonEKSClusterPolicy"
      [32m+[0m[0m role       = (known after apply)
    }

[1m  # module.iam.aws_iam_role_policy_attachment.eks_cni_policy[0m will be created
[0m  [32m+[0m[0m resource "aws_iam_role_policy_attachment" "eks_cni_policy" {
      [32m+[0m[0m id         = (known after apply)
      [32m+[0m[0m policy_arn = "arn:aws:iam::aws:policy/AmazonEKS_CNI_Policy"
      [32m+[0m[0m role       = (known after apply)
    }

[1m  # module.iam.aws_iam_role_policy_attachment.eks_worker_node_policy[0m will be created
[0m  [32m+[0m[0m resource "aws_iam_role_policy_attachment" "eks_worker_node_policy" {
      [32m+[0m[0m id         = (known after apply)
      [32m+[0m[0m policy_arn = "arn:aws:iam::aws:policy/AmazonEKSWorkerNodePolicy"
      [32m+[0m[0m role       = (known after apply)
    }

[1m  # module.iam.aws_iam_role_policy_attachment.elb_attachment[0m will be created
[0m  [32m+[0m[0m resource "aws_iam_role_policy_attachment" "elb_attachment" {
      [32m+[0m[0m id         = (known after apply)
      [32m+[0m[0m policy_arn = (known after apply)
      [32m+[0m[0m role       = (known after apply)
    }

[1m  # module.load_balancer.aws_elb.this[0m will be created
[0m  [32m+[0m[0m resource "aws_elb" "this" {
      [32m+[0m[0m arn                         = (known after apply)
      [32m+[0m[0m availability_zones          = (known after apply)
      [32m+[0m[0m connection_draining         = false
      [32m+[0m[0m connection_draining_timeout = 300
      [32m+[0m[0m cross_zone_load_balancing   = true
      [32m+[0m[0m desync_mitigation_mode      = "defensive"
      [32m+[0m[0m dns_name                    = (known after apply)
      [32m+[0m[0m id                          = (known after apply)
      [32m+[0m[0m idle_timeout                = 60
      [32m+[0m[0m instances                   = (known after apply)
      [32m+[0m[0m internal                    = (known after apply)
      [32m+[0m[0m name                        = "my-load-balancer"
      [32m+[0m[0m name_prefix                 = (known after apply)
      [32m+[0m[0m security_groups             = (known after apply)
      [32m+[0m[0m source_security_group       = (known after apply)
      [32m+[0m[0m source_security_group_id    = (known after apply)
      [32m+[0m[0m subnets                     = (known after apply)
      [32m+[0m[0m tags                        = {
          [32m+[0m[0m "Name" = "Y-R-LoadBalancer"
        }
      [32m+[0m[0m tags_all                    = {
          [32m+[0m[0m "Name" = "Y-R-LoadBalancer"
        }
      [32m+[0m[0m zone_id                     = (known after apply)

      [32m+[0m[0m health_check {
          [32m+[0m[0m healthy_threshold   = 2
          [32m+[0m[0m interval            = 30
          [32m+[0m[0m target              = "HTTP:8000/"
          [32m+[0m[0m timeout             = 5
          [32m+[0m[0m unhealthy_threshold = 2
        }

      [32m+[0m[0m listener {
          [32m+[0m[0m instance_port     = 8000
          [32m+[0m[0m instance_protocol = "HTTP"
          [32m+[0m[0m lb_port           = 80
          [32m+[0m[0m lb_protocol       = "HTTP"
        }
    }

[1m  # module.rds.aws_db_instance.db_insta[0m will be created
[0m  [32m+[0m[0m resource "aws_db_instance" "db_insta" {
      [32m+[0m[0m address                               = (known after apply)
      [32m+[0m[0m allocated_storage                     = 20
      [32m+[0m[0m apply_immediately                     = false
      [32m+[0m[0m arn                                   = (known after apply)
      [32m+[0m[0m auto_minor_version_upgrade            = true
      [32m+[0m[0m availability_zone                     = (known after apply)
      [32m+[0m[0m backup_retention_period               = (known after apply)
      [32m+[0m[0m backup_target                         = (known after apply)
      [32m+[0m[0m backup_window                         = (known after apply)
      [32m+[0m[0m ca_cert_identifier                    = (known after apply)
      [32m+[0m[0m character_set_name                    = (known after apply)
      [32m+[0m[0m copy_tags_to_snapshot                 = false
      [32m+[0m[0m db_name                               = "statuspage"
      [32m+[0m[0m db_subnet_group_name                  = "rds-private-subnet-group"
      [32m+[0m[0m dedicated_log_volume                  = false
      [32m+[0m[0m delete_automated_backups              = true
      [32m+[0m[0m domain_fqdn                           = (known after apply)
      [32m+[0m[0m endpoint                              = (known after apply)
      [32m+[0m[0m engine                                = "postgres"
      [32m+[0m[0m engine_lifecycle_support              = (known after apply)
      [32m+[0m[0m engine_version                        = (known after apply)
      [32m+[0m[0m engine_version_actual                 = (known after apply)
      [32m+[0m[0m hosted_zone_id                        = (known after apply)
      [32m+[0m[0m id                                    = (known after apply)
      [32m+[0m[0m identifier                            = "statuspage"
      [32m+[0m[0m identifier_prefix                     = (known after apply)
      [32m+[0m[0m instance_class                        = "db.t3.micro"
      [32m+[0m[0m iops                                  = (known after apply)
      [32m+[0m[0m kms_key_id                            = (known after apply)
      [32m+[0m[0m latest_restorable_time                = (known after apply)
      [32m+[0m[0m license_model                         = (known after apply)
      [32m+[0m[0m listener_endpoint                     = (known after apply)
      [32m+[0m[0m maintenance_window                    = (known after apply)
      [32m+[0m[0m master_user_secret                    = (known after apply)
      [32m+[0m[0m master_user_secret_kms_key_id         = (known after apply)
      [32m+[0m[0m monitoring_interval                   = 0
      [32m+[0m[0m monitoring_role_arn                   = (known after apply)
      [32m+[0m[0m multi_az                              = true
      [32m+[0m[0m nchar_character_set_name              = (known after apply)
      [32m+[0m[0m network_type                          = (known after apply)
      [32m+[0m[0m option_group_name                     = (known after apply)
      [32m+[0m[0m parameter_group_name                  = (known after apply)
      [32m+[0m[0m password                              = (sensitive value)
      [32m+[0m[0m performance_insights_enabled          = false
      [32m+[0m[0m performance_insights_kms_key_id       = (known after apply)
      [32m+[0m[0m performance_insights_retention_period = (known after apply)
      [32m+[0m[0m port                                  = (known after apply)
      [32m+[0m[0m publicly_accessible                   = false
      [32m+[0m[0m replica_mode                          = (known after apply)
      [32m+[0m[0m replicas                              = (known after apply)
      [32m+[0m[0m resource_id                           = (known after apply)
      [32m+[0m[0m skip_final_snapshot                   = true
      [32m+[0m[0m snapshot_identifier                   = (known after apply)
      [32m+[0m[0m status                                = (known after apply)
      [32m+[0m[0m storage_throughput                    = (known after apply)
      [32m+[0m[0m storage_type                          = (known after apply)
      [32m+[0m[0m tags                                  = {
          [32m+[0m[0m "Name" = "Y-R-db"
        }
      [32m+[0m[0m tags_all                              = {
          [32m+[0m[0m "Name" = "Y-R-db"
        }
      [32m+[0m[0m timezone                              = (known after apply)
      [32m+[0m[0m username                              = "statuspage"
      [32m+[0m[0m vpc_security_group_ids                = (known after apply)
    }

[1m  # module.rds.aws_db_subnet_group.db_subnet_group[0m will be created
[0m  [32m+[0m[0m resource "aws_db_subnet_group" "db_subnet_group" {
      [32m+[0m[0m arn                     = (known after apply)
      [32m+[0m[0m description             = "Managed by Terraform"
      [32m+[0m[0m id                      = (known after apply)
      [32m+[0m[0m name                    = "rds-private-subnet-group"
      [32m+[0m[0m name_prefix             = (known after apply)
      [32m+[0m[0m subnet_ids              = (known after apply)
      [32m+[0m[0m supported_network_types = (known after apply)
      [32m+[0m[0m tags                    = {
          [32m+[0m[0m "Name" = "RDS Private Subnet Group"
        }
      [32m+[0m[0m tags_all                = {
          [32m+[0m[0m "Name" = "RDS Private Subnet Group"
        }
      [32m+[0m[0m vpc_id                  = (known after apply)
    }

[1m  # module.rds.aws_security_group.db_SG[0m will be created
[0m  [32m+[0m[0m resource "aws_security_group" "db_SG" {
      [32m+[0m[0m arn                    = (known after apply)
      [32m+[0m[0m description            = "Managed by Terraform"
      [32m+[0m[0m egress                 = [
          [32m+[0m[0m {
              [32m+[0m[0m cidr_blocks      = [
                  [32m+[0m[0m "0.0.0.0/0",
                ]
              [32m+[0m[0m description      = ""
              [32m+[0m[0m from_port        = 0
              [32m+[0m[0m ipv6_cidr_blocks = []
              [32m+[0m[0m prefix_list_ids  = []
              [32m+[0m[0m protocol         = "-1"
              [32m+[0m[0m security_groups  = []
              [32m+[0m[0m self             = false
              [32m+[0m[0m to_port          = 0
            },
        ]
      [32m+[0m[0m id                     = (known after apply)
      [32m+[0m[0m ingress                = [
          [32m+[0m[0m {
              [32m+[0m[0m cidr_blocks      = []
              [32m+[0m[0m description      = ""
              [32m+[0m[0m from_port        = 5432
              [32m+[0m[0m ipv6_cidr_blocks = []
              [32m+[0m[0m prefix_list_ids  = []
              [32m+[0m[0m protocol         = "tcp"
              [32m+[0m[0m security_groups  = (known after apply)
              [32m+[0m[0m self             = false
              [32m+[0m[0m to_port          = 5432
            },
        ]
      [32m+[0m[0m name                   = (known after apply)
      [32m+[0m[0m name_prefix            = "db_prefix"
      [32m+[0m[0m owner_id               = (known after apply)
      [32m+[0m[0m revoke_rules_on_delete = false
      [32m+[0m[0m tags_all               = (known after apply)
      [32m+[0m[0m vpc_id                 = (known after apply)
    }

[1m  # module.vpc.aws_eip.nat[0m will be created
[0m  [32m+[0m[0m resource "aws_eip" "nat" {
      [32m+[0m[0m allocation_id        = (known after apply)
      [32m+[0m[0m arn                  = (known after apply)
      [32m+[0m[0m association_id       = (known after apply)
      [32m+[0m[0m carrier_ip           = (known after apply)
      [32m+[0m[0m customer_owned_ip    = (known after apply)
      [32m+[0m[0m domain               = (known after apply)
      [32m+[0m[0m id                   = (known after apply)
      [32m+[0m[0m instance             = (known after apply)
      [32m+[0m[0m ipam_pool_id         = (known after apply)
      [32m+[0m[0m network_border_group = (known after apply)
      [32m+[0m[0m network_interface    = (known after apply)
      [32m+[0m[0m private_dns          = (known after apply)
      [32m+[0m[0m private_ip           = (known after apply)
      [32m+[0m[0m ptr_record           = (known after apply)
      [32m+[0m[0m public_dns           = (known after apply)
      [32m+[0m[0m public_ip            = (known after apply)
      [32m+[0m[0m public_ipv4_pool     = (known after apply)
      [32m+[0m[0m tags                 = {
          [32m+[0m[0m "Name" = "Y&R NAT EIP"
        }
      [32m+[0m[0m tags_all             = {
          [32m+[0m[0m "Name" = "Y&R NAT EIP"
        }
      [32m+[0m[0m vpc                  = (known after apply)
    }

[1m  # module.vpc.aws_internet_gateway.igw[0m will be created
[0m  [32m+[0m[0m resource "aws_internet_gateway" "igw" {
      [32m+[0m[0m arn      = (known after apply)
      [32m+[0m[0m id       = (known after apply)
      [32m+[0m[0m owner_id = (known after apply)
      [32m+[0m[0m tags     = {
          [32m+[0m[0m "Name" = "Y&R IGW"
        }
      [32m+[0m[0m tags_all = {
          [32m+[0m[0m "Name" = "Y&R IGW"
        }
      [32m+[0m[0m vpc_id   = (known after apply)
    }

[1m  # module.vpc.aws_nat_gateway.nat[0m will be created
[0m  [32m+[0m[0m resource "aws_nat_gateway" "nat" {
      [32m+[0m[0m allocation_id                      = (known after apply)
      [32m+[0m[0m association_id                     = (known after apply)
      [32m+[0m[0m connectivity_type                  = "public"
      [32m+[0m[0m id                                 = (known after apply)
      [32m+[0m[0m network_interface_id               = (known after apply)
      [32m+[0m[0m private_ip                         = (known after apply)
      [32m+[0m[0m public_ip                          = (known after apply)
      [32m+[0m[0m secondary_private_ip_address_count = (known after apply)
      [32m+[0m[0m secondary_private_ip_addresses     = (known after apply)
      [32m+[0m[0m subnet_id                          = (known after apply)
      [32m+[0m[0m tags                               = {
          [32m+[0m[0m "Name" = "Y&R NAT Gateway"
        }
      [32m+[0m[0m tags_all                           = {
          [32m+[0m[0m "Name" = "Y&R NAT Gateway"
        }
    }

[1m  # module.vpc.aws_route.private_nat_route[0m will be created
[0m  [32m+[0m[0m resource "aws_route" "private_nat_route" {
      [32m+[0m[0m destination_cidr_block = "0.0.0.0/0"
      [32m+[0m[0m id                     = (known after apply)
      [32m+[0m[0m instance_id            = (known after apply)
      [32m+[0m[0m instance_owner_id      = (known after apply)
      [32m+[0m[0m nat_gateway_id         = (known after apply)
      [32m+[0m[0m network_interface_id   = (known after apply)
      [32m+[0m[0m origin                 = (known after apply)
      [32m+[0m[0m route_table_id         = (known after apply)
      [32m+[0m[0m state                  = (known after apply)
    }

[1m  # module.vpc.aws_route_table.private[0m will be created
[0m  [32m+[0m[0m resource "aws_route_table" "private" {
      [32m+[0m[0m arn              = (known after apply)
      [32m+[0m[0m id               = (known after apply)
      [32m+[0m[0m owner_id         = (known after apply)
      [32m+[0m[0m propagating_vgws = (known after apply)
      [32m+[0m[0m route            = (known after apply)
      [32m+[0m[0m tags             = {
          [32m+[0m[0m "Name" = "Y&R Private Route Table"
        }
      [32m+[0m[0m tags_all         = {
          [32m+[0m[0m "Name" = "Y&R Private Route Table"
        }
      [32m+[0m[0m vpc_id           = (known after apply)
    }

[1m  # module.vpc.aws_route_table.public[0m will be created
[0m  [32m+[0m[0m resource "aws_route_table" "public" {
      [32m+[0m[0m arn              = (known after apply)
      [32m+[0m[0m id               = (known after apply)
      [32m+[0m[0m owner_id         = (known after apply)
      [32m+[0m[0m propagating_vgws = (known after apply)
      [32m+[0m[0m route            = [
          [32m+[0m[0m {
              [32m+[0m[0m carrier_gateway_id         = ""
              [32m+[0m[0m cidr_block                 = "0.0.0.0/0"
              [32m+[0m[0m core_network_arn           = ""
              [32m+[0m[0m destination_prefix_list_id = ""
              [32m+[0m[0m egress_only_gateway_id     = ""
              [32m+[0m[0m gateway_id                 = (known after apply)
              [32m+[0m[0m ipv6_cidr_block            = ""
              [32m+[0m[0m local_gateway_id           = ""
              [32m+[0m[0m nat_gateway_id             = ""
              [32m+[0m[0m network_interface_id       = ""
              [32m+[0m[0m transit_gateway_id         = ""
              [32m+[0m[0m vpc_endpoint_id            = ""
              [32m+[0m[0m vpc_peering_connection_id  = ""
            },
        ]
      [32m+[0m[0m tags             = {
          [32m+[0m[0m "Name" = "Y&R Public Route Table"
        }
      [32m+[0m[0m tags_all         = {
          [32m+[0m[0m "Name" = "Y&R Public Route Table"
        }
      [32m+[0m[0m vpc_id           = (known after apply)
    }

[1m  # module.vpc.aws_route_table_association.private_subnet[0][0m will be created
[0m  [32m+[0m[0m resource "aws_route_table_association" "private_subnet" {
      [32m+[0m[0m id             = (known after apply)
      [32m+[0m[0m route_table_id = (known after apply)
      [32m+[0m[0m subnet_id      = (known after apply)
    }

[1m  # module.vpc.aws_route_table_association.private_subnet[1][0m will be created
[0m  [32m+[0m[0m resource "aws_route_table_association" "private_subnet" {
      [32m+[0m[0m id             = (known after apply)
      [32m+[0m[0m route_table_id = (known after apply)
      [32m+[0m[0m subnet_id      = (known after apply)
    }

[1m  # module.vpc.aws_route_table_association.public_subnet[0][0m will be created
[0m  [32m+[0m[0m resource "aws_route_table_association" "public_subnet" {
      [32m+[0m[0m id             = (known after apply)
      [32m+[0m[0m route_table_id = (known after apply)
      [32m+[0m[0m subnet_id      = (known after apply)
    }

[1m  # module.vpc.aws_route_table_association.public_subnet[1][0m will be created
[0m  [32m+[0m[0m resource "aws_route_table_association" "public_subnet" {
      [32m+[0m[0m id             = (known after apply)
      [32m+[0m[0m route_table_id = (known after apply)
      [32m+[0m[0m subnet_id      = (known after apply)
    }

[1m  # module.vpc.aws_security_group.app_security_group[0m will be created
[0m  [32m+[0m[0m resource "aws_security_group" "app_security_group" {
      [32m+[0m[0m arn                    = (known after apply)
      [32m+[0m[0m description            = "Security group for the application running on port 8000"
      [32m+[0m[0m egress                 = [
          [32m+[0m[0m {
              [32m+[0m[0m cidr_blocks      = [
                  [32m+[0m[0m "0.0.0.0/0",
                ]
              [32m+[0m[0m description      = ""
              [32m+[0m[0m from_port        = 0
              [32m+[0m[0m ipv6_cidr_blocks = []
              [32m+[0m[0m prefix_list_ids  = []
              [32m+[0m[0m protocol         = "-1"
              [32m+[0m[0m security_groups  = []
              [32m+[0m[0m self             = false
              [32m+[0m[0m to_port          = 0
            },
        ]
      [32m+[0m[0m id                     = (known after apply)
      [32m+[0m[0m ingress                = [
          [32m+[0m[0m {
              [32m+[0m[0m cidr_blocks      = [
                  [32m+[0m[0m "0.0.0.0/0",
                ]
              [32m+[0m[0m description      = ""
              [32m+[0m[0m from_port        = 8000
              [32m+[0m[0m ipv6_cidr_blocks = []
              [32m+[0m[0m prefix_list_ids  = []
              [32m+[0m[0m protocol         = "tcp"
              [32m+[0m[0m security_groups  = []
              [32m+[0m[0m self             = false
              [32m+[0m[0m to_port          = 8000
            },
        ]
      [32m+[0m[0m name                   = "app-security-group"
      [32m+[0m[0m name_prefix            = (known after apply)
      [32m+[0m[0m owner_id               = (known after apply)
      [32m+[0m[0m revoke_rules_on_delete = false
      [32m+[0m[0m tags                   = {
          [32m+[0m[0m "Name" = "Y&R Application Security Group"
        }
      [32m+[0m[0m tags_all               = {
          [32m+[0m[0m "Name" = "Y&R Application Security Group"
        }
      [32m+[0m[0m vpc_id                 = (known after apply)
    }

[1m  # module.vpc.aws_security_group.eks_node_sg[0m will be created
[0m  [32m+[0m[0m resource "aws_security_group" "eks_node_sg" {
      [32m+[0m[0m arn                    = (known after apply)
      [32m+[0m[0m description            = "EKS worker node security group"
      [32m+[0m[0m egress                 = [
          [32m+[0m[0m {
              [32m+[0m[0m cidr_blocks      = [
                  [32m+[0m[0m "0.0.0.0/0",
                ]
              [32m+[0m[0m description      = ""
              [32m+[0m[0m from_port        = 0
              [32m+[0m[0m ipv6_cidr_blocks = []
              [32m+[0m[0m prefix_list_ids  = []
              [32m+[0m[0m protocol         = "-1"
              [32m+[0m[0m security_groups  = []
              [32m+[0m[0m self             = false
              [32m+[0m[0m to_port          = 0
            },
        ]
      [32m+[0m[0m id                     = (known after apply)
      [32m+[0m[0m ingress                = [
          [32m+[0m[0m {
              [32m+[0m[0m cidr_blocks      = [
                  [32m+[0m[0m "0.0.0.0/0",
                ]
              [32m+[0m[0m description      = ""
              [32m+[0m[0m from_port        = 10250
              [32m+[0m[0m ipv6_cidr_blocks = []
              [32m+[0m[0m prefix_list_ids  = []
              [32m+[0m[0m protocol         = "tcp"
              [32m+[0m[0m security_groups  = []
              [32m+[0m[0m self             = false
              [32m+[0m[0m to_port          = 10250
            },
          [32m+[0m[0m {
              [32m+[0m[0m cidr_blocks      = [
                  [32m+[0m[0m "0.0.0.0/0",
                ]
              [32m+[0m[0m description      = ""
              [32m+[0m[0m from_port        = 30000
              [32m+[0m[0m ipv6_cidr_blocks = []
              [32m+[0m[0m prefix_list_ids  = []
              [32m+[0m[0m protocol         = "tcp"
              [32m+[0m[0m security_groups  = []
              [32m+[0m[0m self             = false
              [32m+[0m[0m to_port          = 32767
            },
          [32m+[0m[0m {
              [32m+[0m[0m cidr_blocks      = [
                  [32m+[0m[0m "0.0.0.0/0",
                ]
              [32m+[0m[0m description      = ""
              [32m+[0m[0m from_port        = 443
              [32m+[0m[0m ipv6_cidr_blocks = []
              [32m+[0m[0m prefix_list_ids  = []
              [32m+[0m[0m protocol         = "tcp"
              [32m+[0m[0m security_groups  = []
              [32m+[0m[0m self             = false
              [32m+[0m[0m to_port          = 443
            },
        ]
      [32m+[0m[0m name                   = "my-eks-cluster-eks-node-sg"
      [32m+[0m[0m name_prefix            = (known after apply)
      [32m+[0m[0m owner_id               = (known after apply)
      [32m+[0m[0m revoke_rules_on_delete = false
      [32m+[0m[0m tags                   = {
          [32m+[0m[0m "Name" = "Y&R-EKS-Node-SG"
        }
      [32m+[0m[0m tags_all               = {
          [32m+[0m[0m "Name" = "Y&R-EKS-Node-SG"
        }
      [32m+[0m[0m vpc_id                 = (known after apply)
    }

[1m  # module.vpc.aws_subnet.private[0][0m will be created
[0m  [32m+[0m[0m resource "aws_subnet" "private" {
      [32m+[0m[0m arn                                            = (known after apply)
      [32m+[0m[0m assign_ipv6_address_on_creation                = false
      [32m+[0m[0m availability_zone                              = "us-east-1a"
      [32m+[0m[0m availability_zone_id                           = (known after apply)
      [32m+[0m[0m cidr_block                                     = "10.0.2.0/24"
      [32m+[0m[0m enable_dns64                                   = false
      [32m+[0m[0m enable_resource_name_dns_a_record_on_launch    = false
      [32m+[0m[0m enable_resource_name_dns_aaaa_record_on_launch = false
      [32m+[0m[0m id                                             = (known after apply)
      [32m+[0m[0m ipv6_cidr_block_association_id                 = (known after apply)
      [32m+[0m[0m ipv6_native                                    = false
      [32m+[0m[0m map_public_ip_on_launch                        = false
      [32m+[0m[0m owner_id                                       = (known after apply)
      [32m+[0m[0m private_dns_hostname_type_on_launch            = (known after apply)
      [32m+[0m[0m tags                                           = {
          [32m+[0m[0m "Name" = "Y&R Private Subnet 1"
        }
      [32m+[0m[0m tags_all                                       = {
          [32m+[0m[0m "Name" = "Y&R Private Subnet 1"
        }
      [32m+[0m[0m vpc_id                                         = (known after apply)
    }

[1m  # module.vpc.aws_subnet.private[1][0m will be created
[0m  [32m+[0m[0m resource "aws_subnet" "private" {
      [32m+[0m[0m arn                                            = (known after apply)
      [32m+[0m[0m assign_ipv6_address_on_creation                = false
      [32m+[0m[0m availability_zone                              = "us-east-1b"
      [32m+[0m[0m availability_zone_id                           = (known after apply)
      [32m+[0m[0m cidr_block                                     = "10.0.3.0/24"
      [32m+[0m[0m enable_dns64                                   = false
      [32m+[0m[0m enable_resource_name_dns_a_record_on_launch    = false
      [32m+[0m[0m enable_resource_name_dns_aaaa_record_on_launch = false
      [32m+[0m[0m id                                             = (known after apply)
      [32m+[0m[0m ipv6_cidr_block_association_id                 = (known after apply)
      [32m+[0m[0m ipv6_native                                    = false
      [32m+[0m[0m map_public_ip_on_launch                        = false
      [32m+[0m[0m owner_id                                       = (known after apply)
      [32m+[0m[0m private_dns_hostname_type_on_launch            = (known after apply)
      [32m+[0m[0m tags                                           = {
          [32m+[0m[0m "Name" = "Y&R Private Subnet 2"
        }
      [32m+[0m[0m tags_all                                       = {
          [32m+[0m[0m "Name" = "Y&R Private Subnet 2"
        }
      [32m+[0m[0m vpc_id                                         = (known after apply)
    }

[1m  # module.vpc.aws_subnet.public[0][0m will be created
[0m  [32m+[0m[0m resource "aws_subnet" "public" {
      [32m+[0m[0m arn                                            = (known after apply)
      [32m+[0m[0m assign_ipv6_address_on_creation                = false
      [32m+[0m[0m availability_zone                              = "us-east-1a"
      [32m+[0m[0m availability_zone_id                           = (known after apply)
      [32m+[0m[0m cidr_block                                     = "10.0.0.0/24"
      [32m+[0m[0m enable_dns64                                   = false
      [32m+[0m[0m enable_resource_name_dns_a_record_on_launch    = false
      [32m+[0m[0m enable_resource_name_dns_aaaa_record_on_launch = false
      [32m+[0m[0m id                                             = (known after apply)
      [32m+[0m[0m ipv6_cidr_block_association_id                 = (known after apply)
      [32m+[0m[0m ipv6_native                                    = false
      [32m+[0m[0m map_public_ip_on_launch                        = true
      [32m+[0m[0m owner_id                                       = (known after apply)
      [32m+[0m[0m private_dns_hostname_type_on_launch            = (known after apply)
      [32m+[0m[0m tags                                           = {
          [32m+[0m[0m "Name" = "Y&R Public Subnet 1"
        }
      [32m+[0m[0m tags_all                                       = {
          [32m+[0m[0m "Name" = "Y&R Public Subnet 1"
        }
      [32m+[0m[0m vpc_id                                         = (known after apply)
    }

[1m  # module.vpc.aws_subnet.public[1][0m will be created
[0m  [32m+[0m[0m resource "aws_subnet" "public" {
      [32m+[0m[0m arn                                            = (known after apply)
      [32m+[0m[0m assign_ipv6_address_on_creation                = false
      [32m+[0m[0m availability_zone                              = "us-east-1b"
      [32m+[0m[0m availability_zone_id                           = (known after apply)
      [32m+[0m[0m cidr_block                                     = "10.0.1.0/24"
      [32m+[0m[0m enable_dns64                                   = false
      [32m+[0m[0m enable_resource_name_dns_a_record_on_launch    = false
      [32m+[0m[0m enable_resource_name_dns_aaaa_record_on_launch = false
      [32m+[0m[0m id                                             = (known after apply)
      [32m+[0m[0m ipv6_cidr_block_association_id                 = (known after apply)
      [32m+[0m[0m ipv6_native                                    = false
      [32m+[0m[0m map_public_ip_on_launch                        = true
      [32m+[0m[0m owner_id                                       = (known after apply)
      [32m+[0m[0m private_dns_hostname_type_on_launch            = (known after apply)
      [32m+[0m[0m tags                                           = {
          [32m+[0m[0m "Name" = "Y&R Public Subnet 2"
        }
      [32m+[0m[0m tags_all                                       = {
          [32m+[0m[0m "Name" = "Y&R Public Subnet 2"
        }
      [32m+[0m[0m vpc_id                                         = (known after apply)
    }

[1m  # module.vpc.aws_vpc.main[0m will be created
[0m  [32m+[0m[0m resource "aws_vpc" "main" {
      [32m+[0m[0m arn                                  = (known after apply)
      [32m+[0m[0m cidr_block                           = "10.0.0.0/16"
      [32m+[0m[0m default_network_acl_id               = (known after apply)
      [32m+[0m[0m default_route_table_id               = (known after apply)
      [32m+[0m[0m default_security_group_id            = (known after apply)
      [32m+[0m[0m dhcp_options_id                      = (known after apply)
      [32m+[0m[0m enable_dns_hostnames                 = true
      [32m+[0m[0m enable_dns_support                   = true
      [32m+[0m[0m enable_network_address_usage_metrics = (known after apply)
      [32m+[0m[0m id                                   = (known after apply)
      [32m+[0m[0m instance_tenancy                     = "default"
      [32m+[0m[0m ipv6_association_id                  = (known after apply)
      [32m+[0m[0m ipv6_cidr_block                      = (known after apply)
      [32m+[0m[0m ipv6_cidr_block_network_border_group = (known after apply)
      [32m+[0m[0m main_route_table_id                  = (known after apply)
      [32m+[0m[0m owner_id                             = (known after apply)
      [32m+[0m[0m tags                                 = {
          [32m+[0m[0m "Name" = "Y&R VPC"
        }
      [32m+[0m[0m tags_all                             = {
          [32m+[0m[0m "Name" = "Y&R VPC"
        }
    }

[1m  # module.load_balancer.module.iam.aws_iam_policy.elb_policy[0m will be created
[0m  [32m+[0m[0m resource "aws_iam_policy" "elb_policy" {
      [32m+[0m[0m arn              = (known after apply)
      [32m+[0m[0m attachment_count = (known after apply)
      [32m+[0m[0m description      = "IAM policy for managing Elastic Load Balancer"
      [32m+[0m[0m id               = (known after apply)
      [32m+[0m[0m name             = (known after apply)
      [32m+[0m[0m name_prefix      = "ELBManagementPolicy-"
      [32m+[0m[0m path             = "/"
      [32m+[0m[0m policy           = jsonencode(
            {
              [32m+[0m[0m Statement = [
                  [32m+[0m[0m {
                      [32m+[0m[0m Action   = [
                          [32m+[0m[0m "elasticloadbalancing:*",
                          [32m+[0m[0m "ec2:DetachNetworkInterface",
                          [32m+[0m[0m "ec2:DescribeNetworkInterfaces",
                          [32m+[0m[0m "ec2:DeleteNetworkInterface",
                        ]
                      [32m+[0m[0m Effect   = "Allow"
                      [32m+[0m[0m Resource = "*"
                    },
                ]
              [32m+[0m[0m Version   = "2012-10-17"
            }
        )
      [32m+[0m[0m policy_id        = (known after apply)
      [32m+[0m[0m tags_all         = (known after apply)
    }

[1m  # module.load_balancer.module.iam.aws_iam_role.eks_cluster_role[0m will be created
[0m  [32m+[0m[0m resource "aws_iam_role" "eks_cluster_role" {
      [32m+[0m[0m arn                   = (known after apply)
      [32m+[0m[0m assume_role_policy    = jsonencode(
            {
              [32m+[0m[0m Statement = [
                  [32m+[0m[0m {
                      [32m+[0m[0m Action    = "sts:AssumeRole"
                      [32m+[0m[0m Effect    = "Allow"
                      [32m+[0m[0m Principal = {
                          [32m+[0m[0m Service = "eks.amazonaws.com"
                        }
                      [32m+[0m[0m Sid       = ""
                    },
                ]
              [32m+[0m[0m Version   = "2012-10-17"
            }
        )
      [32m+[0m[0m create_date           = (known after apply)
      [32m+[0m[0m force_detach_policies = false
      [32m+[0m[0m id                    = (known after apply)
      [32m+[0m[0m managed_policy_arns   = (known after apply)
      [32m+[0m[0m max_session_duration  = 3600
      [32m+[0m[0m name                  = (known after apply)
      [32m+[0m[0m name_prefix           = "eks-cluster-role-"
      [32m+[0m[0m path                  = "/"
      [32m+[0m[0m tags                  = {
          [32m+[0m[0m "Name" = "Y-R-EKS-Cluster-Role"
        }
      [32m+[0m[0m tags_all              = {
          [32m+[0m[0m "Name" = "Y-R-EKS-Cluster-Role"
        }
      [32m+[0m[0m unique_id             = (known after apply)
    }

[1m  # module.load_balancer.module.iam.aws_iam_role.eks_node_group_role[0m will be created
[0m  [32m+[0m[0m resource "aws_iam_role" "eks_node_group_role" {
      [32m+[0m[0m arn                   = (known after apply)
      [32m+[0m[0m assume_role_policy    = jsonencode(
            {
              [32m+[0m[0m Statement = [
                  [32m+[0m[0m {
                      [32m+[0m[0m Action    = "sts:AssumeRole"
                      [32m+[0m[0m Effect    = "Allow"
                      [32m+[0m[0m Principal = {
                          [32m+[0m[0m Service = "ec2.amazonaws.com"
                        }
                      [32m+[0m[0m Sid       = ""
                    },
                ]
              [32m+[0m[0m Version   = "2012-10-17"
            }
        )
      [32m+[0m[0m create_date           = (known after apply)
      [32m+[0m[0m force_detach_policies = false
      [32m+[0m[0m id                    = (known after apply)
      [32m+[0m[0m managed_policy_arns   = (known after apply)
      [32m+[0m[0m max_session_duration  = 3600
      [32m+[0m[0m name                  = (known after apply)
      [32m+[0m[0m name_prefix           = "eks-node-group-role-"
      [32m+[0m[0m path                  = "/"
      [32m+[0m[0m tags                  = {
          [32m+[0m[0m "Name" = "Y-R-EKS-Node-Group-Role"
        }
      [32m+[0m[0m tags_all              = {
          [32m+[0m[0m "Name" = "Y-R-EKS-Node-Group-Role"
        }
      [32m+[0m[0m unique_id             = (known after apply)
    }

[1m  # module.load_balancer.module.iam.aws_iam_role.elb_role[0m will be created
[0m  [32m+[0m[0m resource "aws_iam_role" "elb_role" {
      [32m+[0m[0m arn                   = (known after apply)
      [32m+[0m[0m assume_role_policy    = jsonencode(
            {
              [32m+[0m[0m Statement = [
                  [32m+[0m[0m {
                      [32m+[0m[0m Action    = "sts:AssumeRole"
                      [32m+[0m[0m Effect    = "Allow"
                      [32m+[0m[0m Principal = {
                          [32m+[0m[0m Service = "ec2.amazonaws.com"
                        }
                      [32m+[0m[0m Sid       = ""
                    },
                ]
              [32m+[0m[0m Version   = "2012-10-17"
            }
        )
      [32m+[0m[0m create_date           = (known after apply)
      [32m+[0m[0m force_detach_policies = false
      [32m+[0m[0m id                    = (known after apply)
      [32m+[0m[0m managed_policy_arns   = (known after apply)
      [32m+[0m[0m max_session_duration  = 3600
      [32m+[0m[0m name                  = (known after apply)
      [32m+[0m[0m name_prefix           = "ELBManagementRole-"
      [32m+[0m[0m path                  = "/"
      [32m+[0m[0m tags_all              = (known after apply)
      [32m+[0m[0m unique_id             = (known after apply)
    }

[1m  # module.load_balancer.module.iam.aws_iam_role_policy_attachment.ecr_read_only[0m will be created
[0m  [32m+[0m[0m resource "aws_iam_role_policy_attachment" "ecr_read_only" {
      [32m+[0m[0m id         = (known after apply)
      [32m+[0m[0m policy_arn = "arn:aws:iam::aws:policy/AmazonEC2ContainerRegistryReadOnly"
      [32m+[0m[0m role       = (known after apply)
    }

[1m  # module.load_balancer.module.iam.aws_iam_role_policy_attachment.eks_cluster_policy[0m will be created
[0m  [32m+[0m[0m resource "aws_iam_role_policy_attachment" "eks_cluster_policy" {
      [32m+[0m[0m id         = (known after apply)
      [32m+[0m[0m policy_arn = "arn:aws:iam::aws:policy/AmazonEKSClusterPolicy"
      [32m+[0m[0m role       = (known after apply)
    }

[1m  # module.load_balancer.module.iam.aws_iam_role_policy_attachment.eks_cni_policy[0m will be created
[0m  [32m+[0m[0m resource "aws_iam_role_policy_attachment" "eks_cni_policy" {
      [32m+[0m[0m id         = (known after apply)
      [32m+[0m[0m policy_arn = "arn:aws:iam::aws:policy/AmazonEKS_CNI_Policy"
      [32m+[0m[0m role       = (known after apply)
    }

[1m  # module.load_balancer.module.iam.aws_iam_role_policy_attachment.eks_worker_node_policy[0m will be created
[0m  [32m+[0m[0m resource "aws_iam_role_policy_attachment" "eks_worker_node_policy" {
      [32m+[0m[0m id         = (known after apply)
      [32m+[0m[0m policy_arn = "arn:aws:iam::aws:policy/AmazonEKSWorkerNodePolicy"
      [32m+[0m[0m role       = (known after apply)
    }

[1m  # module.load_balancer.module.iam.aws_iam_role_policy_attachment.elb_attachment[0m will be created
[0m  [32m+[0m[0m resource "aws_iam_role_policy_attachment" "elb_attachment" {
      [32m+[0m[0m id         = (known after apply)
      [32m+[0m[0m policy_arn = (known after apply)
      [32m+[0m[0m role       = (known after apply)
    }

[1mPlan:[0m 41 to add, 0 to change, 0 to destroy.
[0m
Changes to Outputs:
  [32m+[0m[0m eks_cluster_name  = "my-eks-cluster"
  [32m+[0m[0m public_subnet_ids = [
      [32m+[0m[0m (known after apply),
      [32m+[0m[0m (known after apply),
    ]
  [32m+[0m[0m vpc_id            = (known after apply)
[90m
─────────────────────────────────────────────────────────────────────────────[0m

Saved the plan to: tfplan

To perform exactly these actions, run the following command to apply:
    terraform apply "tfplan"
+ terraform apply -auto-approve tfplan
[0m[1mmodule.iam.aws_iam_role.eks_node_group_role: Creating...[0m[0m
[0m[1mmodule.iam.aws_iam_role.eks_cluster_role: Creating...[0m[0m
[0m[1mmodule.vpc.aws_eip.nat: Creating...[0m[0m
[0m[1mmodule.iam.aws_iam_policy.elb_policy: Creating...[0m[0m
[0m[1mmodule.iam.aws_iam_role.elb_role: Creating...[0m[0m
[0m[1mmodule.vpc.aws_vpc.main: Creating...[0m[0m
[0m[1mmodule.iam.aws_iam_policy.elb_policy: Creation complete after 0s [id=arn:aws:iam::266735819819:policy/ELBManagementPolicy-20241018131111379700000004][0m
[0m[1mmodule.iam.aws_iam_role.elb_role: Creation complete after 1s [id=ELBManagementRole-20241018131111379500000003][0m
[0m[1mmodule.iam.aws_iam_role.eks_cluster_role: Creation complete after 1s [id=eks-cluster-role-20241018131111373900000002][0m
[0m[1mmodule.iam.aws_iam_role.eks_node_group_role: Creation complete after 1s [id=eks-node-group-role-20241018131111370800000001][0m
[0m[1mmodule.iam.aws_iam_role_policy_attachment.eks_cluster_policy: Creating...[0m[0m
[0m[1mmodule.iam.aws_iam_role_policy_attachment.elb_attachment: Creating...[0m[0m
[0m[1mmodule.iam.aws_iam_role_policy_attachment.eks_worker_node_policy: Creating...[0m[0m
[0m[1mmodule.iam.aws_iam_role_policy_attachment.ecr_read_only: Creating...[0m[0m
[0m[1mmodule.iam.aws_iam_role_policy_attachment.eks_cni_policy: Creating...[0m[0m
[0m[1mmodule.iam.aws_iam_role_policy_attachment.elb_attachment: Creation complete after 0s [id=ELBManagementRole-20241018131111379500000003-20241018131111597100000005][0m
[0m[1mmodule.iam.aws_iam_role_policy_attachment.ecr_read_only: Creation complete after 0s [id=eks-node-group-role-20241018131111370800000001-20241018131111601000000006][0m
[0m[1mmodule.iam.aws_iam_role_policy_attachment.eks_worker_node_policy: Creation complete after 0s [id=eks-node-group-role-20241018131111370800000001-20241018131111608900000007][0m
[0m[1mmodule.iam.aws_iam_role_policy_attachment.eks_cluster_policy: Creation complete after 0s [id=eks-cluster-role-20241018131111373900000002-20241018131111630800000009][0m
[0m[1mmodule.iam.aws_iam_role_policy_attachment.eks_cni_policy: Creation complete after 0s [id=eks-node-group-role-20241018131111370800000001-20241018131111619200000008][0m
[0m[1mmodule.vpc.aws_vpc.main: Still creating... [10s elapsed][0m[0m
[0m[1mmodule.vpc.aws_vpc.main: Creation complete after 12s [id=vpc-0099b675f22be3f56][0m
[0m[1mmodule.vpc.aws_subnet.private[1]: Creating...[0m[0m
[0m[1mmodule.vpc.aws_internet_gateway.igw: Creating...[0m[0m
[0m[1mmodule.vpc.aws_security_group.app_security_group: Creating...[0m[0m
[0m[1mmodule.vpc.aws_route_table.private: Creating...[0m[0m
[0m[1mmodule.vpc.aws_subnet.public[0]: Creating...[0m[0m
[0m[1mmodule.vpc.aws_subnet.private[0]: Creating...[0m[0m
[0m[1mmodule.vpc.aws_security_group.eks_node_sg: Creating...[0m[0m
[0m[1mmodule.vpc.aws_subnet.public[1]: Creating...[0m[0m
[0m[1mmodule.vpc.aws_internet_gateway.igw: Creation complete after 0s [id=igw-0b93c1facab85e3ba][0m
[0m[1mmodule.vpc.aws_route_table.public: Creating...[0m[0m
[0m[1mmodule.vpc.aws_route_table.private: Creation complete after 0s [id=rtb-0df341202bad09631][0m
[0m[1mmodule.vpc.aws_subnet.private[0]: Creation complete after 0s [id=subnet-0df4d687a2065f2d0][0m
[0m[1mmodule.vpc.aws_subnet.private[1]: Creation complete after 0s [id=subnet-0df252e3d43d4160f][0m
[0m[1mmodule.vpc.aws_route_table_association.private_subnet[1]: Creating...[0m[0m
[0m[1mmodule.rds.aws_db_subnet_group.db_subnet_group: Creating...[0m[0m
[0m[1mmodule.vpc.aws_route_table_association.private_subnet[0]: Creating...[0m[0m
[0m[1mmodule.vpc.aws_route_table_association.private_subnet[0]: Creation complete after 1s [id=rtbassoc-0d7679ce610eced9c][0m
[0m[1mmodule.vpc.aws_route_table_association.private_subnet[1]: Creation complete after 1s [id=rtbassoc-04734b6a015a569bb][0m
[0m[1mmodule.vpc.aws_route_table.public: Creation complete after 1s [id=rtb-028ad359441719f8d][0m
[0m[1mmodule.vpc.aws_security_group.app_security_group: Creation complete after 1s [id=sg-071ee9db4d0cc47a5][0m
[0m[1mmodule.vpc.aws_security_group.eks_node_sg: Creation complete after 1s [id=sg-0091a8d633837a548][0m
[0m[1mmodule.rds.aws_security_group.db_SG: Creating...[0m[0m
[0m[1mmodule.rds.aws_security_group.db_SG: Creation complete after 2s [id=sg-045abd86b8418e070][0m
[0m[1mmodule.vpc.aws_subnet.public[0]: Still creating... [10s elapsed][0m[0m
[0m[1mmodule.vpc.aws_subnet.public[1]: Still creating... [10s elapsed][0m[0m
[0m[1mmodule.vpc.aws_subnet.public[0]: Creation complete after 10s [id=subnet-0a94706226f191dd9][0m
[0m[1mmodule.vpc.aws_subnet.public[1]: Creation complete after 11s [id=subnet-05f0b9e321b0ff160][0m
[0m[1mmodule.vpc.aws_route_table_association.public_subnet[0]: Creating...[0m[0m
[0m[1mmodule.vpc.aws_route_table_association.public_subnet[1]: Creating...[0m[0m
[0m[1mmodule.eks.aws_eks_cluster.this: Creating...[0m[0m
[0m[1mmodule.vpc.aws_route_table_association.public_subnet[0]: Creation complete after 0s [id=rtbassoc-05fdddda473d7eec1][0m
[0m[1mmodule.vpc.aws_route_table_association.public_subnet[1]: Creation complete after 0s [id=rtbassoc-083bdc90683725f7a][0m
[0m[1mmodule.eks.aws_eks_cluster.this: Still creating... [10s elapsed][0m[0m
[0m[1mmodule.eks.aws_eks_cluster.this: Still creating... [20s elapsed][0m[0m
[0m[1mmodule.eks.aws_eks_cluster.this: Still creating... [30s elapsed][0m[0m
[0m[1mmodule.eks.aws_eks_cluster.this: Still creating... [40s elapsed][0m[0m
[0m[1mmodule.eks.aws_eks_cluster.this: Still creating... [50s elapsed][0m[0m
[0m[1mmodule.eks.aws_eks_cluster.this: Still creating... [1m0s elapsed][0m[0m
[0m[1mmodule.eks.aws_eks_cluster.this: Still creating... [1m10s elapsed][0m[0m
[0m[1mmodule.eks.aws_eks_cluster.this: Still creating... [1m20s elapsed][0m[0m
[0m[1mmodule.eks.aws_eks_cluster.this: Still creating... [1m30s elapsed][0m[0m
[0m[1mmodule.eks.aws_eks_cluster.this: Still creating... [1m40s elapsed][0m[0m
[0m[1mmodule.eks.aws_eks_cluster.this: Still creating... [1m50s elapsed][0m[0m
[0m[1mmodule.eks.aws_eks_cluster.this: Still creating... [2m0s elapsed][0m[0m
[0m[1mmodule.eks.aws_eks_cluster.this: Still creating... [2m10s elapsed][0m[0m
[0m[1mmodule.eks.aws_eks_cluster.this: Still creating... [2m20s elapsed][0m[0m
[0m[1mmodule.eks.aws_eks_cluster.this: Still creating... [2m30s elapsed][0m[0m
[0m[1mmodule.eks.aws_eks_cluster.this: Still creating... [2m40s elapsed][0m[0m
[0m[1mmodule.eks.aws_eks_cluster.this: Still creating... [2m50s elapsed][0m[0m
[0m[1mmodule.eks.aws_eks_cluster.this: Still creating... [3m0s elapsed][0m[0m
[0m[1mmodule.eks.aws_eks_cluster.this: Still creating... [3m10s elapsed][0m[0m
[0m[1mmodule.eks.aws_eks_cluster.this: Still creating... [3m20s elapsed][0m[0m
[0m[1mmodule.eks.aws_eks_cluster.this: Still creating... [3m30s elapsed][0m[0m
[0m[1mmodule.eks.aws_eks_cluster.this: Still creating... [3m40s elapsed][0m[0m
[0m[1mmodule.eks.aws_eks_cluster.this: Still creating... [3m50s elapsed][0m[0m
[0m[1mmodule.eks.aws_eks_cluster.this: Still creating... [4m0s elapsed][0m[0m
[0m[1mmodule.eks.aws_eks_cluster.this: Still creating... [4m10s elapsed][0m[0m
[0m[1mmodule.eks.aws_eks_cluster.this: Still creating... [4m20s elapsed][0m[0m
[0m[1mmodule.eks.aws_eks_cluster.this: Still creating... [4m30s elapsed][0m[0m
[0m[1mmodule.eks.aws_eks_cluster.this: Still creating... [4m40s elapsed][0m[0m
[0m[1mmodule.eks.aws_eks_cluster.this: Still creating... [4m50s elapsed][0m[0m
[0m[1mmodule.eks.aws_eks_cluster.this: Still creating... [5m0s elapsed][0m[0m
[0m[1mmodule.eks.aws_eks_cluster.this: Still creating... [5m10s elapsed][0m[0m
[0m[1mmodule.eks.aws_eks_cluster.this: Still creating... [5m20s elapsed][0m[0m
[0m[1mmodule.eks.aws_eks_cluster.this: Still creating... [5m30s elapsed][0m[0m
[0m[1mmodule.eks.aws_eks_cluster.this: Still creating... [5m40s elapsed][0m[0m
[0m[1mmodule.eks.aws_eks_cluster.this: Still creating... [5m50s elapsed][0m[0m
[0m[1mmodule.eks.aws_eks_cluster.this: Still creating... [6m0s elapsed][0m[0m
[0m[1mmodule.eks.aws_eks_cluster.this: Still creating... [6m10s elapsed][0m[0m
[0m[1mmodule.eks.aws_eks_cluster.this: Still creating... [6m20s elapsed][0m[0m
[0m[1mmodule.eks.aws_eks_cluster.this: Creation complete after 6m20s [id=my-eks-cluster][0m
[0m[1mmodule.eks.aws_eks_node_group.this: Creating...[0m[0m
[0m[1mmodule.eks.aws_eks_node_group.this: Still creating... [10s elapsed][0m[0m
[0m[1mmodule.eks.aws_eks_node_group.this: Still creating... [20s elapsed][0m[0m
[0m[1mmodule.eks.aws_eks_node_group.this: Still creating... [30s elapsed][0m[0m
[0m[1mmodule.eks.aws_eks_node_group.this: Still creating... [40s elapsed][0m[0m
[0m[1mmodule.eks.aws_eks_node_group.this: Still creating... [50s elapsed][0m[0m
[0m[1mmodule.eks.aws_eks_node_group.this: Still creating... [1m0s elapsed][0m[0m
[0m[1mmodule.eks.aws_eks_node_group.this: Still creating... [1m10s elapsed][0m[0m
[0m[1mmodule.eks.aws_eks_node_group.this: Still creating... [1m20s elapsed][0m[0m
[0m[1mmodule.eks.aws_eks_node_group.this: Still creating... [1m30s elapsed][0m[0m
[0m[1mmodule.eks.aws_eks_node_group.this: Still creating... [1m40s elapsed][0m[0m
[0m[1mmodule.eks.aws_eks_node_group.this: Still creating... [1m50s elapsed][0m[0m
[0m[1mmodule.eks.aws_eks_node_group.this: Still creating... [2m0s elapsed][0m[0m
[0m[1mmodule.eks.aws_eks_node_group.this: Still creating... [2m10s elapsed][0m[0m
[0m[1mmodule.eks.aws_eks_node_group.this: Still creating... [2m20s elapsed][0m[0m
[0m[1mmodule.eks.aws_eks_node_group.this: Still creating... [2m30s elapsed][0m[0m
[0m[1mmodule.eks.aws_eks_node_group.this: Still creating... [2m40s elapsed][0m[0m
[0m[1mmodule.eks.aws_eks_node_group.this: Still creating... [2m50s elapsed][0m[0m
[0m[1mmodule.eks.aws_eks_node_group.this: Still creating... [3m0s elapsed][0m[0m
[0m[1mmodule.eks.aws_eks_node_group.this: Still creating... [3m10s elapsed][0m[0m
[0m[1mmodule.eks.aws_eks_node_group.this: Still creating... [3m20s elapsed][0m[0m
[0m[1mmodule.eks.aws_eks_node_group.this: Still creating... [3m30s elapsed][0m[0m
[0m[1mmodule.eks.aws_eks_node_group.this: Still creating... [3m40s elapsed][0m[0m
[0m[1mmodule.eks.aws_eks_node_group.this: Still creating... [3m50s elapsed][0m[0m
[0m[1mmodule.eks.aws_eks_node_group.this: Still creating... [4m0s elapsed][0m[0m
[0m[1mmodule.eks.aws_eks_node_group.this: Still creating... [4m10s elapsed][0m[0m
[0m[1mmodule.eks.aws_eks_node_group.this: Still creating... [4m20s elapsed][0m[0m
[0m[1mmodule.eks.aws_eks_node_group.this: Still creating... [4m30s elapsed][0m[0m
[0m[1mmodule.eks.aws_eks_node_group.this: Still creating... [4m40s elapsed][0m[0m
[0m[1mmodule.eks.aws_eks_node_group.this: Still creating... [4m50s elapsed][0m[0m
[0m[1mmodule.eks.aws_eks_node_group.this: Still creating... [5m0s elapsed][0m[0m
[0m[1mmodule.eks.aws_eks_node_group.this: Still creating... [5m10s elapsed][0m[0m
[0m[1mmodule.eks.aws_eks_node_group.this: Still creating... [5m20s elapsed][0m[0m
[0m[1mmodule.eks.aws_eks_node_group.this: Still creating... [5m30s elapsed][0m[0m
[0m[1mmodule.eks.aws_eks_node_group.this: Still creating... [5m40s elapsed][0m[0m
[0m[1mmodule.eks.aws_eks_node_group.this: Still creating... [5m50s elapsed][0m[0m
[0m[1mmodule.eks.aws_eks_node_group.this: Still creating... [6m0s elapsed][0m[0m
[0m[1mmodule.eks.aws_eks_node_group.this: Still creating... [6m10s elapsed][0m[0m
[0m[1mmodule.eks.aws_eks_node_group.this: Still creating... [6m20s elapsed][0m[0m
[0m[1mmodule.eks.aws_eks_node_group.this: Still creating... [6m30s elapsed][0m[0m
[0m[1mmodule.eks.aws_eks_node_group.this: Still creating... [6m40s elapsed][0m[0m
[0m[1mmodule.eks.aws_eks_node_group.this: Still creating... [6m50s elapsed][0m[0m
[0m[1mmodule.eks.aws_eks_node_group.this: Still creating... [7m0s elapsed][0m[0m
[0m[1mmodule.eks.aws_eks_node_group.this: Still creating... [7m10s elapsed][0m[0m
[0m[1mmodule.eks.aws_eks_node_group.this: Still creating... [7m20s elapsed][0m[0m
[0m[1mmodule.eks.aws_eks_node_group.this: Still creating... [7m30s elapsed][0m[0m
[0m[1mmodule.eks.aws_eks_node_group.this: Still creating... [7m40s elapsed][0m[0m
[0m[1mmodule.eks.aws_eks_node_group.this: Still creating... [7m50s elapsed][0m[0m
[0m[1mmodule.eks.aws_eks_node_group.this: Still creating... [8m0s elapsed][0m[0m
[0m[1mmodule.eks.aws_eks_node_group.this: Still creating... [8m10s elapsed][0m[0m
[0m[1mmodule.eks.aws_eks_node_group.this: Still creating... [8m20s elapsed][0m[0m
[0m[1mmodule.eks.aws_eks_node_group.this: Still creating... [8m30s elapsed][0m[0m
[0m[1mmodule.eks.aws_eks_node_group.this: Still creating... [8m40s elapsed][0m[0m
[0m[1mmodule.eks.aws_eks_node_group.this: Still creating... [8m50s elapsed][0m[0m
[0m[1mmodule.eks.aws_eks_node_group.this: Still creating... [9m0s elapsed][0m[0m
[0m[1mmodule.eks.aws_eks_node_group.this: Still creating... [9m10s elapsed][0m[0m
[0m[1mmodule.eks.aws_eks_node_group.this: Still creating... [9m20s elapsed][0m[0m
[0m[1mmodule.eks.aws_eks_node_group.this: Still creating... [9m30s elapsed][0m[0m
[0m[1mmodule.eks.aws_eks_node_group.this: Still creating... [9m40s elapsed][0m[0m
[0m[1mmodule.eks.aws_eks_node_group.this: Still creating... [9m50s elapsed][0m[0m
[0m[1mmodule.eks.aws_eks_node_group.this: Still creating... [10m0s elapsed][0m[0m
[0m[1mmodule.eks.aws_eks_node_group.this: Still creating... [10m10s elapsed][0m[0m
[0m[1mmodule.eks.aws_eks_node_group.this: Still creating... [10m20s elapsed][0m[0m
[0m[1mmodule.eks.aws_eks_node_group.this: Still creating... [10m30s elapsed][0m[0m
[0m[1mmodule.eks.aws_eks_node_group.this: Still creating... [10m40s elapsed][0m[0m
[0m[1mmodule.eks.aws_eks_node_group.this: Still creating... [10m50s elapsed][0m[0m
[0m[1mmodule.eks.aws_eks_node_group.this: Still creating... [11m0s elapsed][0m[0m
[0m[1mmodule.eks.aws_eks_node_group.this: Still creating... [11m10s elapsed][0m[0m
[0m[1mmodule.eks.aws_eks_node_group.this: Still creating... [11m20s elapsed][0m[0m
[0m[1mmodule.eks.aws_eks_node_group.this: Still creating... [11m30s elapsed][0m[0m
[0m[1mmodule.eks.aws_eks_node_group.this: Still creating... [11m40s elapsed][0m[0m
[0m[1mmodule.eks.aws_eks_node_group.this: Still creating... [11m50s elapsed][0m[0m
[0m[1mmodule.eks.aws_eks_node_group.this: Still creating... [12m0s elapsed][0m[0m
[0m[1mmodule.eks.aws_eks_node_group.this: Still creating... [12m10s elapsed][0m[0m
[0m[1mmodule.eks.aws_eks_node_group.this: Still creating... [12m20s elapsed][0m[0m
[0m[1mmodule.eks.aws_eks_node_group.this: Still creating... [12m30s elapsed][0m[0m
[0m[1mmodule.eks.aws_eks_node_group.this: Still creating... [12m40s elapsed][0m[0m
[0m[1mmodule.eks.aws_eks_node_group.this: Still creating... [12m50s elapsed][0m[0m
[0m[1mmodule.eks.aws_eks_node_group.this: Still creating... [13m0s elapsed][0m[0m
[0m[1mmodule.eks.aws_eks_node_group.this: Still creating... [13m10s elapsed][0m[0m
[0m[1mmodule.eks.aws_eks_node_group.this: Still creating... [13m20s elapsed][0m[0m
[0m[1mmodule.eks.aws_eks_node_group.this: Still creating... [13m30s elapsed][0m[0m
[0m[1mmodule.eks.aws_eks_node_group.this: Still creating... [13m40s elapsed][0m[0m
[0m[1mmodule.eks.aws_eks_node_group.this: Still creating... [13m50s elapsed][0m[0m
[0m[1mmodule.eks.aws_eks_node_group.this: Still creating... [14m0s elapsed][0m[0m
[0m[1mmodule.eks.aws_eks_node_group.this: Still creating... [14m10s elapsed][0m[0m
[0m[1mmodule.eks.aws_eks_node_group.this: Still creating... [14m20s elapsed][0m[0m
[0m[1mmodule.eks.aws_eks_node_group.this: Still creating... [14m30s elapsed][0m[0m
[0m[1mmodule.eks.aws_eks_node_group.this: Still creating... [14m40s elapsed][0m[0m
[0m[1mmodule.eks.aws_eks_node_group.this: Still creating... [14m50s elapsed][0m[0m
[0m[1mmodule.eks.aws_eks_node_group.this: Still creating... [15m0s elapsed][0m[0m
[0m[1mmodule.eks.aws_eks_node_group.this: Still creating... [15m10s elapsed][0m[0m
[0m[1mmodule.eks.aws_eks_node_group.this: Still creating... [15m20s elapsed][0m[0m
[0m[1mmodule.eks.aws_eks_node_group.this: Still creating... [15m30s elapsed][0m[0m
[0m[1mmodule.eks.aws_eks_node_group.this: Still creating... [15m40s elapsed][0m[0m
[0m[1mmodule.eks.aws_eks_node_group.this: Still creating... [15m50s elapsed][0m[0m
[0m[1mmodule.eks.aws_eks_node_group.this: Still creating... [16m0s elapsed][0m[0m
[0m[1mmodule.eks.aws_eks_node_group.this: Still creating... [16m10s elapsed][0m[0m
[0m[1mmodule.eks.aws_eks_node_group.this: Still creating... [16m20s elapsed][0m[0m
[0m[1mmodule.eks.aws_eks_node_group.this: Still creating... [16m30s elapsed][0m[0m
[0m[1mmodule.eks.aws_eks_node_group.this: Still creating... [16m40s elapsed][0m[0m
[0m[1mmodule.eks.aws_eks_node_group.this: Still creating... [16m50s elapsed][0m[0m
[0m[1mmodule.eks.aws_eks_node_group.this: Still creating... [17m0s elapsed][0m[0m
[0m[1mmodule.eks.aws_eks_node_group.this: Still creating... [17m10s elapsed][0m[0m
[0m[1mmodule.eks.aws_eks_node_group.this: Still creating... [17m20s elapsed][0m[0m
[0m[1mmodule.eks.aws_eks_node_group.this: Still creating... [17m30s elapsed][0m[0m
[0m[1mmodule.eks.aws_eks_node_group.this: Still creating... [17m40s elapsed][0m[0m
[0m[1mmodule.eks.aws_eks_node_group.this: Still creating... [17m50s elapsed][0m[0m
[0m[1mmodule.eks.aws_eks_node_group.this: Still creating... [18m0s elapsed][0m[0m
[0m[1mmodule.eks.aws_eks_node_group.this: Still creating... [18m10s elapsed][0m[0m
[0m[1mmodule.eks.aws_eks_node_group.this: Still creating... [18m20s elapsed][0m[0m
[0m[1mmodule.eks.aws_eks_node_group.this: Still creating... [18m30s elapsed][0m[0m
[0m[1mmodule.eks.aws_eks_node_group.this: Still creating... [18m40s elapsed][0m[0m
[0m[1mmodule.eks.aws_eks_node_group.this: Still creating... [18m50s elapsed][0m[0m
[0m[1mmodule.eks.aws_eks_node_group.this: Still creating... [19m0s elapsed][0m[0m
[0m[1mmodule.eks.aws_eks_node_group.this: Still creating... [19m10s elapsed][0m[0m
[0m[1mmodule.eks.aws_eks_node_group.this: Still creating... [19m20s elapsed][0m[0m
[0m[1mmodule.eks.aws_eks_node_group.this: Still creating... [19m30s elapsed][0m[0m
[0m[1mmodule.eks.aws_eks_node_group.this: Still creating... [19m40s elapsed][0m[0m
[0m[1mmodule.eks.aws_eks_node_group.this: Still creating... [19m50s elapsed][0m[0m
[0m[1mmodule.eks.aws_eks_node_group.this: Still creating... [20m0s elapsed][0m[0m
[0m[1mmodule.eks.aws_eks_node_group.this: Still creating... [20m10s elapsed][0m[0m
[0m[1mmodule.eks.aws_eks_node_group.this: Still creating... [20m20s elapsed][0m[0m
[0m[1mmodule.eks.aws_eks_node_group.this: Still creating... [20m30s elapsed][0m[0m
[0m[1mmodule.eks.aws_eks_node_group.this: Still creating... [20m40s elapsed][0m[0m
[0m[1mmodule.eks.aws_eks_node_group.this: Still creating... [20m50s elapsed][0m[0m
[0m[1mmodule.eks.aws_eks_node_group.this: Still creating... [21m0s elapsed][0m[0m
[0m[1mmodule.eks.aws_eks_node_group.this: Still creating... [21m10s elapsed][0m[0m
[0m[1mmodule.eks.aws_eks_node_group.this: Still creating... [21m20s elapsed][0m[0m
[0m[1mmodule.eks.aws_eks_node_group.this: Still creating... [21m30s elapsed][0m[0m
[0m[1mmodule.eks.aws_eks_node_group.this: Still creating... [21m40s elapsed][0m[0m
[0m[1mmodule.eks.aws_eks_node_group.this: Still creating... [21m50s elapsed][0m[0m
[0m[1mmodule.eks.aws_eks_node_group.this: Still creating... [22m0s elapsed][0m[0m
[0m[1mmodule.eks.aws_eks_node_group.this: Still creating... [22m10s elapsed][0m[0m
[0m[1mmodule.eks.aws_eks_node_group.this: Still creating... [22m20s elapsed][0m[0m
[0m[1mmodule.eks.aws_eks_node_group.this: Still creating... [22m30s elapsed][0m[0m
[0m[1mmodule.eks.aws_eks_node_group.this: Still creating... [22m40s elapsed][0m[0m
[0m[1mmodule.eks.aws_eks_node_group.this: Still creating... [22m50s elapsed][0m[0m
[0m[1mmodule.eks.aws_eks_node_group.this: Still creating... [23m0s elapsed][0m[0m
[0m[1mmodule.eks.aws_eks_node_group.this: Still creating... [23m10s elapsed][0m[0m
[31m╷[0m[0m
[31m│[0m [0m[1m[31mError: [0m[0m[1mwaiting for EKS Node Group (my-eks-cluster:my-eks-node-group) create: unexpected state 'CREATE_FAILED', wanted target 'ACTIVE'. last error: i-08fc8026f539e4f33, i-0b66a84fb97ddf2df: NodeCreationFailure: Instances failed to join the kubernetes cluster[0m
[31m│[0m [0m
[31m│[0m [0m[0m  with module.eks.aws_eks_node_group.this,
[31m│[0m [0m  on modules/eks/main.tf line 15, in resource "aws_eks_node_group" "this":
[31m│[0m [0m  15: resource "aws_eks_node_group" "this" [4m{[0m[0m
[31m│[0m [0m
[31m╵[0m[0m
[31m╷[0m[0m
[31m│[0m [0m[1m[31mError: [0m[0m[1mcreating RDS DB Subnet Group (rds-private-subnet-group): operation error RDS: CreateDBSubnetGroup, https response error StatusCode: 400, RequestID: 15aef255-cb77-45d0-8ad0-354be9ece713, DBSubnetGroupAlreadyExists: The DB subnet group 'rds-private-subnet-group' already exists.[0m
[31m│[0m [0m
[31m│[0m [0m[0m  with module.rds.aws_db_subnet_group.db_subnet_group,
[31m│[0m [0m  on modules/rds/main.tf line 1, in resource "aws_db_subnet_group" "db_subnet_group":
[31m│[0m [0m   1: resource "aws_db_subnet_group" "db_subnet_group" [4m{[0m[0m
[31m│[0m [0m
[31m╵[0m[0m
[31m╷[0m[0m
[31m│[0m [0m[1m[31mError: [0m[0m[1mcreating EC2 EIP: operation error EC2: AllocateAddress, https response error StatusCode: 400, RequestID: 12aec595-a8da-43cb-9644-6e23e3371995, api error AddressLimitExceeded: The maximum number of addresses has been reached.[0m
[31m│[0m [0m
[31m│[0m [0m[0m  with module.vpc.aws_eip.nat,
[31m│[0m [0m  on modules/vpc/main.tf line 78, in resource "aws_eip" "nat":
[31m│[0m [0m  78: resource "aws_eip" "nat" [4m{[0m[0m
[31m│[0m [0m
[31m╵[0m[0m
[8mha:////4NoseK56Uk3zRe9vcEVwQdddWMN7JaE+VKfUh/1ao6uKAAAApB+LCAAAAAAAAABtjbEOwiAURV9rHFwd/QiadDPGyZWw+AXYIkLJexSodPKL/DX/QbSJk3e4uecu5/mCdQxwpKCZVTgYjJ1h3k26LJYpDFdHmVm6sI4wklNMqCyoV6cFBSUFS6oaVhw2CjtH0aBOsOVW3mXjJOrmnEL5Dhxq04/wgIoXc5IhfWEOsLtNfST8ef4KYPY+Qd3uP9W+AQPeLsW+AAAA[0m[Pipeline] }
[8mha:////4Ao8afPTrwvAMCJ7LAiu5ex3AKl/dFZMq0mx+limiHuzAAAApB+LCAAAAAAAAABtjTsOwjAQRDdBFLSUHGLDp0SpaC03nMAkxjixdoPt4FSciKtxBywiUTHFaN407/WGZfBQszfYaeothcbi4EaTFyb2/dVxwo4v2DAFdhqlTpJbfZpRctQwpyhhIWClqXEcLJkIa9Gph6qcIlOdo8/fUUBp2zs8oRDZHJWPX5g8bG5jG5h+nr8CmIYhQnnY5trvPsXVX92+AAAA[0m[Pipeline] // dir
[8mha:////4OQKNNEYE1/bsQMfBC8tk+1ZkYub20MwFlFVdgxZk2rnAAAApB+LCAAAAAAAAABtjTsOwjAQRDdBFLSUHGLDp0SpaC03nMAkxjixdoPt4FSciKtxBywiUTHFaN407/WGZfBQszfYaeothcbi4EaTFyb2/dVxwo4v2DAFdhqlTpJbfZpRctQwpyhhIWClqXEcLJkIa9Gph6qcIlOdo8/fUUBp2zs8oRDZHJWPX5g8bG5jG5h+nr8CmIYhQnnY5dpvP/Y2BGG+AAAA[0m[Pipeline] }
[8mha:////4PNmExEPUgqgoBfDbovX6wjsAcwax3SoSlDH2apUDNqoAAAApR+LCAAAAAAAAABtjTEOwjAQBC9BFLSUPOIioEIoFa3lhheYxBgn1l2wHZyKF/E1/oBFJCq2WO1sM683LIOHmr3BTlNvKTQWBzeavDCx76+OE3Z8wYYpsNModZLc6tOMkqOGOUUJCwErTY3jYMlEWItOPVTlFJnqHH3+jgJK297hCYXI5qh8/MLkYXMb28D08/wVwDQMEcr9Ltf28AE/r2G1vgAAAA==[0m[Pipeline] // withCredentials
[8mha:////4GB2pdQoBInZwxJKK3n3qtnRCOkbpbxwu7QD4LV80rfxAAAApR+LCAAAAAAAAABtjTEOwjAQBC9BFLSUPMIRSoOEqNJaaXiBiQ/jxLoztkNS8SK+xh+wiETFFqudbeb1hnUMcOJgRI80WIqdFd6NJi8xcRiujifR80V0TJEdihanljU2C7acEJYUJawkbJA6x9GSSbCVvXqoyiky1TmF/B0llFbf4QmFzOakQvrCHGB3G3Vk+nn+CmD2PkFZ17n2hw8MTDoJvgAAAA==[0m[Pipeline] }
[8mha:////4LiZr0UFI3IZXMLzxOI3Vft2GKkeZAbIf4Q3QvQ0TQI8AAAAph+LCAAAAAAAAABtjTEOwjAQBC9BFLSUPOIiBBIFSkVrueEFJjHGiXUXbAen4kV8jT9gEYmKLVY728zrDcvgoWZvsNPUWwqNxcGNJi9M7Pur44QdX7BhCuw0Sp0kt/o0o+SoYU5RwkLASlPjOFgyEdaiUw9VOUWmOkefv6OA0rZ3eEIhsjkqH78wedjcxjYw/Tx/BTANQ4Ryt8+1PXwAJWGAhL4AAAA=[0m[Pipeline] // stage
[8mha:////4KNGpp1reAec0FA0ojFiGoDShFW3DqZMnv1YAcid8i19AAAAph+LCAAAAAAAAABtjTEOwjAQBM9BKWgpeYRTIGgQFa3lhheY2Bgn1l2wLyQVL+Jr/IFAJCq22llpNc8XlDnBgZKXjcM2YK6D7GLvpyYHSu0l0iAbOsuaMFN0UrtBk3XHGTWxgzmigIWCpcM6Ug7oGVaqMXdTRYO+OnGatr2CItgbPECoycwm8RfGBOtrbzPhz/NXAGPHIHYMxWb7OZZv7d0UzsEAAAA=[0m[Pipeline] stage
[8mha:////4EwhAEzUJkWLOgP3vpCP27E+YjIw1f962qD/go/UmRD4AAAApx+LCAAAAAAAAABtjTEOwjAUQ3+LOrAycoh0QLAgpq5RFk4QmhDSRv+Xn5R24kRcjTvQUokJD5ZtyXqvNxSR4UTsRGOx9RhrL7rQuymJgbi9BhpEQxdRE0YKVig7KDK2WqqiZGFRlsNKwtpiHSh6dAk2stEPXQaNrjwnnrajhNybOzwhkxM5aU7fMjJsb72JhD/OXwCMXYJ8t5/tMD+LD02yRsvCAAAA[0m[Pipeline] { (Build Docker Image)
Stage "Build Docker Image" skipped due to earlier failure(s)
[8mha:////4OWOnx8iL9/4kXPv5l7WRSX5D2A/UE3QWymK18+3oKxGAAAApR+LCAAAAAAAAABtjTEOwjAQBC9BFLSUPOJSIEGBqNJabniBiY1xYt0Z2yGpeBFf4w8EIlGxxWpnm3m+YJkiHDlabA11jlLjMPjeTgsHjt3F84Atn7FhSuwNSjNI1qaeUXI2MKcoYSFgZajxnBzZDGvRqruqvCJbnXKcvoOA0ukbPKAQkzmrmL8wRthce52Yfp6/AhhDhnK7+9Q+vAF9GxrMvgAAAA==[0m[Pipeline] getContext
[8mha:////4FInPaLpWTCm5ngGaRMLy5aNCOkvGR4UYuR219zkIr5WAAAApR+LCAAAAAAAAABtjTEOwjAQBC9BFLSUPOJSICEkRJXWcsMLTGyME+vO2A5JxYv4Gn8gEImKLVY728zzBcsU4cjRYmuoc5Qah8H3dlo4cOwungds+YwNU2JvUJpBsjb1jJKzgTlFCQsBK0ON5+TIZliLVt1V5RXZ6pTj9B0ElE7f4AGFmMxZxfyFMcLm2uvE9PP8FcAYQoZyu//U7g1K83O2vgAAAA==[0m[Pipeline] }
[8mha:////4HUcNvfOQkdqaG5ZyVimgZlYdqHIvG0ZKPaAecR95TCxAAAApR+LCAAAAAAAAABtjTEOwjAQBC9BFLSUPOJSIAqEqNJabniBiY1xYt0Z2yGpeBFf4w8EIlGxxWpnm3m+YJkiHDlabA11jlLjMPjeTgsHjt3F84Atn7FhSuwNSjNI1qaeUXI2MKcoYSFgZajxnBzZDGvRqruqvCJbnXKcvoOA0ukbPKAQkzmrmL8wRthce52Yfp6/AhhDyFBu95/avQFVcSbkvgAAAA==[0m[Pipeline] // stage
[8mha:////4FAKEfz3mgmPIujppVjQVjRaTd+tjVDcCcoyAvzOHXDoAAAAph+LCAAAAAAAAABtjTEOwjAQBM9BKWgpeYRDgWgQFa3lhheY2Bgn1l2wLyQVL+Jr/IFAJCq22llpNc8XlDnBgZKXjcM2YK6D7GLvpyYHSu0l0iAbOsuaMFN0UrtBk3XHGTWxgzmigIWCpcM6Ug7oGVaqMXdTRYO+OnGatr2CItgbPECoycwm8RfGBOtrbzPhz/NXAGPHIHYMxXbzOZZv0HJ+W8EAAAA=[0m[Pipeline] stage
[8mha:////4HY01S1QJ9MSl69jOp1vk2dCEFkiXDAUYOGqK/DR425zAAAApx+LCAAAAAAAAABtjTEOwjAUQ3+LOrAycogUJDbE1DXKwglCE0La6P/yk9JOnIircQdaKjHhwbItWe/1hiIynIidaCy2HmPtRRd6NyUxELfXQINo6CJqwkjBCmUHRcZWS1WULCzKclhJWFusA0WPLsFGNvqhy6DRlefE03aUkHtzhydkciInzelbRobtrTeR8Mf5C4CxS5AfdrPt52fxAbb5KxbCAAAA[0m[Pipeline] { (Test Docker Image)
Stage "Test Docker Image" skipped due to earlier failure(s)
[8mha:////4HwDjOrkUSgvI3xQT/c8/NmQhDrd/zUkQ5+YfF3ZEi94AAAApB+LCAAAAAAAAABtjTEOwjAQBC9BFLSUPOIiEB2iSmu54QUmNsaJdWdsh6TiRXyNPxCIRMUWq51t5vmCZYpw5GixNdQ5So3D4Hs7LRw4dhfPA7Z8xoYpsTcozSBZm3pGydnAnKKEhYCVocZzcmQzrEWr7qryimx1ynH6DgJKp2/wgEJM5qxi/sIYYXPtdWL6ef4KYAwZyv32U7vwBirOQHu+AAAA[0m[Pipeline] getContext
[8mha:////4IogHbVQnYv++xcokHZp396IfWnE4fqB5PzkPZSbKdITAAAApB+LCAAAAAAAAABtjTEOwjAQBC9BFLSUPOIiBB2iSmu54QUmNsaJdWdsh6TiRXyNPxCIRMUWq51t5vmCZYpw5GixNdQ5So3D4Hs7LRw4dhfPA7Z8xoYpsTcozSBZm3pGydnAnKKEhYCVocZzcmQzrEWr7qryimx1ynH6DgJKp2/wgEJM5qxi/sIYYXPtdWL6ef4KYAwhQ7nffWr7BmM+Nsi+AAAA[0m[Pipeline] }
[8mha:////4NV70UN8EU4/oP+hdbAQ3pTfc57frnXa2HJUlx8n9uN/AAAAox+LCAAAAAAAAABtjTEOwjAQBC9BFLSUPOJCkQ5R0VppeIFJjLFj3Tm2g1PxIr7GHwhEomKL1c4283zBOgY4ctBoFfWGYmvQu1HPCzOH/uo4o+ULtkyRncJG5YY7dVqw4aRgSVHCSsBGUes4GtIJtsLKu6ycJF2dU5i/g4DSdAM8oBCzOcmQvjAF2N3GLjL9PH8FMHmfoKzrT+3fTT40or4AAAA=[0m[Pipeline] // stage
[8mha:////4CEvxSCpvV5c/UjWTIdD4IZR6A/bZbYI29k/vjNE07/XAAAAph+LCAAAAAAAAABtjTEOwjAQBM9BKWgpeYTTAA2iorXc8AITG+PEugv2haTiRXyNPxCIRMVWOyut5vmCMic4UPKycdgGzHWQXez91ORAqb1EGmRDZ1kTZopOajdosu44oyZ2MEcUsFCwdFhHygE9w0o15m6qaNBXJ07TtldQBHuDBwg1mdkk/sKYYH3tbSb8ef4KYOwYxI6h2Gw/x/INY+OzC8EAAAA=[0m[Pipeline] stage
[8mha:////4CzirH3VZUCIWwjyFa9pEpchP1R6Jn/CE1akUlBs2M7cAAAApx+LCAAAAAAAAABtjTEOwjAUQ3+LOrAycoh0ARbE1DXKwglCE0La6P/yk9JOnIircQdaKjHhwbItWe/1hiIynIidaCy2HmPtRRd6NyUxELfXQINo6CJqwkjBCmUHRcZWS1WULCzKclhJWFusA0WPLsFGNvqhy6DRlefE03aUkHtzhydkciInzelbRobtrTeR8Mf5C4CxS5Dv9rMd5mfxAUxleXrCAAAA[0m[Pipeline] { (Push Docker Image to Docker Hub)
Stage "Push Docker Image to Docker Hub" skipped due to earlier failure(s)
[8mha:////4GQA2PN/ks9bwttsw41ikVMWH7ddGVFDZVLH13eV4vFqAAAApB+LCAAAAAAAAABtjTEOwjAQBC9BFLSUPOLSICgQVVrLDS8wsTFOrDtjOyQVL+Jr/IFAJCq2WO1sM88XLFOEI0eLraHOUWocBt/baeHAsbt4HrDlMzZMib1BaQbJ2tQzSs4G5hQlLASsDDWekyObYS1adVeVV2SrU47TdxBQOn2DBxRiMmcV8xfGCJtrrxPTz/NXAGPIUG53n9qHN+EEkMO+AAAA[0m[Pipeline] getContext
[8mha:////4Jvylf6u6OSbNIQWt26rgJfOsBQBiMGb+ghEa+0CM+WQAAAApR+LCAAAAAAAAABtjTEOwjAQBC9BFLSUPOLSIISEqNJabniBiY1xYt0Z2yGpeBFf4w8EIlGxxWpnm3m+YJkiHDlabA11jlLjMPjeTgsHjt3F84Atn7FhSuwNSjNI1qaeUXI2MKcoYSFgZajxnBzZDGvRqruqvCJbnXKcvoOA0ukbPKAQkzmrmL8wRthce52Yfp6/AhhDyFBu95/avQEDW5U8vgAAAA==[0m[Pipeline] }
[8mha:////4JIZO8fB/pza2/opRVSOqmNGLGonZzU/JmM2C3I6ub29AAAApB+LCAAAAAAAAABtjTEOwjAQBC9BFLSUPOLSQIEQVVrLDS8wsTFOrDtjOyQVL+Jr/IFAJCq2WO1sM88XLFOEI0eLraHOUWocBt/baeHAsbt4HrDlMzZMib1BaQbJ2tQzSs4G5hQlLASsDDWekyObYS1adVeVV2SrU47TdxBQOn2DBxRiMmcV8xfGCJtrrxPTz/NXAGMIGcrt/lO7NxzZwG6+AAAA[0m[Pipeline] // stage
[8mha:////4O07HE8ritcEEPiGpzaLXkel0M7fwh70Fbjf5P212ehDAAAAph+LCAAAAAAAAABtjTEOwjAQBM9BKWgpeYRDAw2iorXc8AITG+PEugv2haTiRXyNPxCIRMVWOyut5vmCMic4UPKycdgGzHWQXez91ORAqb1EGmRDZ1kTZopOajdosu44oyZ2MEcUsFCwdFhHygE9w0o15m6qaNBXJ07TtldQBHuDBwg1mdkk/sKYYH3tbSb8ef4KYOwYxI6h2G4+x/INZHkJ/cEAAAA=[0m[Pipeline] stage
[8mha:////4Ixu+RKFzrqTNpL3KnjLyrvOlqT4G31HuaHyCzEbLEmAAAAApx+LCAAAAAAAAABtjTEOwjAUQ3+LOrAycogUBibE1DXKwglCE0La6P/yk9JOnIircQdaKjHhwbItWe/1hiIynIidaCy2HmPtRRd6NyUxELfXQINo6CJqwkjBCmUHRcZWS1WULCzKclhJWFusA0WPLsFGNvqhy6DRlefE03aUkHtzhydkciInzelbRobtrTeR8Mf5C4CxS5AfdrPt52fxAW2++SvCAAAA[0m[Pipeline] { (Declarative: Post Actions)
[8mha:////4Go41TzAKYfjTXqhS7Gwz3q2wl4yqQ+CYwQcQcXaF41AAAAApx+LCAAAAAAAAABtjTEOwjAUQ3+LOrAycohUIDEhpq5RFk4QmhDSRv+Xn5R24kRcjTvQUokJD5ZtyXqvNxSR4UTsRGOx9RhrL7rQuymJgbi9BhpEQxdRE0YKVig7KDK2WqqiZGFRlsNKwtpiHSh6dAk2stEPXQaNrjwnnrajhNybOzwhkxM5aU7fMjJsb72JhD/OXwCMXYL8sJttPz+LDwMT42zCAAAA[0m[Pipeline] script
[8mha:////4BagUE9vSBMvdHG3RKeK3vhTxMpRiIHnYv5SHEDuUusHAAAApx+LCAAAAAAAAABtjTEOwjAUQ3+LOrAycohUAjEhpq5RFk4QmhDSRv+Xn5R24kRcjTvQUokJD5ZtyXqvNxSR4UTsRGOx9RhrL7rQuymJgbi9BhpEQxdRE0YKVig7KDK2WqqiZGFRlsNKwtpiHSh6dAk2stEPXQaNrjwnnrajhNybOzwhkxM5aU7fMjJsb72JhD/OXwCMXYL8sJttPz+LD6emXT7CAAAA[0m[Pipeline] {
[8mha:////4D/cVhXqDgqm4ElYBqII2X9f2zKgeZsZZOcyxkB6DE2dAAAApB+LCAAAAAAAAABtjTEOwjAQBC9BFLSUPOJSABWiSmu54QUmNsaJdWdsh6TiRXyNPxCIRMUWq51t5vmCZYpw5GixNdQ5So3D4Hs7LRw4dhfPA7Z8xoYpsTcozSBZm3pGydnAnKKEhYCVocZzcmQzrEWr7qryimx1ynH6DgJKp2/wgEJM5qxi/sIYYXPtdWL6ef4KYAwZyv32U7vwBiwS7Xe+AAAA[0m[Pipeline] echo
Cleaning up workspace and Docker resources...
[8mha:////4AT9JvY3OyvK5B0gYjWVG8vgaqFogQDQcIFMSVQl5DWoAAAApB+LCAAAAAAAAABtjTEOwjAQBC9BFLSUPOJSoFSIitZKwwtMYowd686xHZyKF/E1/kAgEhVbrHa2mecL1jHAkYNGq6g3FFuD3o16Xpg59FfHGS1fsGWK7BQ2KjfcqdOCDScFS4oSVgI2ilrH0ZBOsBVW3mXlJOnqnML8HQSUphvgAYWYzUmG9IUpwO42dpHp5/krgMn7BGVdf2r/BqeGDU++AAAA[0m[Pipeline] }
[8mha:////4JlfGRlFd78B4L2ANac87nCpcPteKulcZjj9jXDauzQ3AAAApR+LCAAAAAAAAABtjTEOwjAQBC9BFLSUPOIiIUGDqNJabniBiY1xYt0Z2yGpeBFf4w8EIlGxxWpnm3m+YJkiHDlabA11jlLjMPjeTgsHjt3F84Atn7FhSuwNSjNI1qaeUXI2MKcoYSFgZajxnBzZDGvRqruqvCJbnXKcvoOA0ukbPKAQkzmrmL8wRthce52Yfp6/AhhDyFDu9p/avgGfxJ6+vgAAAA==[0m[Pipeline] // script
[8mha:////4D6pLnaTPDz6zgPEWqBLwIc9xLBbm1JcHxk/wkeSYDSnAAAApR+LCAAAAAAAAABtjTEOwjAQBC9BFLSUPOIiCkSBqNJabniBiY1xYt0Z2yGpeBFf4w8EIlGxxWpnm3m+YJkiHDlabA11jlLjMPjeTgsHjt3F84Atn7FhSuwNSjNI1qaeUXI2MKcoYSFgZajxnBzZDGvRqruqvCJbnXKcvoOA0ukbPKAQkzmrmL8wRthce52Yfp6/AhhDhnK3/dQ+vAHGUF/LvgAAAA==[0m[Pipeline] cleanWs
[WS-CLEANUP] Deleting project workspace...
[WS-CLEANUP] Deferred wipeout is used...
[WS-CLEANUP] done
[8mha:////4Gk4GAxZ+XyZD4V0H/y2BQOiyamWBDCXkOx51C21vXvYAAAApR+LCAAAAAAAAABtjTEOwjAQBC9BFLSUPOIiCiQkRJXWcsMLTGyME+vO2A5JxYv4Gn8gEImKLVY728zzBcsU4cjRYmuoc5Qah8H3dlo4cOwungds+YwNU2JvUJpBsjb1jJKzgTlFCQsBK0ON5+TIZliLVt1V5RXZ6pTj9B0ElE7f4AGFmMxZxfyFMcLm2uvE9PP8FcAYMpS77af24Q0JTMdMvgAAAA==[0m[Pipeline] sh
+ docker system prune -f
Total reclaimed space: 0B
[8mha:////4PCgxHe25RVa+F3AYRvptFnW2DFClacQt4fwHSCyFbHoAAAApR+LCAAAAAAAAABtjTEOwjAQBC9BFLSUPOIiCgqEqNJabniBiY1xYt0Z2yGpeBFf4w8EIlGxxWpnm3m+YJkiHDlabA11jlLjMPjeTgsHjt3F84Atn7FhSuwNSjNI1qaeUXI2MKcoYSFgZajxnBzZDGvRqruqvCJbnXKcvoOA0ukbPKAQkzmrmL8wRthce52Yfp6/AhhDhnK3/dQ+vAFIfdxVvgAAAA==[0m[Pipeline] echo
Pipeline failed. Please check the logs.
[8mha:////4EnVSBsoUNjgzPEkxEnpLQNHQbAfyBwoIxS4W8RJpxORAAAApR+LCAAAAAAAAABtjTEOwjAQBC9BFLSUPOICBTQoFa3lhheYxBgn1l2wHZyKF/E1/oBFJCq2WO1sM683LIOHmr3BTlNvKTQWBzeavDCx76+OE3Z8wYYpsNModZLc6tOMkqOGOUUJCwErTY3jYMlEWItOPVTlFJnqHH3+jgJK297hCYXI5qh8/MLkYXMb28D08/wVwDQMEcrDNtd+9wGlbCbAvgAAAA==[0m[Pipeline] }
[8mha:////4Ded5iab/q0KltkuNtAWygTq7C5qqE1b8S4EjnNIk5vRAAAApR+LCAAAAAAAAABtjTEOwjAQBC9BFLSUPOICBTQoFa3lhheYxBgn1l2wHZyKF/E1/oBFJCq2WO1sM683LIOHmr3BTlNvKTQWBzeavDCx76+OE3Z8wYYpsNModZLc6tOMkqOGOUUJCwErTY3jYMlEWItOPVTlFJnqHH3+jgJK297hCYXI5qh8/MLkYXMb28D08/wVwDQMEcrDLtd++wGWj318vgAAAA==[0m[Pipeline] // stage
[8mha:////4NRN5OuDEX6j8kt4vuCN5/V6JyBmWx/j1wlbz+rXD7M8AAAAox+LCAAAAAAAAABtjbEOgjAURS8YB1dHP6IkDizGybVh8Qsq1Fpo3sP2IUx+kb/mP0gkcfJO95zlvN5Yp4gjR6daS52nVHvVh8HNT40cu2vgUbV8UTVT4mBVZceKG3tasGKxWJblWGlsLNWBkycn2OrWPEwRDLniLHF2B43cN3c8kem5LCbKF6aI3W1oEtOv8zeAqe8FebkXZOUHcSmOW70AAAA=[0m[Pipeline] }
[8mha:////4LMpGkpMOopbie5AiCI/tp4m6vcWVZsP1IpBa8DBNKpsAAAAox+LCAAAAAAAAABtjTEOwjAQBDdBFLSUPMIpEDSIitZKwwtMYowT6y7YF5KKF/E1/kBEJCq22plmXm8sU8SRo1ONpdZTqrzqQu+mpwaO7TXwoBq+qIopcbCqtEPJtT3NWLJYzMtyLDRWlqrAyZMTrHVjHqYIhlxxlji5g0bu6zueyPRUFhPlC2PE5tbXienX+RvA2HWCfL8VZLsPe1Hn/70AAAA=[0m[Pipeline] // withEnv
[8mha:////4JGmvN61T1lqv2VOUGQDai1jpB73aRd4P/aymNBgMK8dAAAAox+LCAAAAAAAAABtjTESgjAQRT84FraWHiI0jI1jZZuh8QQRYgxkdjFZhMoTeTXvICMzVv7qv9e81xvrFHHk6FRrqfOUaq/6MLj5qZFjdw08qpYvqmZKHKyq7FhxY08LViwWy7IcK42NpTpw8uQEW92ahymCIVecJc7uoJH75o4nMj2XxUT5whSxuw1NYvp1/gYw9b0g35eCrPwA/b3AOr0AAAA=[0m[Pipeline] }
[8mha:////4PV0c6R0mvb/403aIBx1PRYWJH/QO036/EoFmGxv5g6LAAAAox+LCAAAAAAAAABtjTEOwjAQBDdBFLSUPMIpEDSIitZKwwtMYowT6y7YF5KKF/E1/kBEJCq22plmXm8sU8SRo1ONpdZTqrzqQu+mpwaO7TXwoBq+qIopcbCqtEPJtT3NWLJYzMtyLDRWlqrAyZMTrHVjHqYIhlxxlji5g0bu6zueyPRUFhPlC2PE5tbXienX+RvA2HWCfL8TZNsP7gHEmb0AAAA=[0m[Pipeline] // node
[8mha:////4KhRvUcMrHEt+I6FDfWdeJm2ds4lDBx60eHoIJWGR+KrAAAAox+LCAAAAAAAAABtjbEOgjAURS8YB1dHP6IkDizGybVh8Qsq1Fpo3sP2IUx+kb/mP0gkcfJO95zlvN5Yp4gjR6daS52nVHvVh8HNT40cu2vgUbV8UTVT4mBVZceKG3tasGKxWJblWGlsLNWBkycn2OrWPEwRDLniLHF2B43cN3c8kem5LCbKF6aI3W1oEtOv8zeAqe8FeVkKsv0HqEtjqb0AAAA=[0m[Pipeline] End of Pipeline
ERROR: script returned exit code 1
Finished: FAILURE
